{
    "version": 3,
    "terraform_version": "0.11.7",
    "serial": 65,
    "lineage": "6a94598b-9913-de27-fe56-d3c6ddd2ca11",
    "modules": [
        {
            "path": [
                "root"
            ],
            "outputs": {},
            "resources": {
                "aws_route53_record.engineering12": {
                    "type": "aws_route53_record",
                    "depends_on": [
                        "module.app"
                    ],
                    "primary": {
                        "id": "Z3CCIZELFLJ3SC_engineering12.spartaglobal.education_CNAME",
                        "attributes": {
                            "allow_overwrite": "true",
                            "fqdn": "engineering12.spartaglobal.education",
                            "id": "Z3CCIZELFLJ3SC_engineering12.spartaglobal.education_CNAME",
                            "name": "engineering12.spartaglobal.education",
                            "records.#": "1",
                            "records.4107260811": "elb-app-1360176381.eu-west-1.elb.amazonaws.com",
                            "ttl": "300",
                            "type": "CNAME",
                            "zone_id": "Z3CCIZELFLJ3SC"
                        },
                        "meta": {
                            "schema_version": "2"
                        },
                        "tainted": false
                    },
                    "deposed": [],
                    "provider": "provider.aws"
                },
                "data.template_file.app_user_data": {
                    "type": "template_file",
                    "depends_on": [],
                    "primary": {
                        "id": "760858b2b52d898d3f199ca105af2dfdda1b30558b112690f9a129973124a73f",
                        "attributes": {
                            "id": "760858b2b52d898d3f199ca105af2dfdda1b30558b112690f9a129973124a73f",
                            "rendered": "IyEvYmluL2Jhc2gKCmV4cG9ydCBMQ19BTEw9YwpjZCAvaG9tZS91YnVudHUvYXBwCm5wbSBpbnN0\nYWxsCmV4cG9ydCBEQl9IT1NUPW1vbmdvZGI6Ly8xMC4xMC40Ljc6MjcwMTcsMTAuMTAuNS43OjI3\nMDE3LDEwLjEwLjYuNzoyNzAxNy9wb3N0cwptb25nbyAtLWhvc3QgcnMwLzEwLjEwLjQuNzoyNzAx\nNywxMC4xMC41Ljc6MjcwMTcsMTAuMTAuNi43OjI3MDE3L3Bvc3RzCnBtMiBzdGFydCBhcHAuanM=\n",
                            "template": "IyEvYmluL2Jhc2gKCmV4cG9ydCBMQ19BTEw9YwpjZCAvaG9tZS91YnVudHUvYXBwCm5wbSBpbnN0\nYWxsCmV4cG9ydCBEQl9IT1NUPW1vbmdvZGI6Ly8xMC4xMC40Ljc6MjcwMTcsMTAuMTAuNS43OjI3\nMDE3LDEwLjEwLjYuNzoyNzAxNy9wb3N0cwptb25nbyAtLWhvc3QgcnMwLzEwLjEwLjQuNzoyNzAx\nNywxMC4xMC41Ljc6MjcwMTcsMTAuMTAuNi43OjI3MDE3L3Bvc3RzCnBtMiBzdGFydCBhcHAuanM=\n"
                        },
                        "meta": {},
                        "tainted": false
                    },
                    "deposed": [],
                    "provider": "provider.template"
                }
            },
            "depends_on": []
        },
        {
            "path": [
                "root",
                "app"
            ],
            "outputs": {
                "app_ami_id": {
                    "sensitive": false,
                    "type": "string",
                    "value": "ami-c2b8bfbb"
                },
                "app_route_table": {
                    "sensitive": false,
                    "type": "string",
                    "value": "rtb-030a1e6c1e5002af0"
                },
                "app_security_group": {
                    "sensitive": false,
                    "type": "string",
                    "value": "sg-02c8b247f2c015702"
                },
                "elb_app": {
                    "sensitive": false,
                    "type": "string",
                    "value": "elb-app-1360176381.eu-west-1.elb.amazonaws.com"
                },
                "vpc_id": {
                    "sensitive": false,
                    "type": "string",
                    "value": "vpc-0658826ae3d149eb3"
                }
            },
            "resources": {
                "aws_autoscaling_group.app_auto_scaling": {
                    "type": "aws_autoscaling_group",
                    "depends_on": [
                        "aws_elb.elb_app",
                        "aws_launch_template.app_launch_template",
                        "aws_subnet.app_subnet_1a",
                        "aws_subnet.app_subnet_1b",
                        "aws_subnet.app_subnet_1c"
                    ],
                    "primary": {
                        "id": "tf-asg-20180819003203631900000002",
                        "attributes": {
                            "arn": "arn:aws:autoscaling:eu-west-1:135928476890:autoScalingGroup:c19a3ac9-57ad-4c8d-993b-90aa73e2a278:autoScalingGroupName/tf-asg-20180819003203631900000002",
                            "availability_zones.#": "3",
                            "availability_zones.1924028850": "eu-west-1b",
                            "availability_zones.3953592328": "eu-west-1a",
                            "availability_zones.94988580": "eu-west-1c",
                            "default_cooldown": "300",
                            "desired_capacity": "3",
                            "enabled_metrics.#": "0",
                            "force_delete": "false",
                            "health_check_grace_period": "30",
                            "health_check_type": "ELB",
                            "id": "tf-asg-20180819003203631900000002",
                            "launch_configuration": "",
                            "launch_template.#": "1",
                            "launch_template.0.id": "lt-03d93ae31eb0f0f30",
                            "launch_template.0.name": "app_launch_template",
                            "launch_template.0.version": "$Latest",
                            "load_balancers.#": "1",
                            "load_balancers.3159460110": "elb-app",
                            "max_size": "4",
                            "metrics_granularity": "1Minute",
                            "min_size": "3",
                            "name": "tf-asg-20180819003203631900000002",
                            "placement_group": "",
                            "protect_from_scale_in": "false",
                            "service_linked_role_arn": "arn:aws:iam::135928476890:role/aws-service-role/autoscaling.amazonaws.com/AWSServiceRoleForAutoScaling",
                            "suspended_processes.#": "0",
                            "tags.#": "1",
                            "tags.0.%": "3",
                            "tags.0.key": "name",
                            "tags.0.propagate_at_launch": "1",
                            "tags.0.value": "APP_instance",
                            "target_group_arns.#": "0",
                            "termination_policies.#": "0",
                            "vpc_zone_identifier.#": "3",
                            "vpc_zone_identifier.1171902137": "subnet-0a6e4daadae94060c",
                            "vpc_zone_identifier.3283070297": "subnet-069070dfc7c5e6e51",
                            "vpc_zone_identifier.879196991": "subnet-028c84914c165ebb7",
                            "wait_for_capacity_timeout": "10m"
                        },
                        "meta": {
                            "e2bfb730-ecaa-11e6-8f88-34363bc7c4c0": {
                                "delete": 600000000000
                            }
                        },
                        "tainted": false
                    },
                    "deposed": [],
                    "provider": "provider.aws"
                },
                "aws_elb.elb_app": {
                    "type": "aws_elb",
                    "depends_on": [
                        "aws_security_group.app_security_group",
                        "aws_subnet.app_subnet_1a",
                        "aws_subnet.app_subnet_1b",
                        "aws_subnet.app_subnet_1c"
                    ],
                    "primary": {
                        "id": "elb-app",
                        "attributes": {
                            "access_logs.#": "0",
                            "arn": "arn:aws:elasticloadbalancing:eu-west-1:135928476890:loadbalancer/elb-app",
                            "availability_zones.#": "3",
                            "availability_zones.1924028850": "eu-west-1b",
                            "availability_zones.3953592328": "eu-west-1a",
                            "availability_zones.94988580": "eu-west-1c",
                            "connection_draining": "false",
                            "connection_draining_timeout": "300",
                            "cross_zone_load_balancing": "true",
                            "dns_name": "elb-app-1360176381.eu-west-1.elb.amazonaws.com",
                            "health_check.#": "1",
                            "health_check.0.healthy_threshold": "2",
                            "health_check.0.interval": "30",
                            "health_check.0.target": "HTTP:80/",
                            "health_check.0.timeout": "3",
                            "health_check.0.unhealthy_threshold": "2",
                            "id": "elb-app",
                            "idle_timeout": "60",
                            "instances.#": "0",
                            "internal": "false",
                            "listener.#": "1",
                            "listener.3057123346.instance_port": "80",
                            "listener.3057123346.instance_protocol": "http",
                            "listener.3057123346.lb_port": "80",
                            "listener.3057123346.lb_protocol": "http",
                            "listener.3057123346.ssl_certificate_id": "",
                            "name": "elb-app",
                            "security_groups.#": "1",
                            "security_groups.3690120101": "sg-02c8b247f2c015702",
                            "source_security_group": "135928476890/app-sg",
                            "source_security_group_id": "sg-02c8b247f2c015702",
                            "subnets.#": "3",
                            "subnets.1171902137": "subnet-0a6e4daadae94060c",
                            "subnets.3283070297": "subnet-069070dfc7c5e6e51",
                            "subnets.879196991": "subnet-028c84914c165ebb7",
                            "tags.%": "0",
                            "zone_id": "Z32O12XQLNTSW2"
                        },
                        "meta": {},
                        "tainted": false
                    },
                    "deposed": [],
                    "provider": "provider.aws"
                },
                "aws_internet_gateway.app_internet_gateway": {
                    "type": "aws_internet_gateway",
                    "depends_on": [],
                    "primary": {
                        "id": "igw-002d8e39ef2e110a2",
                        "attributes": {
                            "id": "igw-002d8e39ef2e110a2",
                            "tags.%": "1",
                            "tags.Name": "main",
                            "vpc_id": "vpc-0658826ae3d149eb3"
                        },
                        "meta": {},
                        "tainted": false
                    },
                    "deposed": [],
                    "provider": "provider.aws"
                },
                "aws_launch_template.app_launch_template": {
                    "type": "aws_launch_template",
                    "depends_on": [
                        "aws_security_group.app_security_group"
                    ],
                    "primary": {
                        "id": "lt-03d93ae31eb0f0f30",
                        "attributes": {
                            "arn": "arn:aws:ec2:eu-west-1:135928476890:launch-template/lt-03d93ae31eb0f0f30",
                            "block_device_mappings.#": "0",
                            "credit_specification.#": "0",
                            "default_version": "1",
                            "disable_api_termination": "false",
                            "ebs_optimized": "false",
                            "elastic_gpu_specifications.#": "0",
                            "iam_instance_profile.#": "0",
                            "id": "lt-03d93ae31eb0f0f30",
                            "image_id": "ami-c2b8bfbb",
                            "instance_initiated_shutdown_behavior": "",
                            "instance_market_options.#": "0",
                            "instance_type": "t2.micro",
                            "kernel_id": "",
                            "key_name": "",
                            "latest_version": "1",
                            "monitoring.#": "0",
                            "name": "app_launch_template",
                            "network_interfaces.#": "1",
                            "network_interfaces.0.associate_public_ip_address": "false",
                            "network_interfaces.0.delete_on_termination": "false",
                            "network_interfaces.0.description": "",
                            "network_interfaces.0.device_index": "0",
                            "network_interfaces.0.ipv4_address_count": "0",
                            "network_interfaces.0.ipv4_addresses.#": "0",
                            "network_interfaces.0.ipv6_address_count": "0",
                            "network_interfaces.0.ipv6_addresses.#": "0",
                            "network_interfaces.0.network_interface_id": "",
                            "network_interfaces.0.private_ip_address": "",
                            "network_interfaces.0.security_groups.#": "1",
                            "network_interfaces.0.security_groups.3312362253": "sg-02c8b247f2c015702",
                            "network_interfaces.0.subnet_id": "",
                            "placement.#": "0",
                            "ram_disk_id": "",
                            "security_group_names.#": "0",
                            "tag_specifications.#": "0",
                            "tags.%": "0",
                            "user_data": "IyEvYmluL2Jhc2gKCmV4cG9ydCBMQ19BTEw9YwpjZCAvaG9tZS91YnVudHUvYXBwCm5wbSBpbnN0\nYWxsCmV4cG9ydCBEQl9IT1NUPW1vbmdvZGI6Ly8xMC4xMC40Ljc6MjcwMTcsMTAuMTAuNS43OjI3\nMDE3LDEwLjEwLjYuNzoyNzAxNy9wb3N0cwptb25nbyAtLWhvc3QgcnMwLzEwLjEwLjQuNzoyNzAx\nNywxMC4xMC41Ljc6MjcwMTcsMTAuMTAuNi43OjI3MDE3L3Bvc3RzCnBtMiBzdGFydCBhcHAuanM=",
                            "vpc_security_group_ids.#": "0"
                        },
                        "meta": {},
                        "tainted": false
                    },
                    "deposed": [],
                    "provider": "provider.aws"
                },
                "aws_route_table.app_route_table": {
                    "type": "aws_route_table",
                    "depends_on": [
                        "aws_internet_gateway.app_internet_gateway"
                    ],
                    "primary": {
                        "id": "rtb-030a1e6c1e5002af0",
                        "attributes": {
                            "id": "rtb-030a1e6c1e5002af0",
                            "propagating_vgws.#": "0",
                            "route.#": "1",
                            "route.1986600372.cidr_block": "0.0.0.0/0",
                            "route.1986600372.egress_only_gateway_id": "",
                            "route.1986600372.gateway_id": "igw-002d8e39ef2e110a2",
                            "route.1986600372.instance_id": "",
                            "route.1986600372.ipv6_cidr_block": "",
                            "route.1986600372.nat_gateway_id": "",
                            "route.1986600372.network_interface_id": "",
                            "route.1986600372.vpc_peering_connection_id": "",
                            "tags.%": "1",
                            "tags.Name": "app-route-table",
                            "vpc_id": "vpc-0658826ae3d149eb3"
                        },
                        "meta": {},
                        "tainted": false
                    },
                    "deposed": [],
                    "provider": "provider.aws"
                },
                "aws_route_table_association.app_1a_association": {
                    "type": "aws_route_table_association",
                    "depends_on": [
                        "aws_route_table.app_route_table",
                        "aws_subnet.app_subnet_1a"
                    ],
                    "primary": {
                        "id": "rtbassoc-0811fc74d80b074d1",
                        "attributes": {
                            "id": "rtbassoc-0811fc74d80b074d1",
                            "route_table_id": "rtb-030a1e6c1e5002af0",
                            "subnet_id": "subnet-069070dfc7c5e6e51"
                        },
                        "meta": {},
                        "tainted": false
                    },
                    "deposed": [],
                    "provider": "provider.aws"
                },
                "aws_route_table_association.app_1b_association": {
                    "type": "aws_route_table_association",
                    "depends_on": [
                        "aws_route_table.app_route_table",
                        "aws_subnet.app_subnet_1b"
                    ],
                    "primary": {
                        "id": "rtbassoc-0ed0cb4b9be9c0ba9",
                        "attributes": {
                            "id": "rtbassoc-0ed0cb4b9be9c0ba9",
                            "route_table_id": "rtb-030a1e6c1e5002af0",
                            "subnet_id": "subnet-028c84914c165ebb7"
                        },
                        "meta": {},
                        "tainted": false
                    },
                    "deposed": [],
                    "provider": "provider.aws"
                },
                "aws_route_table_association.app_1c_association": {
                    "type": "aws_route_table_association",
                    "depends_on": [
                        "aws_route_table.app_route_table",
                        "aws_subnet.app_subnet_1c"
                    ],
                    "primary": {
                        "id": "rtbassoc-0fd7632269196ce1a",
                        "attributes": {
                            "id": "rtbassoc-0fd7632269196ce1a",
                            "route_table_id": "rtb-030a1e6c1e5002af0",
                            "subnet_id": "subnet-0a6e4daadae94060c"
                        },
                        "meta": {},
                        "tainted": false
                    },
                    "deposed": [],
                    "provider": "provider.aws"
                },
                "aws_security_group.app_security_group": {
                    "type": "aws_security_group",
                    "depends_on": [],
                    "primary": {
                        "id": "sg-02c8b247f2c015702",
                        "attributes": {
                            "arn": "arn:aws:ec2:eu-west-1:135928476890:security-group/sg-02c8b247f2c015702",
                            "description": "security group for app",
                            "egress.#": "1",
                            "egress.482069346.cidr_blocks.#": "1",
                            "egress.482069346.cidr_blocks.0": "0.0.0.0/0",
                            "egress.482069346.description": "",
                            "egress.482069346.from_port": "0",
                            "egress.482069346.ipv6_cidr_blocks.#": "0",
                            "egress.482069346.prefix_list_ids.#": "0",
                            "egress.482069346.protocol": "-1",
                            "egress.482069346.security_groups.#": "0",
                            "egress.482069346.self": "false",
                            "egress.482069346.to_port": "0",
                            "id": "sg-02c8b247f2c015702",
                            "ingress.#": "1",
                            "ingress.2510676008.cidr_blocks.#": "1",
                            "ingress.2510676008.cidr_blocks.0": "0.0.0.0/0",
                            "ingress.2510676008.description": "",
                            "ingress.2510676008.from_port": "0",
                            "ingress.2510676008.ipv6_cidr_blocks.#": "0",
                            "ingress.2510676008.protocol": "-1",
                            "ingress.2510676008.security_groups.#": "0",
                            "ingress.2510676008.self": "true",
                            "ingress.2510676008.to_port": "0",
                            "name": "app-sg",
                            "owner_id": "135928476890",
                            "revoke_rules_on_delete": "false",
                            "tags.%": "0",
                            "vpc_id": "vpc-0658826ae3d149eb3"
                        },
                        "meta": {
                            "e2bfb730-ecaa-11e6-8f88-34363bc7c4c0": {
                                "create": 600000000000,
                                "delete": 600000000000
                            },
                            "schema_version": "1"
                        },
                        "tainted": false
                    },
                    "deposed": [],
                    "provider": "provider.aws"
                },
                "aws_subnet.app_subnet_1a": {
                    "type": "aws_subnet",
                    "depends_on": [
                        "data.aws_availability_zones.available"
                    ],
                    "primary": {
                        "id": "subnet-069070dfc7c5e6e51",
                        "attributes": {
                            "assign_ipv6_address_on_creation": "false",
                            "availability_zone": "eu-west-1a",
                            "cidr_block": "10.10.0.0/24",
                            "id": "subnet-069070dfc7c5e6e51",
                            "map_public_ip_on_launch": "false",
                            "tags.%": "1",
                            "tags.Name": "subnet-app-project4",
                            "vpc_id": "vpc-0658826ae3d149eb3"
                        },
                        "meta": {
                            "schema_version": "1"
                        },
                        "tainted": false
                    },
                    "deposed": [],
                    "provider": "provider.aws"
                },
                "aws_subnet.app_subnet_1b": {
                    "type": "aws_subnet",
                    "depends_on": [
                        "data.aws_availability_zones.available"
                    ],
                    "primary": {
                        "id": "subnet-028c84914c165ebb7",
                        "attributes": {
                            "assign_ipv6_address_on_creation": "false",
                            "availability_zone": "eu-west-1b",
                            "cidr_block": "10.10.1.0/24",
                            "id": "subnet-028c84914c165ebb7",
                            "map_public_ip_on_launch": "false",
                            "tags.%": "1",
                            "tags.Name": "subnet-app-project4",
                            "vpc_id": "vpc-0658826ae3d149eb3"
                        },
                        "meta": {
                            "schema_version": "1"
                        },
                        "tainted": false
                    },
                    "deposed": [],
                    "provider": "provider.aws"
                },
                "aws_subnet.app_subnet_1c": {
                    "type": "aws_subnet",
                    "depends_on": [
                        "data.aws_availability_zones.available"
                    ],
                    "primary": {
                        "id": "subnet-0a6e4daadae94060c",
                        "attributes": {
                            "assign_ipv6_address_on_creation": "false",
                            "availability_zone": "eu-west-1c",
                            "cidr_block": "10.10.2.0/24",
                            "id": "subnet-0a6e4daadae94060c",
                            "map_public_ip_on_launch": "false",
                            "tags.%": "1",
                            "tags.Name": "subnet-app-project4",
                            "vpc_id": "vpc-0658826ae3d149eb3"
                        },
                        "meta": {
                            "schema_version": "1"
                        },
                        "tainted": false
                    },
                    "deposed": [],
                    "provider": "provider.aws"
                },
                "aws_vpc.main_vpc": {
                    "type": "aws_vpc",
                    "depends_on": [],
                    "primary": {
                        "id": "vpc-0658826ae3d149eb3",
                        "attributes": {
                            "arn": "arn:aws:ec2:eu-west-1:135928476890:vpc/vpc-0658826ae3d149eb3",
                            "assign_generated_ipv6_cidr_block": "false",
                            "cidr_block": "10.10.0.0/16",
                            "default_network_acl_id": "acl-0dd2876427ebbcc99",
                            "default_route_table_id": "rtb-0317468520252f414",
                            "default_security_group_id": "sg-0cb385c3918cbfb40",
                            "dhcp_options_id": "dopt-18d5d77d",
                            "enable_classiclink": "false",
                            "enable_classiclink_dns_support": "false",
                            "enable_dns_hostnames": "false",
                            "enable_dns_support": "true",
                            "id": "vpc-0658826ae3d149eb3",
                            "instance_tenancy": "default",
                            "main_route_table_id": "rtb-0317468520252f414",
                            "tags.%": "1",
                            "tags.Name": "app-vpc"
                        },
                        "meta": {
                            "schema_version": "1"
                        },
                        "tainted": false
                    },
                    "deposed": [],
                    "provider": "provider.aws"
                },
                "data.aws_availability_zones.available": {
                    "type": "aws_availability_zones",
                    "depends_on": [],
                    "primary": {
                        "id": "2018-08-19 00:31:44.034813425 +0000 UTC",
                        "attributes": {
                            "id": "2018-08-19 00:31:44.034813425 +0000 UTC",
                            "names.#": "3",
                            "names.0": "eu-west-1a",
                            "names.1": "eu-west-1b",
                            "names.2": "eu-west-1c"
                        },
                        "meta": {},
                        "tainted": false
                    },
                    "deposed": [],
                    "provider": "provider.aws"
                }
            },
            "depends_on": []
        },
        {
            "path": [
                "root",
                "db"
            ],
            "outputs": {
                "db_1a_privateip": {
                    "sensitive": false,
                    "type": "string",
                    "value": "10.10.4.7"
                },
                "db_1a_sg": {
                    "sensitive": false,
                    "type": "string",
                    "value": "sg-0ea3103c41ef33cb5"
                },
                "db_ami_id": {
                    "sensitive": false,
                    "type": "string",
                    "value": "ami-01020378"
                }
            },
            "resources": {
                "aws_instance.db_1a": {
                    "type": "aws_instance",
                    "depends_on": [
                        "aws_security_group.db_sg",
                        "aws_subnet.db_1a",
                        "data.template_file.db_1a_tmplt"
                    ],
                    "primary": {
                        "id": "i-0ff67ea58b3847b1e",
                        "attributes": {
                            "ami": "ami-01020378",
                            "arn": "arn:aws:ec2:eu-west-1:135928476890:instance/i-0ff67ea58b3847b1e",
                            "associate_public_ip_address": "false",
                            "availability_zone": "eu-west-1a",
                            "cpu_core_count": "1",
                            "cpu_threads_per_core": "1",
                            "credit_specification.#": "1",
                            "credit_specification.0.cpu_credits": "standard",
                            "disable_api_termination": "false",
                            "ebs_block_device.#": "0",
                            "ebs_optimized": "false",
                            "ephemeral_block_device.#": "0",
                            "get_password_data": "false",
                            "iam_instance_profile": "",
                            "id": "i-0ff67ea58b3847b1e",
                            "instance_state": "running",
                            "instance_type": "t2.micro",
                            "ipv6_addresses.#": "0",
                            "key_name": "",
                            "monitoring": "false",
                            "network_interface.#": "0",
                            "network_interface_id": "eni-0e82e3aa2aa1228ce",
                            "password_data": "",
                            "placement_group": "",
                            "primary_network_interface_id": "eni-0e82e3aa2aa1228ce",
                            "private_dns": "ip-10-10-4-7.eu-west-1.compute.internal",
                            "private_ip": "10.10.4.7",
                            "public_dns": "",
                            "public_ip": "",
                            "root_block_device.#": "1",
                            "root_block_device.0.delete_on_termination": "true",
                            "root_block_device.0.iops": "100",
                            "root_block_device.0.volume_id": "vol-0d95c8a76aa795163",
                            "root_block_device.0.volume_size": "8",
                            "root_block_device.0.volume_type": "gp2",
                            "security_groups.#": "0",
                            "source_dest_check": "true",
                            "subnet_id": "subnet-0a188811a25a02be9",
                            "tags.%": "1",
                            "tags.Name": "DB-PROJECT4-1a",
                            "tenancy": "default",
                            "user_data": "330635c49207159426ee860029443179bee6e2de",
                            "volume_tags.%": "0",
                            "vpc_security_group_ids.#": "1",
                            "vpc_security_group_ids.2173181759": "sg-0ea3103c41ef33cb5"
                        },
                        "meta": {
                            "e2bfb730-ecaa-11e6-8f88-34363bc7c4c0": {
                                "create": 600000000000,
                                "delete": 1200000000000,
                                "update": 600000000000
                            },
                            "schema_version": "1"
                        },
                        "tainted": false
                    },
                    "deposed": [],
                    "provider": "module.db.provider.aws"
                },
                "aws_instance.db_1b": {
                    "type": "aws_instance",
                    "depends_on": [
                        "aws_security_group.db_sg",
                        "aws_subnet.db_1b",
                        "data.template_file.db_1b_tmplt"
                    ],
                    "primary": {
                        "id": "i-05b58e20ba69549ad",
                        "attributes": {
                            "ami": "ami-01020378",
                            "arn": "arn:aws:ec2:eu-west-1:135928476890:instance/i-05b58e20ba69549ad",
                            "associate_public_ip_address": "false",
                            "availability_zone": "eu-west-1b",
                            "cpu_core_count": "1",
                            "cpu_threads_per_core": "1",
                            "credit_specification.#": "1",
                            "credit_specification.0.cpu_credits": "standard",
                            "disable_api_termination": "false",
                            "ebs_block_device.#": "0",
                            "ebs_optimized": "false",
                            "ephemeral_block_device.#": "0",
                            "get_password_data": "false",
                            "iam_instance_profile": "",
                            "id": "i-05b58e20ba69549ad",
                            "instance_state": "running",
                            "instance_type": "t2.micro",
                            "ipv6_addresses.#": "0",
                            "key_name": "",
                            "monitoring": "false",
                            "network_interface.#": "0",
                            "network_interface_id": "eni-007390f822f17f9ee",
                            "password_data": "",
                            "placement_group": "",
                            "primary_network_interface_id": "eni-007390f822f17f9ee",
                            "private_dns": "ip-10-10-5-7.eu-west-1.compute.internal",
                            "private_ip": "10.10.5.7",
                            "public_dns": "",
                            "public_ip": "",
                            "root_block_device.#": "1",
                            "root_block_device.0.delete_on_termination": "true",
                            "root_block_device.0.iops": "100",
                            "root_block_device.0.volume_id": "vol-05f8980824ca0b605",
                            "root_block_device.0.volume_size": "8",
                            "root_block_device.0.volume_type": "gp2",
                            "security_groups.#": "0",
                            "source_dest_check": "true",
                            "subnet_id": "subnet-01c599a2e5e740192",
                            "tags.%": "1",
                            "tags.Name": "DB-PROJECT4-1b",
                            "tenancy": "default",
                            "user_data": "e845e3166bca5cb46d2269fcf9f0595985287303",
                            "volume_tags.%": "0",
                            "vpc_security_group_ids.#": "1",
                            "vpc_security_group_ids.2173181759": "sg-0ea3103c41ef33cb5"
                        },
                        "meta": {
                            "e2bfb730-ecaa-11e6-8f88-34363bc7c4c0": {
                                "create": 600000000000,
                                "delete": 1200000000000,
                                "update": 600000000000
                            },
                            "schema_version": "1"
                        },
                        "tainted": false
                    },
                    "deposed": [],
                    "provider": "module.db.provider.aws"
                },
                "aws_instance.db_1c": {
                    "type": "aws_instance",
                    "depends_on": [
                        "aws_security_group.db_sg",
                        "aws_subnet.db_1c",
                        "data.template_file.db_1c_tmplt"
                    ],
                    "primary": {
                        "id": "i-022025aa3f929cf7a",
                        "attributes": {
                            "ami": "ami-01020378",
                            "arn": "arn:aws:ec2:eu-west-1:135928476890:instance/i-022025aa3f929cf7a",
                            "associate_public_ip_address": "false",
                            "availability_zone": "eu-west-1c",
                            "cpu_core_count": "1",
                            "cpu_threads_per_core": "1",
                            "credit_specification.#": "1",
                            "credit_specification.0.cpu_credits": "standard",
                            "disable_api_termination": "false",
                            "ebs_block_device.#": "0",
                            "ebs_optimized": "false",
                            "ephemeral_block_device.#": "0",
                            "get_password_data": "false",
                            "iam_instance_profile": "",
                            "id": "i-022025aa3f929cf7a",
                            "instance_state": "running",
                            "instance_type": "t2.micro",
                            "ipv6_addresses.#": "0",
                            "key_name": "",
                            "monitoring": "false",
                            "network_interface.#": "0",
                            "network_interface_id": "eni-07cd5f89e6afb245b",
                            "password_data": "",
                            "placement_group": "",
                            "primary_network_interface_id": "eni-07cd5f89e6afb245b",
                            "private_dns": "ip-10-10-6-7.eu-west-1.compute.internal",
                            "private_ip": "10.10.6.7",
                            "public_dns": "",
                            "public_ip": "",
                            "root_block_device.#": "1",
                            "root_block_device.0.delete_on_termination": "true",
                            "root_block_device.0.iops": "100",
                            "root_block_device.0.volume_id": "vol-042660cacc0a8c290",
                            "root_block_device.0.volume_size": "8",
                            "root_block_device.0.volume_type": "gp2",
                            "security_groups.#": "0",
                            "source_dest_check": "true",
                            "subnet_id": "subnet-0409613ffb473e4d5",
                            "tags.%": "1",
                            "tags.Name": "DB-PROJECT4-1c",
                            "tenancy": "default",
                            "user_data": "f63ccc93c6f16a4f5daba873ff930fec972e900c",
                            "volume_tags.%": "0",
                            "vpc_security_group_ids.#": "1",
                            "vpc_security_group_ids.2173181759": "sg-0ea3103c41ef33cb5"
                        },
                        "meta": {
                            "e2bfb730-ecaa-11e6-8f88-34363bc7c4c0": {
                                "create": 600000000000,
                                "delete": 1200000000000,
                                "update": 600000000000
                            },
                            "schema_version": "1"
                        },
                        "tainted": false
                    },
                    "deposed": [],
                    "provider": "module.db.provider.aws"
                },
                "aws_route_table_association.db_1a_association": {
                    "type": "aws_route_table_association",
                    "depends_on": [
                        "aws_subnet.db_1a"
                    ],
                    "primary": {
                        "id": "rtbassoc-06f71ce64c761cf67",
                        "attributes": {
                            "id": "rtbassoc-06f71ce64c761cf67",
                            "route_table_id": "rtb-030a1e6c1e5002af0",
                            "subnet_id": "subnet-0a188811a25a02be9"
                        },
                        "meta": {},
                        "tainted": false
                    },
                    "deposed": [],
                    "provider": "module.db.provider.aws"
                },
                "aws_route_table_association.db_1b_association": {
                    "type": "aws_route_table_association",
                    "depends_on": [
                        "aws_subnet.db_1b"
                    ],
                    "primary": {
                        "id": "rtbassoc-03e60bf542a9392a9",
                        "attributes": {
                            "id": "rtbassoc-03e60bf542a9392a9",
                            "route_table_id": "rtb-030a1e6c1e5002af0",
                            "subnet_id": "subnet-01c599a2e5e740192"
                        },
                        "meta": {},
                        "tainted": false
                    },
                    "deposed": [],
                    "provider": "module.db.provider.aws"
                },
                "aws_route_table_association.db_1c_association": {
                    "type": "aws_route_table_association",
                    "depends_on": [
                        "aws_subnet.db_1c"
                    ],
                    "primary": {
                        "id": "rtbassoc-0ba2a564d446f4771",
                        "attributes": {
                            "id": "rtbassoc-0ba2a564d446f4771",
                            "route_table_id": "rtb-030a1e6c1e5002af0",
                            "subnet_id": "subnet-0409613ffb473e4d5"
                        },
                        "meta": {},
                        "tainted": false
                    },
                    "deposed": [],
                    "provider": "module.db.provider.aws"
                },
                "aws_security_group.db_sg": {
                    "type": "aws_security_group",
                    "depends_on": [],
                    "primary": {
                        "id": "sg-0ea3103c41ef33cb5",
                        "attributes": {
                            "arn": "arn:aws:ec2:eu-west-1:135928476890:security-group/sg-0ea3103c41ef33cb5",
                            "description": "security group for db",
                            "egress.#": "1",
                            "egress.2902029617.cidr_blocks.#": "1",
                            "egress.2902029617.cidr_blocks.0": "0.0.0.0/24",
                            "egress.2902029617.description": "",
                            "egress.2902029617.from_port": "0",
                            "egress.2902029617.ipv6_cidr_blocks.#": "0",
                            "egress.2902029617.prefix_list_ids.#": "0",
                            "egress.2902029617.protocol": "-1",
                            "egress.2902029617.security_groups.#": "0",
                            "egress.2902029617.self": "false",
                            "egress.2902029617.to_port": "0",
                            "id": "sg-0ea3103c41ef33cb5",
                            "ingress.#": "1",
                            "ingress.2947402630.cidr_blocks.#": "0",
                            "ingress.2947402630.description": "",
                            "ingress.2947402630.from_port": "0",
                            "ingress.2947402630.ipv6_cidr_blocks.#": "0",
                            "ingress.2947402630.protocol": "-1",
                            "ingress.2947402630.security_groups.#": "1",
                            "ingress.2947402630.security_groups.3690120101": "sg-02c8b247f2c015702",
                            "ingress.2947402630.self": "true",
                            "ingress.2947402630.to_port": "0",
                            "name": "db-sg",
                            "owner_id": "135928476890",
                            "revoke_rules_on_delete": "false",
                            "tags.%": "0",
                            "vpc_id": "vpc-0658826ae3d149eb3"
                        },
                        "meta": {
                            "e2bfb730-ecaa-11e6-8f88-34363bc7c4c0": {
                                "create": 600000000000,
                                "delete": 600000000000
                            },
                            "schema_version": "1"
                        },
                        "tainted": false
                    },
                    "deposed": [],
                    "provider": "module.db.provider.aws"
                },
                "aws_subnet.db_1a": {
                    "type": "aws_subnet",
                    "depends_on": [],
                    "primary": {
                        "id": "subnet-0a188811a25a02be9",
                        "attributes": {
                            "assign_ipv6_address_on_creation": "false",
                            "availability_zone": "eu-west-1a",
                            "cidr_block": "10.10.4.0/24",
                            "id": "subnet-0a188811a25a02be9",
                            "map_public_ip_on_launch": "false",
                            "tags.%": "1",
                            "tags.Name": "DB-PROJECT4 - 1a",
                            "vpc_id": "vpc-0658826ae3d149eb3"
                        },
                        "meta": {
                            "schema_version": "1"
                        },
                        "tainted": false
                    },
                    "deposed": [],
                    "provider": "module.db.provider.aws"
                },
                "aws_subnet.db_1b": {
                    "type": "aws_subnet",
                    "depends_on": [],
                    "primary": {
                        "id": "subnet-01c599a2e5e740192",
                        "attributes": {
                            "assign_ipv6_address_on_creation": "false",
                            "availability_zone": "eu-west-1b",
                            "cidr_block": "10.10.5.0/24",
                            "id": "subnet-01c599a2e5e740192",
                            "map_public_ip_on_launch": "false",
                            "tags.%": "1",
                            "tags.Name": "DB-PROJECT4 - 1b",
                            "vpc_id": "vpc-0658826ae3d149eb3"
                        },
                        "meta": {
                            "schema_version": "1"
                        },
                        "tainted": false
                    },
                    "deposed": [],
                    "provider": "module.db.provider.aws"
                },
                "aws_subnet.db_1c": {
                    "type": "aws_subnet",
                    "depends_on": [],
                    "primary": {
                        "id": "subnet-0409613ffb473e4d5",
                        "attributes": {
                            "assign_ipv6_address_on_creation": "false",
                            "availability_zone": "eu-west-1c",
                            "cidr_block": "10.10.6.0/24",
                            "id": "subnet-0409613ffb473e4d5",
                            "map_public_ip_on_launch": "false",
                            "tags.%": "1",
                            "tags.Name": "DB-PROJECT4 - 1c",
                            "vpc_id": "vpc-0658826ae3d149eb3"
                        },
                        "meta": {
                            "schema_version": "1"
                        },
                        "tainted": false
                    },
                    "deposed": [],
                    "provider": "module.db.provider.aws"
                },
                "data.template_file.db_1a_tmplt": {
                    "type": "template_file",
                    "depends_on": [],
                    "primary": {
                        "id": "ccfb44d1610da4f6494ae349b348e1c55acf2eb35baf09fffc17c19dec018cb2",
                        "attributes": {
                            "id": "ccfb44d1610da4f6494ae349b348e1c55acf2eb35baf09fffc17c19dec018cb2",
                            "rendered": "#!/bin/bash\n\nmongod --port 27017 --dbpath /srv/mongodb/db0 --replSet rs0 --bind_ip localhost,10.10.4.7\nmongo\n\nrs.initiate( {\n   _id : \"rs0\",\n   members: [\n      { _id: 0, host: \"10.10.4.7:27017\" },\n      { _id: 1, host: \"10.10.5.7:27017\" },\n      { _id: 2, host: \"10.10.6.7:27017\" }\n   ]\n})\n\nrs.slaveOk()\n## send a string to mongo and run it as a script.\n",
                            "template": "#!/bin/bash\n\nmongod --port 27017 --dbpath /srv/mongodb/db0 --replSet rs0 --bind_ip localhost,10.10.4.7\nmongo\n\nrs.initiate( {\n   _id : \"rs0\",\n   members: [\n      { _id: 0, host: \"10.10.4.7:27017\" },\n      { _id: 1, host: \"10.10.5.7:27017\" },\n      { _id: 2, host: \"10.10.6.7:27017\" }\n   ]\n})\n\nrs.slaveOk()\n## send a string to mongo and run it as a script.\n"
                        },
                        "meta": {},
                        "tainted": false
                    },
                    "deposed": [],
                    "provider": "provider.template"
                },
                "data.template_file.db_1b_tmplt": {
                    "type": "template_file",
                    "depends_on": [],
                    "primary": {
                        "id": "64d25695410ada39dab586999dc1f6f2a966f062d180728cb98ac2183228b976",
                        "attributes": {
                            "id": "64d25695410ada39dab586999dc1f6f2a966f062d180728cb98ac2183228b976",
                            "rendered": "#!/bin/bash\n\nmongod --dbpath /srv/mongodb/db0 --replSet rs0  --bind_ip localhost, 10.10.4.7\nmongo\nrs.slaveOk()\n## send a string to mongo and run it as a script.\n",
                            "template": "#!/bin/bash\n\nmongod --dbpath /srv/mongodb/db0 --replSet rs0  --bind_ip localhost, 10.10.4.7\nmongo\nrs.slaveOk()\n## send a string to mongo and run it as a script.\n"
                        },
                        "meta": {},
                        "tainted": false
                    },
                    "deposed": [],
                    "provider": "provider.template"
                },
                "data.template_file.db_1c_tmplt": {
                    "type": "template_file",
                    "depends_on": [],
                    "primary": {
                        "id": "2632ce3413f363252dd2181e2a17fb4bbf364812dbea8da569e0e74bb38d6d82",
                        "attributes": {
                            "id": "2632ce3413f363252dd2181e2a17fb4bbf364812dbea8da569e0e74bb38d6d82",
                            "rendered": "#!/bin/bash\n\nmongod --dbpath /srv/mongodb/db0 --replSet rs0  --bind_ip localhost, 10.10.4.7\n\nmongo\nrs.slaveOk()\n\n## send a string to mongo and run it as a script.\n",
                            "template": "#!/bin/bash\n\nmongod --dbpath /srv/mongodb/db0 --replSet rs0  --bind_ip localhost, 10.10.4.7\n\nmongo\nrs.slaveOk()\n\n## send a string to mongo and run it as a script.\n"
                        },
                        "meta": {},
                        "tainted": false
                    },
                    "deposed": [],
                    "provider": "provider.template"
                }
            },
            "depends_on": []
        }
    ]
}
