{
    "version": 3,
    "terraform_version": "0.11.7",
    "serial": 17,
    "lineage": "b48d25e3-b83c-910c-9343-c535796c90d7",
    "modules": [
        {
            "path": [
                "root"
            ],
            "outputs": {},
            "resources": {},
            "depends_on": []
        },
        {
            "path": [
                "root",
                "app"
            ],
            "outputs": {
                "elb_app": {
                    "sensitive": false,
                    "type": "string",
                    "value": "elb-kiran-1344443382.eu-west-1.elb.amazonaws.com"
                },
                "vpc_id": {
                    "sensitive": false,
                    "type": "string",
                    "value": "vpc-029b766968e6a4ce1"
                }
            },
            "resources": {
                "aws_security_group.app_security_group": {
                    "type": "aws_security_group",
                    "depends_on": [
                        "aws_security_group.elb_security_group"
                    ],
                    "primary": {
                        "id": "sg-0eaac078f3812abab",
                        "attributes": {
                            "arn": "arn:aws:ec2:eu-west-1:135928476890:security-group/sg-0eaac078f3812abab",
                            "description": "security group for app",
                            "egress.#": "1",
                            "egress.482069346.cidr_blocks.#": "1",
                            "egress.482069346.cidr_blocks.0": "0.0.0.0/0",
                            "egress.482069346.description": "",
                            "egress.482069346.from_port": "0",
                            "egress.482069346.ipv6_cidr_blocks.#": "0",
                            "egress.482069346.prefix_list_ids.#": "0",
                            "egress.482069346.protocol": "-1",
                            "egress.482069346.security_groups.#": "0",
                            "egress.482069346.self": "false",
                            "egress.482069346.to_port": "0",
                            "id": "sg-0eaac078f3812abab",
                            "ingress.#": "1",
                            "ingress.4186178792.cidr_blocks.#": "0",
                            "ingress.4186178792.description": "",
                            "ingress.4186178792.from_port": "80",
                            "ingress.4186178792.ipv6_cidr_blocks.#": "0",
                            "ingress.4186178792.protocol": "tcp",
                            "ingress.4186178792.security_groups.#": "2",
                            "ingress.4186178792.security_groups.330545341": "sg-06672174fbbbd95fc",
                            "ingress.4186178792.security_groups.3333880373": "sg-06638ebab022029fe",
                            "ingress.4186178792.self": "false",
                            "ingress.4186178792.to_port": "80",
                            "name": "app-sg",
                            "owner_id": "135928476890",
                            "revoke_rules_on_delete": "false",
                            "tags.%": "0",
                            "vpc_id": "vpc-029b766968e6a4ce1"
                        },
                        "meta": {
                            "e2bfb730-ecaa-11e6-8f88-34363bc7c4c0": {
                                "create": 600000000000,
                                "delete": 600000000000
                            },
                            "schema_version": "1"
                        },
                        "tainted": false
                    },
                    "deposed": [],
                    "provider": "provider.aws"
                },
                "aws_security_group.elb_security_group": {
                    "type": "aws_security_group",
                    "depends_on": [],
                    "primary": {
                        "id": "sg-06672174fbbbd95fc",
                        "attributes": {
                            "arn": "arn:aws:ec2:eu-west-1:135928476890:security-group/sg-06672174fbbbd95fc",
                            "description": "security group for elb",
                            "egress.#": "1",
                            "egress.482069346.cidr_blocks.#": "1",
                            "egress.482069346.cidr_blocks.0": "0.0.0.0/0",
                            "egress.482069346.description": "",
                            "egress.482069346.from_port": "0",
                            "egress.482069346.ipv6_cidr_blocks.#": "0",
                            "egress.482069346.prefix_list_ids.#": "0",
                            "egress.482069346.protocol": "-1",
                            "egress.482069346.security_groups.#": "0",
                            "egress.482069346.self": "false",
                            "egress.482069346.to_port": "0",
                            "id": "sg-06672174fbbbd95fc",
                            "ingress.#": "1",
                            "ingress.482069346.cidr_blocks.#": "1",
                            "ingress.482069346.cidr_blocks.0": "0.0.0.0/0",
                            "ingress.482069346.description": "",
                            "ingress.482069346.from_port": "0",
                            "ingress.482069346.ipv6_cidr_blocks.#": "0",
                            "ingress.482069346.protocol": "-1",
                            "ingress.482069346.security_groups.#": "0",
                            "ingress.482069346.self": "false",
                            "ingress.482069346.to_port": "0",
                            "name": "elb-sg",
                            "owner_id": "135928476890",
                            "revoke_rules_on_delete": "false",
                            "tags.%": "0",
                            "vpc_id": "vpc-029b766968e6a4ce1"
                        },
                        "meta": {
                            "e2bfb730-ecaa-11e6-8f88-34363bc7c4c0": {
                                "create": 600000000000,
                                "delete": 600000000000
                            },
                            "schema_version": "1"
                        },
                        "tainted": false
                    },
                    "deposed": [],
                    "provider": "provider.aws"
                },
                "aws_subnet.kiran_app_subnet_1a": {
                    "type": "aws_subnet",
                    "depends_on": [
                        "data.aws_availability_zones.available"
                    ],
                    "primary": {
                        "id": "subnet-05857abf33f682ce1",
                        "attributes": {
                            "assign_ipv6_address_on_creation": "false",
                            "availability_zone": "eu-west-1a",
                            "cidr_block": "14.10.1.0/24",
                            "id": "subnet-05857abf33f682ce1",
                            "map_public_ip_on_launch": "false",
                            "tags.%": "1",
                            "tags.Name": "subnet-app-project4",
                            "vpc_id": "vpc-029b766968e6a4ce1"
                        },
                        "meta": {
                            "schema_version": "1"
                        },
                        "tainted": false
                    },
                    "deposed": [],
                    "provider": "provider.aws"
                },
                "aws_subnet.kiran_app_subnet_1b": {
                    "type": "aws_subnet",
                    "depends_on": [
                        "data.aws_availability_zones.available"
                    ],
                    "primary": {
                        "id": "subnet-027a163f1f91dff0d",
                        "attributes": {
                            "assign_ipv6_address_on_creation": "false",
                            "availability_zone": "eu-west-1b",
                            "cidr_block": "14.10.2.0/24",
                            "id": "subnet-027a163f1f91dff0d",
                            "map_public_ip_on_launch": "false",
                            "tags.%": "1",
                            "tags.Name": "subnet-app-project4",
                            "vpc_id": "vpc-029b766968e6a4ce1"
                        },
                        "meta": {
                            "schema_version": "1"
                        },
                        "tainted": false
                    },
                    "deposed": [],
                    "provider": "provider.aws"
                },
                "aws_subnet.kiran_app_subnet_1c": {
                    "type": "aws_subnet",
                    "depends_on": [
                        "data.aws_availability_zones.available"
                    ],
                    "primary": {
                        "id": "subnet-05c36fc7517fffb2d",
                        "attributes": {
                            "assign_ipv6_address_on_creation": "false",
                            "availability_zone": "eu-west-1c",
                            "cidr_block": "14.10.3.0/24",
                            "id": "subnet-05c36fc7517fffb2d",
                            "map_public_ip_on_launch": "false",
                            "tags.%": "1",
                            "tags.Name": "subnet-app-project4",
                            "vpc_id": "vpc-029b766968e6a4ce1"
                        },
                        "meta": {
                            "schema_version": "1"
                        },
                        "tainted": false
                    },
                    "deposed": [],
                    "provider": "provider.aws"
                },
                "aws_vpc.main_vpc": {
                    "type": "aws_vpc",
                    "depends_on": [],
                    "primary": {
                        "id": "vpc-029b766968e6a4ce1",
                        "attributes": {
                            "arn": "arn:aws:ec2:eu-west-1:135928476890:vpc/vpc-029b766968e6a4ce1",
                            "assign_generated_ipv6_cidr_block": "false",
                            "cidr_block": "14.10.0.0/16",
                            "default_network_acl_id": "acl-02b939280dcc7fd4e",
                            "default_route_table_id": "rtb-0ab57c40531e18119",
                            "default_security_group_id": "sg-052f24997fa4d5974",
                            "dhcp_options_id": "dopt-18d5d77d",
                            "enable_classiclink": "false",
                            "enable_classiclink_dns_support": "false",
                            "enable_dns_hostnames": "false",
                            "enable_dns_support": "true",
                            "id": "vpc-029b766968e6a4ce1",
                            "instance_tenancy": "default",
                            "main_route_table_id": "rtb-0ab57c40531e18119",
                            "tags.%": "1",
                            "tags.Name": "app-vpc"
                        },
                        "meta": {
                            "schema_version": "1"
                        },
                        "tainted": false
                    },
                    "deposed": [],
                    "provider": "provider.aws"
                },
                "data.aws_availability_zones.available": {
                    "type": "aws_availability_zones",
                    "depends_on": [],
                    "primary": {
                        "id": "2018-08-21 08:52:26.969089006 +0000 UTC",
                        "attributes": {
                            "id": "2018-08-21 08:52:26.969089006 +0000 UTC",
                            "names.#": "3",
                            "names.0": "eu-west-1a",
                            "names.1": "eu-west-1b",
                            "names.2": "eu-west-1c"
                        },
                        "meta": {},
                        "tainted": false
                    },
                    "deposed": [],
                    "provider": "provider.aws"
                }
            },
            "depends_on": []
        },
        {
            "path": [
                "root",
                "elk"
            ],
            "outputs": {
                "elk_security_group": {
                    "sensitive": false,
                    "type": "string",
                    "value": "sg-06638ebab022029fe"
                }
            },
            "resources": {
                "aws_security_group.elk_security_group": {
                    "type": "aws_security_group",
                    "depends_on": [
                        "aws_vpc.elk_vpc"
                    ],
                    "primary": {
                        "id": "sg-06638ebab022029fe",
                        "attributes": {
                            "arn": "arn:aws:ec2:eu-west-1:135928476890:security-group/sg-06638ebab022029fe",
                            "description": "All all elasticsearch traffic",
                            "egress.#": "1",
                            "egress.2510676008.cidr_blocks.#": "1",
                            "egress.2510676008.cidr_blocks.0": "0.0.0.0/0",
                            "egress.2510676008.description": "",
                            "egress.2510676008.from_port": "0",
                            "egress.2510676008.ipv6_cidr_blocks.#": "0",
                            "egress.2510676008.prefix_list_ids.#": "0",
                            "egress.2510676008.protocol": "-1",
                            "egress.2510676008.security_groups.#": "0",
                            "egress.2510676008.self": "true",
                            "egress.2510676008.to_port": "0",
                            "id": "sg-06638ebab022029fe",
                            "ingress.#": "4",
                            "ingress.2178714614.cidr_blocks.#": "1",
                            "ingress.2178714614.cidr_blocks.0": "0.0.0.0/0",
                            "ingress.2178714614.description": "",
                            "ingress.2178714614.from_port": "5043",
                            "ingress.2178714614.ipv6_cidr_blocks.#": "0",
                            "ingress.2178714614.protocol": "tcp",
                            "ingress.2178714614.security_groups.#": "0",
                            "ingress.2178714614.self": "true",
                            "ingress.2178714614.to_port": "5044",
                            "ingress.2510676008.cidr_blocks.#": "1",
                            "ingress.2510676008.cidr_blocks.0": "0.0.0.0/0",
                            "ingress.2510676008.description": "",
                            "ingress.2510676008.from_port": "0",
                            "ingress.2510676008.ipv6_cidr_blocks.#": "0",
                            "ingress.2510676008.protocol": "-1",
                            "ingress.2510676008.security_groups.#": "0",
                            "ingress.2510676008.self": "true",
                            "ingress.2510676008.to_port": "0",
                            "ingress.3424895949.cidr_blocks.#": "1",
                            "ingress.3424895949.cidr_blocks.0": "0.0.0.0/0",
                            "ingress.3424895949.description": "",
                            "ingress.3424895949.from_port": "5601",
                            "ingress.3424895949.ipv6_cidr_blocks.#": "0",
                            "ingress.3424895949.protocol": "tcp",
                            "ingress.3424895949.security_groups.#": "0",
                            "ingress.3424895949.self": "true",
                            "ingress.3424895949.to_port": "5601",
                            "ingress.4040603313.cidr_blocks.#": "1",
                            "ingress.4040603313.cidr_blocks.0": "0.0.0.0/0",
                            "ingress.4040603313.description": "",
                            "ingress.4040603313.from_port": "9200",
                            "ingress.4040603313.ipv6_cidr_blocks.#": "0",
                            "ingress.4040603313.protocol": "tcp",
                            "ingress.4040603313.security_groups.#": "0",
                            "ingress.4040603313.self": "true",
                            "ingress.4040603313.to_port": "9200",
                            "name": "allow_elk",
                            "owner_id": "135928476890",
                            "revoke_rules_on_delete": "false",
                            "tags.%": "0",
                            "vpc_id": "vpc-0dafbcdeb63815a46"
                        },
                        "meta": {
                            "e2bfb730-ecaa-11e6-8f88-34363bc7c4c0": {
                                "create": 600000000000,
                                "delete": 600000000000
                            },
                            "schema_version": "1"
                        },
                        "tainted": false
                    },
                    "deposed": [],
                    "provider": "provider.aws"
                },
                "aws_vpc.elk_vpc": {
                    "type": "aws_vpc",
                    "depends_on": [],
                    "primary": {
                        "id": "vpc-0dafbcdeb63815a46",
                        "attributes": {
                            "arn": "arn:aws:ec2:eu-west-1:135928476890:vpc/vpc-0dafbcdeb63815a46",
                            "assign_generated_ipv6_cidr_block": "false",
                            "cidr_block": "14.11.0.0/16",
                            "default_network_acl_id": "acl-0efb3eef0a960fc8c",
                            "default_route_table_id": "rtb-012bc792709eb7ea7",
                            "default_security_group_id": "sg-044e004eee86476b8",
                            "dhcp_options_id": "dopt-18d5d77d",
                            "enable_classiclink": "false",
                            "enable_classiclink_dns_support": "false",
                            "enable_dns_hostnames": "false",
                            "enable_dns_support": "true",
                            "id": "vpc-0dafbcdeb63815a46",
                            "instance_tenancy": "default",
                            "main_route_table_id": "rtb-012bc792709eb7ea7",
                            "tags.%": "1",
                            "tags.Name": "elk-vpc"
                        },
                        "meta": {
                            "schema_version": "1"
                        },
                        "tainted": false
                    },
                    "deposed": [],
                    "provider": "provider.aws"
                }
            },
            "depends_on": []
        }
    ]
}
