{
    "version": 3,
    "terraform_version": "0.11.7",
    "serial": 56,
    "lineage": "6a94598b-9913-de27-fe56-d3c6ddd2ca11",
    "modules": [
        {
            "path": [
                "root"
            ],
            "outputs": {},
            "resources": {
                "aws_route53_record.engineering12": {
                    "type": "aws_route53_record",
                    "depends_on": [
                        "module.app"
                    ],
                    "primary": {
                        "id": "Z3CCIZELFLJ3SC_engineering12.spartaglobal.education_CNAME",
                        "attributes": {
                            "allow_overwrite": "true",
                            "fqdn": "engineering12.spartaglobal.education",
                            "id": "Z3CCIZELFLJ3SC_engineering12.spartaglobal.education_CNAME",
                            "name": "engineering12.spartaglobal.education",
                            "records.#": "1",
                            "records.3006858165": "elb-app-2112051530.eu-west-1.elb.amazonaws.com",
                            "ttl": "300",
                            "type": "CNAME",
                            "zone_id": "Z3CCIZELFLJ3SC"
                        },
                        "meta": {
                            "schema_version": "2"
                        },
                        "tainted": false
                    },
                    "deposed": [],
                    "provider": "provider.aws"
                },
                "data.template_file.app_user_data": {
                    "type": "template_file",
                    "depends_on": [],
                    "primary": {
                        "id": "05ebe0cf3cfedce0ac3cd0e3c823fb1d81b6cd33e9ab490ccdec9ca864e5ff6a",
                        "attributes": {
                            "id": "05ebe0cf3cfedce0ac3cd0e3c823fb1d81b6cd33e9ab490ccdec9ca864e5ff6a",
                            "rendered": "IyEvYmluL2Jhc2gNCg0KZXhwb3J0IExDX0FMTD1jDQpjZCAvaG9tZS91YnVudHUvYXBwDQpucG0gaW5zdGFsbA0KZXhwb3J0IERCX0hPU1Q9bW9uZ29kYjovLzEwLjEwLjQuNzoyNzAxNy9wb3N0cw0KbW9uZ28gLS1ob3N0IDEwLjEwLjQuNw0KDQpwbTIgc3RhcnQgYXBwLmpzDQo=\n",
                            "template": "IyEvYmluL2Jhc2gNCg0KZXhwb3J0IExDX0FMTD1jDQpjZCAvaG9tZS91YnVudHUvYXBwDQpucG0gaW5zdGFsbA0KZXhwb3J0IERCX0hPU1Q9bW9uZ29kYjovLzEwLjEwLjQuNzoyNzAxNy9wb3N0cw0KbW9uZ28gLS1ob3N0IDEwLjEwLjQuNw0KDQpwbTIgc3RhcnQgYXBwLmpzDQo=\n"
                        },
                        "meta": {},
                        "tainted": false
                    },
                    "deposed": [],
                    "provider": "provider.template"
                }
            },
            "depends_on": []
        },
        {
            "path": [
                "root",
                "app"
            ],
            "outputs": {
                "app_ami_id": {
                    "sensitive": false,
                    "type": "string",
                    "value": "ami-c2b8bfbb"
                },
                "app_route_table": {
                    "sensitive": false,
                    "type": "string",
                    "value": "rtb-05c40ecfbe1623f59"
                },
                "app_security_group": {
                    "sensitive": false,
                    "type": "string",
                    "value": "sg-0adf6009737b7b6ba"
                },
                "elb_app": {
                    "sensitive": false,
                    "type": "string",
                    "value": "elb-app-2112051530.eu-west-1.elb.amazonaws.com"
                },
                "vpc_id": {
                    "sensitive": false,
                    "type": "string",
                    "value": "vpc-00394c82a017f9b47"
                }
            },
            "resources": {
                "aws_autoscaling_group.app_auto_scaling": {
                    "type": "aws_autoscaling_group",
                    "depends_on": [
                        "aws_elb.elb_app",
                        "aws_launch_template.app_launch_template",
                        "aws_subnet.app_subnet_1a",
                        "aws_subnet.app_subnet_1b",
                        "aws_subnet.app_subnet_1c"
                    ],
                    "primary": {
                        "id": "tf-asg-20180818234618159800000002",
                        "attributes": {
                            "arn": "arn:aws:autoscaling:eu-west-1:135928476890:autoScalingGroup:5c783531-c4aa-4938-8b56-2e8bcf05ca41:autoScalingGroupName/tf-asg-20180818234618159800000002",
                            "availability_zones.#": "3",
                            "availability_zones.1924028850": "eu-west-1b",
                            "availability_zones.3953592328": "eu-west-1a",
                            "availability_zones.94988580": "eu-west-1c",
                            "default_cooldown": "300",
                            "desired_capacity": "3",
                            "enabled_metrics.#": "0",
                            "force_delete": "false",
                            "health_check_grace_period": "300",
                            "health_check_type": "EC2",
                            "id": "tf-asg-20180818234618159800000002",
                            "launch_configuration": "",
                            "launch_template.#": "1",
                            "launch_template.0.id": "lt-0409c764609d47c7d",
                            "launch_template.0.name": "app_launch_template",
                            "launch_template.0.version": "$Latest",
                            "load_balancers.#": "1",
                            "load_balancers.3159460110": "elb-app",
                            "max_size": "4",
                            "metrics_granularity": "1Minute",
                            "min_size": "3",
                            "name": "tf-asg-20180818234618159800000002",
                            "placement_group": "",
                            "protect_from_scale_in": "false",
                            "service_linked_role_arn": "arn:aws:iam::135928476890:role/aws-service-role/autoscaling.amazonaws.com/AWSServiceRoleForAutoScaling",
                            "suspended_processes.#": "0",
                            "tags.#": "1",
                            "tags.0.%": "3",
                            "tags.0.key": "name",
                            "tags.0.propagate_at_launch": "1",
                            "tags.0.value": "APP_instance",
                            "target_group_arns.#": "0",
                            "termination_policies.#": "0",
                            "vpc_zone_identifier.#": "3",
                            "vpc_zone_identifier.1672645670": "subnet-0fd500fc157405a2f",
                            "vpc_zone_identifier.1683802411": "subnet-00919db9a0c9485ee",
                            "vpc_zone_identifier.903280556": "subnet-00b6b0ee73fcbca9f",
                            "wait_for_capacity_timeout": "10m"
                        },
                        "meta": {
                            "e2bfb730-ecaa-11e6-8f88-34363bc7c4c0": {
                                "delete": 600000000000
                            }
                        },
                        "tainted": false
                    },
                    "deposed": [],
                    "provider": "provider.aws"
                },
                "aws_elb.elb_app": {
                    "type": "aws_elb",
                    "depends_on": [
                        "aws_security_group.app_security_group",
                        "aws_subnet.app_subnet_1a",
                        "aws_subnet.app_subnet_1b",
                        "aws_subnet.app_subnet_1c"
                    ],
                    "primary": {
                        "id": "elb-app",
                        "attributes": {
                            "access_logs.#": "0",
                            "arn": "arn:aws:elasticloadbalancing:eu-west-1:135928476890:loadbalancer/elb-app",
                            "availability_zones.#": "3",
                            "availability_zones.1924028850": "eu-west-1b",
                            "availability_zones.3953592328": "eu-west-1a",
                            "availability_zones.94988580": "eu-west-1c",
                            "connection_draining": "false",
                            "connection_draining_timeout": "300",
                            "cross_zone_load_balancing": "true",
                            "dns_name": "elb-app-2112051530.eu-west-1.elb.amazonaws.com",
                            "health_check.#": "1",
                            "health_check.0.healthy_threshold": "2",
                            "health_check.0.interval": "30",
                            "health_check.0.target": "HTTP:80/",
                            "health_check.0.timeout": "3",
                            "health_check.0.unhealthy_threshold": "2",
                            "id": "elb-app",
                            "idle_timeout": "60",
                            "instances.#": "0",
                            "internal": "false",
                            "listener.#": "1",
                            "listener.3057123346.instance_port": "80",
                            "listener.3057123346.instance_protocol": "http",
                            "listener.3057123346.lb_port": "80",
                            "listener.3057123346.lb_protocol": "http",
                            "listener.3057123346.ssl_certificate_id": "",
                            "name": "elb-app",
                            "security_groups.#": "1",
                            "security_groups.1526859930": "sg-0adf6009737b7b6ba",
                            "source_security_group": "135928476890/app-sg",
                            "source_security_group_id": "sg-0adf6009737b7b6ba",
                            "subnets.#": "3",
                            "subnets.1672645670": "subnet-0fd500fc157405a2f",
                            "subnets.1683802411": "subnet-00919db9a0c9485ee",
                            "subnets.903280556": "subnet-00b6b0ee73fcbca9f",
                            "tags.%": "0",
                            "zone_id": "Z32O12XQLNTSW2"
                        },
                        "meta": {},
                        "tainted": false
                    },
                    "deposed": [],
                    "provider": "provider.aws"
                },
                "aws_internet_gateway.app_internet_gateway": {
                    "type": "aws_internet_gateway",
                    "depends_on": [],
                    "primary": {
                        "id": "igw-04eee133ab8c66855",
                        "attributes": {
                            "id": "igw-04eee133ab8c66855",
                            "tags.%": "1",
                            "tags.Name": "main",
                            "vpc_id": "vpc-00394c82a017f9b47"
                        },
                        "meta": {},
                        "tainted": false
                    },
                    "deposed": [],
                    "provider": "provider.aws"
                },
                "aws_launch_template.app_launch_template": {
                    "type": "aws_launch_template",
                    "depends_on": [
                        "aws_security_group.app_security_group"
                    ],
                    "primary": {
                        "id": "lt-0409c764609d47c7d",
                        "attributes": {
                            "arn": "arn:aws:ec2:eu-west-1:135928476890:launch-template/lt-0409c764609d47c7d",
                            "block_device_mappings.#": "0",
                            "credit_specification.#": "0",
                            "default_version": "1",
                            "disable_api_termination": "false",
                            "ebs_optimized": "false",
                            "elastic_gpu_specifications.#": "0",
                            "iam_instance_profile.#": "0",
                            "id": "lt-0409c764609d47c7d",
                            "image_id": "ami-c2b8bfbb",
                            "instance_initiated_shutdown_behavior": "",
                            "instance_market_options.#": "0",
                            "instance_type": "t2.micro",
                            "kernel_id": "",
                            "key_name": "",
                            "latest_version": "1",
                            "monitoring.#": "0",
                            "name": "app_launch_template",
                            "network_interfaces.#": "1",
                            "network_interfaces.0.associate_public_ip_address": "false",
                            "network_interfaces.0.delete_on_termination": "false",
                            "network_interfaces.0.description": "",
                            "network_interfaces.0.device_index": "0",
                            "network_interfaces.0.ipv4_address_count": "0",
                            "network_interfaces.0.ipv4_addresses.#": "0",
                            "network_interfaces.0.ipv6_address_count": "0",
                            "network_interfaces.0.ipv6_addresses.#": "0",
                            "network_interfaces.0.network_interface_id": "",
                            "network_interfaces.0.private_ip_address": "",
                            "network_interfaces.0.security_groups.#": "1",
                            "network_interfaces.0.security_groups.1938325243": "sg-0adf6009737b7b6ba",
                            "network_interfaces.0.subnet_id": "",
                            "placement.#": "0",
                            "ram_disk_id": "",
                            "security_group_names.#": "0",
                            "tag_specifications.#": "0",
                            "tags.%": "0",
                            "user_data": "IyEvYmluL2Jhc2gNCg0KZXhwb3J0IExDX0FMTD1jDQpjZCAvaG9tZS91YnVudHUvYXBwDQpucG0gaW5zdGFsbA0KZXhwb3J0IERCX0hPU1Q9bW9uZ29kYjovLzEwLjEwLjQuNzoyNzAxNy9wb3N0cw0KbW9uZ28gLS1ob3N0IDEwLjEwLjQuNw0KDQpwbTIgc3RhcnQgYXBwLmpzDQo=",
                            "vpc_security_group_ids.#": "0"
                        },
                        "meta": {},
                        "tainted": false
                    },
                    "deposed": [],
                    "provider": "provider.aws"
                },
                "aws_route_table.app_route_table": {
                    "type": "aws_route_table",
                    "depends_on": [
                        "aws_internet_gateway.app_internet_gateway"
                    ],
                    "primary": {
                        "id": "rtb-05c40ecfbe1623f59",
                        "attributes": {
                            "id": "rtb-05c40ecfbe1623f59",
                            "propagating_vgws.#": "0",
                            "route.#": "1",
                            "route.3110022166.cidr_block": "0.0.0.0/0",
                            "route.3110022166.egress_only_gateway_id": "",
                            "route.3110022166.gateway_id": "igw-04eee133ab8c66855",
                            "route.3110022166.instance_id": "",
                            "route.3110022166.ipv6_cidr_block": "",
                            "route.3110022166.nat_gateway_id": "",
                            "route.3110022166.network_interface_id": "",
                            "route.3110022166.vpc_peering_connection_id": "",
                            "tags.%": "1",
                            "tags.Name": "app-route-table",
                            "vpc_id": "vpc-00394c82a017f9b47"
                        },
                        "meta": {},
                        "tainted": false
                    },
                    "deposed": [],
                    "provider": "provider.aws"
                },
                "aws_route_table_association.app_1a_association": {
                    "type": "aws_route_table_association",
                    "depends_on": [
                        "aws_route_table.app_route_table",
                        "aws_subnet.app_subnet_1a"
                    ],
                    "primary": {
                        "id": "rtbassoc-02bee04c5e634c35e",
                        "attributes": {
                            "id": "rtbassoc-02bee04c5e634c35e",
                            "route_table_id": "rtb-05c40ecfbe1623f59",
                            "subnet_id": "subnet-0fd500fc157405a2f"
                        },
                        "meta": {},
                        "tainted": false
                    },
                    "deposed": [],
                    "provider": "provider.aws"
                },
                "aws_route_table_association.app_1b_association": {
                    "type": "aws_route_table_association",
                    "depends_on": [
                        "aws_route_table.app_route_table",
                        "aws_subnet.app_subnet_1b"
                    ],
                    "primary": {
                        "id": "rtbassoc-0a74c294cdddb96db",
                        "attributes": {
                            "id": "rtbassoc-0a74c294cdddb96db",
                            "route_table_id": "rtb-05c40ecfbe1623f59",
                            "subnet_id": "subnet-00b6b0ee73fcbca9f"
                        },
                        "meta": {},
                        "tainted": false
                    },
                    "deposed": [],
                    "provider": "provider.aws"
                },
                "aws_route_table_association.app_1c_association": {
                    "type": "aws_route_table_association",
                    "depends_on": [
                        "aws_route_table.app_route_table",
                        "aws_subnet.app_subnet_1c"
                    ],
                    "primary": {
                        "id": "rtbassoc-0d8f5735664c5febe",
                        "attributes": {
                            "id": "rtbassoc-0d8f5735664c5febe",
                            "route_table_id": "rtb-05c40ecfbe1623f59",
                            "subnet_id": "subnet-00919db9a0c9485ee"
                        },
                        "meta": {},
                        "tainted": false
                    },
                    "deposed": [],
                    "provider": "provider.aws"
                },
                "aws_security_group.app_security_group": {
                    "type": "aws_security_group",
                    "depends_on": [],
                    "primary": {
                        "id": "sg-0adf6009737b7b6ba",
                        "attributes": {
                            "arn": "arn:aws:ec2:eu-west-1:135928476890:security-group/sg-0adf6009737b7b6ba",
                            "description": "security group for app",
                            "egress.#": "1",
                            "egress.482069346.cidr_blocks.#": "1",
                            "egress.482069346.cidr_blocks.0": "0.0.0.0/0",
                            "egress.482069346.description": "",
                            "egress.482069346.from_port": "0",
                            "egress.482069346.ipv6_cidr_blocks.#": "0",
                            "egress.482069346.prefix_list_ids.#": "0",
                            "egress.482069346.protocol": "-1",
                            "egress.482069346.security_groups.#": "0",
                            "egress.482069346.self": "false",
                            "egress.482069346.to_port": "0",
                            "id": "sg-0adf6009737b7b6ba",
                            "ingress.#": "1",
                            "ingress.2510676008.cidr_blocks.#": "1",
                            "ingress.2510676008.cidr_blocks.0": "0.0.0.0/0",
                            "ingress.2510676008.description": "",
                            "ingress.2510676008.from_port": "0",
                            "ingress.2510676008.ipv6_cidr_blocks.#": "0",
                            "ingress.2510676008.protocol": "-1",
                            "ingress.2510676008.security_groups.#": "0",
                            "ingress.2510676008.self": "true",
                            "ingress.2510676008.to_port": "0",
                            "name": "app-sg",
                            "owner_id": "135928476890",
                            "revoke_rules_on_delete": "false",
                            "tags.%": "0",
                            "vpc_id": "vpc-00394c82a017f9b47"
                        },
                        "meta": {
                            "e2bfb730-ecaa-11e6-8f88-34363bc7c4c0": {
                                "create": 600000000000,
                                "delete": 600000000000
                            },
                            "schema_version": "1"
                        },
                        "tainted": false
                    },
                    "deposed": [],
                    "provider": "provider.aws"
                },
                "aws_subnet.app_subnet_1a": {
                    "type": "aws_subnet",
                    "depends_on": [
                        "data.aws_availability_zones.available"
                    ],
                    "primary": {
                        "id": "subnet-0fd500fc157405a2f",
                        "attributes": {
                            "assign_ipv6_address_on_creation": "false",
                            "availability_zone": "eu-west-1a",
                            "cidr_block": "10.10.0.0/24",
                            "id": "subnet-0fd500fc157405a2f",
                            "map_public_ip_on_launch": "false",
                            "tags.%": "1",
                            "tags.Name": "subnet-app-project4",
                            "vpc_id": "vpc-00394c82a017f9b47"
                        },
                        "meta": {
                            "schema_version": "1"
                        },
                        "tainted": false
                    },
                    "deposed": [],
                    "provider": "provider.aws"
                },
                "aws_subnet.app_subnet_1b": {
                    "type": "aws_subnet",
                    "depends_on": [
                        "data.aws_availability_zones.available"
                    ],
                    "primary": {
                        "id": "subnet-00b6b0ee73fcbca9f",
                        "attributes": {
                            "assign_ipv6_address_on_creation": "false",
                            "availability_zone": "eu-west-1b",
                            "cidr_block": "10.10.1.0/24",
                            "id": "subnet-00b6b0ee73fcbca9f",
                            "map_public_ip_on_launch": "false",
                            "tags.%": "1",
                            "tags.Name": "subnet-app-project4",
                            "vpc_id": "vpc-00394c82a017f9b47"
                        },
                        "meta": {
                            "schema_version": "1"
                        },
                        "tainted": false
                    },
                    "deposed": [],
                    "provider": "provider.aws"
                },
                "aws_subnet.app_subnet_1c": {
                    "type": "aws_subnet",
                    "depends_on": [
                        "data.aws_availability_zones.available"
                    ],
                    "primary": {
                        "id": "subnet-00919db9a0c9485ee",
                        "attributes": {
                            "assign_ipv6_address_on_creation": "false",
                            "availability_zone": "eu-west-1c",
                            "cidr_block": "10.10.2.0/24",
                            "id": "subnet-00919db9a0c9485ee",
                            "map_public_ip_on_launch": "false",
                            "tags.%": "1",
                            "tags.Name": "subnet-app-project4",
                            "vpc_id": "vpc-00394c82a017f9b47"
                        },
                        "meta": {
                            "schema_version": "1"
                        },
                        "tainted": false
                    },
                    "deposed": [],
                    "provider": "provider.aws"
                },
                "aws_vpc.main_vpc": {
                    "type": "aws_vpc",
                    "depends_on": [],
                    "primary": {
                        "id": "vpc-00394c82a017f9b47",
                        "attributes": {
                            "arn": "arn:aws:ec2:eu-west-1:135928476890:vpc/vpc-00394c82a017f9b47",
                            "assign_generated_ipv6_cidr_block": "false",
                            "cidr_block": "10.10.0.0/16",
                            "default_network_acl_id": "acl-0ac47b6abc4567778",
                            "default_route_table_id": "rtb-07adc79252adf164a",
                            "default_security_group_id": "sg-0dd024f5fe3618c21",
                            "dhcp_options_id": "dopt-18d5d77d",
                            "enable_classiclink": "false",
                            "enable_classiclink_dns_support": "false",
                            "enable_dns_hostnames": "false",
                            "enable_dns_support": "true",
                            "id": "vpc-00394c82a017f9b47",
                            "instance_tenancy": "default",
                            "main_route_table_id": "rtb-07adc79252adf164a",
                            "tags.%": "1",
                            "tags.Name": "app-vpc"
                        },
                        "meta": {
                            "schema_version": "1"
                        },
                        "tainted": false
                    },
                    "deposed": [],
                    "provider": "provider.aws"
                },
                "data.aws_availability_zones.available": {
                    "type": "aws_availability_zones",
                    "depends_on": [],
                    "primary": {
                        "id": "2018-08-18 23:45:38.861554374 +0000 UTC",
                        "attributes": {
                            "id": "2018-08-18 23:45:38.861554374 +0000 UTC",
                            "names.#": "3",
                            "names.0": "eu-west-1a",
                            "names.1": "eu-west-1b",
                            "names.2": "eu-west-1c"
                        },
                        "meta": {},
                        "tainted": false
                    },
                    "deposed": [],
                    "provider": "provider.aws"
                }
            },
            "depends_on": []
        },
        {
            "path": [
                "root",
                "db"
            ],
            "outputs": {
                "db_1a_privateip": {
                    "sensitive": false,
                    "type": "string",
                    "value": "10.10.4.7"
                },
                "db_1a_sg": {
                    "sensitive": false,
                    "type": "string",
                    "value": "sg-0937939efbb5fd3ee"
                },
                "db_ami_id": {
                    "sensitive": false,
                    "type": "string",
                    "value": "ami-01020378"
                }
            },
            "resources": {
                "aws_instance.db_1a": {
                    "type": "aws_instance",
                    "depends_on": [
                        "aws_security_group.db_sg",
                        "aws_subnet.db_1a",
                        "data.template_file.db_1a_tmplt"
                    ],
                    "primary": {
                        "id": "i-0dbf162499b0cdc0b",
                        "attributes": {
                            "ami": "ami-01020378",
                            "arn": "arn:aws:ec2:eu-west-1:135928476890:instance/i-0dbf162499b0cdc0b",
                            "associate_public_ip_address": "false",
                            "availability_zone": "eu-west-1a",
                            "cpu_core_count": "1",
                            "cpu_threads_per_core": "1",
                            "credit_specification.#": "1",
                            "credit_specification.0.cpu_credits": "standard",
                            "disable_api_termination": "false",
                            "ebs_block_device.#": "0",
                            "ebs_optimized": "false",
                            "ephemeral_block_device.#": "0",
                            "get_password_data": "false",
                            "iam_instance_profile": "",
                            "id": "i-0dbf162499b0cdc0b",
                            "instance_state": "running",
                            "instance_type": "t2.micro",
                            "ipv6_addresses.#": "0",
                            "key_name": "",
                            "monitoring": "false",
                            "network_interface.#": "0",
                            "network_interface_id": "eni-0240e0922e214224e",
                            "password_data": "",
                            "placement_group": "",
                            "primary_network_interface_id": "eni-0240e0922e214224e",
                            "private_dns": "ip-10-10-4-7.eu-west-1.compute.internal",
                            "private_ip": "10.10.4.7",
                            "public_dns": "",
                            "public_ip": "",
                            "root_block_device.#": "1",
                            "root_block_device.0.delete_on_termination": "true",
                            "root_block_device.0.iops": "100",
                            "root_block_device.0.volume_id": "vol-02ba967d805470691",
                            "root_block_device.0.volume_size": "8",
                            "root_block_device.0.volume_type": "gp2",
                            "security_groups.#": "0",
                            "source_dest_check": "true",
                            "subnet_id": "subnet-049a2f251e55096bc",
                            "tags.%": "1",
                            "tags.Name": "DB-PROJECT4-1a",
                            "tenancy": "default",
                            "user_data": "330635c49207159426ee860029443179bee6e2de",
                            "volume_tags.%": "0",
                            "vpc_security_group_ids.#": "1",
                            "vpc_security_group_ids.895725652": "sg-0937939efbb5fd3ee"
                        },
                        "meta": {
                            "e2bfb730-ecaa-11e6-8f88-34363bc7c4c0": {
                                "create": 600000000000,
                                "delete": 1200000000000,
                                "update": 600000000000
                            },
                            "schema_version": "1"
                        },
                        "tainted": false
                    },
                    "deposed": [],
                    "provider": "module.db.provider.aws"
                },
                "aws_instance.db_1b": {
                    "type": "aws_instance",
                    "depends_on": [
                        "aws_security_group.db_sg",
                        "aws_subnet.db_1b",
                        "data.template_file.db_1b_tmplt"
                    ],
                    "primary": {
                        "id": "i-0cd7f7dd3b785f520",
                        "attributes": {
                            "ami": "ami-01020378",
                            "arn": "arn:aws:ec2:eu-west-1:135928476890:instance/i-0cd7f7dd3b785f520",
                            "associate_public_ip_address": "false",
                            "availability_zone": "eu-west-1b",
                            "cpu_core_count": "1",
                            "cpu_threads_per_core": "1",
                            "credit_specification.#": "1",
                            "credit_specification.0.cpu_credits": "standard",
                            "disable_api_termination": "false",
                            "ebs_block_device.#": "0",
                            "ebs_optimized": "false",
                            "ephemeral_block_device.#": "0",
                            "get_password_data": "false",
                            "iam_instance_profile": "",
                            "id": "i-0cd7f7dd3b785f520",
                            "instance_state": "running",
                            "instance_type": "t2.micro",
                            "ipv6_addresses.#": "0",
                            "key_name": "",
                            "monitoring": "false",
                            "network_interface.#": "0",
                            "network_interface_id": "eni-0c4f6216dcd2c7468",
                            "password_data": "",
                            "placement_group": "",
                            "primary_network_interface_id": "eni-0c4f6216dcd2c7468",
                            "private_dns": "ip-10-10-5-7.eu-west-1.compute.internal",
                            "private_ip": "10.10.5.7",
                            "public_dns": "",
                            "public_ip": "",
                            "root_block_device.#": "1",
                            "root_block_device.0.delete_on_termination": "true",
                            "root_block_device.0.iops": "100",
                            "root_block_device.0.volume_id": "vol-05cda3bf9e6bde671",
                            "root_block_device.0.volume_size": "8",
                            "root_block_device.0.volume_type": "gp2",
                            "security_groups.#": "0",
                            "source_dest_check": "true",
                            "subnet_id": "subnet-014130ea06e8edbc9",
                            "tags.%": "1",
                            "tags.Name": "DB-PROJECT4-1b",
                            "tenancy": "default",
                            "user_data": "115c3c1fa71062eadaab8b496d39d7f66e1e5235",
                            "volume_tags.%": "0",
                            "vpc_security_group_ids.#": "1",
                            "vpc_security_group_ids.895725652": "sg-0937939efbb5fd3ee"
                        },
                        "meta": {
                            "e2bfb730-ecaa-11e6-8f88-34363bc7c4c0": {
                                "create": 600000000000,
                                "delete": 1200000000000,
                                "update": 600000000000
                            },
                            "schema_version": "1"
                        },
                        "tainted": false
                    },
                    "deposed": [],
                    "provider": "module.db.provider.aws"
                },
                "aws_instance.db_1c": {
                    "type": "aws_instance",
                    "depends_on": [
                        "aws_security_group.db_sg",
                        "aws_subnet.db_1c",
                        "data.template_file.db_1c_tmplt"
                    ],
                    "primary": {
                        "id": "i-0ed7caea694501d5b",
                        "attributes": {
                            "ami": "ami-01020378",
                            "arn": "arn:aws:ec2:eu-west-1:135928476890:instance/i-0ed7caea694501d5b",
                            "associate_public_ip_address": "false",
                            "availability_zone": "eu-west-1c",
                            "cpu_core_count": "1",
                            "cpu_threads_per_core": "1",
                            "credit_specification.#": "1",
                            "credit_specification.0.cpu_credits": "standard",
                            "disable_api_termination": "false",
                            "ebs_block_device.#": "0",
                            "ebs_optimized": "false",
                            "ephemeral_block_device.#": "0",
                            "get_password_data": "false",
                            "iam_instance_profile": "",
                            "id": "i-0ed7caea694501d5b",
                            "instance_state": "running",
                            "instance_type": "t2.micro",
                            "ipv6_addresses.#": "0",
                            "key_name": "",
                            "monitoring": "false",
                            "network_interface.#": "0",
                            "network_interface_id": "eni-0a284720a0a0560f2",
                            "password_data": "",
                            "placement_group": "",
                            "primary_network_interface_id": "eni-0a284720a0a0560f2",
                            "private_dns": "ip-10-10-6-7.eu-west-1.compute.internal",
                            "private_ip": "10.10.6.7",
                            "public_dns": "",
                            "public_ip": "",
                            "root_block_device.#": "1",
                            "root_block_device.0.delete_on_termination": "true",
                            "root_block_device.0.iops": "100",
                            "root_block_device.0.volume_id": "vol-07309a9153e27e954",
                            "root_block_device.0.volume_size": "8",
                            "root_block_device.0.volume_type": "gp2",
                            "security_groups.#": "0",
                            "source_dest_check": "true",
                            "subnet_id": "subnet-04e6dabde1ddf1b92",
                            "tags.%": "1",
                            "tags.Name": "DB-PROJECT4-1c",
                            "tenancy": "default",
                            "user_data": "64a06f30e2c55759023811fb4e4e73ea1219f05e",
                            "volume_tags.%": "0",
                            "vpc_security_group_ids.#": "1",
                            "vpc_security_group_ids.895725652": "sg-0937939efbb5fd3ee"
                        },
                        "meta": {
                            "e2bfb730-ecaa-11e6-8f88-34363bc7c4c0": {
                                "create": 600000000000,
                                "delete": 1200000000000,
                                "update": 600000000000
                            },
                            "schema_version": "1"
                        },
                        "tainted": false
                    },
                    "deposed": [],
                    "provider": "module.db.provider.aws"
                },
                "aws_route_table_association.db_1a_association": {
                    "type": "aws_route_table_association",
                    "depends_on": [
                        "aws_subnet.db_1a"
                    ],
                    "primary": {
                        "id": "rtbassoc-062a62ed6cce7b919",
                        "attributes": {
                            "id": "rtbassoc-062a62ed6cce7b919",
                            "route_table_id": "rtb-05c40ecfbe1623f59",
                            "subnet_id": "subnet-049a2f251e55096bc"
                        },
                        "meta": {},
                        "tainted": false
                    },
                    "deposed": [],
                    "provider": "module.db.provider.aws"
                },
                "aws_route_table_association.db_1b_association": {
                    "type": "aws_route_table_association",
                    "depends_on": [
                        "aws_subnet.db_1b"
                    ],
                    "primary": {
                        "id": "rtbassoc-0fbd43399f6e53a96",
                        "attributes": {
                            "id": "rtbassoc-0fbd43399f6e53a96",
                            "route_table_id": "rtb-05c40ecfbe1623f59",
                            "subnet_id": "subnet-014130ea06e8edbc9"
                        },
                        "meta": {},
                        "tainted": false
                    },
                    "deposed": [],
                    "provider": "module.db.provider.aws"
                },
                "aws_route_table_association.db_1c_association": {
                    "type": "aws_route_table_association",
                    "depends_on": [
                        "aws_subnet.db_1c"
                    ],
                    "primary": {
                        "id": "rtbassoc-0dde86552e4d4814f",
                        "attributes": {
                            "id": "rtbassoc-0dde86552e4d4814f",
                            "route_table_id": "rtb-05c40ecfbe1623f59",
                            "subnet_id": "subnet-04e6dabde1ddf1b92"
                        },
                        "meta": {},
                        "tainted": false
                    },
                    "deposed": [],
                    "provider": "module.db.provider.aws"
                },
                "aws_security_group.db_sg": {
                    "type": "aws_security_group",
                    "depends_on": [],
                    "primary": {
                        "id": "sg-0937939efbb5fd3ee",
                        "attributes": {
                            "arn": "arn:aws:ec2:eu-west-1:135928476890:security-group/sg-0937939efbb5fd3ee",
                            "description": "security group for db",
                            "egress.#": "1",
                            "egress.2902029617.cidr_blocks.#": "1",
                            "egress.2902029617.cidr_blocks.0": "0.0.0.0/24",
                            "egress.2902029617.description": "",
                            "egress.2902029617.from_port": "0",
                            "egress.2902029617.ipv6_cidr_blocks.#": "0",
                            "egress.2902029617.prefix_list_ids.#": "0",
                            "egress.2902029617.protocol": "-1",
                            "egress.2902029617.security_groups.#": "0",
                            "egress.2902029617.self": "false",
                            "egress.2902029617.to_port": "0",
                            "id": "sg-0937939efbb5fd3ee",
                            "ingress.#": "1",
                            "ingress.424351344.cidr_blocks.#": "0",
                            "ingress.424351344.description": "",
                            "ingress.424351344.from_port": "0",
                            "ingress.424351344.ipv6_cidr_blocks.#": "0",
                            "ingress.424351344.protocol": "-1",
                            "ingress.424351344.security_groups.#": "1",
                            "ingress.424351344.security_groups.1526859930": "sg-0adf6009737b7b6ba",
                            "ingress.424351344.self": "true",
                            "ingress.424351344.to_port": "0",
                            "name": "db-sg",
                            "owner_id": "135928476890",
                            "revoke_rules_on_delete": "false",
                            "tags.%": "0",
                            "vpc_id": "vpc-00394c82a017f9b47"
                        },
                        "meta": {
                            "e2bfb730-ecaa-11e6-8f88-34363bc7c4c0": {
                                "create": 600000000000,
                                "delete": 600000000000
                            },
                            "schema_version": "1"
                        },
                        "tainted": false
                    },
                    "deposed": [],
                    "provider": "module.db.provider.aws"
                },
                "aws_subnet.db_1a": {
                    "type": "aws_subnet",
                    "depends_on": [],
                    "primary": {
                        "id": "subnet-049a2f251e55096bc",
                        "attributes": {
                            "assign_ipv6_address_on_creation": "false",
                            "availability_zone": "eu-west-1a",
                            "cidr_block": "10.10.4.0/24",
                            "id": "subnet-049a2f251e55096bc",
                            "map_public_ip_on_launch": "false",
                            "tags.%": "1",
                            "tags.Name": "DB-PROJECT4 - 1a",
                            "vpc_id": "vpc-00394c82a017f9b47"
                        },
                        "meta": {
                            "schema_version": "1"
                        },
                        "tainted": false
                    },
                    "deposed": [],
                    "provider": "module.db.provider.aws"
                },
                "aws_subnet.db_1b": {
                    "type": "aws_subnet",
                    "depends_on": [],
                    "primary": {
                        "id": "subnet-014130ea06e8edbc9",
                        "attributes": {
                            "assign_ipv6_address_on_creation": "false",
                            "availability_zone": "eu-west-1b",
                            "cidr_block": "10.10.5.0/24",
                            "id": "subnet-014130ea06e8edbc9",
                            "map_public_ip_on_launch": "false",
                            "tags.%": "1",
                            "tags.Name": "DB-PROJECT4 - 1b",
                            "vpc_id": "vpc-00394c82a017f9b47"
                        },
                        "meta": {
                            "schema_version": "1"
                        },
                        "tainted": false
                    },
                    "deposed": [],
                    "provider": "module.db.provider.aws"
                },
                "aws_subnet.db_1c": {
                    "type": "aws_subnet",
                    "depends_on": [],
                    "primary": {
                        "id": "subnet-04e6dabde1ddf1b92",
                        "attributes": {
                            "assign_ipv6_address_on_creation": "false",
                            "availability_zone": "eu-west-1c",
                            "cidr_block": "10.10.6.0/24",
                            "id": "subnet-04e6dabde1ddf1b92",
                            "map_public_ip_on_launch": "false",
                            "tags.%": "1",
                            "tags.Name": "DB-PROJECT4 - 1c",
                            "vpc_id": "vpc-00394c82a017f9b47"
                        },
                        "meta": {
                            "schema_version": "1"
                        },
                        "tainted": false
                    },
                    "deposed": [],
                    "provider": "module.db.provider.aws"
                },
                "data.template_file.db_1a_tmplt": {
                    "type": "template_file",
                    "depends_on": [],
                    "primary": {
                        "id": "ccfb44d1610da4f6494ae349b348e1c55acf2eb35baf09fffc17c19dec018cb2",
                        "attributes": {
                            "id": "ccfb44d1610da4f6494ae349b348e1c55acf2eb35baf09fffc17c19dec018cb2",
                            "rendered": "#!/bin/bash\n\nmongod --port 27017 --dbpath /srv/mongodb/db0 --replSet rs0 --bind_ip localhost,10.10.4.7\nmongo\n\nrs.initiate( {\n   _id : \"rs0\",\n   members: [\n      { _id: 0, host: \"10.10.4.7:27017\" },\n      { _id: 1, host: \"10.10.5.7:27017\" },\n      { _id: 2, host: \"10.10.6.7:27017\" }\n   ]\n})\n\nrs.slaveOk()\n## send a string to mongo and run it as a script.\n",
                            "template": "#!/bin/bash\n\nmongod --port 27017 --dbpath /srv/mongodb/db0 --replSet rs0 --bind_ip localhost,10.10.4.7\nmongo\n\nrs.initiate( {\n   _id : \"rs0\",\n   members: [\n      { _id: 0, host: \"10.10.4.7:27017\" },\n      { _id: 1, host: \"10.10.5.7:27017\" },\n      { _id: 2, host: \"10.10.6.7:27017\" }\n   ]\n})\n\nrs.slaveOk()\n## send a string to mongo and run it as a script.\n"
                        },
                        "meta": {},
                        "tainted": false
                    },
                    "deposed": [],
                    "provider": "provider.template"
                },
                "data.template_file.db_1b_tmplt": {
                    "type": "template_file",
                    "depends_on": [],
                    "primary": {
                        "id": "704f0bba0513aecec6e3d51ed79d0260305cd0e7054001568fe5222066a765b9",
                        "attributes": {
                            "id": "704f0bba0513aecec6e3d51ed79d0260305cd0e7054001568fe5222066a765b9",
                            "rendered": "#!/bin/bash\n\nmongod --dbpath /srv/mongodb/db0 --replSet rs0  --bind_ip localhost, 10.10.5.7\nmongo\nrs.slaveOk()\n## send a string to mongo and run it as a script.\n",
                            "template": "#!/bin/bash\n\nmongod --dbpath /srv/mongodb/db0 --replSet rs0  --bind_ip localhost, 10.10.5.7\nmongo\nrs.slaveOk()\n## send a string to mongo and run it as a script.\n"
                        },
                        "meta": {},
                        "tainted": false
                    },
                    "deposed": [],
                    "provider": "provider.template"
                },
                "data.template_file.db_1c_tmplt": {
                    "type": "template_file",
                    "depends_on": [],
                    "primary": {
                        "id": "6d93d5aa96b583e200340183525fc974193bbe5c4a17166ee5511aad564f0b85",
                        "attributes": {
                            "id": "6d93d5aa96b583e200340183525fc974193bbe5c4a17166ee5511aad564f0b85",
                            "rendered": "#!/bin/bash\n\nmongod --dbpath /srv/mongodb/db0 --replSet rs0  --bind_ip localhost, 10.10.6.7\n\nmongo\nrs.slaveOk()\n\n## send a string to mongo and run it as a script.\n",
                            "template": "#!/bin/bash\n\nmongod --dbpath /srv/mongodb/db0 --replSet rs0  --bind_ip localhost, 10.10.6.7\n\nmongo\nrs.slaveOk()\n\n## send a string to mongo and run it as a script.\n"
                        },
                        "meta": {},
                        "tainted": false
                    },
                    "deposed": [],
                    "provider": "provider.template"
                }
            },
            "depends_on": []
        }
    ]
}
