{
    "version": 3,
    "terraform_version": "0.11.7",
    "serial": 47,
    "lineage": "52b713e2-9938-7a20-a30f-31e2e74adc69",
    "modules": [
        {
            "path": [
                "root"
            ],
            "outputs": {},
            "resources": {
                "aws_route53_record.engineering12": {
                    "type": "aws_route53_record",
                    "depends_on": [
                        "module.app"
                    ],
                    "primary": {
                        "id": "Z3CCIZELFLJ3SC_eng12.spartaglobal.education_CNAME",
                        "attributes": {
                            "allow_overwrite": "true",
                            "fqdn": "eng12.spartaglobal.education",
                            "health_check_id": "",
                            "id": "Z3CCIZELFLJ3SC_eng12.spartaglobal.education_CNAME",
                            "name": "eng12.spartaglobal.education",
                            "records.#": "1",
                            "records.1785109284": "elb-app-333814713.eu-west-1.elb.amazonaws.com",
                            "set_identifier": "",
                            "ttl": "300",
                            "type": "CNAME",
                            "zone_id": "Z3CCIZELFLJ3SC"
                        },
                        "meta": {
                            "schema_version": "2"
                        },
                        "tainted": false
                    },
                    "deposed": [],
                    "provider": "provider.aws"
                },
                "aws_route53_record.kibana": {
                    "type": "aws_route53_record",
                    "depends_on": [
                        "module.elk"
                    ],
                    "primary": {
                        "id": "Z3CCIZELFLJ3SC_kibana.spartaglobal.education_CNAME",
                        "attributes": {
                            "allow_overwrite": "true",
                            "fqdn": "kibana.spartaglobal.education",
                            "health_check_id": "",
                            "id": "Z3CCIZELFLJ3SC_kibana.spartaglobal.education_CNAME",
                            "name": "kibana.spartaglobal.education",
                            "records.#": "1",
                            "records.4003328459": "http://34.253.62.215:5601",
                            "set_identifier": "",
                            "ttl": "300",
                            "type": "CNAME",
                            "zone_id": "Z3CCIZELFLJ3SC"
                        },
                        "meta": {
                            "schema_version": "2"
                        },
                        "tainted": false
                    },
                    "deposed": [],
                    "provider": "provider.aws"
                },
                "data.template_file.app_user_data": {
                    "type": "template_file",
                    "depends_on": [],
                    "primary": {
                        "id": "edf8ef280e8d9142c5d187cc72d56e59313edb105b1cd66cf197f11be7f1d311",
                        "attributes": {
                            "id": "edf8ef280e8d9142c5d187cc72d56e59313edb105b1cd66cf197f11be7f1d311",
                            "rendered": "IyEvYmluL2Jhc2gNCg0KZXhwb3J0IExDX0FMTD1DDQoNCmNkIC9ob21lL3VidW50dS9hcHANCm5wbSBpbnN0YWxsDQpleHBvcnQgREJfSE9TVD1tb25nb2RiOi8vMTAuMTAuNC43OjI3MDE3LDEwLjEwLjUuNzoyNzAxNywxMC4xMC42Ljc6MjcwMTcvdGFnZ2VkP3JlcGxpY2FTZXQ9cnMwDQpwbTIgc3RhcnQgYXBwLmpzDQoNCmVjaG8gImRlYiBodHRwczovL3BhY2thZ2VzLmVsYXN0aWMuY28vYmVhdHMvYXB0IHN0YWJsZSBtYWluIiB8ICBzdWRvIHRlZSAtYSAvZXRjL2FwdC9zb3VyY2VzLmxpc3QuZC9iZWF0cy5saXN0DQp3Z2V0IC1xTyAtIGh0dHBzOi8vcGFja2FnZXMuZWxhc3RpYy5jby9HUEctS0VZLWVsYXN0aWNzZWFyY2ggfCBzdWRvIGFwdC1rZXkgYWRkIC0NCnN1ZG8gYXB0LWdldCB1cGRhdGUNCnN1ZG8gYXB0LWdldCBpbnN0YWxsIGZpbGViZWF0DQpzdWRvIHNlcnZpY2UgZmlsZWJlYXQgcmVzdGFydA0Kc3VkbyB1cGRhdGUtcmMuZCBmaWxlYmVhdCBkZWZhdWx0cyA5NSAxMA==\n",
                            "template": "IyEvYmluL2Jhc2gNCg0KZXhwb3J0IExDX0FMTD1DDQoNCmNkIC9ob21lL3VidW50dS9hcHANCm5wbSBpbnN0YWxsDQpleHBvcnQgREJfSE9TVD1tb25nb2RiOi8vMTAuMTAuNC43OjI3MDE3LDEwLjEwLjUuNzoyNzAxNywxMC4xMC42Ljc6MjcwMTcvdGFnZ2VkP3JlcGxpY2FTZXQ9cnMwDQpwbTIgc3RhcnQgYXBwLmpzDQoNCmVjaG8gImRlYiBodHRwczovL3BhY2thZ2VzLmVsYXN0aWMuY28vYmVhdHMvYXB0IHN0YWJsZSBtYWluIiB8ICBzdWRvIHRlZSAtYSAvZXRjL2FwdC9zb3VyY2VzLmxpc3QuZC9iZWF0cy5saXN0DQp3Z2V0IC1xTyAtIGh0dHBzOi8vcGFja2FnZXMuZWxhc3RpYy5jby9HUEctS0VZLWVsYXN0aWNzZWFyY2ggfCBzdWRvIGFwdC1rZXkgYWRkIC0NCnN1ZG8gYXB0LWdldCB1cGRhdGUNCnN1ZG8gYXB0LWdldCBpbnN0YWxsIGZpbGViZWF0DQpzdWRvIHNlcnZpY2UgZmlsZWJlYXQgcmVzdGFydA0Kc3VkbyB1cGRhdGUtcmMuZCBmaWxlYmVhdCBkZWZhdWx0cyA5NSAxMA==\n"
                        },
                        "meta": {},
                        "tainted": false
                    },
                    "deposed": [],
                    "provider": "provider.template"
                }
            },
            "depends_on": []
        },
        {
            "path": [
                "root",
                "app"
            ],
            "outputs": {
                "app_ami_id": {
                    "sensitive": false,
                    "type": "string",
                    "value": "ami-c2b8bfbb"
                },
                "app_route_table": {
                    "sensitive": false,
                    "type": "string",
                    "value": "rtb-0deaf5f12643dfd13"
                },
                "app_security_group": {
                    "sensitive": false,
                    "type": "string",
                    "value": "sg-03b7bd645c231d3d7"
                },
                "elb_app": {
                    "sensitive": false,
                    "type": "string",
                    "value": "elb-app-333814713.eu-west-1.elb.amazonaws.com"
                },
                "vpc_id": {
                    "sensitive": false,
                    "type": "string",
                    "value": "vpc-05cb5a43de1afc21b"
                }
            },
            "resources": {
                "aws_autoscaling_group.app_auto_scaling": {
                    "type": "aws_autoscaling_group",
                    "depends_on": [
                        "aws_elb.elb_app",
                        "aws_launch_template.app_launch_template",
                        "aws_subnet.app_subnet_1a",
                        "aws_subnet.app_subnet_1b",
                        "aws_subnet.app_subnet_1c"
                    ],
                    "primary": {
                        "id": "tf-asg-20180824103226321700000003",
                        "attributes": {
                            "arn": "arn:aws:autoscaling:eu-west-1:135928476890:autoScalingGroup:cf7b271e-dc17-4532-baa0-cd465001ec20:autoScalingGroupName/tf-asg-20180824103226321700000003",
                            "availability_zones.#": "3",
                            "availability_zones.1924028850": "eu-west-1b",
                            "availability_zones.3953592328": "eu-west-1a",
                            "availability_zones.94988580": "eu-west-1c",
                            "default_cooldown": "300",
                            "desired_capacity": "3",
                            "enabled_metrics.#": "0",
                            "force_delete": "false",
                            "health_check_grace_period": "240",
                            "health_check_type": "ELB",
                            "id": "tf-asg-20180824103226321700000003",
                            "launch_configuration": "",
                            "launch_template.#": "1",
                            "launch_template.0.id": "lt-0c70b35ab7e0515d2",
                            "launch_template.0.name": "Project4-launch20180824103225389200000001",
                            "launch_template.0.version": "$Latest",
                            "load_balancers.#": "1",
                            "load_balancers.3159460110": "elb-app",
                            "max_size": "4",
                            "metrics_granularity": "1Minute",
                            "min_size": "3",
                            "name": "tf-asg-20180824103226321700000003",
                            "placement_group": "",
                            "protect_from_scale_in": "false",
                            "service_linked_role_arn": "arn:aws:iam::135928476890:role/aws-service-role/autoscaling.amazonaws.com/AWSServiceRoleForAutoScaling",
                            "suspended_processes.#": "0",
                            "tags.#": "1",
                            "tags.0.%": "3",
                            "tags.0.key": "name",
                            "tags.0.propagate_at_launch": "1",
                            "tags.0.value": "APP_instance",
                            "target_group_arns.#": "0",
                            "termination_policies.#": "0",
                            "vpc_zone_identifier.#": "3",
                            "vpc_zone_identifier.1817314632": "subnet-08a1a0c9a5a0ff73c",
                            "vpc_zone_identifier.1977612472": "subnet-0a566d2485ec41559",
                            "vpc_zone_identifier.3452868965": "subnet-00650a5aed17a05f4",
                            "wait_for_capacity_timeout": "10m"
                        },
                        "meta": {
                            "e2bfb730-ecaa-11e6-8f88-34363bc7c4c0": {
                                "delete": 600000000000
                            }
                        },
                        "tainted": false
                    },
                    "deposed": [],
                    "provider": "provider.aws"
                },
                "aws_elb.elb_app": {
                    "type": "aws_elb",
                    "depends_on": [
                        "aws_security_group.elb_security_group",
                        "aws_subnet.app_subnet_1a",
                        "aws_subnet.app_subnet_1b",
                        "aws_subnet.app_subnet_1c"
                    ],
                    "primary": {
                        "id": "elb-app",
                        "attributes": {
                            "access_logs.#": "0",
                            "arn": "arn:aws:elasticloadbalancing:eu-west-1:135928476890:loadbalancer/elb-app",
                            "availability_zones.#": "3",
                            "availability_zones.1924028850": "eu-west-1b",
                            "availability_zones.3953592328": "eu-west-1a",
                            "availability_zones.94988580": "eu-west-1c",
                            "connection_draining": "false",
                            "connection_draining_timeout": "300",
                            "cross_zone_load_balancing": "true",
                            "dns_name": "elb-app-333814713.eu-west-1.elb.amazonaws.com",
                            "health_check.#": "1",
                            "health_check.0.healthy_threshold": "2",
                            "health_check.0.interval": "240",
                            "health_check.0.target": "HTTP:80/",
                            "health_check.0.timeout": "3",
                            "health_check.0.unhealthy_threshold": "2",
                            "id": "elb-app",
                            "idle_timeout": "60",
                            "instances.#": "1",
                            "instances.3571145502": "i-034d5ffb336da0bec",
                            "internal": "false",
                            "listener.#": "1",
                            "listener.3057123346.instance_port": "80",
                            "listener.3057123346.instance_protocol": "http",
                            "listener.3057123346.lb_port": "80",
                            "listener.3057123346.lb_protocol": "http",
                            "listener.3057123346.ssl_certificate_id": "",
                            "name": "elb-app",
                            "security_groups.#": "1",
                            "security_groups.2905400064": "sg-005f0339fc0f6c81b",
                            "source_security_group": "135928476890/elb-sg",
                            "source_security_group_id": "sg-005f0339fc0f6c81b",
                            "subnets.#": "3",
                            "subnets.1817314632": "subnet-08a1a0c9a5a0ff73c",
                            "subnets.1977612472": "subnet-0a566d2485ec41559",
                            "subnets.3452868965": "subnet-00650a5aed17a05f4",
                            "tags.%": "0",
                            "zone_id": "Z32O12XQLNTSW2"
                        },
                        "meta": {},
                        "tainted": false
                    },
                    "deposed": [],
                    "provider": "provider.aws"
                },
                "aws_internet_gateway.app_internet_gateway": {
                    "type": "aws_internet_gateway",
                    "depends_on": [],
                    "primary": {
                        "id": "igw-0f0c9f7eb0e0f0273",
                        "attributes": {
                            "id": "igw-0f0c9f7eb0e0f0273",
                            "tags.%": "1",
                            "tags.Name": "main",
                            "vpc_id": "vpc-05cb5a43de1afc21b"
                        },
                        "meta": {},
                        "tainted": false
                    },
                    "deposed": [],
                    "provider": "provider.aws"
                },
                "aws_launch_template.app_launch_template": {
                    "type": "aws_launch_template",
                    "depends_on": [
                        "aws_security_group.app_security_group"
                    ],
                    "primary": {
                        "id": "lt-0c70b35ab7e0515d2",
                        "attributes": {
                            "arn": "arn:aws:ec2:eu-west-1:135928476890:launch-template/lt-0c70b35ab7e0515d2",
                            "block_device_mappings.#": "0",
                            "credit_specification.#": "0",
                            "default_version": "1",
                            "disable_api_termination": "false",
                            "ebs_optimized": "false",
                            "elastic_gpu_specifications.#": "0",
                            "iam_instance_profile.#": "0",
                            "id": "lt-0c70b35ab7e0515d2",
                            "image_id": "ami-c2b8bfbb",
                            "instance_initiated_shutdown_behavior": "",
                            "instance_market_options.#": "0",
                            "instance_type": "t2.micro",
                            "kernel_id": "",
                            "key_name": "",
                            "latest_version": "2",
                            "monitoring.#": "0",
                            "name": "Project4-launch20180824103225389200000001",
                            "name_prefix": "Project4-launch",
                            "network_interfaces.#": "1",
                            "network_interfaces.0.associate_public_ip_address": "false",
                            "network_interfaces.0.delete_on_termination": "false",
                            "network_interfaces.0.description": "",
                            "network_interfaces.0.device_index": "0",
                            "network_interfaces.0.ipv4_address_count": "0",
                            "network_interfaces.0.ipv4_addresses.#": "0",
                            "network_interfaces.0.ipv6_address_count": "0",
                            "network_interfaces.0.ipv6_addresses.#": "0",
                            "network_interfaces.0.network_interface_id": "",
                            "network_interfaces.0.private_ip_address": "",
                            "network_interfaces.0.security_groups.#": "1",
                            "network_interfaces.0.security_groups.1730390222": "sg-03b7bd645c231d3d7",
                            "network_interfaces.0.subnet_id": "",
                            "placement.#": "0",
                            "ram_disk_id": "",
                            "security_group_names.#": "0",
                            "tag_specifications.#": "0",
                            "tags.%": "0",
                            "user_data": "IyEvYmluL2Jhc2gNCg0KZXhwb3J0IExDX0FMTD1DDQoNCmNkIC9ob21lL3VidW50dS9hcHANCm5wbSBpbnN0YWxsDQpleHBvcnQgREJfSE9TVD1tb25nb2RiOi8vMTAuMTAuNC43OjI3MDE3LDEwLjEwLjUuNzoyNzAxNywxMC4xMC42Ljc6MjcwMTcvdGFnZ2VkP3JlcGxpY2FTZXQ9cnMwDQpwbTIgc3RhcnQgYXBwLmpzDQoNCmVjaG8gImRlYiBodHRwczovL3BhY2thZ2VzLmVsYXN0aWMuY28vYmVhdHMvYXB0IHN0YWJsZSBtYWluIiB8ICBzdWRvIHRlZSAtYSAvZXRjL2FwdC9zb3VyY2VzLmxpc3QuZC9iZWF0cy5saXN0DQp3Z2V0IC1xTyAtIGh0dHBzOi8vcGFja2FnZXMuZWxhc3RpYy5jby9HUEctS0VZLWVsYXN0aWNzZWFyY2ggfCBzdWRvIGFwdC1rZXkgYWRkIC0NCnN1ZG8gYXB0LWdldCB1cGRhdGUNCnN1ZG8gYXB0LWdldCBpbnN0YWxsIGZpbGViZWF0DQpzdWRvIHNlcnZpY2UgZmlsZWJlYXQgcmVzdGFydA0Kc3VkbyB1cGRhdGUtcmMuZCBmaWxlYmVhdCBkZWZhdWx0cyA5NSAxMA==",
                            "vpc_security_group_ids.#": "0"
                        },
                        "meta": {},
                        "tainted": false
                    },
                    "deposed": [],
                    "provider": "provider.aws"
                },
                "aws_route_table.app_route_table": {
                    "type": "aws_route_table",
                    "depends_on": [
                        "aws_internet_gateway.app_internet_gateway"
                    ],
                    "primary": {
                        "id": "rtb-0deaf5f12643dfd13",
                        "attributes": {
                            "id": "rtb-0deaf5f12643dfd13",
                            "propagating_vgws.#": "0",
                            "route.#": "1",
                            "route.1926234603.cidr_block": "0.0.0.0/0",
                            "route.1926234603.egress_only_gateway_id": "",
                            "route.1926234603.gateway_id": "igw-0f0c9f7eb0e0f0273",
                            "route.1926234603.instance_id": "",
                            "route.1926234603.ipv6_cidr_block": "",
                            "route.1926234603.nat_gateway_id": "",
                            "route.1926234603.network_interface_id": "",
                            "route.1926234603.vpc_peering_connection_id": "",
                            "tags.%": "1",
                            "tags.Name": "app-route-table",
                            "vpc_id": "vpc-05cb5a43de1afc21b"
                        },
                        "meta": {},
                        "tainted": false
                    },
                    "deposed": [],
                    "provider": "provider.aws"
                },
                "aws_route_table_association.app_1a_association": {
                    "type": "aws_route_table_association",
                    "depends_on": [
                        "aws_route_table.app_route_table",
                        "aws_subnet.app_subnet_1a"
                    ],
                    "primary": {
                        "id": "rtbassoc-09760ddf71ddd2269",
                        "attributes": {
                            "id": "rtbassoc-09760ddf71ddd2269",
                            "route_table_id": "rtb-0deaf5f12643dfd13",
                            "subnet_id": "subnet-00650a5aed17a05f4"
                        },
                        "meta": {},
                        "tainted": false
                    },
                    "deposed": [],
                    "provider": "provider.aws"
                },
                "aws_route_table_association.app_1b_association": {
                    "type": "aws_route_table_association",
                    "depends_on": [
                        "aws_route_table.app_route_table",
                        "aws_subnet.app_subnet_1b"
                    ],
                    "primary": {
                        "id": "rtbassoc-07c0a67b3ef3495e5",
                        "attributes": {
                            "id": "rtbassoc-07c0a67b3ef3495e5",
                            "route_table_id": "rtb-0deaf5f12643dfd13",
                            "subnet_id": "subnet-0a566d2485ec41559"
                        },
                        "meta": {},
                        "tainted": false
                    },
                    "deposed": [],
                    "provider": "provider.aws"
                },
                "aws_route_table_association.app_1c_association": {
                    "type": "aws_route_table_association",
                    "depends_on": [
                        "aws_route_table.app_route_table",
                        "aws_subnet.app_subnet_1c"
                    ],
                    "primary": {
                        "id": "rtbassoc-048a6c11b56c48f63",
                        "attributes": {
                            "id": "rtbassoc-048a6c11b56c48f63",
                            "route_table_id": "rtb-0deaf5f12643dfd13",
                            "subnet_id": "subnet-08a1a0c9a5a0ff73c"
                        },
                        "meta": {},
                        "tainted": false
                    },
                    "deposed": [],
                    "provider": "provider.aws"
                },
                "aws_security_group.app_security_group": {
                    "type": "aws_security_group",
                    "depends_on": [
                        "aws_security_group.elb_security_group"
                    ],
                    "primary": {
                        "id": "sg-03b7bd645c231d3d7",
                        "attributes": {
                            "arn": "arn:aws:ec2:eu-west-1:135928476890:security-group/sg-03b7bd645c231d3d7",
                            "description": "security group for app",
                            "egress.#": "1",
                            "egress.482069346.cidr_blocks.#": "1",
                            "egress.482069346.cidr_blocks.0": "0.0.0.0/0",
                            "egress.482069346.description": "",
                            "egress.482069346.from_port": "0",
                            "egress.482069346.ipv6_cidr_blocks.#": "0",
                            "egress.482069346.prefix_list_ids.#": "0",
                            "egress.482069346.protocol": "-1",
                            "egress.482069346.security_groups.#": "0",
                            "egress.482069346.self": "false",
                            "egress.482069346.to_port": "0",
                            "id": "sg-03b7bd645c231d3d7",
                            "ingress.#": "1",
                            "ingress.1709606927.cidr_blocks.#": "3",
                            "ingress.1709606927.cidr_blocks.0": "10.10.4.0/24",
                            "ingress.1709606927.cidr_blocks.1": "10.10.5.0/24",
                            "ingress.1709606927.cidr_blocks.2": "10.10.6.0/24",
                            "ingress.1709606927.description": "",
                            "ingress.1709606927.from_port": "0",
                            "ingress.1709606927.ipv6_cidr_blocks.#": "0",
                            "ingress.1709606927.protocol": "-1",
                            "ingress.1709606927.security_groups.#": "2",
                            "ingress.1709606927.security_groups.2905400064": "sg-005f0339fc0f6c81b",
                            "ingress.1709606927.security_groups.3778265877": "sg-00d282a9c35a1c8a9",
                            "ingress.1709606927.self": "true",
                            "ingress.1709606927.to_port": "0",
                            "name": "app-sg",
                            "owner_id": "135928476890",
                            "revoke_rules_on_delete": "false",
                            "tags.%": "0",
                            "vpc_id": "vpc-05cb5a43de1afc21b"
                        },
                        "meta": {
                            "e2bfb730-ecaa-11e6-8f88-34363bc7c4c0": {
                                "create": 600000000000,
                                "delete": 600000000000
                            },
                            "schema_version": "1"
                        },
                        "tainted": false
                    },
                    "deposed": [],
                    "provider": "provider.aws"
                },
                "aws_security_group.elb_security_group": {
                    "type": "aws_security_group",
                    "depends_on": [],
                    "primary": {
                        "id": "sg-005f0339fc0f6c81b",
                        "attributes": {
                            "arn": "arn:aws:ec2:eu-west-1:135928476890:security-group/sg-005f0339fc0f6c81b",
                            "description": "security group for elb",
                            "egress.#": "1",
                            "egress.2510676008.cidr_blocks.#": "1",
                            "egress.2510676008.cidr_blocks.0": "0.0.0.0/0",
                            "egress.2510676008.description": "",
                            "egress.2510676008.from_port": "0",
                            "egress.2510676008.ipv6_cidr_blocks.#": "0",
                            "egress.2510676008.prefix_list_ids.#": "0",
                            "egress.2510676008.protocol": "-1",
                            "egress.2510676008.security_groups.#": "0",
                            "egress.2510676008.self": "true",
                            "egress.2510676008.to_port": "0",
                            "id": "sg-005f0339fc0f6c81b",
                            "ingress.#": "1",
                            "ingress.2510676008.cidr_blocks.#": "1",
                            "ingress.2510676008.cidr_blocks.0": "0.0.0.0/0",
                            "ingress.2510676008.description": "",
                            "ingress.2510676008.from_port": "0",
                            "ingress.2510676008.ipv6_cidr_blocks.#": "0",
                            "ingress.2510676008.protocol": "-1",
                            "ingress.2510676008.security_groups.#": "0",
                            "ingress.2510676008.self": "true",
                            "ingress.2510676008.to_port": "0",
                            "name": "elb-sg",
                            "owner_id": "135928476890",
                            "revoke_rules_on_delete": "false",
                            "tags.%": "0",
                            "vpc_id": "vpc-05cb5a43de1afc21b"
                        },
                        "meta": {
                            "e2bfb730-ecaa-11e6-8f88-34363bc7c4c0": {
                                "create": 600000000000,
                                "delete": 600000000000
                            },
                            "schema_version": "1"
                        },
                        "tainted": false
                    },
                    "deposed": [],
                    "provider": "provider.aws"
                },
                "aws_subnet.app_subnet_1a": {
                    "type": "aws_subnet",
                    "depends_on": [
                        "data.aws_availability_zones.available"
                    ],
                    "primary": {
                        "id": "subnet-00650a5aed17a05f4",
                        "attributes": {
                            "arn": "arn:aws:ec2:eu-west-1:135928476890:subnet/subnet-00650a5aed17a05f4",
                            "assign_ipv6_address_on_creation": "false",
                            "availability_zone": "eu-west-1a",
                            "cidr_block": "10.10.0.0/24",
                            "id": "subnet-00650a5aed17a05f4",
                            "map_public_ip_on_launch": "false",
                            "tags.%": "1",
                            "tags.Name": "subnet-app-project4",
                            "vpc_id": "vpc-05cb5a43de1afc21b"
                        },
                        "meta": {
                            "schema_version": "1"
                        },
                        "tainted": false
                    },
                    "deposed": [],
                    "provider": "provider.aws"
                },
                "aws_subnet.app_subnet_1b": {
                    "type": "aws_subnet",
                    "depends_on": [
                        "data.aws_availability_zones.available"
                    ],
                    "primary": {
                        "id": "subnet-0a566d2485ec41559",
                        "attributes": {
                            "arn": "arn:aws:ec2:eu-west-1:135928476890:subnet/subnet-0a566d2485ec41559",
                            "assign_ipv6_address_on_creation": "false",
                            "availability_zone": "eu-west-1b",
                            "cidr_block": "10.10.1.0/24",
                            "id": "subnet-0a566d2485ec41559",
                            "map_public_ip_on_launch": "false",
                            "tags.%": "1",
                            "tags.Name": "subnet-app-project4",
                            "vpc_id": "vpc-05cb5a43de1afc21b"
                        },
                        "meta": {
                            "schema_version": "1"
                        },
                        "tainted": false
                    },
                    "deposed": [],
                    "provider": "provider.aws"
                },
                "aws_subnet.app_subnet_1c": {
                    "type": "aws_subnet",
                    "depends_on": [
                        "data.aws_availability_zones.available"
                    ],
                    "primary": {
                        "id": "subnet-08a1a0c9a5a0ff73c",
                        "attributes": {
                            "arn": "arn:aws:ec2:eu-west-1:135928476890:subnet/subnet-08a1a0c9a5a0ff73c",
                            "assign_ipv6_address_on_creation": "false",
                            "availability_zone": "eu-west-1c",
                            "cidr_block": "10.10.2.0/24",
                            "id": "subnet-08a1a0c9a5a0ff73c",
                            "map_public_ip_on_launch": "false",
                            "tags.%": "1",
                            "tags.Name": "subnet-app-project4",
                            "vpc_id": "vpc-05cb5a43de1afc21b"
                        },
                        "meta": {
                            "schema_version": "1"
                        },
                        "tainted": false
                    },
                    "deposed": [],
                    "provider": "provider.aws"
                },
                "aws_vpc.main_vpc": {
                    "type": "aws_vpc",
                    "depends_on": [],
                    "primary": {
                        "id": "vpc-05cb5a43de1afc21b",
                        "attributes": {
                            "arn": "arn:aws:ec2:eu-west-1:135928476890:vpc/vpc-05cb5a43de1afc21b",
                            "assign_generated_ipv6_cidr_block": "false",
                            "cidr_block": "10.10.0.0/16",
                            "default_network_acl_id": "acl-03c7b0608bd1a9a2a",
                            "default_route_table_id": "rtb-0c2aa8e46ebf04b3e",
                            "default_security_group_id": "sg-077fa2505871a57f4",
                            "dhcp_options_id": "dopt-18d5d77d",
                            "enable_classiclink": "false",
                            "enable_classiclink_dns_support": "false",
                            "enable_dns_hostnames": "true",
                            "enable_dns_support": "true",
                            "id": "vpc-05cb5a43de1afc21b",
                            "instance_tenancy": "default",
                            "main_route_table_id": "rtb-0c2aa8e46ebf04b3e",
                            "tags.%": "1",
                            "tags.Name": "app-vpc"
                        },
                        "meta": {
                            "schema_version": "1"
                        },
                        "tainted": false
                    },
                    "deposed": [],
                    "provider": "provider.aws"
                },
                "data.aws_availability_zones.available": {
                    "type": "aws_availability_zones",
                    "depends_on": [],
                    "primary": {
                        "id": "2018-08-24 10:36:45.090530209 +0000 UTC",
                        "attributes": {
                            "id": "2018-08-24 10:36:45.090530209 +0000 UTC",
                            "names.#": "3",
                            "names.0": "eu-west-1a",
                            "names.1": "eu-west-1b",
                            "names.2": "eu-west-1c"
                        },
                        "meta": {},
                        "tainted": false
                    },
                    "deposed": [],
                    "provider": "provider.aws"
                },
                "data.template_file.filebeats_server_app": {
                    "type": "template_file",
                    "depends_on": [],
                    "primary": {
                        "id": "e3b0c44298fc1c149afbf4c8996fb92427ae41e4649b934ca495991b7852b855",
                        "attributes": {
                            "id": "e3b0c44298fc1c149afbf4c8996fb92427ae41e4649b934ca495991b7852b855",
                            "rendered": ""
                        },
                        "meta": {},
                        "tainted": false
                    },
                    "deposed": [],
                    "provider": "provider.template"
                }
            },
            "depends_on": []
        },
        {
            "path": [
                "root",
                "db"
            ],
            "outputs": {
                "db_1a_privateip": {
                    "sensitive": false,
                    "type": "string",
                    "value": "10.10.4.7"
                },
                "db_ami_id": {
                    "sensitive": false,
                    "type": "string",
                    "value": "ami-0ce380b886769d3a8"
                },
                "db_sg": {
                    "sensitive": false,
                    "type": "string",
                    "value": "sg-0b960ee8ccce2ceee"
                }
            },
            "resources": {
                "aws_instance.db_1a": {
                    "type": "aws_instance",
                    "depends_on": [
                        "aws_security_group.db_sg",
                        "aws_subnet.db_1a",
                        "data.template_file.filebeats_server"
                    ],
                    "primary": {
                        "id": "i-0cd38a9eb1b4c75cb",
                        "attributes": {
                            "ami": "ami-0ce380b886769d3a8",
                            "arn": "arn:aws:ec2:eu-west-1:135928476890:instance/i-0cd38a9eb1b4c75cb",
                            "associate_public_ip_address": "true",
                            "availability_zone": "eu-west-1a",
                            "cpu_core_count": "1",
                            "cpu_threads_per_core": "1",
                            "credit_specification.#": "1",
                            "credit_specification.0.cpu_credits": "standard",
                            "disable_api_termination": "false",
                            "ebs_block_device.#": "0",
                            "ebs_optimized": "false",
                            "ephemeral_block_device.#": "0",
                            "get_password_data": "false",
                            "iam_instance_profile": "",
                            "id": "i-0cd38a9eb1b4c75cb",
                            "instance_state": "running",
                            "instance_type": "t2.micro",
                            "ipv6_addresses.#": "0",
                            "key_name": "DevOpsStudents",
                            "monitoring": "false",
                            "network_interface.#": "0",
                            "network_interface_id": "eni-0d03af7e1b82bbd33",
                            "password_data": "",
                            "placement_group": "",
                            "primary_network_interface_id": "eni-0d03af7e1b82bbd33",
                            "private_dns": "ip-10-10-4-7.eu-west-1.compute.internal",
                            "private_ip": "10.10.4.7",
                            "public_dns": "ec2-52-48-194-3.eu-west-1.compute.amazonaws.com",
                            "public_ip": "52.48.194.3",
                            "root_block_device.#": "1",
                            "root_block_device.0.delete_on_termination": "true",
                            "root_block_device.0.iops": "100",
                            "root_block_device.0.volume_id": "vol-0d02299e56e14ab5e",
                            "root_block_device.0.volume_size": "8",
                            "root_block_device.0.volume_type": "gp2",
                            "security_groups.#": "0",
                            "source_dest_check": "true",
                            "subnet_id": "subnet-0814fc287de1998fc",
                            "tags.%": "1",
                            "tags.Name": "DB-PROJECT4-1a",
                            "tenancy": "default",
                            "user_data": "529af8d69a4a2408663465d74d533806b492c885",
                            "volume_tags.%": "0",
                            "vpc_security_group_ids.#": "1",
                            "vpc_security_group_ids.600653264": "sg-0b960ee8ccce2ceee"
                        },
                        "meta": {
                            "e2bfb730-ecaa-11e6-8f88-34363bc7c4c0": {
                                "create": 600000000000,
                                "delete": 1200000000000,
                                "update": 600000000000
                            },
                            "schema_version": "1"
                        },
                        "tainted": false
                    },
                    "deposed": [],
                    "provider": "module.db.provider.aws"
                },
                "aws_instance.db_1b": {
                    "type": "aws_instance",
                    "depends_on": [
                        "aws_security_group.db_sg",
                        "aws_subnet.db_1b",
                        "data.template_file.filebeats_server"
                    ],
                    "primary": {
                        "id": "i-0e5e594be991ac218",
                        "attributes": {
                            "ami": "ami-0ce380b886769d3a8",
                            "arn": "arn:aws:ec2:eu-west-1:135928476890:instance/i-0e5e594be991ac218",
                            "associate_public_ip_address": "false",
                            "availability_zone": "eu-west-1b",
                            "cpu_core_count": "1",
                            "cpu_threads_per_core": "1",
                            "credit_specification.#": "1",
                            "credit_specification.0.cpu_credits": "standard",
                            "disable_api_termination": "false",
                            "ebs_block_device.#": "0",
                            "ebs_optimized": "false",
                            "ephemeral_block_device.#": "0",
                            "get_password_data": "false",
                            "iam_instance_profile": "",
                            "id": "i-0e5e594be991ac218",
                            "instance_state": "running",
                            "instance_type": "t2.micro",
                            "ipv6_addresses.#": "0",
                            "key_name": "",
                            "monitoring": "false",
                            "network_interface.#": "0",
                            "network_interface_id": "eni-0632f649acc88f115",
                            "password_data": "",
                            "placement_group": "",
                            "primary_network_interface_id": "eni-0632f649acc88f115",
                            "private_dns": "ip-10-10-5-7.eu-west-1.compute.internal",
                            "private_ip": "10.10.5.7",
                            "public_dns": "",
                            "public_ip": "",
                            "root_block_device.#": "1",
                            "root_block_device.0.delete_on_termination": "true",
                            "root_block_device.0.iops": "100",
                            "root_block_device.0.volume_id": "vol-0fd405b9ba8bd7378",
                            "root_block_device.0.volume_size": "8",
                            "root_block_device.0.volume_type": "gp2",
                            "security_groups.#": "0",
                            "source_dest_check": "true",
                            "subnet_id": "subnet-0b0c37cba06600600",
                            "tags.%": "1",
                            "tags.Name": "DB-PROJECT4-1b",
                            "tenancy": "default",
                            "user_data": "529af8d69a4a2408663465d74d533806b492c885",
                            "volume_tags.%": "0",
                            "vpc_security_group_ids.#": "1",
                            "vpc_security_group_ids.600653264": "sg-0b960ee8ccce2ceee"
                        },
                        "meta": {
                            "e2bfb730-ecaa-11e6-8f88-34363bc7c4c0": {
                                "create": 600000000000,
                                "delete": 1200000000000,
                                "update": 600000000000
                            },
                            "schema_version": "1"
                        },
                        "tainted": false
                    },
                    "deposed": [],
                    "provider": "module.db.provider.aws"
                },
                "aws_instance.db_1c": {
                    "type": "aws_instance",
                    "depends_on": [
                        "aws_security_group.db_sg",
                        "aws_subnet.db_1c",
                        "data.template_file.filebeats_server"
                    ],
                    "primary": {
                        "id": "i-043329ef90fe81e34",
                        "attributes": {
                            "ami": "ami-0ce380b886769d3a8",
                            "arn": "arn:aws:ec2:eu-west-1:135928476890:instance/i-043329ef90fe81e34",
                            "associate_public_ip_address": "false",
                            "availability_zone": "eu-west-1c",
                            "cpu_core_count": "1",
                            "cpu_threads_per_core": "1",
                            "credit_specification.#": "1",
                            "credit_specification.0.cpu_credits": "standard",
                            "disable_api_termination": "false",
                            "ebs_block_device.#": "0",
                            "ebs_optimized": "false",
                            "ephemeral_block_device.#": "0",
                            "get_password_data": "false",
                            "iam_instance_profile": "",
                            "id": "i-043329ef90fe81e34",
                            "instance_state": "running",
                            "instance_type": "t2.micro",
                            "ipv6_addresses.#": "0",
                            "key_name": "",
                            "monitoring": "false",
                            "network_interface.#": "0",
                            "network_interface_id": "eni-00d728e8312b9af3b",
                            "password_data": "",
                            "placement_group": "",
                            "primary_network_interface_id": "eni-00d728e8312b9af3b",
                            "private_dns": "ip-10-10-6-7.eu-west-1.compute.internal",
                            "private_ip": "10.10.6.7",
                            "public_dns": "",
                            "public_ip": "",
                            "root_block_device.#": "1",
                            "root_block_device.0.delete_on_termination": "true",
                            "root_block_device.0.iops": "100",
                            "root_block_device.0.volume_id": "vol-05ac0c28b6333913d",
                            "root_block_device.0.volume_size": "8",
                            "root_block_device.0.volume_type": "gp2",
                            "security_groups.#": "0",
                            "source_dest_check": "true",
                            "subnet_id": "subnet-0767212ea3e02b1f0",
                            "tags.%": "1",
                            "tags.Name": "DB-PROJECT4-1c",
                            "tenancy": "default",
                            "user_data": "529af8d69a4a2408663465d74d533806b492c885",
                            "volume_tags.%": "0",
                            "vpc_security_group_ids.#": "1",
                            "vpc_security_group_ids.600653264": "sg-0b960ee8ccce2ceee"
                        },
                        "meta": {
                            "e2bfb730-ecaa-11e6-8f88-34363bc7c4c0": {
                                "create": 600000000000,
                                "delete": 1200000000000,
                                "update": 600000000000
                            },
                            "schema_version": "1"
                        },
                        "tainted": false
                    },
                    "deposed": [],
                    "provider": "module.db.provider.aws"
                },
                "aws_instance.db_provisioner": {
                    "type": "aws_instance",
                    "depends_on": [
                        "aws_security_group.db_sg",
                        "aws_subnet.db_1a",
                        "data.template_file.db_provisioner_tmplt"
                    ],
                    "primary": {
                        "id": "i-04c02d5ca2881a16e",
                        "attributes": {
                            "ami": "ami-0a416218b24c2f41f",
                            "arn": "arn:aws:ec2:eu-west-1:135928476890:instance/i-04c02d5ca2881a16e",
                            "associate_public_ip_address": "false",
                            "availability_zone": "eu-west-1a",
                            "cpu_core_count": "1",
                            "cpu_threads_per_core": "1",
                            "credit_specification.#": "1",
                            "credit_specification.0.cpu_credits": "standard",
                            "disable_api_termination": "false",
                            "ebs_block_device.#": "0",
                            "ebs_optimized": "false",
                            "ephemeral_block_device.#": "0",
                            "get_password_data": "false",
                            "iam_instance_profile": "",
                            "id": "i-04c02d5ca2881a16e",
                            "instance_state": "running",
                            "instance_type": "t2.micro",
                            "ipv6_addresses.#": "0",
                            "key_name": "",
                            "monitoring": "false",
                            "network_interface.#": "0",
                            "network_interface_id": "eni-0c8e3fe28d982291a",
                            "password_data": "",
                            "placement_group": "",
                            "primary_network_interface_id": "eni-0c8e3fe28d982291a",
                            "private_dns": "ip-10-10-4-8.eu-west-1.compute.internal",
                            "private_ip": "10.10.4.8",
                            "public_dns": "",
                            "public_ip": "",
                            "root_block_device.#": "1",
                            "root_block_device.0.delete_on_termination": "true",
                            "root_block_device.0.iops": "100",
                            "root_block_device.0.volume_id": "vol-0a09fd8c65a930780",
                            "root_block_device.0.volume_size": "8",
                            "root_block_device.0.volume_type": "gp2",
                            "security_groups.#": "0",
                            "source_dest_check": "true",
                            "subnet_id": "subnet-0814fc287de1998fc",
                            "tags.%": "1",
                            "tags.Name": "DB-PROJECT4-provisioner",
                            "tenancy": "default",
                            "user_data": "39b1113dd45384d5fc5e415a2d22a3f64fd8e3f1",
                            "volume_tags.%": "0",
                            "vpc_security_group_ids.#": "1",
                            "vpc_security_group_ids.600653264": "sg-0b960ee8ccce2ceee"
                        },
                        "meta": {
                            "e2bfb730-ecaa-11e6-8f88-34363bc7c4c0": {
                                "create": 600000000000,
                                "delete": 1200000000000,
                                "update": 600000000000
                            },
                            "schema_version": "1"
                        },
                        "tainted": false
                    },
                    "deposed": [],
                    "provider": "module.db.provider.aws"
                },
                "aws_route_table_association.db_1a_association": {
                    "type": "aws_route_table_association",
                    "depends_on": [
                        "aws_subnet.db_1a"
                    ],
                    "primary": {
                        "id": "rtbassoc-0bf9c241b27f56809",
                        "attributes": {
                            "id": "rtbassoc-0bf9c241b27f56809",
                            "route_table_id": "rtb-0deaf5f12643dfd13",
                            "subnet_id": "subnet-0814fc287de1998fc"
                        },
                        "meta": {},
                        "tainted": false
                    },
                    "deposed": [],
                    "provider": "module.db.provider.aws"
                },
                "aws_route_table_association.db_1b_association": {
                    "type": "aws_route_table_association",
                    "depends_on": [
                        "aws_subnet.db_1b"
                    ],
                    "primary": {
                        "id": "rtbassoc-0fa8d91c6482b1dcb",
                        "attributes": {
                            "id": "rtbassoc-0fa8d91c6482b1dcb",
                            "route_table_id": "rtb-0deaf5f12643dfd13",
                            "subnet_id": "subnet-0b0c37cba06600600"
                        },
                        "meta": {},
                        "tainted": false
                    },
                    "deposed": [],
                    "provider": "module.db.provider.aws"
                },
                "aws_route_table_association.db_1c_association": {
                    "type": "aws_route_table_association",
                    "depends_on": [
                        "aws_subnet.db_1c"
                    ],
                    "primary": {
                        "id": "rtbassoc-06d3aaf6dd8340253",
                        "attributes": {
                            "id": "rtbassoc-06d3aaf6dd8340253",
                            "route_table_id": "rtb-0deaf5f12643dfd13",
                            "subnet_id": "subnet-0767212ea3e02b1f0"
                        },
                        "meta": {},
                        "tainted": false
                    },
                    "deposed": [],
                    "provider": "module.db.provider.aws"
                },
                "aws_security_group.db_sg": {
                    "type": "aws_security_group",
                    "depends_on": [],
                    "primary": {
                        "id": "sg-0b960ee8ccce2ceee",
                        "attributes": {
                            "arn": "arn:aws:ec2:eu-west-1:135928476890:security-group/sg-0b960ee8ccce2ceee",
                            "description": "security group for db",
                            "egress.#": "1",
                            "egress.2510676008.cidr_blocks.#": "1",
                            "egress.2510676008.cidr_blocks.0": "0.0.0.0/0",
                            "egress.2510676008.description": "",
                            "egress.2510676008.from_port": "0",
                            "egress.2510676008.ipv6_cidr_blocks.#": "0",
                            "egress.2510676008.prefix_list_ids.#": "0",
                            "egress.2510676008.protocol": "-1",
                            "egress.2510676008.security_groups.#": "0",
                            "egress.2510676008.self": "true",
                            "egress.2510676008.to_port": "0",
                            "id": "sg-0b960ee8ccce2ceee",
                            "ingress.#": "1",
                            "ingress.2199222656.cidr_blocks.#": "1",
                            "ingress.2199222656.cidr_blocks.0": "0.0.0.0/0",
                            "ingress.2199222656.description": "",
                            "ingress.2199222656.from_port": "0",
                            "ingress.2199222656.ipv6_cidr_blocks.#": "0",
                            "ingress.2199222656.protocol": "-1",
                            "ingress.2199222656.security_groups.#": "1",
                            "ingress.2199222656.security_groups.4052251270": "sg-03b7bd645c231d3d7",
                            "ingress.2199222656.self": "true",
                            "ingress.2199222656.to_port": "0",
                            "name": "db-sg",
                            "owner_id": "135928476890",
                            "revoke_rules_on_delete": "false",
                            "tags.%": "0",
                            "vpc_id": "vpc-05cb5a43de1afc21b"
                        },
                        "meta": {
                            "e2bfb730-ecaa-11e6-8f88-34363bc7c4c0": {
                                "create": 600000000000,
                                "delete": 600000000000
                            },
                            "schema_version": "1"
                        },
                        "tainted": false
                    },
                    "deposed": [],
                    "provider": "module.db.provider.aws"
                },
                "aws_subnet.db_1a": {
                    "type": "aws_subnet",
                    "depends_on": [],
                    "primary": {
                        "id": "subnet-0814fc287de1998fc",
                        "attributes": {
                            "arn": "arn:aws:ec2:eu-west-1:135928476890:subnet/subnet-0814fc287de1998fc",
                            "assign_ipv6_address_on_creation": "false",
                            "availability_zone": "eu-west-1a",
                            "cidr_block": "10.10.4.0/24",
                            "id": "subnet-0814fc287de1998fc",
                            "map_public_ip_on_launch": "false",
                            "tags.%": "1",
                            "tags.Name": "DB-PROJECT4 - 1a",
                            "vpc_id": "vpc-05cb5a43de1afc21b"
                        },
                        "meta": {
                            "schema_version": "1"
                        },
                        "tainted": false
                    },
                    "deposed": [],
                    "provider": "module.db.provider.aws"
                },
                "aws_subnet.db_1b": {
                    "type": "aws_subnet",
                    "depends_on": [],
                    "primary": {
                        "id": "subnet-0b0c37cba06600600",
                        "attributes": {
                            "arn": "arn:aws:ec2:eu-west-1:135928476890:subnet/subnet-0b0c37cba06600600",
                            "assign_ipv6_address_on_creation": "false",
                            "availability_zone": "eu-west-1b",
                            "cidr_block": "10.10.5.0/24",
                            "id": "subnet-0b0c37cba06600600",
                            "map_public_ip_on_launch": "false",
                            "tags.%": "1",
                            "tags.Name": "DB-PROJECT4 - 1b",
                            "vpc_id": "vpc-05cb5a43de1afc21b"
                        },
                        "meta": {
                            "schema_version": "1"
                        },
                        "tainted": false
                    },
                    "deposed": [],
                    "provider": "module.db.provider.aws"
                },
                "aws_subnet.db_1c": {
                    "type": "aws_subnet",
                    "depends_on": [],
                    "primary": {
                        "id": "subnet-0767212ea3e02b1f0",
                        "attributes": {
                            "arn": "arn:aws:ec2:eu-west-1:135928476890:subnet/subnet-0767212ea3e02b1f0",
                            "assign_ipv6_address_on_creation": "false",
                            "availability_zone": "eu-west-1c",
                            "cidr_block": "10.10.6.0/24",
                            "id": "subnet-0767212ea3e02b1f0",
                            "map_public_ip_on_launch": "false",
                            "tags.%": "1",
                            "tags.Name": "DB-PROJECT4 - 1c",
                            "vpc_id": "vpc-05cb5a43de1afc21b"
                        },
                        "meta": {
                            "schema_version": "1"
                        },
                        "tainted": false
                    },
                    "deposed": [],
                    "provider": "module.db.provider.aws"
                },
                "data.template_file.db_provisioner_tmplt": {
                    "type": "template_file",
                    "depends_on": [
                        "aws_instance.db_1a"
                    ],
                    "primary": {
                        "id": "cd835341b0c3dbdc520d3bed870bc580a5461912ad4fadcb2e8628752c807edc",
                        "attributes": {
                            "id": "cd835341b0c3dbdc520d3bed870bc580a5461912ad4fadcb2e8628752c807edc",
                            "rendered": "#!/bin/sh\n\nmongo mongodb://52.48.194.3/rs0 --eval \"rs.initiate()\"\nmongo mongodb://52.48.194.3/rs0 --eval \"rs.add( '10.10.5.7' )\"\nmongo mongodb://52.48.194.3/rs0 --eval \"rs.add( '10.10.6.7' )\"\nmongo mongodb://52.48.194.3/rs0 --eval \"db.isMaster()\"\nmongo mongodb://52.48.194.3/rs0 --eval \"rs.slaveOk()\"\n",
                            "template": "#!/bin/sh\n\nmongo mongodb://${public_ip}/rs0 --eval \"rs.initiate()\"\nmongo mongodb://${public_ip}/rs0 --eval \"rs.add( '10.10.5.7' )\"\nmongo mongodb://${public_ip}/rs0 --eval \"rs.add( '10.10.6.7' )\"\nmongo mongodb://${public_ip}/rs0 --eval \"db.isMaster()\"\nmongo mongodb://${public_ip}/rs0 --eval \"rs.slaveOk()\"\n",
                            "vars.%": "1",
                            "vars.public_ip": "52.48.194.3"
                        },
                        "meta": {},
                        "tainted": false
                    },
                    "deposed": [],
                    "provider": "provider.template"
                },
                "data.template_file.filebeats_server": {
                    "type": "template_file",
                    "depends_on": [],
                    "primary": {
                        "id": "b275e9af88e029d68420d5e70ca9eccb735ba0e7dd888306101cb185630bde5a",
                        "attributes": {
                            "id": "b275e9af88e029d68420d5e70ca9eccb735ba0e7dd888306101cb185630bde5a",
                            "rendered": "#!/bin/bash\n\nexport LC_ALL=C\n\necho \"deb https://packages.elastic.co/beats/apt stable main\" |  sudo tee -a /etc/apt/sources.list.d/beats.list\nwget -qO - https://packages.elastic.co/GPG-KEY-elasticsearch | sudo apt-key add -\nsudo apt-get update\nsudo apt-get install filebeat\nsudo service filebeat restart\nsudo update-rc.d filebeat defaults 95 10\n",
                            "template": "#!/bin/bash\n\nexport LC_ALL=C\n\necho \"deb https://packages.elastic.co/beats/apt stable main\" |  sudo tee -a /etc/apt/sources.list.d/beats.list\nwget -qO - https://packages.elastic.co/GPG-KEY-elasticsearch | sudo apt-key add -\nsudo apt-get update\nsudo apt-get install filebeat\nsudo service filebeat restart\nsudo update-rc.d filebeat defaults 95 10\n"
                        },
                        "meta": {},
                        "tainted": false
                    },
                    "deposed": [],
                    "provider": "provider.template"
                }
            },
            "depends_on": []
        },
        {
            "path": [
                "root",
                "elk"
            ],
            "outputs": {
                "elk_security_group": {
                    "sensitive": false,
                    "type": "string",
                    "value": "sg-00d282a9c35a1c8a9"
                },
                "kibana_url": {
                    "sensitive": false,
                    "type": "string",
                    "value": "http://34.253.62.215:5601"
                }
            },
            "resources": {
                "aws_instance.elk_manvir": {
                    "type": "aws_instance",
                    "depends_on": [
                        "aws_security_group.elk_security_group",
                        "aws_subnet.elk_subnet",
                        "data.template_file.elk_tmplt"
                    ],
                    "primary": {
                        "id": "i-0ca17bd81daf86770",
                        "attributes": {
                            "ami": "ami-031831702eaf214b0",
                            "arn": "arn:aws:ec2:eu-west-1:135928476890:instance/i-0ca17bd81daf86770",
                            "associate_public_ip_address": "true",
                            "availability_zone": "eu-west-1a",
                            "cpu_core_count": "1",
                            "cpu_threads_per_core": "1",
                            "credit_specification.#": "1",
                            "credit_specification.0.cpu_credits": "standard",
                            "disable_api_termination": "false",
                            "ebs_block_device.#": "0",
                            "ebs_optimized": "false",
                            "ephemeral_block_device.#": "0",
                            "get_password_data": "false",
                            "iam_instance_profile": "",
                            "id": "i-0ca17bd81daf86770",
                            "instance_state": "running",
                            "instance_type": "t2.micro",
                            "ipv6_addresses.#": "0",
                            "key_name": "DevOpsStudents",
                            "monitoring": "false",
                            "network_interface.#": "0",
                            "network_interface_id": "eni-041d0af6736c8365e",
                            "password_data": "",
                            "placement_group": "",
                            "primary_network_interface_id": "eni-041d0af6736c8365e",
                            "private_dns": "ip-10-11-0-7.eu-west-1.compute.internal",
                            "private_ip": "10.11.0.7",
                            "public_dns": "",
                            "public_ip": "34.253.62.215",
                            "root_block_device.#": "1",
                            "root_block_device.0.delete_on_termination": "true",
                            "root_block_device.0.iops": "100",
                            "root_block_device.0.volume_id": "vol-007da861875b6e531",
                            "root_block_device.0.volume_size": "8",
                            "root_block_device.0.volume_type": "gp2",
                            "security_groups.#": "0",
                            "source_dest_check": "true",
                            "subnet_id": "subnet-0486af1d935332ef9",
                            "tags.%": "1",
                            "tags.Name": "elk-manvir-1a",
                            "tenancy": "default",
                            "user_data": "e408c5ac865fa038c9b0e78d60543f3b47ec4119",
                            "volume_tags.%": "0",
                            "vpc_security_group_ids.#": "1",
                            "vpc_security_group_ids.3778265877": "sg-00d282a9c35a1c8a9"
                        },
                        "meta": {
                            "e2bfb730-ecaa-11e6-8f88-34363bc7c4c0": {
                                "create": 600000000000,
                                "delete": 1200000000000,
                                "update": 600000000000
                            },
                            "schema_version": "1"
                        },
                        "tainted": false
                    },
                    "deposed": [],
                    "provider": "provider.aws"
                },
                "aws_internet_gateway.elk_internet_gateway": {
                    "type": "aws_internet_gateway",
                    "depends_on": [
                        "aws_vpc.elk_vpc"
                    ],
                    "primary": {
                        "id": "igw-0d5347602dc92c9e3",
                        "attributes": {
                            "id": "igw-0d5347602dc92c9e3",
                            "tags.%": "1",
                            "tags.Name": "main",
                            "vpc_id": "vpc-0e14de1eb27128db4"
                        },
                        "meta": {},
                        "tainted": false
                    },
                    "deposed": [],
                    "provider": "provider.aws"
                },
                "aws_route_table.elk_route_table": {
                    "type": "aws_route_table",
                    "depends_on": [
                        "aws_internet_gateway.elk_internet_gateway",
                        "aws_vpc.elk_vpc"
                    ],
                    "primary": {
                        "id": "rtb-039dc7ccf37fabcf7",
                        "attributes": {
                            "id": "rtb-039dc7ccf37fabcf7",
                            "propagating_vgws.#": "0",
                            "route.#": "1",
                            "route.4278987929.cidr_block": "0.0.0.0/0",
                            "route.4278987929.egress_only_gateway_id": "",
                            "route.4278987929.gateway_id": "igw-0d5347602dc92c9e3",
                            "route.4278987929.instance_id": "",
                            "route.4278987929.ipv6_cidr_block": "",
                            "route.4278987929.nat_gateway_id": "",
                            "route.4278987929.network_interface_id": "",
                            "route.4278987929.vpc_peering_connection_id": "",
                            "tags.%": "1",
                            "tags.Name": "app-route-table",
                            "vpc_id": "vpc-0e14de1eb27128db4"
                        },
                        "meta": {},
                        "tainted": false
                    },
                    "deposed": [],
                    "provider": "provider.aws"
                },
                "aws_route_table_association.elk_association": {
                    "type": "aws_route_table_association",
                    "depends_on": [
                        "aws_route_table.elk_route_table",
                        "aws_subnet.elk_subnet"
                    ],
                    "primary": {
                        "id": "rtbassoc-0a60f66b5f7ab2893",
                        "attributes": {
                            "id": "rtbassoc-0a60f66b5f7ab2893",
                            "route_table_id": "rtb-039dc7ccf37fabcf7",
                            "subnet_id": "subnet-0486af1d935332ef9"
                        },
                        "meta": {},
                        "tainted": false
                    },
                    "deposed": [],
                    "provider": "provider.aws"
                },
                "aws_security_group.elk_security_group": {
                    "type": "aws_security_group",
                    "depends_on": [
                        "aws_vpc.elk_vpc"
                    ],
                    "primary": {
                        "id": "sg-00d282a9c35a1c8a9",
                        "attributes": {
                            "arn": "arn:aws:ec2:eu-west-1:135928476890:security-group/sg-00d282a9c35a1c8a9",
                            "description": "All all elasticsearch traffic",
                            "egress.#": "1",
                            "egress.2510676008.cidr_blocks.#": "1",
                            "egress.2510676008.cidr_blocks.0": "0.0.0.0/0",
                            "egress.2510676008.description": "",
                            "egress.2510676008.from_port": "0",
                            "egress.2510676008.ipv6_cidr_blocks.#": "0",
                            "egress.2510676008.prefix_list_ids.#": "0",
                            "egress.2510676008.protocol": "-1",
                            "egress.2510676008.security_groups.#": "0",
                            "egress.2510676008.self": "true",
                            "egress.2510676008.to_port": "0",
                            "id": "sg-00d282a9c35a1c8a9",
                            "ingress.#": "1",
                            "ingress.2510676008.cidr_blocks.#": "1",
                            "ingress.2510676008.cidr_blocks.0": "0.0.0.0/0",
                            "ingress.2510676008.description": "",
                            "ingress.2510676008.from_port": "0",
                            "ingress.2510676008.ipv6_cidr_blocks.#": "0",
                            "ingress.2510676008.protocol": "-1",
                            "ingress.2510676008.security_groups.#": "0",
                            "ingress.2510676008.self": "true",
                            "ingress.2510676008.to_port": "0",
                            "name": "allow_elk",
                            "owner_id": "135928476890",
                            "revoke_rules_on_delete": "false",
                            "tags.%": "0",
                            "vpc_id": "vpc-0e14de1eb27128db4"
                        },
                        "meta": {
                            "e2bfb730-ecaa-11e6-8f88-34363bc7c4c0": {
                                "create": 600000000000,
                                "delete": 600000000000
                            },
                            "schema_version": "1"
                        },
                        "tainted": false
                    },
                    "deposed": [],
                    "provider": "provider.aws"
                },
                "aws_subnet.elk_subnet": {
                    "type": "aws_subnet",
                    "depends_on": [
                        "aws_vpc.elk_vpc"
                    ],
                    "primary": {
                        "id": "subnet-0486af1d935332ef9",
                        "attributes": {
                            "arn": "arn:aws:ec2:eu-west-1:135928476890:subnet/subnet-0486af1d935332ef9",
                            "assign_ipv6_address_on_creation": "false",
                            "availability_zone": "eu-west-1a",
                            "cidr_block": "10.11.0.0/24",
                            "id": "subnet-0486af1d935332ef9",
                            "map_public_ip_on_launch": "false",
                            "tags.%": "1",
                            "tags.Name": "elk-subnet",
                            "vpc_id": "vpc-0e14de1eb27128db4"
                        },
                        "meta": {
                            "schema_version": "1"
                        },
                        "tainted": false
                    },
                    "deposed": [],
                    "provider": "provider.aws"
                },
                "aws_vpc.elk_vpc": {
                    "type": "aws_vpc",
                    "depends_on": [],
                    "primary": {
                        "id": "vpc-0e14de1eb27128db4",
                        "attributes": {
                            "arn": "arn:aws:ec2:eu-west-1:135928476890:vpc/vpc-0e14de1eb27128db4",
                            "assign_generated_ipv6_cidr_block": "false",
                            "cidr_block": "10.11.0.0/16",
                            "default_network_acl_id": "acl-01667a2f403a4e836",
                            "default_route_table_id": "rtb-05f921052cd063432",
                            "default_security_group_id": "sg-04b533f30a4e6b0d2",
                            "dhcp_options_id": "dopt-18d5d77d",
                            "enable_classiclink": "false",
                            "enable_classiclink_dns_support": "false",
                            "enable_dns_hostnames": "false",
                            "enable_dns_support": "true",
                            "id": "vpc-0e14de1eb27128db4",
                            "instance_tenancy": "default",
                            "main_route_table_id": "rtb-05f921052cd063432",
                            "tags.%": "1",
                            "tags.Name": "elk-vpc"
                        },
                        "meta": {
                            "schema_version": "1"
                        },
                        "tainted": false
                    },
                    "deposed": [],
                    "provider": "provider.aws"
                },
                "aws_vpc_peering_connection.elk_peering": {
                    "type": "aws_vpc_peering_connection",
                    "depends_on": [
                        "aws_vpc.elk_vpc"
                    ],
                    "primary": {
                        "id": "pcx-0633dc70746bc6642",
                        "attributes": {
                            "accept_status": "active",
                            "accepter.#": "1",
                            "accepter.3244290774.allow_classic_link_to_remote_vpc": "false",
                            "accepter.3244290774.allow_remote_vpc_dns_resolution": "false",
                            "accepter.3244290774.allow_vpc_to_remote_classic_link": "false",
                            "auto_accept": "true",
                            "id": "pcx-0633dc70746bc6642",
                            "peer_owner_id": "135928476890",
                            "peer_region": "eu-west-1",
                            "peer_vpc_id": "vpc-05cb5a43de1afc21b",
                            "requester.#": "1",
                            "requester.3244290774.allow_classic_link_to_remote_vpc": "false",
                            "requester.3244290774.allow_remote_vpc_dns_resolution": "false",
                            "requester.3244290774.allow_vpc_to_remote_classic_link": "false",
                            "tags.%": "0",
                            "vpc_id": "vpc-0e14de1eb27128db4"
                        },
                        "meta": {
                            "e2bfb730-ecaa-11e6-8f88-34363bc7c4c0": {
                                "create": 60000000000,
                                "delete": 60000000000,
                                "update": 60000000000
                            }
                        },
                        "tainted": false
                    },
                    "deposed": [],
                    "provider": "provider.aws"
                },
                "data.template_file.elk_tmplt": {
                    "type": "template_file",
                    "depends_on": [],
                    "primary": {
                        "id": "328b348b4ee70bc856f0d9cc7c65ad9ceffa1043046415cc79d17ed72f83415f",
                        "attributes": {
                            "id": "328b348b4ee70bc856f0d9cc7c65ad9ceffa1043046415cc79d17ed72f83415f",
                            "rendered": "#!/bin/bash\n\nexport LC_ALL=C\n\n\nsudo add-apt-repository -y ppa:webupd8team/java\nsudo apt-get update\necho debconf shared/accepted-oracle-license-v1-1 select true | sudo debconf-set-selections\necho debconf shared/accepted-oracle-license-v1-1 seen true | sudo debconf-set-selections\nsudo apt-get -y install oracle-java8-installer\n\n\nwget -qO - https://packages.elastic.co/GPG-KEY-elasticsearch | sudo apt-key add -\necho \"deb http://packages.elastic.co/elasticsearch/2.x/debian stable main\" | sudo tee -a /etc/apt/sources.list.d/elasticsearch-2.x.list\nsudo apt-get update\nsudo apt-get --force-yes install elasticsearch\nsudo service elasticsearch start\nsudo update-rc.d elasticsearch defaults 95 10\n\n\necho \"deb http://packages.elastic.co/kibana/4.5/debian stable main\" | sudo tee -a /etc/apt/sources.list.d/kibana-4.5.x.list\nsudo apt-get update\nsudo apt-get --force-yes install kibana\nsudo update-rc.d kibana defaults 96 9\nsudo service kibana start\n\n\n\necho 'deb http://packages.elastic.co/logstash/2.2/debian stable main' | sudo tee /etc/apt/sources.list.d/logstash-2.2.x.list\nsudo apt-get update\nsudo apt-get install logstash --force-yes\nsudo service logstash restart\nsudo update-rc.d logstash defaults 96 9\n\n\ncd ~\ncurl -L -O https://download.elastic.co/beats/dashboards/beats-dashboards-1.1.0.zip\nsudo apt-get -y install unzip\nunzip beats-dashboards-*.zip\ncd beats-dashboards-*\n./load.sh\nsudo service logstash restart\nsudo update-rc.d logstash defaults 96 9\n\n\ncd ~\ncurl -O https://gist.githubusercontent.com/thisismitch/3429023e8438cc25b86c/raw/d8c479e2a1adcea8b1fe86570e42abab0f10f364/filebeat-index-template.json\ncurl -XPUT 'http://localhost:9200/_template/filebeat?pretty' -d@filebeat-index-template.json\necho \"deb https://packages.elastic.co/beats/apt stable main\" |  sudo tee -a /etc/apt/sources.list.d/beats.list\nwget -qO - https://packages.elastic.co/GPG-KEY-elasticsearch | sudo apt-key add -\nsudo apt-get update\nsudo apt-get install filebeat\nsudo service filebeat restart\nsudo update-rc.d filebeat defaults 95 10\n\nsudo service filebeat restart\nsudo update-rc.d filebeat defaults 95 10\nsudo service logstash restart\nsudo service kibana restart\n\nsudo su\nsudo apt-get install nginx apache2-utils -y\nsudo service nginx restart\nexit\n",
                            "template": "#!/bin/bash\n\nexport LC_ALL=C\n\n\nsudo add-apt-repository -y ppa:webupd8team/java\nsudo apt-get update\necho debconf shared/accepted-oracle-license-v1-1 select true | sudo debconf-set-selections\necho debconf shared/accepted-oracle-license-v1-1 seen true | sudo debconf-set-selections\nsudo apt-get -y install oracle-java8-installer\n\n\nwget -qO - https://packages.elastic.co/GPG-KEY-elasticsearch | sudo apt-key add -\necho \"deb http://packages.elastic.co/elasticsearch/2.x/debian stable main\" | sudo tee -a /etc/apt/sources.list.d/elasticsearch-2.x.list\nsudo apt-get update\nsudo apt-get --force-yes install elasticsearch\nsudo service elasticsearch start\nsudo update-rc.d elasticsearch defaults 95 10\n\n\necho \"deb http://packages.elastic.co/kibana/4.5/debian stable main\" | sudo tee -a /etc/apt/sources.list.d/kibana-4.5.x.list\nsudo apt-get update\nsudo apt-get --force-yes install kibana\nsudo update-rc.d kibana defaults 96 9\nsudo service kibana start\n\n\n\necho 'deb http://packages.elastic.co/logstash/2.2/debian stable main' | sudo tee /etc/apt/sources.list.d/logstash-2.2.x.list\nsudo apt-get update\nsudo apt-get install logstash --force-yes\nsudo service logstash restart\nsudo update-rc.d logstash defaults 96 9\n\n\ncd ~\ncurl -L -O https://download.elastic.co/beats/dashboards/beats-dashboards-1.1.0.zip\nsudo apt-get -y install unzip\nunzip beats-dashboards-*.zip\ncd beats-dashboards-*\n./load.sh\nsudo service logstash restart\nsudo update-rc.d logstash defaults 96 9\n\n\ncd ~\ncurl -O https://gist.githubusercontent.com/thisismitch/3429023e8438cc25b86c/raw/d8c479e2a1adcea8b1fe86570e42abab0f10f364/filebeat-index-template.json\ncurl -XPUT 'http://localhost:9200/_template/filebeat?pretty' -d@filebeat-index-template.json\necho \"deb https://packages.elastic.co/beats/apt stable main\" |  sudo tee -a /etc/apt/sources.list.d/beats.list\nwget -qO - https://packages.elastic.co/GPG-KEY-elasticsearch | sudo apt-key add -\nsudo apt-get update\nsudo apt-get install filebeat\nsudo service filebeat restart\nsudo update-rc.d filebeat defaults 95 10\n\nsudo service filebeat restart\nsudo update-rc.d filebeat defaults 95 10\nsudo service logstash restart\nsudo service kibana restart\n\nsudo su\nsudo apt-get install nginx apache2-utils -y\nsudo service nginx restart\nexit\n"
                        },
                        "meta": {},
                        "tainted": false
                    },
                    "deposed": [],
                    "provider": "provider.template"
                }
            },
            "depends_on": []
        }
    ]
}
