{
    "version": 3,
    "terraform_version": "0.11.7",
    "serial": 45,
    "lineage": "52b713e2-9938-7a20-a30f-31e2e74adc69",
    "modules": [
        {
            "path": [
                "root"
            ],
            "outputs": {},
            "resources": {
                "aws_route53_record.engineering12": {
                    "type": "aws_route53_record",
                    "depends_on": [
                        "module.app"
                    ],
                    "primary": {
                        "id": "Z3CCIZELFLJ3SC_eng12.spartaglobal.education_CNAME",
                        "attributes": {
                            "allow_overwrite": "true",
                            "fqdn": "eng12.spartaglobal.education",
                            "health_check_id": "",
                            "id": "Z3CCIZELFLJ3SC_eng12.spartaglobal.education_CNAME",
                            "name": "eng12.spartaglobal.education",
                            "records.#": "1",
                            "records.2784347417": "elb-app-823270431.eu-west-1.elb.amazonaws.com",
                            "set_identifier": "",
                            "ttl": "300",
                            "type": "CNAME",
                            "zone_id": "Z3CCIZELFLJ3SC"
                        },
                        "meta": {
                            "schema_version": "2"
                        },
                        "tainted": false
                    },
                    "deposed": [],
                    "provider": "provider.aws"
                },
                "aws_route53_record.kibana": {
                    "type": "aws_route53_record",
                    "depends_on": [
                        "module.elk"
                    ],
                    "primary": {
                        "id": "Z3CCIZELFLJ3SC_kibana.spartaglobal.education_CNAME",
                        "attributes": {
                            "allow_overwrite": "true",
                            "fqdn": "kibana.spartaglobal.education",
                            "id": "Z3CCIZELFLJ3SC_kibana.spartaglobal.education_CNAME",
                            "name": "kibana.spartaglobal.education",
                            "records.#": "1",
                            "records.4109274242": "http://ip-10-11-0-7.eu-west-1.compute.internal:5601",
                            "ttl": "300",
                            "type": "CNAME",
                            "zone_id": "Z3CCIZELFLJ3SC"
                        },
                        "meta": {
                            "schema_version": "2"
                        },
                        "tainted": false
                    },
                    "deposed": [],
                    "provider": "provider.aws"
                },
                "data.template_file.app_user_data": {
                    "type": "template_file",
                    "depends_on": [],
                    "primary": {
                        "id": "1dec644080f0d2c7eafb04d884d3f382e261aefe5e9c839fe29f3f4a3f35ef1c",
                        "attributes": {
                            "id": "1dec644080f0d2c7eafb04d884d3f382e261aefe5e9c839fe29f3f4a3f35ef1c",
                            "rendered": "IyEvYmluL2Jhc2gNCg0KZXhwb3J0IExDX0FMTD1DDQoNCmVjaG8gImRlYiBodHRwczovL3BhY2thZ2VzLmVsYXN0aWMuY28vYmVhdHMvYXB0IHN0YWJsZSBtYWluIiB8ICBzdWRvIHRlZSAtYSAvZXRjL2FwdC9zb3VyY2VzLmxpc3QuZC9iZWF0cy5saXN0DQp3Z2V0IC1xTyAtIGh0dHBzOi8vcGFja2FnZXMuZWxhc3RpYy5jby9HUEctS0VZLWVsYXN0aWNzZWFyY2ggfCBzdWRvIGFwdC1rZXkgYWRkIC0NCnN1ZG8gYXB0LWdldCB1cGRhdGUNCnN1ZG8gYXB0LWdldCBpbnN0YWxsIGZpbGViZWF0DQpzdWRvIHNlcnZpY2UgZmlsZWJlYXQgcmVzdGFydA0Kc3VkbyB1cGRhdGUtcmMuZCBmaWxlYmVhdCBkZWZhdWx0cyA5NSAxMA0KDQpjZCAvaG9tZS91YnVudHUvYXBwDQpucG0gaW5zdGFsbA0KZXhwb3J0IERCX0hPU1Q9bW9uZ29kYjovLzEwLjEwLjQuNzoyNzAxNywxMC4xMC41Ljc6MjcwMTcsMTAuMTAuNi43OjI3MDE3L3RhZ2dlZD9yZXBsaWNhU2V0PXJzMA0KcG0yIHN0YXJ0IGFwcC5qcw==\n",
                            "template": "IyEvYmluL2Jhc2gNCg0KZXhwb3J0IExDX0FMTD1DDQoNCmVjaG8gImRlYiBodHRwczovL3BhY2thZ2VzLmVsYXN0aWMuY28vYmVhdHMvYXB0IHN0YWJsZSBtYWluIiB8ICBzdWRvIHRlZSAtYSAvZXRjL2FwdC9zb3VyY2VzLmxpc3QuZC9iZWF0cy5saXN0DQp3Z2V0IC1xTyAtIGh0dHBzOi8vcGFja2FnZXMuZWxhc3RpYy5jby9HUEctS0VZLWVsYXN0aWNzZWFyY2ggfCBzdWRvIGFwdC1rZXkgYWRkIC0NCnN1ZG8gYXB0LWdldCB1cGRhdGUNCnN1ZG8gYXB0LWdldCBpbnN0YWxsIGZpbGViZWF0DQpzdWRvIHNlcnZpY2UgZmlsZWJlYXQgcmVzdGFydA0Kc3VkbyB1cGRhdGUtcmMuZCBmaWxlYmVhdCBkZWZhdWx0cyA5NSAxMA0KDQpjZCAvaG9tZS91YnVudHUvYXBwDQpucG0gaW5zdGFsbA0KZXhwb3J0IERCX0hPU1Q9bW9uZ29kYjovLzEwLjEwLjQuNzoyNzAxNywxMC4xMC41Ljc6MjcwMTcsMTAuMTAuNi43OjI3MDE3L3RhZ2dlZD9yZXBsaWNhU2V0PXJzMA0KcG0yIHN0YXJ0IGFwcC5qcw==\n"
                        },
                        "meta": {},
                        "tainted": false
                    },
                    "deposed": [],
                    "provider": "provider.template"
                }
            },
            "depends_on": []
        },
        {
            "path": [
                "root",
                "app"
            ],
            "outputs": {
                "app_ami_id": {
                    "sensitive": false,
                    "type": "string",
                    "value": "ami-c2b8bfbb"
                },
                "app_route_table": {
                    "sensitive": false,
                    "type": "string",
                    "value": "rtb-0973acf8b770ee157"
                },
                "app_security_group": {
                    "sensitive": false,
                    "type": "string",
                    "value": "sg-0363e5c9e856b86f7"
                },
                "elb_app": {
                    "sensitive": false,
                    "type": "string",
                    "value": "elb-app-823270431.eu-west-1.elb.amazonaws.com"
                },
                "vpc_id": {
                    "sensitive": false,
                    "type": "string",
                    "value": "vpc-02e72f35ed0208626"
                }
            },
            "resources": {
                "aws_autoscaling_group.app_auto_scaling": {
                    "type": "aws_autoscaling_group",
                    "depends_on": [
                        "aws_elb.elb_app",
                        "aws_launch_template.app_launch_template",
                        "aws_subnet.app_subnet_1a",
                        "aws_subnet.app_subnet_1b",
                        "aws_subnet.app_subnet_1c"
                    ],
                    "primary": {
                        "id": "tf-asg-20180824083835285500000003",
                        "attributes": {
                            "arn": "arn:aws:autoscaling:eu-west-1:135928476890:autoScalingGroup:7906e023-2a3a-4c58-90f1-f1ab85813ecb:autoScalingGroupName/tf-asg-20180824083835285500000003",
                            "availability_zones.#": "3",
                            "availability_zones.1924028850": "eu-west-1b",
                            "availability_zones.3953592328": "eu-west-1a",
                            "availability_zones.94988580": "eu-west-1c",
                            "default_cooldown": "300",
                            "desired_capacity": "3",
                            "enabled_metrics.#": "0",
                            "force_delete": "false",
                            "health_check_grace_period": "240",
                            "health_check_type": "ELB",
                            "id": "tf-asg-20180824083835285500000003",
                            "launch_configuration": "",
                            "launch_template.#": "1",
                            "launch_template.0.id": "lt-07b8762177aaf86b9",
                            "launch_template.0.name": "Project4-launch20180824083834742800000001",
                            "launch_template.0.version": "$Latest",
                            "load_balancers.#": "1",
                            "load_balancers.3159460110": "elb-app",
                            "max_size": "4",
                            "metrics_granularity": "1Minute",
                            "min_size": "3",
                            "name": "tf-asg-20180824083835285500000003",
                            "placement_group": "",
                            "protect_from_scale_in": "false",
                            "service_linked_role_arn": "arn:aws:iam::135928476890:role/aws-service-role/autoscaling.amazonaws.com/AWSServiceRoleForAutoScaling",
                            "suspended_processes.#": "0",
                            "tags.#": "1",
                            "tags.0.%": "3",
                            "tags.0.key": "name",
                            "tags.0.propagate_at_launch": "1",
                            "tags.0.value": "APP_instance",
                            "target_group_arns.#": "0",
                            "termination_policies.#": "0",
                            "vpc_zone_identifier.#": "3",
                            "vpc_zone_identifier.1622519988": "subnet-0dc2c9936d4bfbc21",
                            "vpc_zone_identifier.2958506150": "subnet-06730d0d53ac92eee",
                            "vpc_zone_identifier.3746994980": "subnet-0994129f60ef0ad1e",
                            "wait_for_capacity_timeout": "10m"
                        },
                        "meta": {
                            "e2bfb730-ecaa-11e6-8f88-34363bc7c4c0": {
                                "delete": 600000000000
                            }
                        },
                        "tainted": false
                    },
                    "deposed": [],
                    "provider": "provider.aws"
                },
                "aws_elb.elb_app": {
                    "type": "aws_elb",
                    "depends_on": [
                        "aws_security_group.elb_security_group",
                        "aws_subnet.app_subnet_1a",
                        "aws_subnet.app_subnet_1b",
                        "aws_subnet.app_subnet_1c"
                    ],
                    "primary": {
                        "id": "elb-app",
                        "attributes": {
                            "access_logs.#": "0",
                            "arn": "arn:aws:elasticloadbalancing:eu-west-1:135928476890:loadbalancer/elb-app",
                            "availability_zones.#": "3",
                            "availability_zones.1924028850": "eu-west-1b",
                            "availability_zones.3953592328": "eu-west-1a",
                            "availability_zones.94988580": "eu-west-1c",
                            "connection_draining": "false",
                            "connection_draining_timeout": "300",
                            "cross_zone_load_balancing": "true",
                            "dns_name": "elb-app-823270431.eu-west-1.elb.amazonaws.com",
                            "health_check.#": "1",
                            "health_check.0.healthy_threshold": "2",
                            "health_check.0.interval": "240",
                            "health_check.0.target": "HTTP:80/",
                            "health_check.0.timeout": "3",
                            "health_check.0.unhealthy_threshold": "2",
                            "id": "elb-app",
                            "idle_timeout": "60",
                            "instances.#": "2",
                            "instances.2563649809": "i-0799a9f93cbb4d45c",
                            "instances.594699749": "i-0ff76bfc3b815aaf3",
                            "internal": "false",
                            "listener.#": "1",
                            "listener.3057123346.instance_port": "80",
                            "listener.3057123346.instance_protocol": "http",
                            "listener.3057123346.lb_port": "80",
                            "listener.3057123346.lb_protocol": "http",
                            "listener.3057123346.ssl_certificate_id": "",
                            "name": "elb-app",
                            "security_groups.#": "1",
                            "security_groups.3365598297": "sg-0d41289a25f7e685f",
                            "source_security_group": "135928476890/elb-sg",
                            "source_security_group_id": "sg-0d41289a25f7e685f",
                            "subnets.#": "3",
                            "subnets.1622519988": "subnet-0dc2c9936d4bfbc21",
                            "subnets.2958506150": "subnet-06730d0d53ac92eee",
                            "subnets.3746994980": "subnet-0994129f60ef0ad1e",
                            "tags.%": "0",
                            "zone_id": "Z32O12XQLNTSW2"
                        },
                        "meta": {},
                        "tainted": false
                    },
                    "deposed": [],
                    "provider": "provider.aws"
                },
                "aws_internet_gateway.app_internet_gateway": {
                    "type": "aws_internet_gateway",
                    "depends_on": [],
                    "primary": {
                        "id": "igw-014dffa6ff2efe082",
                        "attributes": {
                            "id": "igw-014dffa6ff2efe082",
                            "tags.%": "1",
                            "tags.Name": "main",
                            "vpc_id": "vpc-02e72f35ed0208626"
                        },
                        "meta": {},
                        "tainted": false
                    },
                    "deposed": [],
                    "provider": "provider.aws"
                },
                "aws_launch_template.app_launch_template": {
                    "type": "aws_launch_template",
                    "depends_on": [
                        "aws_security_group.app_security_group"
                    ],
                    "primary": {
                        "id": "lt-07b8762177aaf86b9",
                        "attributes": {
                            "arn": "arn:aws:ec2:eu-west-1:135928476890:launch-template/lt-07b8762177aaf86b9",
                            "block_device_mappings.#": "0",
                            "credit_specification.#": "0",
                            "default_version": "1",
                            "disable_api_termination": "false",
                            "ebs_optimized": "false",
                            "elastic_gpu_specifications.#": "0",
                            "iam_instance_profile.#": "0",
                            "id": "lt-07b8762177aaf86b9",
                            "image_id": "ami-c2b8bfbb",
                            "instance_initiated_shutdown_behavior": "",
                            "instance_market_options.#": "0",
                            "instance_type": "t2.micro",
                            "kernel_id": "",
                            "key_name": "",
                            "latest_version": "5",
                            "monitoring.#": "0",
                            "name": "Project4-launch20180824083834742800000001",
                            "name_prefix": "Project4-launch",
                            "network_interfaces.#": "1",
                            "network_interfaces.0.associate_public_ip_address": "false",
                            "network_interfaces.0.delete_on_termination": "false",
                            "network_interfaces.0.description": "",
                            "network_interfaces.0.device_index": "0",
                            "network_interfaces.0.ipv4_address_count": "0",
                            "network_interfaces.0.ipv4_addresses.#": "0",
                            "network_interfaces.0.ipv6_address_count": "0",
                            "network_interfaces.0.ipv6_addresses.#": "0",
                            "network_interfaces.0.network_interface_id": "",
                            "network_interfaces.0.private_ip_address": "",
                            "network_interfaces.0.security_groups.#": "1",
                            "network_interfaces.0.security_groups.2112319219": "sg-0363e5c9e856b86f7",
                            "network_interfaces.0.subnet_id": "",
                            "placement.#": "0",
                            "ram_disk_id": "",
                            "security_group_names.#": "0",
                            "tag_specifications.#": "0",
                            "tags.%": "0",
                            "user_data": "IyEvYmluL2Jhc2gNCg0KZXhwb3J0IExDX0FMTD1DDQoNCmVjaG8gImRlYiBodHRwczovL3BhY2thZ2VzLmVsYXN0aWMuY28vYmVhdHMvYXB0IHN0YWJsZSBtYWluIiB8ICBzdWRvIHRlZSAtYSAvZXRjL2FwdC9zb3VyY2VzLmxpc3QuZC9iZWF0cy5saXN0DQp3Z2V0IC1xTyAtIGh0dHBzOi8vcGFja2FnZXMuZWxhc3RpYy5jby9HUEctS0VZLWVsYXN0aWNzZWFyY2ggfCBzdWRvIGFwdC1rZXkgYWRkIC0NCnN1ZG8gYXB0LWdldCB1cGRhdGUNCnN1ZG8gYXB0LWdldCBpbnN0YWxsIGZpbGViZWF0DQpzdWRvIHNlcnZpY2UgZmlsZWJlYXQgcmVzdGFydA0Kc3VkbyB1cGRhdGUtcmMuZCBmaWxlYmVhdCBkZWZhdWx0cyA5NSAxMA0KDQpjZCAvaG9tZS91YnVudHUvYXBwDQpucG0gaW5zdGFsbA0KZXhwb3J0IERCX0hPU1Q9bW9uZ29kYjovLzEwLjEwLjQuNzoyNzAxNywxMC4xMC41Ljc6MjcwMTcsMTAuMTAuNi43OjI3MDE3L3RhZ2dlZD9yZXBsaWNhU2V0PXJzMA0KcG0yIHN0YXJ0IGFwcC5qcw==",
                            "vpc_security_group_ids.#": "0"
                        },
                        "meta": {},
                        "tainted": false
                    },
                    "deposed": [],
                    "provider": "provider.aws"
                },
                "aws_route_table.app_route_table": {
                    "type": "aws_route_table",
                    "depends_on": [
                        "aws_internet_gateway.app_internet_gateway"
                    ],
                    "primary": {
                        "id": "rtb-0973acf8b770ee157",
                        "attributes": {
                            "id": "rtb-0973acf8b770ee157",
                            "propagating_vgws.#": "0",
                            "route.#": "1",
                            "route.492963601.cidr_block": "0.0.0.0/0",
                            "route.492963601.egress_only_gateway_id": "",
                            "route.492963601.gateway_id": "igw-014dffa6ff2efe082",
                            "route.492963601.instance_id": "",
                            "route.492963601.ipv6_cidr_block": "",
                            "route.492963601.nat_gateway_id": "",
                            "route.492963601.network_interface_id": "",
                            "route.492963601.vpc_peering_connection_id": "",
                            "tags.%": "1",
                            "tags.Name": "app-route-table",
                            "vpc_id": "vpc-02e72f35ed0208626"
                        },
                        "meta": {},
                        "tainted": false
                    },
                    "deposed": [],
                    "provider": "provider.aws"
                },
                "aws_route_table_association.app_1a_association": {
                    "type": "aws_route_table_association",
                    "depends_on": [
                        "aws_route_table.app_route_table",
                        "aws_subnet.app_subnet_1a"
                    ],
                    "primary": {
                        "id": "rtbassoc-063ec69b6919caf1d",
                        "attributes": {
                            "id": "rtbassoc-063ec69b6919caf1d",
                            "route_table_id": "rtb-0973acf8b770ee157",
                            "subnet_id": "subnet-06730d0d53ac92eee"
                        },
                        "meta": {},
                        "tainted": false
                    },
                    "deposed": [],
                    "provider": "provider.aws"
                },
                "aws_route_table_association.app_1b_association": {
                    "type": "aws_route_table_association",
                    "depends_on": [
                        "aws_route_table.app_route_table",
                        "aws_subnet.app_subnet_1b"
                    ],
                    "primary": {
                        "id": "rtbassoc-0e0c681772f8a474f",
                        "attributes": {
                            "id": "rtbassoc-0e0c681772f8a474f",
                            "route_table_id": "rtb-0973acf8b770ee157",
                            "subnet_id": "subnet-0dc2c9936d4bfbc21"
                        },
                        "meta": {},
                        "tainted": false
                    },
                    "deposed": [],
                    "provider": "provider.aws"
                },
                "aws_route_table_association.app_1c_association": {
                    "type": "aws_route_table_association",
                    "depends_on": [
                        "aws_route_table.app_route_table",
                        "aws_subnet.app_subnet_1c"
                    ],
                    "primary": {
                        "id": "rtbassoc-007af85a0e82f530d",
                        "attributes": {
                            "id": "rtbassoc-007af85a0e82f530d",
                            "route_table_id": "rtb-0973acf8b770ee157",
                            "subnet_id": "subnet-0994129f60ef0ad1e"
                        },
                        "meta": {},
                        "tainted": false
                    },
                    "deposed": [],
                    "provider": "provider.aws"
                },
                "aws_security_group.app_security_group": {
                    "type": "aws_security_group",
                    "depends_on": [
                        "aws_security_group.elb_security_group"
                    ],
                    "primary": {
                        "id": "sg-0363e5c9e856b86f7",
                        "attributes": {
                            "arn": "arn:aws:ec2:eu-west-1:135928476890:security-group/sg-0363e5c9e856b86f7",
                            "description": "security group for app",
                            "egress.#": "1",
                            "egress.482069346.cidr_blocks.#": "1",
                            "egress.482069346.cidr_blocks.0": "0.0.0.0/0",
                            "egress.482069346.description": "",
                            "egress.482069346.from_port": "0",
                            "egress.482069346.ipv6_cidr_blocks.#": "0",
                            "egress.482069346.prefix_list_ids.#": "0",
                            "egress.482069346.protocol": "-1",
                            "egress.482069346.security_groups.#": "0",
                            "egress.482069346.self": "false",
                            "egress.482069346.to_port": "0",
                            "id": "sg-0363e5c9e856b86f7",
                            "ingress.#": "1",
                            "ingress.85190768.cidr_blocks.#": "3",
                            "ingress.85190768.cidr_blocks.0": "10.10.4.0/24",
                            "ingress.85190768.cidr_blocks.1": "10.10.5.0/24",
                            "ingress.85190768.cidr_blocks.2": "10.10.6.0/24",
                            "ingress.85190768.description": "",
                            "ingress.85190768.from_port": "0",
                            "ingress.85190768.ipv6_cidr_blocks.#": "0",
                            "ingress.85190768.protocol": "-1",
                            "ingress.85190768.security_groups.#": "2",
                            "ingress.85190768.security_groups.3029269680": "sg-0a4613ec6b04951f2",
                            "ingress.85190768.security_groups.3365598297": "sg-0d41289a25f7e685f",
                            "ingress.85190768.self": "true",
                            "ingress.85190768.to_port": "0",
                            "name": "app-sg",
                            "owner_id": "135928476890",
                            "revoke_rules_on_delete": "false",
                            "tags.%": "0",
                            "vpc_id": "vpc-02e72f35ed0208626"
                        },
                        "meta": {
                            "e2bfb730-ecaa-11e6-8f88-34363bc7c4c0": {
                                "create": 600000000000,
                                "delete": 600000000000
                            },
                            "schema_version": "1"
                        },
                        "tainted": false
                    },
                    "deposed": [],
                    "provider": "provider.aws"
                },
                "aws_security_group.elb_security_group": {
                    "type": "aws_security_group",
                    "depends_on": [],
                    "primary": {
                        "id": "sg-0d41289a25f7e685f",
                        "attributes": {
                            "arn": "arn:aws:ec2:eu-west-1:135928476890:security-group/sg-0d41289a25f7e685f",
                            "description": "security group for elb",
                            "egress.#": "1",
                            "egress.2510676008.cidr_blocks.#": "1",
                            "egress.2510676008.cidr_blocks.0": "0.0.0.0/0",
                            "egress.2510676008.description": "",
                            "egress.2510676008.from_port": "0",
                            "egress.2510676008.ipv6_cidr_blocks.#": "0",
                            "egress.2510676008.prefix_list_ids.#": "0",
                            "egress.2510676008.protocol": "-1",
                            "egress.2510676008.security_groups.#": "0",
                            "egress.2510676008.self": "true",
                            "egress.2510676008.to_port": "0",
                            "id": "sg-0d41289a25f7e685f",
                            "ingress.#": "1",
                            "ingress.2510676008.cidr_blocks.#": "1",
                            "ingress.2510676008.cidr_blocks.0": "0.0.0.0/0",
                            "ingress.2510676008.description": "",
                            "ingress.2510676008.from_port": "0",
                            "ingress.2510676008.ipv6_cidr_blocks.#": "0",
                            "ingress.2510676008.protocol": "-1",
                            "ingress.2510676008.security_groups.#": "0",
                            "ingress.2510676008.self": "true",
                            "ingress.2510676008.to_port": "0",
                            "name": "elb-sg",
                            "owner_id": "135928476890",
                            "revoke_rules_on_delete": "false",
                            "tags.%": "0",
                            "vpc_id": "vpc-02e72f35ed0208626"
                        },
                        "meta": {
                            "e2bfb730-ecaa-11e6-8f88-34363bc7c4c0": {
                                "create": 600000000000,
                                "delete": 600000000000
                            },
                            "schema_version": "1"
                        },
                        "tainted": false
                    },
                    "deposed": [],
                    "provider": "provider.aws"
                },
                "aws_subnet.app_subnet_1a": {
                    "type": "aws_subnet",
                    "depends_on": [
                        "data.aws_availability_zones.available"
                    ],
                    "primary": {
                        "id": "subnet-06730d0d53ac92eee",
                        "attributes": {
                            "arn": "arn:aws:ec2:eu-west-1:135928476890:subnet/subnet-06730d0d53ac92eee",
                            "assign_ipv6_address_on_creation": "false",
                            "availability_zone": "eu-west-1a",
                            "cidr_block": "10.10.0.0/24",
                            "id": "subnet-06730d0d53ac92eee",
                            "map_public_ip_on_launch": "false",
                            "tags.%": "1",
                            "tags.Name": "subnet-app-project4",
                            "vpc_id": "vpc-02e72f35ed0208626"
                        },
                        "meta": {
                            "schema_version": "1"
                        },
                        "tainted": false
                    },
                    "deposed": [],
                    "provider": "provider.aws"
                },
                "aws_subnet.app_subnet_1b": {
                    "type": "aws_subnet",
                    "depends_on": [
                        "data.aws_availability_zones.available"
                    ],
                    "primary": {
                        "id": "subnet-0dc2c9936d4bfbc21",
                        "attributes": {
                            "arn": "arn:aws:ec2:eu-west-1:135928476890:subnet/subnet-0dc2c9936d4bfbc21",
                            "assign_ipv6_address_on_creation": "false",
                            "availability_zone": "eu-west-1b",
                            "cidr_block": "10.10.1.0/24",
                            "id": "subnet-0dc2c9936d4bfbc21",
                            "map_public_ip_on_launch": "false",
                            "tags.%": "1",
                            "tags.Name": "subnet-app-project4",
                            "vpc_id": "vpc-02e72f35ed0208626"
                        },
                        "meta": {
                            "schema_version": "1"
                        },
                        "tainted": false
                    },
                    "deposed": [],
                    "provider": "provider.aws"
                },
                "aws_subnet.app_subnet_1c": {
                    "type": "aws_subnet",
                    "depends_on": [
                        "data.aws_availability_zones.available"
                    ],
                    "primary": {
                        "id": "subnet-0994129f60ef0ad1e",
                        "attributes": {
                            "arn": "arn:aws:ec2:eu-west-1:135928476890:subnet/subnet-0994129f60ef0ad1e",
                            "assign_ipv6_address_on_creation": "false",
                            "availability_zone": "eu-west-1c",
                            "cidr_block": "10.10.2.0/24",
                            "id": "subnet-0994129f60ef0ad1e",
                            "map_public_ip_on_launch": "false",
                            "tags.%": "1",
                            "tags.Name": "subnet-app-project4",
                            "vpc_id": "vpc-02e72f35ed0208626"
                        },
                        "meta": {
                            "schema_version": "1"
                        },
                        "tainted": false
                    },
                    "deposed": [],
                    "provider": "provider.aws"
                },
                "aws_vpc.main_vpc": {
                    "type": "aws_vpc",
                    "depends_on": [],
                    "primary": {
                        "id": "vpc-02e72f35ed0208626",
                        "attributes": {
                            "arn": "arn:aws:ec2:eu-west-1:135928476890:vpc/vpc-02e72f35ed0208626",
                            "assign_generated_ipv6_cidr_block": "false",
                            "cidr_block": "10.10.0.0/16",
                            "default_network_acl_id": "acl-05fe33749f8dca0a9",
                            "default_route_table_id": "rtb-0c1fa64be849fdcd2",
                            "default_security_group_id": "sg-05c647fba271a89ac",
                            "dhcp_options_id": "dopt-18d5d77d",
                            "enable_classiclink": "false",
                            "enable_classiclink_dns_support": "false",
                            "enable_dns_hostnames": "true",
                            "enable_dns_support": "true",
                            "id": "vpc-02e72f35ed0208626",
                            "instance_tenancy": "default",
                            "main_route_table_id": "rtb-0c1fa64be849fdcd2",
                            "tags.%": "1",
                            "tags.Name": "app-vpc"
                        },
                        "meta": {
                            "schema_version": "1"
                        },
                        "tainted": false
                    },
                    "deposed": [],
                    "provider": "provider.aws"
                },
                "data.aws_availability_zones.available": {
                    "type": "aws_availability_zones",
                    "depends_on": [],
                    "primary": {
                        "id": "2018-08-24 09:15:31.344778266 +0000 UTC",
                        "attributes": {
                            "id": "2018-08-24 09:15:31.344778266 +0000 UTC",
                            "names.#": "3",
                            "names.0": "eu-west-1a",
                            "names.1": "eu-west-1b",
                            "names.2": "eu-west-1c"
                        },
                        "meta": {},
                        "tainted": false
                    },
                    "deposed": [],
                    "provider": "provider.aws"
                },
                "data.template_file.filebeats_server_app": {
                    "type": "template_file",
                    "depends_on": [],
                    "primary": {
                        "id": "5b362319db538a13654b08e30976ac4a9435b0288724b05c861bcb1d233a46f2",
                        "attributes": {
                            "id": "5b362319db538a13654b08e30976ac4a9435b0288724b05c861bcb1d233a46f2",
                            "rendered": "IyEvYmluL2Jhc2gNCg0KZXhwb3J0IExDX0FMTD1DDQoNCmVjaG8gImRlYiBodHRwczovL3BhY2thZ2VzLmVsYXN0aWMuY28vYmVhdHMvYXB0IHN0YWJsZSBtYWluIiB8ICBzdWRvIHRlZSAtYSAvZXRjL2FwdC9zb3VyY2VzLmxpc3QuZC9iZWF0cy5saXN0DQp3Z2V0IC1xTyAtIGh0dHBzOi8vcGFja2FnZXMuZWxhc3RpYy5jby9HUEctS0VZLWVsYXN0aWNzZWFyY2ggfCBzdWRvIGFwdC1rZXkgYWRkIC0NCnN1ZG8gYXB0LWdldCB1cGRhdGUNCnN1ZG8gYXB0LWdldCBpbnN0YWxsIGZpbGViZWF0DQpzdWRvIHNlcnZpY2UgZmlsZWJlYXQgcmVzdGFydA0Kc3VkbyB1cGRhdGUtcmMuZCBmaWxlYmVhdCBkZWZhdWx0cyA5NSAxMA0K\n",
                            "template": "IyEvYmluL2Jhc2gNCg0KZXhwb3J0IExDX0FMTD1DDQoNCmVjaG8gImRlYiBodHRwczovL3BhY2thZ2VzLmVsYXN0aWMuY28vYmVhdHMvYXB0IHN0YWJsZSBtYWluIiB8ICBzdWRvIHRlZSAtYSAvZXRjL2FwdC9zb3VyY2VzLmxpc3QuZC9iZWF0cy5saXN0DQp3Z2V0IC1xTyAtIGh0dHBzOi8vcGFja2FnZXMuZWxhc3RpYy5jby9HUEctS0VZLWVsYXN0aWNzZWFyY2ggfCBzdWRvIGFwdC1rZXkgYWRkIC0NCnN1ZG8gYXB0LWdldCB1cGRhdGUNCnN1ZG8gYXB0LWdldCBpbnN0YWxsIGZpbGViZWF0DQpzdWRvIHNlcnZpY2UgZmlsZWJlYXQgcmVzdGFydA0Kc3VkbyB1cGRhdGUtcmMuZCBmaWxlYmVhdCBkZWZhdWx0cyA5NSAxMA0K\n"
                        },
                        "meta": {},
                        "tainted": false
                    },
                    "deposed": [],
                    "provider": "provider.template"
                }
            },
            "depends_on": []
        },
        {
            "path": [
                "root",
                "db"
            ],
            "outputs": {
                "db_1a_privateip": {
                    "sensitive": false,
                    "type": "string",
                    "value": "10.10.4.7"
                },
                "db_ami_id": {
                    "sensitive": false,
                    "type": "string",
                    "value": "ami-0ce380b886769d3a8"
                },
                "db_sg": {
                    "sensitive": false,
                    "type": "string",
                    "value": "sg-0ca99682dfc630b12"
                }
            },
            "resources": {
                "aws_instance.db_1a": {
                    "type": "aws_instance",
                    "depends_on": [
                        "aws_security_group.db_sg",
                        "aws_subnet.db_1a",
                        "data.template_file.filebeats_server"
                    ],
                    "primary": {
                        "id": "i-068dbe0e571e3ad9f",
                        "attributes": {
                            "ami": "ami-0ce380b886769d3a8",
                            "arn": "arn:aws:ec2:eu-west-1:135928476890:instance/i-068dbe0e571e3ad9f",
                            "associate_public_ip_address": "true",
                            "availability_zone": "eu-west-1a",
                            "cpu_core_count": "1",
                            "cpu_threads_per_core": "1",
                            "credit_specification.#": "1",
                            "credit_specification.0.cpu_credits": "standard",
                            "disable_api_termination": "false",
                            "ebs_block_device.#": "0",
                            "ebs_optimized": "false",
                            "ephemeral_block_device.#": "0",
                            "get_password_data": "false",
                            "iam_instance_profile": "",
                            "id": "i-068dbe0e571e3ad9f",
                            "instance_state": "running",
                            "instance_type": "t2.micro",
                            "ipv6_addresses.#": "0",
                            "key_name": "DevOpsStudents",
                            "monitoring": "false",
                            "network_interface.#": "0",
                            "network_interface_id": "eni-0e4c2f71df79cf385",
                            "password_data": "",
                            "placement_group": "",
                            "primary_network_interface_id": "eni-0e4c2f71df79cf385",
                            "private_dns": "ip-10-10-4-7.eu-west-1.compute.internal",
                            "private_ip": "10.10.4.7",
                            "public_dns": "ec2-52-210-118-67.eu-west-1.compute.amazonaws.com",
                            "public_ip": "52.210.118.67",
                            "root_block_device.#": "1",
                            "root_block_device.0.delete_on_termination": "true",
                            "root_block_device.0.iops": "100",
                            "root_block_device.0.volume_id": "vol-0b441e72fa83ab46f",
                            "root_block_device.0.volume_size": "8",
                            "root_block_device.0.volume_type": "gp2",
                            "security_groups.#": "0",
                            "source_dest_check": "true",
                            "subnet_id": "subnet-0088da8d84e0333c7",
                            "tags.%": "1",
                            "tags.Name": "DB-PROJECT4-1a",
                            "tenancy": "default",
                            "user_data": "529af8d69a4a2408663465d74d533806b492c885",
                            "volume_tags.%": "0",
                            "vpc_security_group_ids.#": "1",
                            "vpc_security_group_ids.2660067446": "sg-0ca99682dfc630b12"
                        },
                        "meta": {
                            "e2bfb730-ecaa-11e6-8f88-34363bc7c4c0": {
                                "create": 600000000000,
                                "delete": 1200000000000,
                                "update": 600000000000
                            },
                            "schema_version": "1"
                        },
                        "tainted": false
                    },
                    "deposed": [],
                    "provider": "module.db.provider.aws"
                },
                "aws_instance.db_1b": {
                    "type": "aws_instance",
                    "depends_on": [
                        "aws_security_group.db_sg",
                        "aws_subnet.db_1b",
                        "data.template_file.filebeats_server"
                    ],
                    "primary": {
                        "id": "i-0b7d2c8c7cfc32ec5",
                        "attributes": {
                            "ami": "ami-0ce380b886769d3a8",
                            "arn": "arn:aws:ec2:eu-west-1:135928476890:instance/i-0b7d2c8c7cfc32ec5",
                            "associate_public_ip_address": "false",
                            "availability_zone": "eu-west-1b",
                            "cpu_core_count": "1",
                            "cpu_threads_per_core": "1",
                            "credit_specification.#": "1",
                            "credit_specification.0.cpu_credits": "standard",
                            "disable_api_termination": "false",
                            "ebs_block_device.#": "0",
                            "ebs_optimized": "false",
                            "ephemeral_block_device.#": "0",
                            "get_password_data": "false",
                            "iam_instance_profile": "",
                            "id": "i-0b7d2c8c7cfc32ec5",
                            "instance_state": "running",
                            "instance_type": "t2.micro",
                            "ipv6_addresses.#": "0",
                            "key_name": "",
                            "monitoring": "false",
                            "network_interface.#": "0",
                            "network_interface_id": "eni-062d329356ecc80a7",
                            "password_data": "",
                            "placement_group": "",
                            "primary_network_interface_id": "eni-062d329356ecc80a7",
                            "private_dns": "ip-10-10-5-7.eu-west-1.compute.internal",
                            "private_ip": "10.10.5.7",
                            "public_dns": "",
                            "public_ip": "",
                            "root_block_device.#": "1",
                            "root_block_device.0.delete_on_termination": "true",
                            "root_block_device.0.iops": "100",
                            "root_block_device.0.volume_id": "vol-0113c86b577c7f75f",
                            "root_block_device.0.volume_size": "8",
                            "root_block_device.0.volume_type": "gp2",
                            "security_groups.#": "0",
                            "source_dest_check": "true",
                            "subnet_id": "subnet-05299154beb8cf8c3",
                            "tags.%": "1",
                            "tags.Name": "DB-PROJECT4-1b",
                            "tenancy": "default",
                            "user_data": "529af8d69a4a2408663465d74d533806b492c885",
                            "volume_tags.%": "0",
                            "vpc_security_group_ids.#": "1",
                            "vpc_security_group_ids.2660067446": "sg-0ca99682dfc630b12"
                        },
                        "meta": {
                            "e2bfb730-ecaa-11e6-8f88-34363bc7c4c0": {
                                "create": 600000000000,
                                "delete": 1200000000000,
                                "update": 600000000000
                            },
                            "schema_version": "1"
                        },
                        "tainted": false
                    },
                    "deposed": [],
                    "provider": "module.db.provider.aws"
                },
                "aws_instance.db_1c": {
                    "type": "aws_instance",
                    "depends_on": [
                        "aws_security_group.db_sg",
                        "aws_subnet.db_1c",
                        "data.template_file.filebeats_server"
                    ],
                    "primary": {
                        "id": "i-0066cabd2b648d039",
                        "attributes": {
                            "ami": "ami-0ce380b886769d3a8",
                            "arn": "arn:aws:ec2:eu-west-1:135928476890:instance/i-0066cabd2b648d039",
                            "associate_public_ip_address": "false",
                            "availability_zone": "eu-west-1c",
                            "cpu_core_count": "1",
                            "cpu_threads_per_core": "1",
                            "credit_specification.#": "1",
                            "credit_specification.0.cpu_credits": "standard",
                            "disable_api_termination": "false",
                            "ebs_block_device.#": "0",
                            "ebs_optimized": "false",
                            "ephemeral_block_device.#": "0",
                            "get_password_data": "false",
                            "iam_instance_profile": "",
                            "id": "i-0066cabd2b648d039",
                            "instance_state": "running",
                            "instance_type": "t2.micro",
                            "ipv6_addresses.#": "0",
                            "key_name": "",
                            "monitoring": "false",
                            "network_interface.#": "0",
                            "network_interface_id": "eni-01b6884995809e079",
                            "password_data": "",
                            "placement_group": "",
                            "primary_network_interface_id": "eni-01b6884995809e079",
                            "private_dns": "ip-10-10-6-7.eu-west-1.compute.internal",
                            "private_ip": "10.10.6.7",
                            "public_dns": "",
                            "public_ip": "",
                            "root_block_device.#": "1",
                            "root_block_device.0.delete_on_termination": "true",
                            "root_block_device.0.iops": "100",
                            "root_block_device.0.volume_id": "vol-0e173a07c24014e55",
                            "root_block_device.0.volume_size": "8",
                            "root_block_device.0.volume_type": "gp2",
                            "security_groups.#": "0",
                            "source_dest_check": "true",
                            "subnet_id": "subnet-052ec37d3a0888031",
                            "tags.%": "1",
                            "tags.Name": "DB-PROJECT4-1c",
                            "tenancy": "default",
                            "user_data": "529af8d69a4a2408663465d74d533806b492c885",
                            "volume_tags.%": "0",
                            "vpc_security_group_ids.#": "1",
                            "vpc_security_group_ids.2660067446": "sg-0ca99682dfc630b12"
                        },
                        "meta": {
                            "e2bfb730-ecaa-11e6-8f88-34363bc7c4c0": {
                                "create": 600000000000,
                                "delete": 1200000000000,
                                "update": 600000000000
                            },
                            "schema_version": "1"
                        },
                        "tainted": false
                    },
                    "deposed": [],
                    "provider": "module.db.provider.aws"
                },
                "aws_instance.db_provisioner": {
                    "type": "aws_instance",
                    "depends_on": [
                        "aws_security_group.db_sg",
                        "aws_subnet.db_1a",
                        "data.template_file.db_provisioner_tmplt"
                    ],
                    "primary": {
                        "id": "i-0c75d424f6eb1f33a",
                        "attributes": {
                            "ami": "ami-0a416218b24c2f41f",
                            "arn": "arn:aws:ec2:eu-west-1:135928476890:instance/i-0c75d424f6eb1f33a",
                            "associate_public_ip_address": "false",
                            "availability_zone": "eu-west-1a",
                            "cpu_core_count": "1",
                            "cpu_threads_per_core": "1",
                            "credit_specification.#": "1",
                            "credit_specification.0.cpu_credits": "standard",
                            "disable_api_termination": "false",
                            "ebs_block_device.#": "0",
                            "ebs_optimized": "false",
                            "ephemeral_block_device.#": "0",
                            "get_password_data": "false",
                            "iam_instance_profile": "",
                            "id": "i-0c75d424f6eb1f33a",
                            "instance_state": "running",
                            "instance_type": "t2.micro",
                            "ipv6_addresses.#": "0",
                            "key_name": "",
                            "monitoring": "false",
                            "network_interface.#": "0",
                            "network_interface_id": "eni-01d24fe690aa84f1a",
                            "password_data": "",
                            "placement_group": "",
                            "primary_network_interface_id": "eni-01d24fe690aa84f1a",
                            "private_dns": "ip-10-10-4-8.eu-west-1.compute.internal",
                            "private_ip": "10.10.4.8",
                            "public_dns": "",
                            "public_ip": "",
                            "root_block_device.#": "1",
                            "root_block_device.0.delete_on_termination": "true",
                            "root_block_device.0.iops": "100",
                            "root_block_device.0.volume_id": "vol-0310d259137932490",
                            "root_block_device.0.volume_size": "8",
                            "root_block_device.0.volume_type": "gp2",
                            "security_groups.#": "0",
                            "source_dest_check": "true",
                            "subnet_id": "subnet-0088da8d84e0333c7",
                            "tags.%": "1",
                            "tags.Name": "DB-PROJECT4-provisioner",
                            "tenancy": "default",
                            "user_data": "e1055c8dd667f84adde114ffe6460b755b1ef352",
                            "volume_tags.%": "0",
                            "vpc_security_group_ids.#": "1",
                            "vpc_security_group_ids.2660067446": "sg-0ca99682dfc630b12"
                        },
                        "meta": {
                            "e2bfb730-ecaa-11e6-8f88-34363bc7c4c0": {
                                "create": 600000000000,
                                "delete": 1200000000000,
                                "update": 600000000000
                            },
                            "schema_version": "1"
                        },
                        "tainted": false
                    },
                    "deposed": [],
                    "provider": "module.db.provider.aws"
                },
                "aws_route_table_association.db_1a_association": {
                    "type": "aws_route_table_association",
                    "depends_on": [
                        "aws_subnet.db_1a"
                    ],
                    "primary": {
                        "id": "rtbassoc-01f02ac55dec2b2dc",
                        "attributes": {
                            "id": "rtbassoc-01f02ac55dec2b2dc",
                            "route_table_id": "rtb-0973acf8b770ee157",
                            "subnet_id": "subnet-0088da8d84e0333c7"
                        },
                        "meta": {},
                        "tainted": false
                    },
                    "deposed": [],
                    "provider": "module.db.provider.aws"
                },
                "aws_route_table_association.db_1b_association": {
                    "type": "aws_route_table_association",
                    "depends_on": [
                        "aws_subnet.db_1b"
                    ],
                    "primary": {
                        "id": "rtbassoc-02dac19dd07be762b",
                        "attributes": {
                            "id": "rtbassoc-02dac19dd07be762b",
                            "route_table_id": "rtb-0973acf8b770ee157",
                            "subnet_id": "subnet-05299154beb8cf8c3"
                        },
                        "meta": {},
                        "tainted": false
                    },
                    "deposed": [],
                    "provider": "module.db.provider.aws"
                },
                "aws_route_table_association.db_1c_association": {
                    "type": "aws_route_table_association",
                    "depends_on": [
                        "aws_subnet.db_1c"
                    ],
                    "primary": {
                        "id": "rtbassoc-0ef2e55cc43b231d5",
                        "attributes": {
                            "id": "rtbassoc-0ef2e55cc43b231d5",
                            "route_table_id": "rtb-0973acf8b770ee157",
                            "subnet_id": "subnet-052ec37d3a0888031"
                        },
                        "meta": {},
                        "tainted": false
                    },
                    "deposed": [],
                    "provider": "module.db.provider.aws"
                },
                "aws_security_group.db_sg": {
                    "type": "aws_security_group",
                    "depends_on": [],
                    "primary": {
                        "id": "sg-0ca99682dfc630b12",
                        "attributes": {
                            "arn": "arn:aws:ec2:eu-west-1:135928476890:security-group/sg-0ca99682dfc630b12",
                            "description": "security group for db",
                            "egress.#": "1",
                            "egress.2510676008.cidr_blocks.#": "1",
                            "egress.2510676008.cidr_blocks.0": "0.0.0.0/0",
                            "egress.2510676008.description": "",
                            "egress.2510676008.from_port": "0",
                            "egress.2510676008.ipv6_cidr_blocks.#": "0",
                            "egress.2510676008.prefix_list_ids.#": "0",
                            "egress.2510676008.protocol": "-1",
                            "egress.2510676008.security_groups.#": "0",
                            "egress.2510676008.self": "true",
                            "egress.2510676008.to_port": "0",
                            "id": "sg-0ca99682dfc630b12",
                            "ingress.#": "1",
                            "ingress.2580660157.cidr_blocks.#": "1",
                            "ingress.2580660157.cidr_blocks.0": "0.0.0.0/0",
                            "ingress.2580660157.description": "",
                            "ingress.2580660157.from_port": "0",
                            "ingress.2580660157.ipv6_cidr_blocks.#": "0",
                            "ingress.2580660157.protocol": "-1",
                            "ingress.2580660157.security_groups.#": "1",
                            "ingress.2580660157.security_groups.4019860114": "sg-0363e5c9e856b86f7",
                            "ingress.2580660157.self": "true",
                            "ingress.2580660157.to_port": "0",
                            "name": "db-sg",
                            "owner_id": "135928476890",
                            "revoke_rules_on_delete": "false",
                            "tags.%": "0",
                            "vpc_id": "vpc-02e72f35ed0208626"
                        },
                        "meta": {
                            "e2bfb730-ecaa-11e6-8f88-34363bc7c4c0": {
                                "create": 600000000000,
                                "delete": 600000000000
                            },
                            "schema_version": "1"
                        },
                        "tainted": false
                    },
                    "deposed": [],
                    "provider": "module.db.provider.aws"
                },
                "aws_subnet.db_1a": {
                    "type": "aws_subnet",
                    "depends_on": [],
                    "primary": {
                        "id": "subnet-0088da8d84e0333c7",
                        "attributes": {
                            "arn": "arn:aws:ec2:eu-west-1:135928476890:subnet/subnet-0088da8d84e0333c7",
                            "assign_ipv6_address_on_creation": "false",
                            "availability_zone": "eu-west-1a",
                            "cidr_block": "10.10.4.0/24",
                            "id": "subnet-0088da8d84e0333c7",
                            "map_public_ip_on_launch": "false",
                            "tags.%": "1",
                            "tags.Name": "DB-PROJECT4 - 1a",
                            "vpc_id": "vpc-02e72f35ed0208626"
                        },
                        "meta": {
                            "schema_version": "1"
                        },
                        "tainted": false
                    },
                    "deposed": [],
                    "provider": "module.db.provider.aws"
                },
                "aws_subnet.db_1b": {
                    "type": "aws_subnet",
                    "depends_on": [],
                    "primary": {
                        "id": "subnet-05299154beb8cf8c3",
                        "attributes": {
                            "arn": "arn:aws:ec2:eu-west-1:135928476890:subnet/subnet-05299154beb8cf8c3",
                            "assign_ipv6_address_on_creation": "false",
                            "availability_zone": "eu-west-1b",
                            "cidr_block": "10.10.5.0/24",
                            "id": "subnet-05299154beb8cf8c3",
                            "map_public_ip_on_launch": "false",
                            "tags.%": "1",
                            "tags.Name": "DB-PROJECT4 - 1b",
                            "vpc_id": "vpc-02e72f35ed0208626"
                        },
                        "meta": {
                            "schema_version": "1"
                        },
                        "tainted": false
                    },
                    "deposed": [],
                    "provider": "module.db.provider.aws"
                },
                "aws_subnet.db_1c": {
                    "type": "aws_subnet",
                    "depends_on": [],
                    "primary": {
                        "id": "subnet-052ec37d3a0888031",
                        "attributes": {
                            "arn": "arn:aws:ec2:eu-west-1:135928476890:subnet/subnet-052ec37d3a0888031",
                            "assign_ipv6_address_on_creation": "false",
                            "availability_zone": "eu-west-1c",
                            "cidr_block": "10.10.6.0/24",
                            "id": "subnet-052ec37d3a0888031",
                            "map_public_ip_on_launch": "false",
                            "tags.%": "1",
                            "tags.Name": "DB-PROJECT4 - 1c",
                            "vpc_id": "vpc-02e72f35ed0208626"
                        },
                        "meta": {
                            "schema_version": "1"
                        },
                        "tainted": false
                    },
                    "deposed": [],
                    "provider": "module.db.provider.aws"
                },
                "data.template_file.db_provisioner_tmplt": {
                    "type": "template_file",
                    "depends_on": [
                        "aws_instance.db_1a"
                    ],
                    "primary": {
                        "id": "125362338a84dfce24b44c6115471116e8f9f24d9a7296ad9df1e9023f9e9bfe",
                        "attributes": {
                            "id": "125362338a84dfce24b44c6115471116e8f9f24d9a7296ad9df1e9023f9e9bfe",
                            "rendered": "#!/bin/sh\n\nmongo mongodb://52.210.118.67/rs0 --eval \"rs.initiate()\"\nmongo mongodb://52.210.118.67/rs0 --eval \"rs.add( '10.10.5.7' )\"\nmongo mongodb://52.210.118.67/rs0 --eval \"rs.add( '10.10.6.7' )\"\nmongo mongodb://52.210.118.67/rs0 --eval \"db.isMaster()\"\nmongo mongodb://52.210.118.67/rs0 --eval \"rs.slaveOk()\"\n",
                            "template": "#!/bin/sh\n\nmongo mongodb://${public_ip}/rs0 --eval \"rs.initiate()\"\nmongo mongodb://${public_ip}/rs0 --eval \"rs.add( '10.10.5.7' )\"\nmongo mongodb://${public_ip}/rs0 --eval \"rs.add( '10.10.6.7' )\"\nmongo mongodb://${public_ip}/rs0 --eval \"db.isMaster()\"\nmongo mongodb://${public_ip}/rs0 --eval \"rs.slaveOk()\"\n",
                            "vars.%": "1",
                            "vars.public_ip": "52.210.118.67"
                        },
                        "meta": {},
                        "tainted": false
                    },
                    "deposed": [],
                    "provider": "provider.template"
                },
                "data.template_file.filebeats_server": {
                    "type": "template_file",
                    "depends_on": [],
                    "primary": {
                        "id": "b275e9af88e029d68420d5e70ca9eccb735ba0e7dd888306101cb185630bde5a",
                        "attributes": {
                            "id": "b275e9af88e029d68420d5e70ca9eccb735ba0e7dd888306101cb185630bde5a",
                            "rendered": "#!/bin/bash\n\nexport LC_ALL=C\n\necho \"deb https://packages.elastic.co/beats/apt stable main\" |  sudo tee -a /etc/apt/sources.list.d/beats.list\nwget -qO - https://packages.elastic.co/GPG-KEY-elasticsearch | sudo apt-key add -\nsudo apt-get update\nsudo apt-get install filebeat\nsudo service filebeat restart\nsudo update-rc.d filebeat defaults 95 10\n",
                            "template": "#!/bin/bash\n\nexport LC_ALL=C\n\necho \"deb https://packages.elastic.co/beats/apt stable main\" |  sudo tee -a /etc/apt/sources.list.d/beats.list\nwget -qO - https://packages.elastic.co/GPG-KEY-elasticsearch | sudo apt-key add -\nsudo apt-get update\nsudo apt-get install filebeat\nsudo service filebeat restart\nsudo update-rc.d filebeat defaults 95 10\n"
                        },
                        "meta": {},
                        "tainted": false
                    },
                    "deposed": [],
                    "provider": "provider.template"
                }
            },
            "depends_on": []
        },
        {
            "path": [
                "root",
                "elk"
            ],
            "outputs": {
                "elk_security_group": {
                    "sensitive": false,
                    "type": "string",
                    "value": "sg-0a4613ec6b04951f2"
                },
                "kibana_url": {
                    "sensitive": false,
                    "type": "string",
                    "value": "http://ip-10-11-0-7.eu-west-1.compute.internal:5601"
                }
            },
            "resources": {
                "aws_eip.ip": {
                    "type": "aws_eip",
                    "depends_on": [
                        "aws_instance.elk_manvir"
                    ],
                    "primary": {
                        "id": "eipalloc-05e72bd95b8bbbb3c",
                        "attributes": {
                            "association_id": "eipassoc-08fb526d4cf1e04eb",
                            "domain": "vpc",
                            "id": "eipalloc-05e72bd95b8bbbb3c",
                            "instance": "i-0dadd7a6db261fa20",
                            "network_interface": "eni-04a54b7f96a8f91ca",
                            "private_ip": "10.11.0.7",
                            "public_ip": "34.254.128.158",
                            "tags.%": "0",
                            "vpc": "true"
                        },
                        "meta": {
                            "e2bfb730-ecaa-11e6-8f88-34363bc7c4c0": {
                                "delete": 180000000000,
                                "read": 900000000000,
                                "update": 300000000000
                            }
                        },
                        "tainted": false
                    },
                    "deposed": [],
                    "provider": "provider.aws"
                },
                "aws_instance.elk_manvir": {
                    "type": "aws_instance",
                    "depends_on": [
                        "aws_security_group.elk_security_group",
                        "aws_subnet.elk_subnet",
                        "data.template_file.elk_tmplt"
                    ],
                    "primary": {
                        "id": "i-0dadd7a6db261fa20",
                        "attributes": {
                            "ami": "ami-031831702eaf214b0",
                            "arn": "arn:aws:ec2:eu-west-1:135928476890:instance/i-0dadd7a6db261fa20",
                            "associate_public_ip_address": "true",
                            "availability_zone": "eu-west-1b",
                            "cpu_core_count": "1",
                            "cpu_threads_per_core": "1",
                            "credit_specification.#": "1",
                            "credit_specification.0.cpu_credits": "standard",
                            "disable_api_termination": "false",
                            "ebs_block_device.#": "0",
                            "ebs_optimized": "false",
                            "ephemeral_block_device.#": "0",
                            "get_password_data": "false",
                            "iam_instance_profile": "",
                            "id": "i-0dadd7a6db261fa20",
                            "instance_state": "running",
                            "instance_type": "t2.micro",
                            "ipv6_addresses.#": "0",
                            "key_name": "DevOpsStudents",
                            "monitoring": "false",
                            "network_interface.#": "0",
                            "network_interface_id": "eni-04a54b7f96a8f91ca",
                            "password_data": "",
                            "placement_group": "",
                            "primary_network_interface_id": "eni-04a54b7f96a8f91ca",
                            "private_dns": "ip-10-11-0-7.eu-west-1.compute.internal",
                            "private_ip": "10.11.0.7",
                            "public_dns": "",
                            "public_ip": "34.247.39.88",
                            "root_block_device.#": "1",
                            "root_block_device.0.delete_on_termination": "true",
                            "root_block_device.0.iops": "100",
                            "root_block_device.0.volume_id": "vol-05f42fbdc0f6c3548",
                            "root_block_device.0.volume_size": "8",
                            "root_block_device.0.volume_type": "gp2",
                            "security_groups.#": "0",
                            "source_dest_check": "true",
                            "subnet_id": "subnet-05de764add9aa0b1d",
                            "tags.%": "1",
                            "tags.Name": "elk-manvir-1a",
                            "tenancy": "default",
                            "user_data": "e408c5ac865fa038c9b0e78d60543f3b47ec4119",
                            "volume_tags.%": "0",
                            "vpc_security_group_ids.#": "1",
                            "vpc_security_group_ids.3029269680": "sg-0a4613ec6b04951f2"
                        },
                        "meta": {
                            "e2bfb730-ecaa-11e6-8f88-34363bc7c4c0": {
                                "create": 600000000000,
                                "delete": 1200000000000,
                                "update": 600000000000
                            },
                            "schema_version": "1"
                        },
                        "tainted": false
                    },
                    "deposed": [],
                    "provider": "provider.aws"
                },
                "aws_internet_gateway.elk_internet_gateway": {
                    "type": "aws_internet_gateway",
                    "depends_on": [
                        "aws_vpc.elk_vpc"
                    ],
                    "primary": {
                        "id": "igw-085047dbb241aa543",
                        "attributes": {
                            "id": "igw-085047dbb241aa543",
                            "tags.%": "1",
                            "tags.Name": "main",
                            "vpc_id": "vpc-05f70c30656384548"
                        },
                        "meta": {},
                        "tainted": false
                    },
                    "deposed": [],
                    "provider": "provider.aws"
                },
                "aws_route_table.elk_route_table": {
                    "type": "aws_route_table",
                    "depends_on": [
                        "aws_internet_gateway.elk_internet_gateway",
                        "aws_vpc.elk_vpc"
                    ],
                    "primary": {
                        "id": "rtb-09c99b65a1501427c",
                        "attributes": {
                            "id": "rtb-09c99b65a1501427c",
                            "propagating_vgws.#": "0",
                            "route.#": "1",
                            "route.3197662214.cidr_block": "0.0.0.0/0",
                            "route.3197662214.egress_only_gateway_id": "",
                            "route.3197662214.gateway_id": "igw-085047dbb241aa543",
                            "route.3197662214.instance_id": "",
                            "route.3197662214.ipv6_cidr_block": "",
                            "route.3197662214.nat_gateway_id": "",
                            "route.3197662214.network_interface_id": "",
                            "route.3197662214.vpc_peering_connection_id": "",
                            "tags.%": "1",
                            "tags.Name": "app-route-table",
                            "vpc_id": "vpc-05f70c30656384548"
                        },
                        "meta": {},
                        "tainted": false
                    },
                    "deposed": [],
                    "provider": "provider.aws"
                },
                "aws_route_table_association.elk_association": {
                    "type": "aws_route_table_association",
                    "depends_on": [
                        "aws_route_table.elk_route_table",
                        "aws_subnet.elk_subnet"
                    ],
                    "primary": {
                        "id": "rtbassoc-035ce2e292aaa4a49",
                        "attributes": {
                            "id": "rtbassoc-035ce2e292aaa4a49",
                            "route_table_id": "rtb-09c99b65a1501427c",
                            "subnet_id": "subnet-05de764add9aa0b1d"
                        },
                        "meta": {},
                        "tainted": false
                    },
                    "deposed": [],
                    "provider": "provider.aws"
                },
                "aws_security_group.elk_security_group": {
                    "type": "aws_security_group",
                    "depends_on": [
                        "aws_vpc.elk_vpc"
                    ],
                    "primary": {
                        "id": "sg-0a4613ec6b04951f2",
                        "attributes": {
                            "arn": "arn:aws:ec2:eu-west-1:135928476890:security-group/sg-0a4613ec6b04951f2",
                            "description": "All all elasticsearch traffic",
                            "egress.#": "1",
                            "egress.2510676008.cidr_blocks.#": "1",
                            "egress.2510676008.cidr_blocks.0": "0.0.0.0/0",
                            "egress.2510676008.description": "",
                            "egress.2510676008.from_port": "0",
                            "egress.2510676008.ipv6_cidr_blocks.#": "0",
                            "egress.2510676008.prefix_list_ids.#": "0",
                            "egress.2510676008.protocol": "-1",
                            "egress.2510676008.security_groups.#": "0",
                            "egress.2510676008.self": "true",
                            "egress.2510676008.to_port": "0",
                            "id": "sg-0a4613ec6b04951f2",
                            "ingress.#": "1",
                            "ingress.2510676008.cidr_blocks.#": "1",
                            "ingress.2510676008.cidr_blocks.0": "0.0.0.0/0",
                            "ingress.2510676008.description": "",
                            "ingress.2510676008.from_port": "0",
                            "ingress.2510676008.ipv6_cidr_blocks.#": "0",
                            "ingress.2510676008.protocol": "-1",
                            "ingress.2510676008.security_groups.#": "0",
                            "ingress.2510676008.self": "true",
                            "ingress.2510676008.to_port": "0",
                            "name": "allow_elk",
                            "owner_id": "135928476890",
                            "revoke_rules_on_delete": "false",
                            "tags.%": "0",
                            "vpc_id": "vpc-05f70c30656384548"
                        },
                        "meta": {
                            "e2bfb730-ecaa-11e6-8f88-34363bc7c4c0": {
                                "create": 600000000000,
                                "delete": 600000000000
                            },
                            "schema_version": "1"
                        },
                        "tainted": false
                    },
                    "deposed": [],
                    "provider": "provider.aws"
                },
                "aws_subnet.elk_subnet": {
                    "type": "aws_subnet",
                    "depends_on": [
                        "aws_vpc.elk_vpc"
                    ],
                    "primary": {
                        "id": "subnet-05de764add9aa0b1d",
                        "attributes": {
                            "arn": "arn:aws:ec2:eu-west-1:135928476890:subnet/subnet-05de764add9aa0b1d",
                            "assign_ipv6_address_on_creation": "false",
                            "availability_zone": "eu-west-1b",
                            "cidr_block": "10.11.0.0/24",
                            "id": "subnet-05de764add9aa0b1d",
                            "map_public_ip_on_launch": "false",
                            "tags.%": "1",
                            "tags.Name": "elk-subnet",
                            "vpc_id": "vpc-05f70c30656384548"
                        },
                        "meta": {
                            "schema_version": "1"
                        },
                        "tainted": false
                    },
                    "deposed": [],
                    "provider": "provider.aws"
                },
                "aws_vpc.elk_vpc": {
                    "type": "aws_vpc",
                    "depends_on": [],
                    "primary": {
                        "id": "vpc-05f70c30656384548",
                        "attributes": {
                            "arn": "arn:aws:ec2:eu-west-1:135928476890:vpc/vpc-05f70c30656384548",
                            "assign_generated_ipv6_cidr_block": "false",
                            "cidr_block": "10.11.0.0/16",
                            "default_network_acl_id": "acl-0da5344e137cea4bb",
                            "default_route_table_id": "rtb-0cd81298f5d6899ab",
                            "default_security_group_id": "sg-0fa9f7c0b9477223d",
                            "dhcp_options_id": "dopt-18d5d77d",
                            "enable_classiclink": "false",
                            "enable_classiclink_dns_support": "false",
                            "enable_dns_hostnames": "false",
                            "enable_dns_support": "true",
                            "id": "vpc-05f70c30656384548",
                            "instance_tenancy": "default",
                            "main_route_table_id": "rtb-0cd81298f5d6899ab",
                            "tags.%": "1",
                            "tags.Name": "elk-vpc"
                        },
                        "meta": {
                            "schema_version": "1"
                        },
                        "tainted": false
                    },
                    "deposed": [],
                    "provider": "provider.aws"
                },
                "aws_vpc_peering_connection.elk_peering": {
                    "type": "aws_vpc_peering_connection",
                    "depends_on": [
                        "aws_vpc.elk_vpc"
                    ],
                    "primary": {
                        "id": "pcx-0763eea277bb5c2a2",
                        "attributes": {
                            "accept_status": "active",
                            "accepter.#": "1",
                            "accepter.3244290774.allow_classic_link_to_remote_vpc": "false",
                            "accepter.3244290774.allow_remote_vpc_dns_resolution": "false",
                            "accepter.3244290774.allow_vpc_to_remote_classic_link": "false",
                            "auto_accept": "true",
                            "id": "pcx-0763eea277bb5c2a2",
                            "peer_owner_id": "135928476890",
                            "peer_region": "eu-west-1",
                            "peer_vpc_id": "vpc-02e72f35ed0208626",
                            "requester.#": "1",
                            "requester.3244290774.allow_classic_link_to_remote_vpc": "false",
                            "requester.3244290774.allow_remote_vpc_dns_resolution": "false",
                            "requester.3244290774.allow_vpc_to_remote_classic_link": "false",
                            "tags.%": "0",
                            "vpc_id": "vpc-05f70c30656384548"
                        },
                        "meta": {
                            "e2bfb730-ecaa-11e6-8f88-34363bc7c4c0": {
                                "create": 60000000000,
                                "delete": 60000000000,
                                "update": 60000000000
                            }
                        },
                        "tainted": false
                    },
                    "deposed": [],
                    "provider": "provider.aws"
                },
                "data.template_file.elk_tmplt": {
                    "type": "template_file",
                    "depends_on": [],
                    "primary": {
                        "id": "328b348b4ee70bc856f0d9cc7c65ad9ceffa1043046415cc79d17ed72f83415f",
                        "attributes": {
                            "id": "328b348b4ee70bc856f0d9cc7c65ad9ceffa1043046415cc79d17ed72f83415f",
                            "rendered": "#!/bin/bash\n\nexport LC_ALL=C\n\n\nsudo add-apt-repository -y ppa:webupd8team/java\nsudo apt-get update\necho debconf shared/accepted-oracle-license-v1-1 select true | sudo debconf-set-selections\necho debconf shared/accepted-oracle-license-v1-1 seen true | sudo debconf-set-selections\nsudo apt-get -y install oracle-java8-installer\n\n\nwget -qO - https://packages.elastic.co/GPG-KEY-elasticsearch | sudo apt-key add -\necho \"deb http://packages.elastic.co/elasticsearch/2.x/debian stable main\" | sudo tee -a /etc/apt/sources.list.d/elasticsearch-2.x.list\nsudo apt-get update\nsudo apt-get --force-yes install elasticsearch\nsudo service elasticsearch start\nsudo update-rc.d elasticsearch defaults 95 10\n\n\necho \"deb http://packages.elastic.co/kibana/4.5/debian stable main\" | sudo tee -a /etc/apt/sources.list.d/kibana-4.5.x.list\nsudo apt-get update\nsudo apt-get --force-yes install kibana\nsudo update-rc.d kibana defaults 96 9\nsudo service kibana start\n\n\n\necho 'deb http://packages.elastic.co/logstash/2.2/debian stable main' | sudo tee /etc/apt/sources.list.d/logstash-2.2.x.list\nsudo apt-get update\nsudo apt-get install logstash --force-yes\nsudo service logstash restart\nsudo update-rc.d logstash defaults 96 9\n\n\ncd ~\ncurl -L -O https://download.elastic.co/beats/dashboards/beats-dashboards-1.1.0.zip\nsudo apt-get -y install unzip\nunzip beats-dashboards-*.zip\ncd beats-dashboards-*\n./load.sh\nsudo service logstash restart\nsudo update-rc.d logstash defaults 96 9\n\n\ncd ~\ncurl -O https://gist.githubusercontent.com/thisismitch/3429023e8438cc25b86c/raw/d8c479e2a1adcea8b1fe86570e42abab0f10f364/filebeat-index-template.json\ncurl -XPUT 'http://localhost:9200/_template/filebeat?pretty' -d@filebeat-index-template.json\necho \"deb https://packages.elastic.co/beats/apt stable main\" |  sudo tee -a /etc/apt/sources.list.d/beats.list\nwget -qO - https://packages.elastic.co/GPG-KEY-elasticsearch | sudo apt-key add -\nsudo apt-get update\nsudo apt-get install filebeat\nsudo service filebeat restart\nsudo update-rc.d filebeat defaults 95 10\n\nsudo service filebeat restart\nsudo update-rc.d filebeat defaults 95 10\nsudo service logstash restart\nsudo service kibana restart\n\nsudo su\nsudo apt-get install nginx apache2-utils -y\nsudo service nginx restart\nexit\n",
                            "template": "#!/bin/bash\n\nexport LC_ALL=C\n\n\nsudo add-apt-repository -y ppa:webupd8team/java\nsudo apt-get update\necho debconf shared/accepted-oracle-license-v1-1 select true | sudo debconf-set-selections\necho debconf shared/accepted-oracle-license-v1-1 seen true | sudo debconf-set-selections\nsudo apt-get -y install oracle-java8-installer\n\n\nwget -qO - https://packages.elastic.co/GPG-KEY-elasticsearch | sudo apt-key add -\necho \"deb http://packages.elastic.co/elasticsearch/2.x/debian stable main\" | sudo tee -a /etc/apt/sources.list.d/elasticsearch-2.x.list\nsudo apt-get update\nsudo apt-get --force-yes install elasticsearch\nsudo service elasticsearch start\nsudo update-rc.d elasticsearch defaults 95 10\n\n\necho \"deb http://packages.elastic.co/kibana/4.5/debian stable main\" | sudo tee -a /etc/apt/sources.list.d/kibana-4.5.x.list\nsudo apt-get update\nsudo apt-get --force-yes install kibana\nsudo update-rc.d kibana defaults 96 9\nsudo service kibana start\n\n\n\necho 'deb http://packages.elastic.co/logstash/2.2/debian stable main' | sudo tee /etc/apt/sources.list.d/logstash-2.2.x.list\nsudo apt-get update\nsudo apt-get install logstash --force-yes\nsudo service logstash restart\nsudo update-rc.d logstash defaults 96 9\n\n\ncd ~\ncurl -L -O https://download.elastic.co/beats/dashboards/beats-dashboards-1.1.0.zip\nsudo apt-get -y install unzip\nunzip beats-dashboards-*.zip\ncd beats-dashboards-*\n./load.sh\nsudo service logstash restart\nsudo update-rc.d logstash defaults 96 9\n\n\ncd ~\ncurl -O https://gist.githubusercontent.com/thisismitch/3429023e8438cc25b86c/raw/d8c479e2a1adcea8b1fe86570e42abab0f10f364/filebeat-index-template.json\ncurl -XPUT 'http://localhost:9200/_template/filebeat?pretty' -d@filebeat-index-template.json\necho \"deb https://packages.elastic.co/beats/apt stable main\" |  sudo tee -a /etc/apt/sources.list.d/beats.list\nwget -qO - https://packages.elastic.co/GPG-KEY-elasticsearch | sudo apt-key add -\nsudo apt-get update\nsudo apt-get install filebeat\nsudo service filebeat restart\nsudo update-rc.d filebeat defaults 95 10\n\nsudo service filebeat restart\nsudo update-rc.d filebeat defaults 95 10\nsudo service logstash restart\nsudo service kibana restart\n\nsudo su\nsudo apt-get install nginx apache2-utils -y\nsudo service nginx restart\nexit\n"
                        },
                        "meta": {},
                        "tainted": false
                    },
                    "deposed": [],
                    "provider": "provider.template"
                }
            },
            "depends_on": []
        }
    ]
}
