{
    "version": 3,
    "terraform_version": "0.11.7",
    "serial": 182,
    "lineage": "6a94598b-9913-de27-fe56-d3c6ddd2ca11",
    "modules": [
        {
            "path": [
                "root"
            ],
            "outputs": {},
            "resources": {
                "aws_route53_record.engineering12": {
                    "type": "aws_route53_record",
                    "depends_on": [
                        "module.app"
                    ],
                    "primary": {
                        "id": "Z3CCIZELFLJ3SC_engineering12manvir.spartaglobal.education_CNAME",
                        "attributes": {
                            "allow_overwrite": "true",
                            "fqdn": "engineering12manvir.spartaglobal.education",
                            "health_check_id": "",
                            "id": "Z3CCIZELFLJ3SC_engineering12manvir.spartaglobal.education_CNAME",
                            "name": "engineering12manvir.spartaglobal.education",
                            "records.#": "1",
                            "records.3699191766": "elb-app-mani-379661214.eu-west-1.elb.amazonaws.com",
                            "set_identifier": "",
                            "ttl": "300",
                            "type": "CNAME",
                            "zone_id": "Z3CCIZELFLJ3SC"
                        },
                        "meta": {
                            "schema_version": "2"
                        },
                        "tainted": false
                    },
                    "deposed": [],
                    "provider": "provider.aws"
                },
                "data.template_file.app_user_data": {
                    "type": "template_file",
                    "depends_on": [],
                    "primary": {
                        "id": "ff952a1ce945da22d72531d06ad8c56f7bff6db5db441247a9a610b743c57c12",
                        "attributes": {
                            "id": "ff952a1ce945da22d72531d06ad8c56f7bff6db5db441247a9a610b743c57c12",
                            "rendered": "IyEvYmluL2Jhc2gKCmV4cG9ydCBMQ19BTEw9YwpjZCAvaG9tZS91YnVudHUvYXBwCm5wbSBpbnN0\nYWxsCmV4cG9ydCBEQl9IT1NUPW1vbmdvZGI6Ly8xNS4xMC40LjcvcG9zdHMKcG0yIHN0YXJ0IGFw\ncC5qcwo=\n",
                            "template": "IyEvYmluL2Jhc2gKCmV4cG9ydCBMQ19BTEw9YwpjZCAvaG9tZS91YnVudHUvYXBwCm5wbSBpbnN0\nYWxsCmV4cG9ydCBEQl9IT1NUPW1vbmdvZGI6Ly8xNS4xMC40LjcvcG9zdHMKcG0yIHN0YXJ0IGFw\ncC5qcwo=\n"
                        },
                        "meta": {},
                        "tainted": false
                    },
                    "deposed": [],
                    "provider": "provider.template"
                }
            },
            "depends_on": []
        },
        {
            "path": [
                "root",
                "app"
            ],
            "outputs": {
                "app_ami_id": {
                    "sensitive": false,
                    "type": "string",
                    "value": "ami-c2b8bfbb"
                },
                "app_route_table": {
                    "sensitive": false,
                    "type": "string",
                    "value": "rtb-04c0f26100d59f4ea"
                },
                "app_security_group": {
                    "sensitive": false,
                    "type": "string",
                    "value": "sg-0899088d1cfcd8857"
                },
                "elb_app": {
                    "sensitive": false,
                    "type": "string",
                    "value": "elb-app-mani-379661214.eu-west-1.elb.amazonaws.com"
                },
                "vpc_id": {
                    "sensitive": false,
                    "type": "string",
                    "value": "vpc-054367f8c8983dcba"
                }
            },
            "resources": {
                "aws_autoscaling_group.app_auto_scaling": {
                    "type": "aws_autoscaling_group",
                    "depends_on": [
                        "aws_elb.elb_app",
                        "aws_launch_template.app_launch_template",
                        "aws_subnet.app_subnet_1a",
                        "aws_subnet.app_subnet_1b",
                        "aws_subnet.app_subnet_1c"
                    ],
                    "primary": {
                        "id": "tf-asg-20180820214915392900000002",
                        "attributes": {
                            "arn": "arn:aws:autoscaling:eu-west-1:135928476890:autoScalingGroup:34aff6d2-6215-49f2-9658-6bd5300c2e6e:autoScalingGroupName/tf-asg-20180820214915392900000002",
                            "availability_zones.#": "3",
                            "availability_zones.1924028850": "eu-west-1b",
                            "availability_zones.3953592328": "eu-west-1a",
                            "availability_zones.94988580": "eu-west-1c",
                            "default_cooldown": "300",
                            "desired_capacity": "3",
                            "enabled_metrics.#": "0",
                            "force_delete": "false",
                            "health_check_grace_period": "240",
                            "health_check_type": "ELB",
                            "id": "tf-asg-20180820214915392900000002",
                            "launch_configuration": "",
                            "launch_template.#": "1",
                            "launch_template.0.id": "lt-0311e3a97c730225e",
                            "launch_template.0.name": "app_launch_template-mani",
                            "launch_template.0.version": "$Latest",
                            "load_balancers.#": "1",
                            "load_balancers.3126194007": "elb-app-mani",
                            "max_size": "4",
                            "metrics_granularity": "1Minute",
                            "min_size": "3",
                            "name": "tf-asg-20180820214915392900000002",
                            "placement_group": "",
                            "protect_from_scale_in": "false",
                            "service_linked_role_arn": "arn:aws:iam::135928476890:role/aws-service-role/autoscaling.amazonaws.com/AWSServiceRoleForAutoScaling",
                            "suspended_processes.#": "0",
                            "tags.#": "1",
                            "tags.0.%": "3",
                            "tags.0.key": "name",
                            "tags.0.propagate_at_launch": "1",
                            "tags.0.value": "APP_instance",
                            "target_group_arns.#": "0",
                            "termination_policies.#": "0",
                            "vpc_zone_identifier.#": "3",
                            "vpc_zone_identifier.1622070797": "subnet-0f96708a06978854d",
                            "vpc_zone_identifier.1998918287": "subnet-05ebbcb4cb2a9ce07",
                            "vpc_zone_identifier.2881042658": "subnet-0aad608ac86d90da5",
                            "wait_for_capacity_timeout": "10m"
                        },
                        "meta": {
                            "e2bfb730-ecaa-11e6-8f88-34363bc7c4c0": {
                                "delete": 600000000000
                            }
                        },
                        "tainted": false
                    },
                    "deposed": [],
                    "provider": "provider.aws"
                },
                "aws_elb.elb_app": {
                    "type": "aws_elb",
                    "depends_on": [
                        "aws_security_group.app_security_group",
                        "aws_subnet.app_subnet_1a",
                        "aws_subnet.app_subnet_1b",
                        "aws_subnet.app_subnet_1c"
                    ],
                    "primary": {
                        "id": "elb-app-mani",
                        "attributes": {
                            "access_logs.#": "0",
                            "arn": "arn:aws:elasticloadbalancing:eu-west-1:135928476890:loadbalancer/elb-app-mani",
                            "availability_zones.#": "3",
                            "availability_zones.1924028850": "eu-west-1b",
                            "availability_zones.3953592328": "eu-west-1a",
                            "availability_zones.94988580": "eu-west-1c",
                            "connection_draining": "false",
                            "connection_draining_timeout": "300",
                            "cross_zone_load_balancing": "true",
                            "dns_name": "elb-app-mani-379661214.eu-west-1.elb.amazonaws.com",
                            "health_check.#": "1",
                            "health_check.0.healthy_threshold": "2",
                            "health_check.0.interval": "240",
                            "health_check.0.target": "HTTP:80/",
                            "health_check.0.timeout": "3",
                            "health_check.0.unhealthy_threshold": "2",
                            "id": "elb-app-mani",
                            "idle_timeout": "60",
                            "instances.#": "3",
                            "instances.1039026391": "i-0eac702f2a1b5cc1c",
                            "instances.1528811665": "i-0897923a34dd58ce5",
                            "instances.2161753127": "i-017132e026adf451e",
                            "internal": "false",
                            "listener.#": "1",
                            "listener.3057123346.instance_port": "80",
                            "listener.3057123346.instance_protocol": "http",
                            "listener.3057123346.lb_port": "80",
                            "listener.3057123346.lb_protocol": "http",
                            "listener.3057123346.ssl_certificate_id": "",
                            "name": "elb-app-mani",
                            "security_groups.#": "1",
                            "security_groups.3544551812": "sg-0899088d1cfcd8857",
                            "source_security_group": "135928476890/app-sg",
                            "source_security_group_id": "sg-0899088d1cfcd8857",
                            "subnets.#": "3",
                            "subnets.1622070797": "subnet-0f96708a06978854d",
                            "subnets.1998918287": "subnet-05ebbcb4cb2a9ce07",
                            "subnets.2881042658": "subnet-0aad608ac86d90da5",
                            "tags.%": "0",
                            "zone_id": "Z32O12XQLNTSW2"
                        },
                        "meta": {},
                        "tainted": false
                    },
                    "deposed": [],
                    "provider": "provider.aws"
                },
                "aws_internet_gateway.app_internet_gateway": {
                    "type": "aws_internet_gateway",
                    "depends_on": [],
                    "primary": {
                        "id": "igw-086357819ca5e7a2a",
                        "attributes": {
                            "id": "igw-086357819ca5e7a2a",
                            "tags.%": "1",
                            "tags.Name": "main",
                            "vpc_id": "vpc-054367f8c8983dcba"
                        },
                        "meta": {},
                        "tainted": false
                    },
                    "deposed": [],
                    "provider": "provider.aws"
                },
                "aws_launch_template.app_launch_template": {
                    "type": "aws_launch_template",
                    "depends_on": [
                        "aws_security_group.app_security_group"
                    ],
                    "primary": {
                        "id": "lt-0311e3a97c730225e",
                        "attributes": {
                            "arn": "arn:aws:ec2:eu-west-1:135928476890:launch-template/lt-0311e3a97c730225e",
                            "block_device_mappings.#": "0",
                            "credit_specification.#": "0",
                            "default_version": "1",
                            "disable_api_termination": "false",
                            "ebs_optimized": "false",
                            "elastic_gpu_specifications.#": "0",
                            "iam_instance_profile.#": "0",
                            "id": "lt-0311e3a97c730225e",
                            "image_id": "ami-c2b8bfbb",
                            "instance_initiated_shutdown_behavior": "",
                            "instance_market_options.#": "0",
                            "instance_type": "t2.micro",
                            "kernel_id": "",
                            "key_name": "",
                            "latest_version": "6",
                            "monitoring.#": "0",
                            "name": "app_launch_template-mani",
                            "network_interfaces.#": "1",
                            "network_interfaces.0.associate_public_ip_address": "false",
                            "network_interfaces.0.delete_on_termination": "false",
                            "network_interfaces.0.description": "",
                            "network_interfaces.0.device_index": "0",
                            "network_interfaces.0.ipv4_address_count": "0",
                            "network_interfaces.0.ipv4_addresses.#": "0",
                            "network_interfaces.0.ipv6_address_count": "0",
                            "network_interfaces.0.ipv6_addresses.#": "0",
                            "network_interfaces.0.network_interface_id": "",
                            "network_interfaces.0.private_ip_address": "",
                            "network_interfaces.0.security_groups.#": "1",
                            "network_interfaces.0.security_groups.2299462657": "sg-0899088d1cfcd8857",
                            "network_interfaces.0.subnet_id": "",
                            "placement.#": "0",
                            "ram_disk_id": "",
                            "security_group_names.#": "0",
                            "tag_specifications.#": "0",
                            "tags.%": "0",
                            "user_data": "IyEvYmluL2Jhc2gKCmV4cG9ydCBMQ19BTEw9YwpjZCAvaG9tZS91YnVudHUvYXBwCm5wbSBpbnN0\nYWxsCmV4cG9ydCBEQl9IT1NUPW1vbmdvZGI6Ly8xNS4xMC40LjcvcG9zdHMKcG0yIHN0YXJ0IGFw\ncC5qcwo=",
                            "vpc_security_group_ids.#": "0"
                        },
                        "meta": {},
                        "tainted": false
                    },
                    "deposed": [],
                    "provider": "provider.aws"
                },
                "aws_route_table.app_route_table": {
                    "type": "aws_route_table",
                    "depends_on": [
                        "aws_internet_gateway.app_internet_gateway"
                    ],
                    "primary": {
                        "id": "rtb-04c0f26100d59f4ea",
                        "attributes": {
                            "id": "rtb-04c0f26100d59f4ea",
                            "propagating_vgws.#": "0",
                            "route.#": "1",
                            "route.668033261.cidr_block": "0.0.0.0/0",
                            "route.668033261.egress_only_gateway_id": "",
                            "route.668033261.gateway_id": "igw-086357819ca5e7a2a",
                            "route.668033261.instance_id": "",
                            "route.668033261.ipv6_cidr_block": "",
                            "route.668033261.nat_gateway_id": "",
                            "route.668033261.network_interface_id": "",
                            "route.668033261.vpc_peering_connection_id": "",
                            "tags.%": "1",
                            "tags.Name": "app-route-table",
                            "vpc_id": "vpc-054367f8c8983dcba"
                        },
                        "meta": {},
                        "tainted": false
                    },
                    "deposed": [],
                    "provider": "provider.aws"
                },
                "aws_route_table_association.app_1a_association": {
                    "type": "aws_route_table_association",
                    "depends_on": [
                        "aws_route_table.app_route_table",
                        "aws_subnet.app_subnet_1a"
                    ],
                    "primary": {
                        "id": "rtbassoc-04fe11eb41ec3bb30",
                        "attributes": {
                            "id": "rtbassoc-04fe11eb41ec3bb30",
                            "route_table_id": "rtb-04c0f26100d59f4ea",
                            "subnet_id": "subnet-05ebbcb4cb2a9ce07"
                        },
                        "meta": {},
                        "tainted": false
                    },
                    "deposed": [],
                    "provider": "provider.aws"
                },
                "aws_route_table_association.app_1b_association": {
                    "type": "aws_route_table_association",
                    "depends_on": [
                        "aws_route_table.app_route_table",
                        "aws_subnet.app_subnet_1b"
                    ],
                    "primary": {
                        "id": "rtbassoc-0a6cb32a7a2428ccb",
                        "attributes": {
                            "id": "rtbassoc-0a6cb32a7a2428ccb",
                            "route_table_id": "rtb-04c0f26100d59f4ea",
                            "subnet_id": "subnet-0f96708a06978854d"
                        },
                        "meta": {},
                        "tainted": false
                    },
                    "deposed": [],
                    "provider": "provider.aws"
                },
                "aws_route_table_association.app_1c_association": {
                    "type": "aws_route_table_association",
                    "depends_on": [
                        "aws_route_table.app_route_table",
                        "aws_subnet.app_subnet_1c"
                    ],
                    "primary": {
                        "id": "rtbassoc-098d73a5814168e05",
                        "attributes": {
                            "id": "rtbassoc-098d73a5814168e05",
                            "route_table_id": "rtb-04c0f26100d59f4ea",
                            "subnet_id": "subnet-0aad608ac86d90da5"
                        },
                        "meta": {},
                        "tainted": false
                    },
                    "deposed": [],
                    "provider": "provider.aws"
                },
                "aws_security_group.app_security_group": {
                    "type": "aws_security_group",
                    "depends_on": [],
                    "primary": {
                        "id": "sg-0899088d1cfcd8857",
                        "attributes": {
                            "arn": "arn:aws:ec2:eu-west-1:135928476890:security-group/sg-0899088d1cfcd8857",
                            "description": "security group for app",
                            "egress.#": "1",
                            "egress.482069346.cidr_blocks.#": "1",
                            "egress.482069346.cidr_blocks.0": "0.0.0.0/0",
                            "egress.482069346.description": "",
                            "egress.482069346.from_port": "0",
                            "egress.482069346.ipv6_cidr_blocks.#": "0",
                            "egress.482069346.prefix_list_ids.#": "0",
                            "egress.482069346.protocol": "-1",
                            "egress.482069346.security_groups.#": "0",
                            "egress.482069346.self": "false",
                            "egress.482069346.to_port": "0",
                            "id": "sg-0899088d1cfcd8857",
                            "ingress.#": "1",
                            "ingress.2510676008.cidr_blocks.#": "1",
                            "ingress.2510676008.cidr_blocks.0": "0.0.0.0/0",
                            "ingress.2510676008.description": "",
                            "ingress.2510676008.from_port": "0",
                            "ingress.2510676008.ipv6_cidr_blocks.#": "0",
                            "ingress.2510676008.protocol": "-1",
                            "ingress.2510676008.security_groups.#": "0",
                            "ingress.2510676008.self": "true",
                            "ingress.2510676008.to_port": "0",
                            "name": "app-sg",
                            "owner_id": "135928476890",
                            "revoke_rules_on_delete": "false",
                            "tags.%": "0",
                            "vpc_id": "vpc-054367f8c8983dcba"
                        },
                        "meta": {
                            "e2bfb730-ecaa-11e6-8f88-34363bc7c4c0": {
                                "create": 600000000000,
                                "delete": 600000000000
                            },
                            "schema_version": "1"
                        },
                        "tainted": false
                    },
                    "deposed": [],
                    "provider": "provider.aws"
                },
                "aws_subnet.app_subnet_1a": {
                    "type": "aws_subnet",
                    "depends_on": [
                        "data.aws_availability_zones.available"
                    ],
                    "primary": {
                        "id": "subnet-05ebbcb4cb2a9ce07",
                        "attributes": {
                            "assign_ipv6_address_on_creation": "false",
                            "availability_zone": "eu-west-1a",
                            "cidr_block": "15.10.0.0/24",
                            "id": "subnet-05ebbcb4cb2a9ce07",
                            "map_public_ip_on_launch": "false",
                            "tags.%": "1",
                            "tags.Name": "subnet-app-project4",
                            "vpc_id": "vpc-054367f8c8983dcba"
                        },
                        "meta": {
                            "schema_version": "1"
                        },
                        "tainted": false
                    },
                    "deposed": [],
                    "provider": "provider.aws"
                },
                "aws_subnet.app_subnet_1b": {
                    "type": "aws_subnet",
                    "depends_on": [
                        "data.aws_availability_zones.available"
                    ],
                    "primary": {
                        "id": "subnet-0f96708a06978854d",
                        "attributes": {
                            "assign_ipv6_address_on_creation": "false",
                            "availability_zone": "eu-west-1b",
                            "cidr_block": "15.10.1.0/24",
                            "id": "subnet-0f96708a06978854d",
                            "map_public_ip_on_launch": "false",
                            "tags.%": "1",
                            "tags.Name": "subnet-app-project4",
                            "vpc_id": "vpc-054367f8c8983dcba"
                        },
                        "meta": {
                            "schema_version": "1"
                        },
                        "tainted": false
                    },
                    "deposed": [],
                    "provider": "provider.aws"
                },
                "aws_subnet.app_subnet_1c": {
                    "type": "aws_subnet",
                    "depends_on": [
                        "data.aws_availability_zones.available"
                    ],
                    "primary": {
                        "id": "subnet-0aad608ac86d90da5",
                        "attributes": {
                            "assign_ipv6_address_on_creation": "false",
                            "availability_zone": "eu-west-1c",
                            "cidr_block": "15.10.2.0/24",
                            "id": "subnet-0aad608ac86d90da5",
                            "map_public_ip_on_launch": "false",
                            "tags.%": "1",
                            "tags.Name": "subnet-app-project4",
                            "vpc_id": "vpc-054367f8c8983dcba"
                        },
                        "meta": {
                            "schema_version": "1"
                        },
                        "tainted": false
                    },
                    "deposed": [],
                    "provider": "provider.aws"
                },
                "aws_vpc.main_vpc": {
                    "type": "aws_vpc",
                    "depends_on": [],
                    "primary": {
                        "id": "vpc-054367f8c8983dcba",
                        "attributes": {
                            "arn": "arn:aws:ec2:eu-west-1:135928476890:vpc/vpc-054367f8c8983dcba",
                            "assign_generated_ipv6_cidr_block": "false",
                            "cidr_block": "15.10.0.0/16",
                            "default_network_acl_id": "acl-08888633ee9410481",
                            "default_route_table_id": "rtb-03a82e13a373729d4",
                            "default_security_group_id": "sg-0347be21a02059ceb",
                            "dhcp_options_id": "dopt-18d5d77d",
                            "enable_classiclink": "false",
                            "enable_classiclink_dns_support": "false",
                            "enable_dns_hostnames": "true",
                            "enable_dns_support": "true",
                            "id": "vpc-054367f8c8983dcba",
                            "instance_tenancy": "default",
                            "main_route_table_id": "rtb-03a82e13a373729d4",
                            "tags.%": "1",
                            "tags.Name": "app-vpc"
                        },
                        "meta": {
                            "schema_version": "1"
                        },
                        "tainted": false
                    },
                    "deposed": [],
                    "provider": "provider.aws"
                },
                "data.aws_availability_zones.available": {
                    "type": "aws_availability_zones",
                    "depends_on": [],
                    "primary": {
                        "id": "2018-08-20 22:52:57.180118919 +0000 UTC",
                        "attributes": {
                            "id": "2018-08-20 22:52:57.180118919 +0000 UTC",
                            "names.#": "3",
                            "names.0": "eu-west-1a",
                            "names.1": "eu-west-1b",
                            "names.2": "eu-west-1c"
                        },
                        "meta": {},
                        "tainted": false
                    },
                    "deposed": [],
                    "provider": "provider.aws"
                }
            },
            "depends_on": []
        },
        {
            "path": [
                "root",
                "db"
            ],
            "outputs": {
                "db_1a_privateip": {
                    "sensitive": false,
                    "type": "string",
                    "value": "15.10.4.7"
                },
                "db_1a_sg": {
                    "sensitive": false,
                    "type": "string",
                    "value": "sg-02bd499458461dfee"
                },
                "db_ami_id": {
                    "sensitive": false,
                    "type": "string",
                    "value": "ami-0886a9cf2311287c4"
                }
            },
            "resources": {
                "aws_instance.db_1a": {
                    "type": "aws_instance",
                    "depends_on": [
                        "aws_security_group.db_sg",
                        "aws_subnet.db_1a",
                        "data.template_file.db_1a_tmplt"
                    ],
                    "primary": {
                        "id": "i-0265b9806bf16b535",
                        "attributes": {
                            "ami": "ami-0886a9cf2311287c4",
                            "arn": "arn:aws:ec2:eu-west-1:135928476890:instance/i-0265b9806bf16b535",
                            "associate_public_ip_address": "true",
                            "availability_zone": "eu-west-1a",
                            "cpu_core_count": "1",
                            "cpu_threads_per_core": "1",
                            "credit_specification.#": "1",
                            "credit_specification.0.cpu_credits": "standard",
                            "disable_api_termination": "false",
                            "ebs_block_device.#": "0",
                            "ebs_optimized": "false",
                            "ephemeral_block_device.#": "0",
                            "get_password_data": "false",
                            "iam_instance_profile": "",
                            "id": "i-0265b9806bf16b535",
                            "instance_state": "running",
                            "instance_type": "t2.micro",
                            "ipv6_addresses.#": "0",
                            "key_name": "",
                            "monitoring": "false",
                            "network_interface.#": "0",
                            "network_interface_id": "eni-08cd7ba6cfef96b3a",
                            "password_data": "",
                            "placement_group": "",
                            "primary_network_interface_id": "eni-08cd7ba6cfef96b3a",
                            "private_dns": "ip-15-10-4-7.eu-west-1.compute.internal",
                            "private_ip": "15.10.4.7",
                            "public_dns": "ec2-34-242-177-152.eu-west-1.compute.amazonaws.com",
                            "public_ip": "34.242.177.152",
                            "root_block_device.#": "1",
                            "root_block_device.0.delete_on_termination": "true",
                            "root_block_device.0.iops": "100",
                            "root_block_device.0.volume_id": "vol-06c71ce14717ea281",
                            "root_block_device.0.volume_size": "8",
                            "root_block_device.0.volume_type": "gp2",
                            "security_groups.#": "0",
                            "source_dest_check": "true",
                            "subnet_id": "subnet-00642bb1e00d700c5",
                            "tags.%": "1",
                            "tags.Name": "DB-PROJECT4-1a",
                            "tenancy": "default",
                            "user_data": "829fdd44530a0f3e1362b21e102839204e1979ad",
                            "volume_tags.%": "0",
                            "vpc_security_group_ids.#": "1",
                            "vpc_security_group_ids.1368517634": "sg-02bd499458461dfee"
                        },
                        "meta": {
                            "e2bfb730-ecaa-11e6-8f88-34363bc7c4c0": {
                                "create": 600000000000,
                                "delete": 1200000000000,
                                "update": 600000000000
                            },
                            "schema_version": "1"
                        },
                        "tainted": false
                    },
                    "deposed": [],
                    "provider": "module.db.provider.aws"
                },
                "aws_instance.db_1b": {
                    "type": "aws_instance",
                    "depends_on": [
                        "aws_security_group.db_sg",
                        "aws_subnet.db_1b",
                        "data.template_file.db_1a_tmplt"
                    ],
                    "primary": {
                        "id": "i-013e18c2081e6f162",
                        "attributes": {
                            "ami": "ami-0886a9cf2311287c4",
                            "arn": "arn:aws:ec2:eu-west-1:135928476890:instance/i-013e18c2081e6f162",
                            "associate_public_ip_address": "false",
                            "availability_zone": "eu-west-1b",
                            "cpu_core_count": "1",
                            "cpu_threads_per_core": "1",
                            "credit_specification.#": "1",
                            "credit_specification.0.cpu_credits": "standard",
                            "disable_api_termination": "false",
                            "ebs_block_device.#": "0",
                            "ebs_optimized": "false",
                            "ephemeral_block_device.#": "0",
                            "get_password_data": "false",
                            "iam_instance_profile": "",
                            "id": "i-013e18c2081e6f162",
                            "instance_state": "running",
                            "instance_type": "t2.micro",
                            "ipv6_addresses.#": "0",
                            "key_name": "",
                            "monitoring": "false",
                            "network_interface.#": "0",
                            "network_interface_id": "eni-0a0ead8126b927a6a",
                            "password_data": "",
                            "placement_group": "",
                            "primary_network_interface_id": "eni-0a0ead8126b927a6a",
                            "private_dns": "ip-15-10-5-7.eu-west-1.compute.internal",
                            "private_ip": "15.10.5.7",
                            "public_dns": "",
                            "public_ip": "",
                            "root_block_device.#": "1",
                            "root_block_device.0.delete_on_termination": "true",
                            "root_block_device.0.iops": "100",
                            "root_block_device.0.volume_id": "vol-0818dce89dc1de9ac",
                            "root_block_device.0.volume_size": "8",
                            "root_block_device.0.volume_type": "gp2",
                            "security_groups.#": "0",
                            "source_dest_check": "true",
                            "subnet_id": "subnet-00cf918b5b92842b1",
                            "tags.%": "1",
                            "tags.Name": "DB-PROJECT4-1b",
                            "tenancy": "default",
                            "user_data": "829fdd44530a0f3e1362b21e102839204e1979ad",
                            "volume_tags.%": "0",
                            "vpc_security_group_ids.#": "1",
                            "vpc_security_group_ids.1368517634": "sg-02bd499458461dfee"
                        },
                        "meta": {
                            "e2bfb730-ecaa-11e6-8f88-34363bc7c4c0": {
                                "create": 600000000000,
                                "delete": 1200000000000,
                                "update": 600000000000
                            },
                            "schema_version": "1"
                        },
                        "tainted": false
                    },
                    "deposed": [],
                    "provider": "module.db.provider.aws"
                },
                "aws_instance.db_1c": {
                    "type": "aws_instance",
                    "depends_on": [
                        "aws_security_group.db_sg",
                        "aws_subnet.db_1c",
                        "data.template_file.db_1a_tmplt"
                    ],
                    "primary": {
                        "id": "i-0be8217771df66762",
                        "attributes": {
                            "ami": "ami-0886a9cf2311287c4",
                            "arn": "arn:aws:ec2:eu-west-1:135928476890:instance/i-0be8217771df66762",
                            "associate_public_ip_address": "false",
                            "availability_zone": "eu-west-1c",
                            "cpu_core_count": "1",
                            "cpu_threads_per_core": "1",
                            "credit_specification.#": "1",
                            "credit_specification.0.cpu_credits": "standard",
                            "disable_api_termination": "false",
                            "ebs_block_device.#": "0",
                            "ebs_optimized": "false",
                            "ephemeral_block_device.#": "0",
                            "get_password_data": "false",
                            "iam_instance_profile": "",
                            "id": "i-0be8217771df66762",
                            "instance_state": "running",
                            "instance_type": "t2.micro",
                            "ipv6_addresses.#": "0",
                            "key_name": "",
                            "monitoring": "false",
                            "network_interface.#": "0",
                            "network_interface_id": "eni-03a683319921d49c4",
                            "password_data": "",
                            "placement_group": "",
                            "primary_network_interface_id": "eni-03a683319921d49c4",
                            "private_dns": "ip-15-10-6-7.eu-west-1.compute.internal",
                            "private_ip": "15.10.6.7",
                            "public_dns": "",
                            "public_ip": "",
                            "root_block_device.#": "1",
                            "root_block_device.0.delete_on_termination": "true",
                            "root_block_device.0.iops": "100",
                            "root_block_device.0.volume_id": "vol-03999aff783e144ca",
                            "root_block_device.0.volume_size": "8",
                            "root_block_device.0.volume_type": "gp2",
                            "security_groups.#": "0",
                            "source_dest_check": "true",
                            "subnet_id": "subnet-07dfe559b4306190d",
                            "tags.%": "1",
                            "tags.Name": "DB-PROJECT4-1c",
                            "tenancy": "default",
                            "user_data": "829fdd44530a0f3e1362b21e102839204e1979ad",
                            "volume_tags.%": "0",
                            "vpc_security_group_ids.#": "1",
                            "vpc_security_group_ids.1368517634": "sg-02bd499458461dfee"
                        },
                        "meta": {
                            "e2bfb730-ecaa-11e6-8f88-34363bc7c4c0": {
                                "create": 600000000000,
                                "delete": 1200000000000,
                                "update": 600000000000
                            },
                            "schema_version": "1"
                        },
                        "tainted": false
                    },
                    "deposed": [],
                    "provider": "module.db.provider.aws"
                },
                "aws_instance.db_provisioner": {
                    "type": "aws_instance",
                    "depends_on": [
                        "aws_security_group.db_sg",
                        "aws_subnet.db_1a"
                    ],
                    "primary": {
                        "id": "i-0650581d9035998e1",
                        "attributes": {
                            "ami": "ami-06562d635f4558667",
                            "arn": "arn:aws:ec2:eu-west-1:135928476890:instance/i-0650581d9035998e1",
                            "associate_public_ip_address": "false",
                            "availability_zone": "eu-west-1a",
                            "cpu_core_count": "1",
                            "cpu_threads_per_core": "1",
                            "credit_specification.#": "1",
                            "credit_specification.0.cpu_credits": "standard",
                            "disable_api_termination": "false",
                            "ebs_block_device.#": "0",
                            "ebs_optimized": "false",
                            "ephemeral_block_device.#": "0",
                            "get_password_data": "false",
                            "iam_instance_profile": "",
                            "id": "i-0650581d9035998e1",
                            "instance_state": "running",
                            "instance_type": "t2.micro",
                            "ipv6_addresses.#": "0",
                            "key_name": "",
                            "monitoring": "false",
                            "network_interface.#": "0",
                            "network_interface_id": "eni-037699ab85a6cc3b6",
                            "password_data": "",
                            "placement_group": "",
                            "primary_network_interface_id": "eni-037699ab85a6cc3b6",
                            "private_dns": "ip-15-10-4-24.eu-west-1.compute.internal",
                            "private_ip": "15.10.4.24",
                            "public_dns": "",
                            "public_ip": "",
                            "root_block_device.#": "1",
                            "root_block_device.0.delete_on_termination": "true",
                            "root_block_device.0.iops": "100",
                            "root_block_device.0.volume_id": "vol-07608a09ea5f27f47",
                            "root_block_device.0.volume_size": "8",
                            "root_block_device.0.volume_type": "gp2",
                            "security_groups.#": "0",
                            "source_dest_check": "true",
                            "subnet_id": "subnet-00642bb1e00d700c5",
                            "tags.%": "1",
                            "tags.Name": "DB-PROJECT4-provisioner",
                            "tenancy": "default",
                            "volume_tags.%": "0",
                            "vpc_security_group_ids.#": "1",
                            "vpc_security_group_ids.1368517634": "sg-02bd499458461dfee"
                        },
                        "meta": {
                            "e2bfb730-ecaa-11e6-8f88-34363bc7c4c0": {
                                "create": 600000000000,
                                "delete": 1200000000000,
                                "update": 600000000000
                            },
                            "schema_version": "1"
                        },
                        "tainted": false
                    },
                    "deposed": [],
                    "provider": "module.db.provider.aws"
                },
                "aws_route_table_association.db_1a_association": {
                    "type": "aws_route_table_association",
                    "depends_on": [
                        "aws_subnet.db_1a"
                    ],
                    "primary": {
                        "id": "rtbassoc-02ceacb8448349a28",
                        "attributes": {
                            "id": "rtbassoc-02ceacb8448349a28",
                            "route_table_id": "rtb-04c0f26100d59f4ea",
                            "subnet_id": "subnet-00642bb1e00d700c5"
                        },
                        "meta": {},
                        "tainted": false
                    },
                    "deposed": [],
                    "provider": "module.db.provider.aws"
                },
                "aws_route_table_association.db_1b_association": {
                    "type": "aws_route_table_association",
                    "depends_on": [
                        "aws_subnet.db_1b"
                    ],
                    "primary": {
                        "id": "rtbassoc-0e6790567f1906c59",
                        "attributes": {
                            "id": "rtbassoc-0e6790567f1906c59",
                            "route_table_id": "rtb-04c0f26100d59f4ea",
                            "subnet_id": "subnet-00cf918b5b92842b1"
                        },
                        "meta": {},
                        "tainted": false
                    },
                    "deposed": [],
                    "provider": "module.db.provider.aws"
                },
                "aws_route_table_association.db_1c_association": {
                    "type": "aws_route_table_association",
                    "depends_on": [
                        "aws_subnet.db_1c"
                    ],
                    "primary": {
                        "id": "rtbassoc-0a973b56ec333c3ae",
                        "attributes": {
                            "id": "rtbassoc-0a973b56ec333c3ae",
                            "route_table_id": "rtb-04c0f26100d59f4ea",
                            "subnet_id": "subnet-07dfe559b4306190d"
                        },
                        "meta": {},
                        "tainted": false
                    },
                    "deposed": [],
                    "provider": "module.db.provider.aws"
                },
                "aws_security_group.db_sg": {
                    "type": "aws_security_group",
                    "depends_on": [],
                    "primary": {
                        "id": "sg-02bd499458461dfee",
                        "attributes": {
                            "arn": "arn:aws:ec2:eu-west-1:135928476890:security-group/sg-02bd499458461dfee",
                            "description": "security group for db",
                            "egress.#": "1",
                            "egress.2510676008.cidr_blocks.#": "1",
                            "egress.2510676008.cidr_blocks.0": "0.0.0.0/0",
                            "egress.2510676008.description": "",
                            "egress.2510676008.from_port": "0",
                            "egress.2510676008.ipv6_cidr_blocks.#": "0",
                            "egress.2510676008.prefix_list_ids.#": "0",
                            "egress.2510676008.protocol": "-1",
                            "egress.2510676008.security_groups.#": "0",
                            "egress.2510676008.self": "true",
                            "egress.2510676008.to_port": "0",
                            "id": "sg-02bd499458461dfee",
                            "ingress.#": "1",
                            "ingress.1832506703.cidr_blocks.#": "1",
                            "ingress.1832506703.cidr_blocks.0": "0.0.0.0/0",
                            "ingress.1832506703.description": "",
                            "ingress.1832506703.from_port": "0",
                            "ingress.1832506703.ipv6_cidr_blocks.#": "0",
                            "ingress.1832506703.protocol": "-1",
                            "ingress.1832506703.security_groups.#": "1",
                            "ingress.1832506703.security_groups.3544551812": "sg-0899088d1cfcd8857",
                            "ingress.1832506703.self": "true",
                            "ingress.1832506703.to_port": "0",
                            "name": "db-sg",
                            "owner_id": "135928476890",
                            "revoke_rules_on_delete": "false",
                            "tags.%": "0",
                            "vpc_id": "vpc-054367f8c8983dcba"
                        },
                        "meta": {
                            "e2bfb730-ecaa-11e6-8f88-34363bc7c4c0": {
                                "create": 600000000000,
                                "delete": 600000000000
                            },
                            "schema_version": "1"
                        },
                        "tainted": false
                    },
                    "deposed": [],
                    "provider": "module.db.provider.aws"
                },
                "aws_subnet.db_1a": {
                    "type": "aws_subnet",
                    "depends_on": [],
                    "primary": {
                        "id": "subnet-00642bb1e00d700c5",
                        "attributes": {
                            "assign_ipv6_address_on_creation": "false",
                            "availability_zone": "eu-west-1a",
                            "cidr_block": "15.10.4.0/24",
                            "id": "subnet-00642bb1e00d700c5",
                            "map_public_ip_on_launch": "false",
                            "tags.%": "1",
                            "tags.Name": "DB-PROJECT4 - 1a",
                            "vpc_id": "vpc-054367f8c8983dcba"
                        },
                        "meta": {
                            "schema_version": "1"
                        },
                        "tainted": false
                    },
                    "deposed": [],
                    "provider": "module.db.provider.aws"
                },
                "aws_subnet.db_1b": {
                    "type": "aws_subnet",
                    "depends_on": [],
                    "primary": {
                        "id": "subnet-00cf918b5b92842b1",
                        "attributes": {
                            "assign_ipv6_address_on_creation": "false",
                            "availability_zone": "eu-west-1b",
                            "cidr_block": "15.10.5.0/24",
                            "id": "subnet-00cf918b5b92842b1",
                            "map_public_ip_on_launch": "false",
                            "tags.%": "1",
                            "tags.Name": "DB-PROJECT4 - 1b",
                            "vpc_id": "vpc-054367f8c8983dcba"
                        },
                        "meta": {
                            "schema_version": "1"
                        },
                        "tainted": false
                    },
                    "deposed": [],
                    "provider": "module.db.provider.aws"
                },
                "aws_subnet.db_1c": {
                    "type": "aws_subnet",
                    "depends_on": [],
                    "primary": {
                        "id": "subnet-07dfe559b4306190d",
                        "attributes": {
                            "assign_ipv6_address_on_creation": "false",
                            "availability_zone": "eu-west-1c",
                            "cidr_block": "15.10.6.0/24",
                            "id": "subnet-07dfe559b4306190d",
                            "map_public_ip_on_launch": "false",
                            "tags.%": "1",
                            "tags.Name": "DB-PROJECT4 - 1c",
                            "vpc_id": "vpc-054367f8c8983dcba"
                        },
                        "meta": {
                            "schema_version": "1"
                        },
                        "tainted": false
                    },
                    "deposed": [],
                    "provider": "module.db.provider.aws"
                },
                "data.template_file.db_1a_tmplt": {
                    "type": "template_file",
                    "depends_on": [],
                    "primary": {
                        "id": "c780753a336079a41378aea7b57c3fa59490557f142f3a9b62c3deccf1882290",
                        "attributes": {
                            "id": "c780753a336079a41378aea7b57c3fa59490557f142f3a9b62c3deccf1882290",
                            "rendered": "#!/bin/bash\n\nsudo mkdir ./db0 ./db1 ./db2\nsudo chown -R $USER ./db0 ./db1 ./db2\nmongo --port 27017\n\nrs.initiate({ _id: \"rs0\", members: [ { _id: 0, host : \"15.10.4.7\" }, { _id: 1, host : \"15.10.5.7\" }, { _id: 2, host : \"15.10.6.7\" } ] })\ndb.isMaster()\nrs.slaveOk()\nquit()\n\nmongod --port 27017 --dbpath ./db0 --replSet rs0 --bind_ip localhost, 0.0.0.0\n",
                            "template": "#!/bin/bash\n\nsudo mkdir ./db0 ./db1 ./db2\nsudo chown -R $USER ./db0 ./db1 ./db2\nmongo --port 27017\n\nrs.initiate({ _id: \"rs0\", members: [ { _id: 0, host : \"15.10.4.7\" }, { _id: 1, host : \"15.10.5.7\" }, { _id: 2, host : \"15.10.6.7\" } ] })\ndb.isMaster()\nrs.slaveOk()\nquit()\n\nmongod --port 27017 --dbpath ./db0 --replSet rs0 --bind_ip localhost, 0.0.0.0\n"
                        },
                        "meta": {},
                        "tainted": false
                    },
                    "deposed": [],
                    "provider": "provider.template"
                },
                "data.template_file.db_provisioner_tmplt": {
                    "type": "template_file",
                    "depends_on": [
                        "aws_instance.db_1a"
                    ],
                    "primary": {
                        "id": "6158463df8936ab041935a3617c34ca8140b6f774dcc74f35be27deba0dee776",
                        "attributes": {
                            "id": "6158463df8936ab041935a3617c34ca8140b6f774dcc74f35be27deba0dee776",
                            "rendered": "#!/bin/bash\n\nmongo --host ec2-34-242-177-152.eu-west-1.compute.amazonaws.com/rs0 db0\n\n#!/bin/mongo\nrs.initiate({ _id: \"rs0\", members: [ { _id: 0, host : \"15.10.4.7\" }, { _id: 1, host : \"15.10.5.7\" }, { _id: 2, host : \"15.10.6.7\" } ] })\ndb.isMaster()\nrs.slaveOk()\nquit()\n",
                            "template": "#!/bin/bash\n\nmongo --host ${db1}/rs0 db0\n\n#!/bin/mongo\nrs.initiate({ _id: \"rs0\", members: [ { _id: 0, host : \"15.10.4.7\" }, { _id: 1, host : \"15.10.5.7\" }, { _id: 2, host : \"15.10.6.7\" } ] })\ndb.isMaster()\nrs.slaveOk()\nquit()\n",
                            "vars.%": "1",
                            "vars.db1": "ec2-34-242-177-152.eu-west-1.compute.amazonaws.com"
                        },
                        "meta": {},
                        "tainted": false
                    },
                    "deposed": [],
                    "provider": "provider.template"
                }
            },
            "depends_on": []
        }
    ]
}
