{
    "version": 3,
    "terraform_version": "0.11.7",
    "serial": 53,
    "lineage": "52b713e2-9938-7a20-a30f-31e2e74adc69",
    "modules": [
        {
            "path": [
                "root"
            ],
            "outputs": {},
            "resources": {
                "aws_route53_record.engineering12": {
                    "type": "aws_route53_record",
                    "depends_on": [
                        "module.app"
                    ],
                    "primary": {
                        "id": "Z3CCIZELFLJ3SC_eng12.spartaglobal.education_CNAME",
                        "attributes": {
                            "allow_overwrite": "true",
                            "fqdn": "eng12.spartaglobal.education",
                            "health_check_id": "",
                            "id": "Z3CCIZELFLJ3SC_eng12.spartaglobal.education_CNAME",
                            "name": "eng12.spartaglobal.education",
                            "records.#": "1",
                            "records.2289584884": "elb-app-2049374044.eu-west-1.elb.amazonaws.com",
                            "set_identifier": "",
                            "ttl": "300",
                            "type": "CNAME",
                            "zone_id": "Z3CCIZELFLJ3SC"
                        },
                        "meta": {
                            "schema_version": "2"
                        },
                        "tainted": false
                    },
                    "deposed": [],
                    "provider": "provider.aws"
                },
                "aws_route53_record.kibana": {
                    "type": "aws_route53_record",
                    "depends_on": [
                        "module.elk"
                    ],
                    "primary": {
                        "id": "Z3CCIZELFLJ3SC_kibana.spartaglobal.education_CNAME",
                        "attributes": {
                            "allow_overwrite": "true",
                            "fqdn": "kibana.spartaglobal.education",
                            "health_check_id": "",
                            "id": "Z3CCIZELFLJ3SC_kibana.spartaglobal.education_CNAME",
                            "name": "kibana.spartaglobal.education",
                            "records.#": "1",
                            "records.4109274242": "http://ip-10-11-0-7.eu-west-1.compute.internal:5601",
                            "set_identifier": "",
                            "ttl": "300",
                            "type": "CNAME",
                            "zone_id": "Z3CCIZELFLJ3SC"
                        },
                        "meta": {
                            "schema_version": "2"
                        },
                        "tainted": false
                    },
                    "deposed": [],
                    "provider": "provider.aws"
                },
                "data.template_file.app_user_data": {
                    "type": "template_file",
                    "depends_on": [],
                    "primary": {
                        "id": "6c96f56b19564166d6886640050c6c1844b6fa36c32456f3556ffc0bce27b106",
                        "attributes": {
                            "id": "6c96f56b19564166d6886640050c6c1844b6fa36c32456f3556ffc0bce27b106",
                            "rendered": "IyEvYmluL2Jhc2gNCg0KZXhwb3J0IExDX0FMTD1jDQoNCmNkIC9ob21lL3VidW50dS9hcHANCm5wbSBpbnN0YWxsDQpleHBvcnQgREJfSE9TVD1tb25nb2RiOi8vMTAuMTAuNC43OjI3MDE3LDEwLjEwLjUuNzoyNzAxNywxMC4xMC42Ljc6MjcwMTcvdGFnZ2VkP3JlcGxpY2FTZXQ9cnMwDQpwbTIgc3RhcnQgYXBwLmpz\n",
                            "template": "IyEvYmluL2Jhc2gNCg0KZXhwb3J0IExDX0FMTD1jDQoNCmNkIC9ob21lL3VidW50dS9hcHANCm5wbSBpbnN0YWxsDQpleHBvcnQgREJfSE9TVD1tb25nb2RiOi8vMTAuMTAuNC43OjI3MDE3LDEwLjEwLjUuNzoyNzAxNywxMC4xMC42Ljc6MjcwMTcvdGFnZ2VkP3JlcGxpY2FTZXQ9cnMwDQpwbTIgc3RhcnQgYXBwLmpz\n"
                        },
                        "meta": {},
                        "tainted": false
                    },
                    "deposed": [],
                    "provider": "provider.template"
                }
            },
            "depends_on": []
        },
        {
            "path": [
                "root",
                "app"
            ],
            "outputs": {
                "app_ami_id": {
                    "sensitive": false,
                    "type": "string",
                    "value": "ami-c2b8bfbb"
                },
                "app_route_table": {
                    "sensitive": false,
                    "type": "string",
                    "value": "rtb-07945de00bf95eb64"
                },
                "app_security_group": {
                    "sensitive": false,
                    "type": "string",
                    "value": "sg-0dbc6e462f29a8adc"
                },
                "elb_app": {
                    "sensitive": false,
                    "type": "string",
                    "value": "elb-app-2049374044.eu-west-1.elb.amazonaws.com"
                },
                "vpc_id": {
                    "sensitive": false,
                    "type": "string",
                    "value": "vpc-0708c938f98b60dc6"
                }
            },
            "resources": {
                "aws_autoscaling_group.app_auto_scaling": {
                    "type": "aws_autoscaling_group",
                    "depends_on": [
                        "aws_elb.elb_app",
                        "aws_launch_template.app_launch_template",
                        "aws_subnet.app_subnet_1a",
                        "aws_subnet.app_subnet_1b",
                        "aws_subnet.app_subnet_1c"
                    ],
                    "primary": {
                        "id": "tf-asg-20180824113927810200000003",
                        "attributes": {
                            "arn": "arn:aws:autoscaling:eu-west-1:135928476890:autoScalingGroup:06bf0f16-01fe-4321-98f7-9bcfb2a89997:autoScalingGroupName/tf-asg-20180824113927810200000003",
                            "availability_zones.#": "3",
                            "availability_zones.1924028850": "eu-west-1b",
                            "availability_zones.3953592328": "eu-west-1a",
                            "availability_zones.94988580": "eu-west-1c",
                            "default_cooldown": "300",
                            "desired_capacity": "3",
                            "enabled_metrics.#": "0",
                            "force_delete": "false",
                            "health_check_grace_period": "240",
                            "health_check_type": "ELB",
                            "id": "tf-asg-20180824113927810200000003",
                            "launch_configuration": "",
                            "launch_template.#": "1",
                            "launch_template.0.id": "lt-02136ffca09966a24",
                            "launch_template.0.name": "Project4-launch20180824113926355900000001",
                            "launch_template.0.version": "$Latest",
                            "load_balancers.#": "1",
                            "load_balancers.3159460110": "elb-app",
                            "max_size": "4",
                            "metrics_granularity": "1Minute",
                            "min_size": "3",
                            "name": "tf-asg-20180824113927810200000003",
                            "placement_group": "",
                            "protect_from_scale_in": "false",
                            "service_linked_role_arn": "arn:aws:iam::135928476890:role/aws-service-role/autoscaling.amazonaws.com/AWSServiceRoleForAutoScaling",
                            "suspended_processes.#": "0",
                            "tags.#": "1",
                            "tags.0.%": "3",
                            "tags.0.key": "name",
                            "tags.0.propagate_at_launch": "1",
                            "tags.0.value": "APP_instance",
                            "target_group_arns.#": "0",
                            "termination_policies.#": "0",
                            "vpc_zone_identifier.#": "3",
                            "vpc_zone_identifier.193929275": "subnet-0cf8987ba0e48698d",
                            "vpc_zone_identifier.2436260647": "subnet-0b95e2c2365f95ad7",
                            "vpc_zone_identifier.505562477": "subnet-05ffd3b1c35e75254",
                            "wait_for_capacity_timeout": "10m"
                        },
                        "meta": {
                            "e2bfb730-ecaa-11e6-8f88-34363bc7c4c0": {
                                "delete": 600000000000
                            }
                        },
                        "tainted": false
                    },
                    "deposed": [],
                    "provider": "provider.aws"
                },
                "aws_elb.elb_app": {
                    "type": "aws_elb",
                    "depends_on": [
                        "aws_security_group.elb_security_group",
                        "aws_subnet.app_subnet_1a",
                        "aws_subnet.app_subnet_1b",
                        "aws_subnet.app_subnet_1c"
                    ],
                    "primary": {
                        "id": "elb-app",
                        "attributes": {
                            "access_logs.#": "0",
                            "arn": "arn:aws:elasticloadbalancing:eu-west-1:135928476890:loadbalancer/elb-app",
                            "availability_zones.#": "3",
                            "availability_zones.1924028850": "eu-west-1b",
                            "availability_zones.3953592328": "eu-west-1a",
                            "availability_zones.94988580": "eu-west-1c",
                            "connection_draining": "false",
                            "connection_draining_timeout": "300",
                            "cross_zone_load_balancing": "true",
                            "dns_name": "elb-app-2049374044.eu-west-1.elb.amazonaws.com",
                            "health_check.#": "1",
                            "health_check.0.healthy_threshold": "2",
                            "health_check.0.interval": "240",
                            "health_check.0.target": "HTTP:80/",
                            "health_check.0.timeout": "3",
                            "health_check.0.unhealthy_threshold": "2",
                            "id": "elb-app",
                            "idle_timeout": "60",
                            "instances.#": "3",
                            "instances.2198063948": "i-09c380602a84054c4",
                            "instances.3503148679": "i-0d1a3caf16926bf55",
                            "instances.3620397063": "i-0ed78e2d2afee5c76",
                            "internal": "false",
                            "listener.#": "1",
                            "listener.3057123346.instance_port": "80",
                            "listener.3057123346.instance_protocol": "http",
                            "listener.3057123346.lb_port": "80",
                            "listener.3057123346.lb_protocol": "http",
                            "listener.3057123346.ssl_certificate_id": "",
                            "name": "elb-app",
                            "security_groups.#": "1",
                            "security_groups.1206054943": "sg-031f423f0fa0e3e00",
                            "source_security_group": "135928476890/elb-sg",
                            "source_security_group_id": "sg-031f423f0fa0e3e00",
                            "subnets.#": "3",
                            "subnets.193929275": "subnet-0cf8987ba0e48698d",
                            "subnets.2436260647": "subnet-0b95e2c2365f95ad7",
                            "subnets.505562477": "subnet-05ffd3b1c35e75254",
                            "tags.%": "0",
                            "zone_id": "Z32O12XQLNTSW2"
                        },
                        "meta": {},
                        "tainted": false
                    },
                    "deposed": [],
                    "provider": "provider.aws"
                },
                "aws_internet_gateway.app_internet_gateway": {
                    "type": "aws_internet_gateway",
                    "depends_on": [],
                    "primary": {
                        "id": "igw-0276f26c38c24c2bd",
                        "attributes": {
                            "id": "igw-0276f26c38c24c2bd",
                            "tags.%": "1",
                            "tags.Name": "main",
                            "vpc_id": "vpc-0708c938f98b60dc6"
                        },
                        "meta": {},
                        "tainted": false
                    },
                    "deposed": [],
                    "provider": "provider.aws"
                },
                "aws_launch_template.app_launch_template": {
                    "type": "aws_launch_template",
                    "depends_on": [
                        "aws_security_group.app_security_group"
                    ],
                    "primary": {
                        "id": "lt-02136ffca09966a24",
                        "attributes": {
                            "arn": "arn:aws:ec2:eu-west-1:135928476890:launch-template/lt-02136ffca09966a24",
                            "block_device_mappings.#": "0",
                            "credit_specification.#": "0",
                            "default_version": "1",
                            "disable_api_termination": "false",
                            "ebs_optimized": "false",
                            "elastic_gpu_specifications.#": "0",
                            "iam_instance_profile.#": "0",
                            "id": "lt-02136ffca09966a24",
                            "image_id": "ami-c2b8bfbb",
                            "instance_initiated_shutdown_behavior": "",
                            "instance_market_options.#": "0",
                            "instance_type": "t2.micro",
                            "kernel_id": "",
                            "key_name": "",
                            "latest_version": "2",
                            "monitoring.#": "0",
                            "name": "Project4-launch20180824113926355900000001",
                            "name_prefix": "Project4-launch",
                            "network_interfaces.#": "1",
                            "network_interfaces.0.associate_public_ip_address": "false",
                            "network_interfaces.0.delete_on_termination": "false",
                            "network_interfaces.0.description": "",
                            "network_interfaces.0.device_index": "0",
                            "network_interfaces.0.ipv4_address_count": "0",
                            "network_interfaces.0.ipv4_addresses.#": "0",
                            "network_interfaces.0.ipv6_address_count": "0",
                            "network_interfaces.0.ipv6_addresses.#": "0",
                            "network_interfaces.0.network_interface_id": "",
                            "network_interfaces.0.private_ip_address": "",
                            "network_interfaces.0.security_groups.#": "1",
                            "network_interfaces.0.security_groups.480274236": "sg-0dbc6e462f29a8adc",
                            "network_interfaces.0.subnet_id": "",
                            "placement.#": "0",
                            "ram_disk_id": "",
                            "security_group_names.#": "0",
                            "tag_specifications.#": "0",
                            "tags.%": "0",
                            "user_data": "IyEvYmluL2Jhc2gNCg0KZXhwb3J0IExDX0FMTD1jDQoNCmNkIC9ob21lL3VidW50dS9hcHANCm5wbSBpbnN0YWxsDQpleHBvcnQgREJfSE9TVD1tb25nb2RiOi8vMTAuMTAuNC43OjI3MDE3LDEwLjEwLjUuNzoyNzAxNywxMC4xMC42Ljc6MjcwMTcvdGFnZ2VkP3JlcGxpY2FTZXQ9cnMwDQpwbTIgc3RhcnQgYXBwLmpz",
                            "vpc_security_group_ids.#": "0"
                        },
                        "meta": {},
                        "tainted": false
                    },
                    "deposed": [],
                    "provider": "provider.aws"
                },
                "aws_route_table.app_route_table": {
                    "type": "aws_route_table",
                    "depends_on": [
                        "aws_internet_gateway.app_internet_gateway"
                    ],
                    "primary": {
                        "id": "rtb-07945de00bf95eb64",
                        "attributes": {
                            "id": "rtb-07945de00bf95eb64",
                            "propagating_vgws.#": "0",
                            "route.#": "1",
                            "route.1298116023.cidr_block": "0.0.0.0/0",
                            "route.1298116023.egress_only_gateway_id": "",
                            "route.1298116023.gateway_id": "igw-0276f26c38c24c2bd",
                            "route.1298116023.instance_id": "",
                            "route.1298116023.ipv6_cidr_block": "",
                            "route.1298116023.nat_gateway_id": "",
                            "route.1298116023.network_interface_id": "",
                            "route.1298116023.vpc_peering_connection_id": "",
                            "tags.%": "1",
                            "tags.Name": "app-route-table",
                            "vpc_id": "vpc-0708c938f98b60dc6"
                        },
                        "meta": {},
                        "tainted": false
                    },
                    "deposed": [],
                    "provider": "provider.aws"
                },
                "aws_route_table_association.app_1a_association": {
                    "type": "aws_route_table_association",
                    "depends_on": [
                        "aws_route_table.app_route_table",
                        "aws_subnet.app_subnet_1a"
                    ],
                    "primary": {
                        "id": "rtbassoc-0140079be8cb80b58",
                        "attributes": {
                            "id": "rtbassoc-0140079be8cb80b58",
                            "route_table_id": "rtb-07945de00bf95eb64",
                            "subnet_id": "subnet-05ffd3b1c35e75254"
                        },
                        "meta": {},
                        "tainted": false
                    },
                    "deposed": [],
                    "provider": "provider.aws"
                },
                "aws_route_table_association.app_1b_association": {
                    "type": "aws_route_table_association",
                    "depends_on": [
                        "aws_route_table.app_route_table",
                        "aws_subnet.app_subnet_1b"
                    ],
                    "primary": {
                        "id": "rtbassoc-0fe7805a6d8839b72",
                        "attributes": {
                            "id": "rtbassoc-0fe7805a6d8839b72",
                            "route_table_id": "rtb-07945de00bf95eb64",
                            "subnet_id": "subnet-0cf8987ba0e48698d"
                        },
                        "meta": {},
                        "tainted": false
                    },
                    "deposed": [],
                    "provider": "provider.aws"
                },
                "aws_route_table_association.app_1c_association": {
                    "type": "aws_route_table_association",
                    "depends_on": [
                        "aws_route_table.app_route_table",
                        "aws_subnet.app_subnet_1c"
                    ],
                    "primary": {
                        "id": "rtbassoc-0284b61f3b9f0d150",
                        "attributes": {
                            "id": "rtbassoc-0284b61f3b9f0d150",
                            "route_table_id": "rtb-07945de00bf95eb64",
                            "subnet_id": "subnet-0b95e2c2365f95ad7"
                        },
                        "meta": {},
                        "tainted": false
                    },
                    "deposed": [],
                    "provider": "provider.aws"
                },
                "aws_security_group.app_security_group": {
                    "type": "aws_security_group",
                    "depends_on": [
                        "aws_security_group.elb_security_group"
                    ],
                    "primary": {
                        "id": "sg-0dbc6e462f29a8adc",
                        "attributes": {
                            "arn": "arn:aws:ec2:eu-west-1:135928476890:security-group/sg-0dbc6e462f29a8adc",
                            "description": "security group for app",
                            "egress.#": "1",
                            "egress.482069346.cidr_blocks.#": "1",
                            "egress.482069346.cidr_blocks.0": "0.0.0.0/0",
                            "egress.482069346.description": "",
                            "egress.482069346.from_port": "0",
                            "egress.482069346.ipv6_cidr_blocks.#": "0",
                            "egress.482069346.prefix_list_ids.#": "0",
                            "egress.482069346.protocol": "-1",
                            "egress.482069346.security_groups.#": "0",
                            "egress.482069346.self": "false",
                            "egress.482069346.to_port": "0",
                            "id": "sg-0dbc6e462f29a8adc",
                            "ingress.#": "1",
                            "ingress.1672043091.cidr_blocks.#": "3",
                            "ingress.1672043091.cidr_blocks.0": "10.10.4.0/24",
                            "ingress.1672043091.cidr_blocks.1": "10.10.5.0/24",
                            "ingress.1672043091.cidr_blocks.2": "10.10.6.0/24",
                            "ingress.1672043091.description": "",
                            "ingress.1672043091.from_port": "0",
                            "ingress.1672043091.ipv6_cidr_blocks.#": "0",
                            "ingress.1672043091.protocol": "-1",
                            "ingress.1672043091.security_groups.#": "2",
                            "ingress.1672043091.security_groups.1206054943": "sg-031f423f0fa0e3e00",
                            "ingress.1672043091.security_groups.1217082061": "sg-0c29225ad3115699d",
                            "ingress.1672043091.self": "true",
                            "ingress.1672043091.to_port": "0",
                            "name": "app-sg",
                            "owner_id": "135928476890",
                            "revoke_rules_on_delete": "false",
                            "tags.%": "0",
                            "vpc_id": "vpc-0708c938f98b60dc6"
                        },
                        "meta": {
                            "e2bfb730-ecaa-11e6-8f88-34363bc7c4c0": {
                                "create": 600000000000,
                                "delete": 600000000000
                            },
                            "schema_version": "1"
                        },
                        "tainted": false
                    },
                    "deposed": [],
                    "provider": "provider.aws"
                },
                "aws_security_group.elb_security_group": {
                    "type": "aws_security_group",
                    "depends_on": [],
                    "primary": {
                        "id": "sg-031f423f0fa0e3e00",
                        "attributes": {
                            "arn": "arn:aws:ec2:eu-west-1:135928476890:security-group/sg-031f423f0fa0e3e00",
                            "description": "security group for elb",
                            "egress.#": "1",
                            "egress.2510676008.cidr_blocks.#": "1",
                            "egress.2510676008.cidr_blocks.0": "0.0.0.0/0",
                            "egress.2510676008.description": "",
                            "egress.2510676008.from_port": "0",
                            "egress.2510676008.ipv6_cidr_blocks.#": "0",
                            "egress.2510676008.prefix_list_ids.#": "0",
                            "egress.2510676008.protocol": "-1",
                            "egress.2510676008.security_groups.#": "0",
                            "egress.2510676008.self": "true",
                            "egress.2510676008.to_port": "0",
                            "id": "sg-031f423f0fa0e3e00",
                            "ingress.#": "1",
                            "ingress.2510676008.cidr_blocks.#": "1",
                            "ingress.2510676008.cidr_blocks.0": "0.0.0.0/0",
                            "ingress.2510676008.description": "",
                            "ingress.2510676008.from_port": "0",
                            "ingress.2510676008.ipv6_cidr_blocks.#": "0",
                            "ingress.2510676008.protocol": "-1",
                            "ingress.2510676008.security_groups.#": "0",
                            "ingress.2510676008.self": "true",
                            "ingress.2510676008.to_port": "0",
                            "name": "elb-sg",
                            "owner_id": "135928476890",
                            "revoke_rules_on_delete": "false",
                            "tags.%": "0",
                            "vpc_id": "vpc-0708c938f98b60dc6"
                        },
                        "meta": {
                            "e2bfb730-ecaa-11e6-8f88-34363bc7c4c0": {
                                "create": 600000000000,
                                "delete": 600000000000
                            },
                            "schema_version": "1"
                        },
                        "tainted": false
                    },
                    "deposed": [],
                    "provider": "provider.aws"
                },
                "aws_subnet.app_subnet_1a": {
                    "type": "aws_subnet",
                    "depends_on": [
                        "data.aws_availability_zones.available"
                    ],
                    "primary": {
                        "id": "subnet-05ffd3b1c35e75254",
                        "attributes": {
                            "arn": "arn:aws:ec2:eu-west-1:135928476890:subnet/subnet-05ffd3b1c35e75254",
                            "assign_ipv6_address_on_creation": "false",
                            "availability_zone": "eu-west-1a",
                            "cidr_block": "10.10.0.0/24",
                            "id": "subnet-05ffd3b1c35e75254",
                            "map_public_ip_on_launch": "false",
                            "tags.%": "1",
                            "tags.Name": "subnet-app-project4",
                            "vpc_id": "vpc-0708c938f98b60dc6"
                        },
                        "meta": {
                            "schema_version": "1"
                        },
                        "tainted": false
                    },
                    "deposed": [],
                    "provider": "provider.aws"
                },
                "aws_subnet.app_subnet_1b": {
                    "type": "aws_subnet",
                    "depends_on": [
                        "data.aws_availability_zones.available"
                    ],
                    "primary": {
                        "id": "subnet-0cf8987ba0e48698d",
                        "attributes": {
                            "arn": "arn:aws:ec2:eu-west-1:135928476890:subnet/subnet-0cf8987ba0e48698d",
                            "assign_ipv6_address_on_creation": "false",
                            "availability_zone": "eu-west-1b",
                            "cidr_block": "10.10.1.0/24",
                            "id": "subnet-0cf8987ba0e48698d",
                            "map_public_ip_on_launch": "false",
                            "tags.%": "1",
                            "tags.Name": "subnet-app-project4",
                            "vpc_id": "vpc-0708c938f98b60dc6"
                        },
                        "meta": {
                            "schema_version": "1"
                        },
                        "tainted": false
                    },
                    "deposed": [],
                    "provider": "provider.aws"
                },
                "aws_subnet.app_subnet_1c": {
                    "type": "aws_subnet",
                    "depends_on": [
                        "data.aws_availability_zones.available"
                    ],
                    "primary": {
                        "id": "subnet-0b95e2c2365f95ad7",
                        "attributes": {
                            "arn": "arn:aws:ec2:eu-west-1:135928476890:subnet/subnet-0b95e2c2365f95ad7",
                            "assign_ipv6_address_on_creation": "false",
                            "availability_zone": "eu-west-1c",
                            "cidr_block": "10.10.2.0/24",
                            "id": "subnet-0b95e2c2365f95ad7",
                            "map_public_ip_on_launch": "false",
                            "tags.%": "1",
                            "tags.Name": "subnet-app-project4",
                            "vpc_id": "vpc-0708c938f98b60dc6"
                        },
                        "meta": {
                            "schema_version": "1"
                        },
                        "tainted": false
                    },
                    "deposed": [],
                    "provider": "provider.aws"
                },
                "aws_vpc.main_vpc": {
                    "type": "aws_vpc",
                    "depends_on": [],
                    "primary": {
                        "id": "vpc-0708c938f98b60dc6",
                        "attributes": {
                            "arn": "arn:aws:ec2:eu-west-1:135928476890:vpc/vpc-0708c938f98b60dc6",
                            "assign_generated_ipv6_cidr_block": "false",
                            "cidr_block": "10.10.0.0/16",
                            "default_network_acl_id": "acl-0eef06ff0cacb0724",
                            "default_route_table_id": "rtb-0c0f1ba60396ff16f",
                            "default_security_group_id": "sg-0475b5d4ae04916d6",
                            "dhcp_options_id": "dopt-18d5d77d",
                            "enable_classiclink": "false",
                            "enable_classiclink_dns_support": "false",
                            "enable_dns_hostnames": "true",
                            "enable_dns_support": "true",
                            "id": "vpc-0708c938f98b60dc6",
                            "instance_tenancy": "default",
                            "main_route_table_id": "rtb-0c0f1ba60396ff16f",
                            "tags.%": "1",
                            "tags.Name": "app-vpc"
                        },
                        "meta": {
                            "schema_version": "1"
                        },
                        "tainted": false
                    },
                    "deposed": [],
                    "provider": "provider.aws"
                },
                "data.aws_availability_zones.available": {
                    "type": "aws_availability_zones",
                    "depends_on": [],
                    "primary": {
                        "id": "2018-08-24 11:47:08.126993893 +0000 UTC",
                        "attributes": {
                            "id": "2018-08-24 11:47:08.126993893 +0000 UTC",
                            "names.#": "3",
                            "names.0": "eu-west-1a",
                            "names.1": "eu-west-1b",
                            "names.2": "eu-west-1c"
                        },
                        "meta": {},
                        "tainted": false
                    },
                    "deposed": [],
                    "provider": "provider.aws"
                },
                "data.template_file.filebeats_server_app": {
                    "type": "template_file",
                    "depends_on": [],
                    "primary": {
                        "id": "e3b0c44298fc1c149afbf4c8996fb92427ae41e4649b934ca495991b7852b855",
                        "attributes": {
                            "id": "e3b0c44298fc1c149afbf4c8996fb92427ae41e4649b934ca495991b7852b855",
                            "rendered": ""
                        },
                        "meta": {},
                        "tainted": false
                    },
                    "deposed": [],
                    "provider": "provider.template"
                }
            },
            "depends_on": []
        },
        {
            "path": [
                "root",
                "db"
            ],
            "outputs": {
                "db_1a_privateip": {
                    "sensitive": false,
                    "type": "string",
                    "value": "10.10.4.7"
                },
                "db_ami_id": {
                    "sensitive": false,
                    "type": "string",
                    "value": "ami-0ce380b886769d3a8"
                },
                "db_sg": {
                    "sensitive": false,
                    "type": "string",
                    "value": "sg-0d3249bf73bc3e38d"
                }
            },
            "resources": {
                "aws_instance.db_1a": {
                    "type": "aws_instance",
                    "depends_on": [
                        "aws_security_group.db_sg",
                        "aws_subnet.db_1a",
                        "data.template_file.filebeats_server"
                    ],
                    "primary": {
                        "id": "i-017127eea747362d1",
                        "attributes": {
                            "ami": "ami-0ce380b886769d3a8",
                            "arn": "arn:aws:ec2:eu-west-1:135928476890:instance/i-017127eea747362d1",
                            "associate_public_ip_address": "true",
                            "availability_zone": "eu-west-1a",
                            "cpu_core_count": "1",
                            "cpu_threads_per_core": "1",
                            "credit_specification.#": "1",
                            "credit_specification.0.cpu_credits": "standard",
                            "disable_api_termination": "false",
                            "ebs_block_device.#": "0",
                            "ebs_optimized": "false",
                            "ephemeral_block_device.#": "0",
                            "get_password_data": "false",
                            "iam_instance_profile": "",
                            "id": "i-017127eea747362d1",
                            "instance_state": "running",
                            "instance_type": "t2.micro",
                            "ipv6_addresses.#": "0",
                            "key_name": "DevOpsStudents",
                            "monitoring": "false",
                            "network_interface.#": "0",
                            "network_interface_id": "eni-000de04f436e580bd",
                            "password_data": "",
                            "placement_group": "",
                            "primary_network_interface_id": "eni-000de04f436e580bd",
                            "private_dns": "ip-10-10-4-7.eu-west-1.compute.internal",
                            "private_ip": "10.10.4.7",
                            "public_dns": "ec2-52-210-8-207.eu-west-1.compute.amazonaws.com",
                            "public_ip": "52.210.8.207",
                            "root_block_device.#": "1",
                            "root_block_device.0.delete_on_termination": "true",
                            "root_block_device.0.iops": "100",
                            "root_block_device.0.volume_id": "vol-08c3a75e0affc19bc",
                            "root_block_device.0.volume_size": "8",
                            "root_block_device.0.volume_type": "gp2",
                            "security_groups.#": "0",
                            "source_dest_check": "true",
                            "subnet_id": "subnet-0856e3fecc62bd87d",
                            "tags.%": "1",
                            "tags.Name": "DB-PROJECT4-1a",
                            "tenancy": "default",
                            "user_data": "529af8d69a4a2408663465d74d533806b492c885",
                            "volume_tags.%": "0",
                            "vpc_security_group_ids.#": "1",
                            "vpc_security_group_ids.2068792494": "sg-0d3249bf73bc3e38d"
                        },
                        "meta": {
                            "e2bfb730-ecaa-11e6-8f88-34363bc7c4c0": {
                                "create": 600000000000,
                                "delete": 1200000000000,
                                "update": 600000000000
                            },
                            "schema_version": "1"
                        },
                        "tainted": false
                    },
                    "deposed": [],
                    "provider": "module.db.provider.aws"
                },
                "aws_instance.db_1b": {
                    "type": "aws_instance",
                    "depends_on": [
                        "aws_security_group.db_sg",
                        "aws_subnet.db_1b",
                        "data.template_file.filebeats_server"
                    ],
                    "primary": {
                        "id": "i-0bd3a2ace4b8c4c72",
                        "attributes": {
                            "ami": "ami-0ce380b886769d3a8",
                            "arn": "arn:aws:ec2:eu-west-1:135928476890:instance/i-0bd3a2ace4b8c4c72",
                            "associate_public_ip_address": "false",
                            "availability_zone": "eu-west-1b",
                            "cpu_core_count": "1",
                            "cpu_threads_per_core": "1",
                            "credit_specification.#": "1",
                            "credit_specification.0.cpu_credits": "standard",
                            "disable_api_termination": "false",
                            "ebs_block_device.#": "0",
                            "ebs_optimized": "false",
                            "ephemeral_block_device.#": "0",
                            "get_password_data": "false",
                            "iam_instance_profile": "",
                            "id": "i-0bd3a2ace4b8c4c72",
                            "instance_state": "running",
                            "instance_type": "t2.micro",
                            "ipv6_addresses.#": "0",
                            "key_name": "",
                            "monitoring": "false",
                            "network_interface.#": "0",
                            "network_interface_id": "eni-0e4ed2de44d60c5f4",
                            "password_data": "",
                            "placement_group": "",
                            "primary_network_interface_id": "eni-0e4ed2de44d60c5f4",
                            "private_dns": "ip-10-10-5-7.eu-west-1.compute.internal",
                            "private_ip": "10.10.5.7",
                            "public_dns": "",
                            "public_ip": "",
                            "root_block_device.#": "1",
                            "root_block_device.0.delete_on_termination": "true",
                            "root_block_device.0.iops": "100",
                            "root_block_device.0.volume_id": "vol-0dfda0b0168c449ef",
                            "root_block_device.0.volume_size": "8",
                            "root_block_device.0.volume_type": "gp2",
                            "security_groups.#": "0",
                            "source_dest_check": "true",
                            "subnet_id": "subnet-0804599b28411fdd2",
                            "tags.%": "1",
                            "tags.Name": "DB-PROJECT4-1b",
                            "tenancy": "default",
                            "user_data": "529af8d69a4a2408663465d74d533806b492c885",
                            "volume_tags.%": "0",
                            "vpc_security_group_ids.#": "1",
                            "vpc_security_group_ids.2068792494": "sg-0d3249bf73bc3e38d"
                        },
                        "meta": {
                            "e2bfb730-ecaa-11e6-8f88-34363bc7c4c0": {
                                "create": 600000000000,
                                "delete": 1200000000000,
                                "update": 600000000000
                            },
                            "schema_version": "1"
                        },
                        "tainted": false
                    },
                    "deposed": [],
                    "provider": "module.db.provider.aws"
                },
                "aws_instance.db_1c": {
                    "type": "aws_instance",
                    "depends_on": [
                        "aws_security_group.db_sg",
                        "aws_subnet.db_1c",
                        "data.template_file.filebeats_server"
                    ],
                    "primary": {
                        "id": "i-0083aab78562afa37",
                        "attributes": {
                            "ami": "ami-0ce380b886769d3a8",
                            "arn": "arn:aws:ec2:eu-west-1:135928476890:instance/i-0083aab78562afa37",
                            "associate_public_ip_address": "false",
                            "availability_zone": "eu-west-1c",
                            "cpu_core_count": "1",
                            "cpu_threads_per_core": "1",
                            "credit_specification.#": "1",
                            "credit_specification.0.cpu_credits": "standard",
                            "disable_api_termination": "false",
                            "ebs_block_device.#": "0",
                            "ebs_optimized": "false",
                            "ephemeral_block_device.#": "0",
                            "get_password_data": "false",
                            "iam_instance_profile": "",
                            "id": "i-0083aab78562afa37",
                            "instance_state": "running",
                            "instance_type": "t2.micro",
                            "ipv6_addresses.#": "0",
                            "key_name": "",
                            "monitoring": "false",
                            "network_interface.#": "0",
                            "network_interface_id": "eni-0f9fde06c8975101c",
                            "password_data": "",
                            "placement_group": "",
                            "primary_network_interface_id": "eni-0f9fde06c8975101c",
                            "private_dns": "ip-10-10-6-7.eu-west-1.compute.internal",
                            "private_ip": "10.10.6.7",
                            "public_dns": "",
                            "public_ip": "",
                            "root_block_device.#": "1",
                            "root_block_device.0.delete_on_termination": "true",
                            "root_block_device.0.iops": "100",
                            "root_block_device.0.volume_id": "vol-0624ec2acb8c8361c",
                            "root_block_device.0.volume_size": "8",
                            "root_block_device.0.volume_type": "gp2",
                            "security_groups.#": "0",
                            "source_dest_check": "true",
                            "subnet_id": "subnet-0275b77f46de48fef",
                            "tags.%": "1",
                            "tags.Name": "DB-PROJECT4-1c",
                            "tenancy": "default",
                            "user_data": "529af8d69a4a2408663465d74d533806b492c885",
                            "volume_tags.%": "0",
                            "vpc_security_group_ids.#": "1",
                            "vpc_security_group_ids.2068792494": "sg-0d3249bf73bc3e38d"
                        },
                        "meta": {
                            "e2bfb730-ecaa-11e6-8f88-34363bc7c4c0": {
                                "create": 600000000000,
                                "delete": 1200000000000,
                                "update": 600000000000
                            },
                            "schema_version": "1"
                        },
                        "tainted": false
                    },
                    "deposed": [],
                    "provider": "module.db.provider.aws"
                },
                "aws_instance.db_provisioner": {
                    "type": "aws_instance",
                    "depends_on": [
                        "aws_security_group.db_sg",
                        "aws_subnet.db_1a",
                        "data.template_file.db_provisioner_tmplt"
                    ],
                    "primary": {
                        "id": "i-08f3d625d5103a8bb",
                        "attributes": {
                            "ami": "ami-0a416218b24c2f41f",
                            "arn": "arn:aws:ec2:eu-west-1:135928476890:instance/i-08f3d625d5103a8bb",
                            "associate_public_ip_address": "false",
                            "availability_zone": "eu-west-1a",
                            "cpu_core_count": "1",
                            "cpu_threads_per_core": "1",
                            "credit_specification.#": "1",
                            "credit_specification.0.cpu_credits": "standard",
                            "disable_api_termination": "false",
                            "ebs_block_device.#": "0",
                            "ebs_optimized": "false",
                            "ephemeral_block_device.#": "0",
                            "get_password_data": "false",
                            "iam_instance_profile": "",
                            "id": "i-08f3d625d5103a8bb",
                            "instance_state": "running",
                            "instance_type": "t2.micro",
                            "ipv6_addresses.#": "0",
                            "key_name": "",
                            "monitoring": "false",
                            "network_interface.#": "0",
                            "network_interface_id": "eni-0655ddb12c7f24d46",
                            "password_data": "",
                            "placement_group": "",
                            "primary_network_interface_id": "eni-0655ddb12c7f24d46",
                            "private_dns": "ip-10-10-4-8.eu-west-1.compute.internal",
                            "private_ip": "10.10.4.8",
                            "public_dns": "",
                            "public_ip": "",
                            "root_block_device.#": "1",
                            "root_block_device.0.delete_on_termination": "true",
                            "root_block_device.0.iops": "100",
                            "root_block_device.0.volume_id": "vol-0d13c1f9438ae129b",
                            "root_block_device.0.volume_size": "8",
                            "root_block_device.0.volume_type": "gp2",
                            "security_groups.#": "0",
                            "source_dest_check": "true",
                            "subnet_id": "subnet-0856e3fecc62bd87d",
                            "tags.%": "1",
                            "tags.Name": "DB-PROJECT4-provisioner",
                            "tenancy": "default",
                            "user_data": "3642add26dacdb49c4e30a1e484adefc20d4441c",
                            "volume_tags.%": "0",
                            "vpc_security_group_ids.#": "1",
                            "vpc_security_group_ids.2068792494": "sg-0d3249bf73bc3e38d"
                        },
                        "meta": {
                            "e2bfb730-ecaa-11e6-8f88-34363bc7c4c0": {
                                "create": 600000000000,
                                "delete": 1200000000000,
                                "update": 600000000000
                            },
                            "schema_version": "1"
                        },
                        "tainted": false
                    },
                    "deposed": [],
                    "provider": "module.db.provider.aws"
                },
                "aws_route_table_association.db_1a_association": {
                    "type": "aws_route_table_association",
                    "depends_on": [
                        "aws_subnet.db_1a"
                    ],
                    "primary": {
                        "id": "rtbassoc-0e8242150f113121e",
                        "attributes": {
                            "id": "rtbassoc-0e8242150f113121e",
                            "route_table_id": "rtb-07945de00bf95eb64",
                            "subnet_id": "subnet-0856e3fecc62bd87d"
                        },
                        "meta": {},
                        "tainted": false
                    },
                    "deposed": [],
                    "provider": "module.db.provider.aws"
                },
                "aws_route_table_association.db_1b_association": {
                    "type": "aws_route_table_association",
                    "depends_on": [
                        "aws_subnet.db_1b"
                    ],
                    "primary": {
                        "id": "rtbassoc-0459a45c41667e1fe",
                        "attributes": {
                            "id": "rtbassoc-0459a45c41667e1fe",
                            "route_table_id": "rtb-07945de00bf95eb64",
                            "subnet_id": "subnet-0804599b28411fdd2"
                        },
                        "meta": {},
                        "tainted": false
                    },
                    "deposed": [],
                    "provider": "module.db.provider.aws"
                },
                "aws_route_table_association.db_1c_association": {
                    "type": "aws_route_table_association",
                    "depends_on": [
                        "aws_subnet.db_1c"
                    ],
                    "primary": {
                        "id": "rtbassoc-06afb3b662a9032c6",
                        "attributes": {
                            "id": "rtbassoc-06afb3b662a9032c6",
                            "route_table_id": "rtb-07945de00bf95eb64",
                            "subnet_id": "subnet-0275b77f46de48fef"
                        },
                        "meta": {},
                        "tainted": false
                    },
                    "deposed": [],
                    "provider": "module.db.provider.aws"
                },
                "aws_security_group.db_sg": {
                    "type": "aws_security_group",
                    "depends_on": [],
                    "primary": {
                        "id": "sg-0d3249bf73bc3e38d",
                        "attributes": {
                            "arn": "arn:aws:ec2:eu-west-1:135928476890:security-group/sg-0d3249bf73bc3e38d",
                            "description": "security group for db",
                            "egress.#": "1",
                            "egress.2510676008.cidr_blocks.#": "1",
                            "egress.2510676008.cidr_blocks.0": "0.0.0.0/0",
                            "egress.2510676008.description": "",
                            "egress.2510676008.from_port": "0",
                            "egress.2510676008.ipv6_cidr_blocks.#": "0",
                            "egress.2510676008.prefix_list_ids.#": "0",
                            "egress.2510676008.protocol": "-1",
                            "egress.2510676008.security_groups.#": "0",
                            "egress.2510676008.self": "true",
                            "egress.2510676008.to_port": "0",
                            "id": "sg-0d3249bf73bc3e38d",
                            "ingress.#": "1",
                            "ingress.4170626674.cidr_blocks.#": "1",
                            "ingress.4170626674.cidr_blocks.0": "0.0.0.0/0",
                            "ingress.4170626674.description": "",
                            "ingress.4170626674.from_port": "0",
                            "ingress.4170626674.ipv6_cidr_blocks.#": "0",
                            "ingress.4170626674.protocol": "-1",
                            "ingress.4170626674.security_groups.#": "1",
                            "ingress.4170626674.security_groups.3278646860": "sg-0dbc6e462f29a8adc",
                            "ingress.4170626674.self": "true",
                            "ingress.4170626674.to_port": "0",
                            "name": "db-sg",
                            "owner_id": "135928476890",
                            "revoke_rules_on_delete": "false",
                            "tags.%": "0",
                            "vpc_id": "vpc-0708c938f98b60dc6"
                        },
                        "meta": {
                            "e2bfb730-ecaa-11e6-8f88-34363bc7c4c0": {
                                "create": 600000000000,
                                "delete": 600000000000
                            },
                            "schema_version": "1"
                        },
                        "tainted": false
                    },
                    "deposed": [],
                    "provider": "module.db.provider.aws"
                },
                "aws_subnet.db_1a": {
                    "type": "aws_subnet",
                    "depends_on": [],
                    "primary": {
                        "id": "subnet-0856e3fecc62bd87d",
                        "attributes": {
                            "arn": "arn:aws:ec2:eu-west-1:135928476890:subnet/subnet-0856e3fecc62bd87d",
                            "assign_ipv6_address_on_creation": "false",
                            "availability_zone": "eu-west-1a",
                            "cidr_block": "10.10.4.0/24",
                            "id": "subnet-0856e3fecc62bd87d",
                            "map_public_ip_on_launch": "false",
                            "tags.%": "1",
                            "tags.Name": "DB-PROJECT4 - 1a",
                            "vpc_id": "vpc-0708c938f98b60dc6"
                        },
                        "meta": {
                            "schema_version": "1"
                        },
                        "tainted": false
                    },
                    "deposed": [],
                    "provider": "module.db.provider.aws"
                },
                "aws_subnet.db_1b": {
                    "type": "aws_subnet",
                    "depends_on": [],
                    "primary": {
                        "id": "subnet-0804599b28411fdd2",
                        "attributes": {
                            "arn": "arn:aws:ec2:eu-west-1:135928476890:subnet/subnet-0804599b28411fdd2",
                            "assign_ipv6_address_on_creation": "false",
                            "availability_zone": "eu-west-1b",
                            "cidr_block": "10.10.5.0/24",
                            "id": "subnet-0804599b28411fdd2",
                            "map_public_ip_on_launch": "false",
                            "tags.%": "1",
                            "tags.Name": "DB-PROJECT4 - 1b",
                            "vpc_id": "vpc-0708c938f98b60dc6"
                        },
                        "meta": {
                            "schema_version": "1"
                        },
                        "tainted": false
                    },
                    "deposed": [],
                    "provider": "module.db.provider.aws"
                },
                "aws_subnet.db_1c": {
                    "type": "aws_subnet",
                    "depends_on": [],
                    "primary": {
                        "id": "subnet-0275b77f46de48fef",
                        "attributes": {
                            "arn": "arn:aws:ec2:eu-west-1:135928476890:subnet/subnet-0275b77f46de48fef",
                            "assign_ipv6_address_on_creation": "false",
                            "availability_zone": "eu-west-1c",
                            "cidr_block": "10.10.6.0/24",
                            "id": "subnet-0275b77f46de48fef",
                            "map_public_ip_on_launch": "false",
                            "tags.%": "1",
                            "tags.Name": "DB-PROJECT4 - 1c",
                            "vpc_id": "vpc-0708c938f98b60dc6"
                        },
                        "meta": {
                            "schema_version": "1"
                        },
                        "tainted": false
                    },
                    "deposed": [],
                    "provider": "module.db.provider.aws"
                },
                "data.template_file.db_provisioner_tmplt": {
                    "type": "template_file",
                    "depends_on": [
                        "aws_instance.db_1a"
                    ],
                    "primary": {
                        "id": "e3d1b805ecdfc1b576802c2230a8cd4823081fcc3eb14a45bf2092634cbcdb86",
                        "attributes": {
                            "id": "e3d1b805ecdfc1b576802c2230a8cd4823081fcc3eb14a45bf2092634cbcdb86",
                            "rendered": "#!/bin/sh\n\nmongo mongodb://52.210.8.207/rs0 --eval \"rs.initiate()\"\nmongo mongodb://52.210.8.207/rs0 --eval \"rs.add( '10.10.5.7' )\"\nmongo mongodb://52.210.8.207/rs0 --eval \"rs.add( '10.10.6.7' )\"\nmongo mongodb://52.210.8.207/rs0 --eval \"db.isMaster()\"\nmongo mongodb://52.210.8.207/rs0 --eval \"rs.slaveOk()\"\n",
                            "template": "#!/bin/sh\n\nmongo mongodb://${public_ip}/rs0 --eval \"rs.initiate()\"\nmongo mongodb://${public_ip}/rs0 --eval \"rs.add( '10.10.5.7' )\"\nmongo mongodb://${public_ip}/rs0 --eval \"rs.add( '10.10.6.7' )\"\nmongo mongodb://${public_ip}/rs0 --eval \"db.isMaster()\"\nmongo mongodb://${public_ip}/rs0 --eval \"rs.slaveOk()\"\n",
                            "vars.%": "1",
                            "vars.public_ip": "52.210.8.207"
                        },
                        "meta": {},
                        "tainted": false
                    },
                    "deposed": [],
                    "provider": "provider.template"
                },
                "data.template_file.filebeats_server": {
                    "type": "template_file",
                    "depends_on": [],
                    "primary": {
                        "id": "b275e9af88e029d68420d5e70ca9eccb735ba0e7dd888306101cb185630bde5a",
                        "attributes": {
                            "id": "b275e9af88e029d68420d5e70ca9eccb735ba0e7dd888306101cb185630bde5a",
                            "rendered": "#!/bin/bash\n\nexport LC_ALL=C\n\necho \"deb https://packages.elastic.co/beats/apt stable main\" |  sudo tee -a /etc/apt/sources.list.d/beats.list\nwget -qO - https://packages.elastic.co/GPG-KEY-elasticsearch | sudo apt-key add -\nsudo apt-get update\nsudo apt-get install filebeat\nsudo service filebeat restart\nsudo update-rc.d filebeat defaults 95 10\n",
                            "template": "#!/bin/bash\n\nexport LC_ALL=C\n\necho \"deb https://packages.elastic.co/beats/apt stable main\" |  sudo tee -a /etc/apt/sources.list.d/beats.list\nwget -qO - https://packages.elastic.co/GPG-KEY-elasticsearch | sudo apt-key add -\nsudo apt-get update\nsudo apt-get install filebeat\nsudo service filebeat restart\nsudo update-rc.d filebeat defaults 95 10\n"
                        },
                        "meta": {},
                        "tainted": false
                    },
                    "deposed": [],
                    "provider": "provider.template"
                }
            },
            "depends_on": []
        },
        {
            "path": [
                "root",
                "elk"
            ],
            "outputs": {
                "elk_security_group": {
                    "sensitive": false,
                    "type": "string",
                    "value": "sg-0c29225ad3115699d"
                },
                "kibana_url": {
                    "sensitive": false,
                    "type": "string",
                    "value": "http://ip-10-11-0-7.eu-west-1.compute.internal:5601"
                }
            },
            "resources": {
                "aws_instance.elk_manvir": {
                    "type": "aws_instance",
                    "depends_on": [
                        "aws_security_group.elk_security_group",
                        "aws_subnet.elk_subnet",
                        "data.template_file.elk_tmplt"
                    ],
                    "primary": {
                        "id": "i-0f9b0f470634160f3",
                        "attributes": {
                            "ami": "ami-031831702eaf214b0",
                            "arn": "arn:aws:ec2:eu-west-1:135928476890:instance/i-0f9b0f470634160f3",
                            "associate_public_ip_address": "true",
                            "availability_zone": "eu-west-1a",
                            "cpu_core_count": "1",
                            "cpu_threads_per_core": "1",
                            "credit_specification.#": "1",
                            "credit_specification.0.cpu_credits": "standard",
                            "disable_api_termination": "false",
                            "ebs_block_device.#": "0",
                            "ebs_optimized": "false",
                            "ephemeral_block_device.#": "0",
                            "get_password_data": "false",
                            "iam_instance_profile": "",
                            "id": "i-0f9b0f470634160f3",
                            "instance_state": "running",
                            "instance_type": "t2.micro",
                            "ipv6_addresses.#": "0",
                            "key_name": "DevOpsStudents",
                            "monitoring": "false",
                            "network_interface.#": "0",
                            "network_interface_id": "eni-002d6d1887c67d671",
                            "password_data": "",
                            "placement_group": "",
                            "primary_network_interface_id": "eni-002d6d1887c67d671",
                            "private_dns": "ip-10-11-0-7.eu-west-1.compute.internal",
                            "private_ip": "10.11.0.7",
                            "public_dns": "",
                            "public_ip": "34.255.11.53",
                            "root_block_device.#": "1",
                            "root_block_device.0.delete_on_termination": "true",
                            "root_block_device.0.iops": "100",
                            "root_block_device.0.volume_id": "vol-08214ac091f39619a",
                            "root_block_device.0.volume_size": "8",
                            "root_block_device.0.volume_type": "gp2",
                            "security_groups.#": "0",
                            "source_dest_check": "true",
                            "subnet_id": "subnet-099ed81eefe72d04d",
                            "tags.%": "1",
                            "tags.Name": "elk-manvir-1a",
                            "tenancy": "default",
                            "user_data": "e408c5ac865fa038c9b0e78d60543f3b47ec4119",
                            "volume_tags.%": "0",
                            "vpc_security_group_ids.#": "1",
                            "vpc_security_group_ids.1217082061": "sg-0c29225ad3115699d"
                        },
                        "meta": {
                            "e2bfb730-ecaa-11e6-8f88-34363bc7c4c0": {
                                "create": 600000000000,
                                "delete": 1200000000000,
                                "update": 600000000000
                            },
                            "schema_version": "1"
                        },
                        "tainted": false
                    },
                    "deposed": [],
                    "provider": "provider.aws"
                },
                "aws_internet_gateway.elk_internet_gateway": {
                    "type": "aws_internet_gateway",
                    "depends_on": [
                        "aws_vpc.elk_vpc"
                    ],
                    "primary": {
                        "id": "igw-0a58be46bf96d38e4",
                        "attributes": {
                            "id": "igw-0a58be46bf96d38e4",
                            "tags.%": "1",
                            "tags.Name": "main",
                            "vpc_id": "vpc-0a323db02e6c9f139"
                        },
                        "meta": {},
                        "tainted": false
                    },
                    "deposed": [],
                    "provider": "provider.aws"
                },
                "aws_route_table.elk_route_table": {
                    "type": "aws_route_table",
                    "depends_on": [
                        "aws_internet_gateway.elk_internet_gateway",
                        "aws_vpc.elk_vpc"
                    ],
                    "primary": {
                        "id": "rtb-0a05e1e39e533e203",
                        "attributes": {
                            "id": "rtb-0a05e1e39e533e203",
                            "propagating_vgws.#": "0",
                            "route.#": "1",
                            "route.2252568467.cidr_block": "0.0.0.0/0",
                            "route.2252568467.egress_only_gateway_id": "",
                            "route.2252568467.gateway_id": "igw-0a58be46bf96d38e4",
                            "route.2252568467.instance_id": "",
                            "route.2252568467.ipv6_cidr_block": "",
                            "route.2252568467.nat_gateway_id": "",
                            "route.2252568467.network_interface_id": "",
                            "route.2252568467.vpc_peering_connection_id": "",
                            "tags.%": "1",
                            "tags.Name": "app-route-table",
                            "vpc_id": "vpc-0a323db02e6c9f139"
                        },
                        "meta": {},
                        "tainted": false
                    },
                    "deposed": [],
                    "provider": "provider.aws"
                },
                "aws_route_table_association.elk_association": {
                    "type": "aws_route_table_association",
                    "depends_on": [
                        "aws_route_table.elk_route_table",
                        "aws_subnet.elk_subnet"
                    ],
                    "primary": {
                        "id": "rtbassoc-006e2ea1743b324cd",
                        "attributes": {
                            "id": "rtbassoc-006e2ea1743b324cd",
                            "route_table_id": "rtb-0a05e1e39e533e203",
                            "subnet_id": "subnet-099ed81eefe72d04d"
                        },
                        "meta": {},
                        "tainted": false
                    },
                    "deposed": [],
                    "provider": "provider.aws"
                },
                "aws_security_group.elk_security_group": {
                    "type": "aws_security_group",
                    "depends_on": [
                        "aws_vpc.elk_vpc"
                    ],
                    "primary": {
                        "id": "sg-0c29225ad3115699d",
                        "attributes": {
                            "arn": "arn:aws:ec2:eu-west-1:135928476890:security-group/sg-0c29225ad3115699d",
                            "description": "All all elasticsearch traffic",
                            "egress.#": "1",
                            "egress.2510676008.cidr_blocks.#": "1",
                            "egress.2510676008.cidr_blocks.0": "0.0.0.0/0",
                            "egress.2510676008.description": "",
                            "egress.2510676008.from_port": "0",
                            "egress.2510676008.ipv6_cidr_blocks.#": "0",
                            "egress.2510676008.prefix_list_ids.#": "0",
                            "egress.2510676008.protocol": "-1",
                            "egress.2510676008.security_groups.#": "0",
                            "egress.2510676008.self": "true",
                            "egress.2510676008.to_port": "0",
                            "id": "sg-0c29225ad3115699d",
                            "ingress.#": "1",
                            "ingress.2510676008.cidr_blocks.#": "1",
                            "ingress.2510676008.cidr_blocks.0": "0.0.0.0/0",
                            "ingress.2510676008.description": "",
                            "ingress.2510676008.from_port": "0",
                            "ingress.2510676008.ipv6_cidr_blocks.#": "0",
                            "ingress.2510676008.protocol": "-1",
                            "ingress.2510676008.security_groups.#": "0",
                            "ingress.2510676008.self": "true",
                            "ingress.2510676008.to_port": "0",
                            "name": "allow_elk",
                            "owner_id": "135928476890",
                            "revoke_rules_on_delete": "false",
                            "tags.%": "0",
                            "vpc_id": "vpc-0a323db02e6c9f139"
                        },
                        "meta": {
                            "e2bfb730-ecaa-11e6-8f88-34363bc7c4c0": {
                                "create": 600000000000,
                                "delete": 600000000000
                            },
                            "schema_version": "1"
                        },
                        "tainted": false
                    },
                    "deposed": [],
                    "provider": "provider.aws"
                },
                "aws_subnet.elk_subnet": {
                    "type": "aws_subnet",
                    "depends_on": [
                        "aws_vpc.elk_vpc"
                    ],
                    "primary": {
                        "id": "subnet-099ed81eefe72d04d",
                        "attributes": {
                            "arn": "arn:aws:ec2:eu-west-1:135928476890:subnet/subnet-099ed81eefe72d04d",
                            "assign_ipv6_address_on_creation": "false",
                            "availability_zone": "eu-west-1a",
                            "cidr_block": "10.11.0.0/24",
                            "id": "subnet-099ed81eefe72d04d",
                            "map_public_ip_on_launch": "false",
                            "tags.%": "1",
                            "tags.Name": "elk-subnet",
                            "vpc_id": "vpc-0a323db02e6c9f139"
                        },
                        "meta": {
                            "schema_version": "1"
                        },
                        "tainted": false
                    },
                    "deposed": [],
                    "provider": "provider.aws"
                },
                "aws_vpc.elk_vpc": {
                    "type": "aws_vpc",
                    "depends_on": [],
                    "primary": {
                        "id": "vpc-0a323db02e6c9f139",
                        "attributes": {
                            "arn": "arn:aws:ec2:eu-west-1:135928476890:vpc/vpc-0a323db02e6c9f139",
                            "assign_generated_ipv6_cidr_block": "false",
                            "cidr_block": "10.11.0.0/16",
                            "default_network_acl_id": "acl-0056248aa554936d6",
                            "default_route_table_id": "rtb-0ab1d8abcd80383c7",
                            "default_security_group_id": "sg-06475044029436d0b",
                            "dhcp_options_id": "dopt-18d5d77d",
                            "enable_classiclink": "false",
                            "enable_classiclink_dns_support": "false",
                            "enable_dns_hostnames": "false",
                            "enable_dns_support": "true",
                            "id": "vpc-0a323db02e6c9f139",
                            "instance_tenancy": "default",
                            "main_route_table_id": "rtb-0ab1d8abcd80383c7",
                            "tags.%": "1",
                            "tags.Name": "elk-vpc"
                        },
                        "meta": {
                            "schema_version": "1"
                        },
                        "tainted": false
                    },
                    "deposed": [],
                    "provider": "provider.aws"
                },
                "aws_vpc_peering_connection.elk_peering": {
                    "type": "aws_vpc_peering_connection",
                    "depends_on": [
                        "aws_vpc.elk_vpc"
                    ],
                    "primary": {
                        "id": "pcx-06527f5d00ad83f22",
                        "attributes": {
                            "accept_status": "active",
                            "accepter.#": "1",
                            "accepter.3244290774.allow_classic_link_to_remote_vpc": "false",
                            "accepter.3244290774.allow_remote_vpc_dns_resolution": "false",
                            "accepter.3244290774.allow_vpc_to_remote_classic_link": "false",
                            "auto_accept": "true",
                            "id": "pcx-06527f5d00ad83f22",
                            "peer_owner_id": "135928476890",
                            "peer_region": "eu-west-1",
                            "peer_vpc_id": "vpc-0708c938f98b60dc6",
                            "requester.#": "1",
                            "requester.3244290774.allow_classic_link_to_remote_vpc": "false",
                            "requester.3244290774.allow_remote_vpc_dns_resolution": "false",
                            "requester.3244290774.allow_vpc_to_remote_classic_link": "false",
                            "tags.%": "0",
                            "vpc_id": "vpc-0a323db02e6c9f139"
                        },
                        "meta": {
                            "e2bfb730-ecaa-11e6-8f88-34363bc7c4c0": {
                                "create": 60000000000,
                                "delete": 60000000000,
                                "update": 60000000000
                            }
                        },
                        "tainted": false
                    },
                    "deposed": [],
                    "provider": "provider.aws"
                },
                "data.template_file.elk_tmplt": {
                    "type": "template_file",
                    "depends_on": [],
                    "primary": {
                        "id": "328b348b4ee70bc856f0d9cc7c65ad9ceffa1043046415cc79d17ed72f83415f",
                        "attributes": {
                            "id": "328b348b4ee70bc856f0d9cc7c65ad9ceffa1043046415cc79d17ed72f83415f",
                            "rendered": "#!/bin/bash\n\nexport LC_ALL=C\n\n\nsudo add-apt-repository -y ppa:webupd8team/java\nsudo apt-get update\necho debconf shared/accepted-oracle-license-v1-1 select true | sudo debconf-set-selections\necho debconf shared/accepted-oracle-license-v1-1 seen true | sudo debconf-set-selections\nsudo apt-get -y install oracle-java8-installer\n\n\nwget -qO - https://packages.elastic.co/GPG-KEY-elasticsearch | sudo apt-key add -\necho \"deb http://packages.elastic.co/elasticsearch/2.x/debian stable main\" | sudo tee -a /etc/apt/sources.list.d/elasticsearch-2.x.list\nsudo apt-get update\nsudo apt-get --force-yes install elasticsearch\nsudo service elasticsearch start\nsudo update-rc.d elasticsearch defaults 95 10\n\n\necho \"deb http://packages.elastic.co/kibana/4.5/debian stable main\" | sudo tee -a /etc/apt/sources.list.d/kibana-4.5.x.list\nsudo apt-get update\nsudo apt-get --force-yes install kibana\nsudo update-rc.d kibana defaults 96 9\nsudo service kibana start\n\n\n\necho 'deb http://packages.elastic.co/logstash/2.2/debian stable main' | sudo tee /etc/apt/sources.list.d/logstash-2.2.x.list\nsudo apt-get update\nsudo apt-get install logstash --force-yes\nsudo service logstash restart\nsudo update-rc.d logstash defaults 96 9\n\n\ncd ~\ncurl -L -O https://download.elastic.co/beats/dashboards/beats-dashboards-1.1.0.zip\nsudo apt-get -y install unzip\nunzip beats-dashboards-*.zip\ncd beats-dashboards-*\n./load.sh\nsudo service logstash restart\nsudo update-rc.d logstash defaults 96 9\n\n\ncd ~\ncurl -O https://gist.githubusercontent.com/thisismitch/3429023e8438cc25b86c/raw/d8c479e2a1adcea8b1fe86570e42abab0f10f364/filebeat-index-template.json\ncurl -XPUT 'http://localhost:9200/_template/filebeat?pretty' -d@filebeat-index-template.json\necho \"deb https://packages.elastic.co/beats/apt stable main\" |  sudo tee -a /etc/apt/sources.list.d/beats.list\nwget -qO - https://packages.elastic.co/GPG-KEY-elasticsearch | sudo apt-key add -\nsudo apt-get update\nsudo apt-get install filebeat\nsudo service filebeat restart\nsudo update-rc.d filebeat defaults 95 10\n\nsudo service filebeat restart\nsudo update-rc.d filebeat defaults 95 10\nsudo service logstash restart\nsudo service kibana restart\n\nsudo su\nsudo apt-get install nginx apache2-utils -y\nsudo service nginx restart\nexit\n",
                            "template": "#!/bin/bash\n\nexport LC_ALL=C\n\n\nsudo add-apt-repository -y ppa:webupd8team/java\nsudo apt-get update\necho debconf shared/accepted-oracle-license-v1-1 select true | sudo debconf-set-selections\necho debconf shared/accepted-oracle-license-v1-1 seen true | sudo debconf-set-selections\nsudo apt-get -y install oracle-java8-installer\n\n\nwget -qO - https://packages.elastic.co/GPG-KEY-elasticsearch | sudo apt-key add -\necho \"deb http://packages.elastic.co/elasticsearch/2.x/debian stable main\" | sudo tee -a /etc/apt/sources.list.d/elasticsearch-2.x.list\nsudo apt-get update\nsudo apt-get --force-yes install elasticsearch\nsudo service elasticsearch start\nsudo update-rc.d elasticsearch defaults 95 10\n\n\necho \"deb http://packages.elastic.co/kibana/4.5/debian stable main\" | sudo tee -a /etc/apt/sources.list.d/kibana-4.5.x.list\nsudo apt-get update\nsudo apt-get --force-yes install kibana\nsudo update-rc.d kibana defaults 96 9\nsudo service kibana start\n\n\n\necho 'deb http://packages.elastic.co/logstash/2.2/debian stable main' | sudo tee /etc/apt/sources.list.d/logstash-2.2.x.list\nsudo apt-get update\nsudo apt-get install logstash --force-yes\nsudo service logstash restart\nsudo update-rc.d logstash defaults 96 9\n\n\ncd ~\ncurl -L -O https://download.elastic.co/beats/dashboards/beats-dashboards-1.1.0.zip\nsudo apt-get -y install unzip\nunzip beats-dashboards-*.zip\ncd beats-dashboards-*\n./load.sh\nsudo service logstash restart\nsudo update-rc.d logstash defaults 96 9\n\n\ncd ~\ncurl -O https://gist.githubusercontent.com/thisismitch/3429023e8438cc25b86c/raw/d8c479e2a1adcea8b1fe86570e42abab0f10f364/filebeat-index-template.json\ncurl -XPUT 'http://localhost:9200/_template/filebeat?pretty' -d@filebeat-index-template.json\necho \"deb https://packages.elastic.co/beats/apt stable main\" |  sudo tee -a /etc/apt/sources.list.d/beats.list\nwget -qO - https://packages.elastic.co/GPG-KEY-elasticsearch | sudo apt-key add -\nsudo apt-get update\nsudo apt-get install filebeat\nsudo service filebeat restart\nsudo update-rc.d filebeat defaults 95 10\n\nsudo service filebeat restart\nsudo update-rc.d filebeat defaults 95 10\nsudo service logstash restart\nsudo service kibana restart\n\nsudo su\nsudo apt-get install nginx apache2-utils -y\nsudo service nginx restart\nexit\n"
                        },
                        "meta": {},
                        "tainted": false
                    },
                    "deposed": [],
                    "provider": "provider.template"
                }
            },
            "depends_on": []
        }
    ]
}
