{
    "version": 3,
    "terraform_version": "0.11.7",
    "serial": 43,
    "lineage": "253743b3-996d-2605-a86a-58ccc848beee",
    "modules": [
        {
            "path": [
                "root"
            ],
            "outputs": {},
            "resources": {
                "data.template_file.app_user_data": {
                    "type": "template_file",
                    "depends_on": [],
                    "primary": {
                        "id": "556f0c48d057fbb5a943863051c92bdd047a987c57e51d050a7dd1598a6f4db0",
                        "attributes": {
                            "id": "556f0c48d057fbb5a943863051c92bdd047a987c57e51d050a7dd1598a6f4db0",
                            "rendered": "#!/bin/bash\n\nexport LC_ALL=C\ncd /home/ubuntu/app\n\nnpm install\npm2 start app.js\n",
                            "template": "#!/bin/bash\n\nexport LC_ALL=C\ncd /home/ubuntu/app\n\nnpm install\npm2 start app.js\n"
                        },
                        "meta": {},
                        "tainted": false
                    },
                    "deposed": [],
                    "provider": "provider.template"
                }
            },
            "depends_on": []
        },
        {
            "path": [
                "root",
                "app"
            ],
            "outputs": {
                "app_ami_id": {
                    "sensitive": false,
                    "type": "string",
                    "value": "ami-c2b8bfbb"
                },
                "vpc_id": {
                    "sensitive": false,
                    "type": "string",
                    "value": "vpc-022715e03f191e5f4"
                }
            },
            "resources": {
                "aws_autoscaling_group.app_auto_scaling": {
                    "type": "aws_autoscaling_group",
                    "depends_on": [
                        "aws_elb.elb_app",
                        "aws_launch_template.app_launch_template",
                        "aws_subnet.app_subnet_1a",
                        "aws_subnet.app_subnet_1b",
                        "aws_subnet.app_subnet_1c"
                    ],
                    "primary": {
                        "id": "tf-asg-20180814141600410200000003",
                        "attributes": {
                            "arn": "arn:aws:autoscaling:eu-west-1:135928476890:autoScalingGroup:80d7e6f9-151e-430c-a278-bbb5e00db4aa:autoScalingGroupName/tf-asg-20180814141600410200000003",
                            "availability_zones.#": "3",
                            "availability_zones.1924028850": "eu-west-1b",
                            "availability_zones.3953592328": "eu-west-1a",
                            "availability_zones.94988580": "eu-west-1c",
                            "default_cooldown": "300",
                            "desired_capacity": "3",
                            "enabled_metrics.#": "0",
                            "force_delete": "false",
                            "health_check_grace_period": "300",
                            "health_check_type": "EC2",
                            "id": "tf-asg-20180814141600410200000003",
                            "launch_configuration": "",
                            "launch_template.#": "1",
                            "launch_template.0.id": "lt-0925d517541df009b",
                            "launch_template.0.name": "Project4-launch20180814141559776600000001",
                            "launch_template.0.version": "$Latest",
                            "load_balancers.#": "1",
                            "load_balancers.3159460110": "elb-app",
                            "max_size": "4",
                            "metrics_granularity": "1Minute",
                            "min_size": "3",
                            "name": "tf-asg-20180814141600410200000003",
                            "placement_group": "",
                            "protect_from_scale_in": "false",
                            "service_linked_role_arn": "arn:aws:iam::135928476890:role/aws-service-role/autoscaling.amazonaws.com/AWSServiceRoleForAutoScaling",
                            "suspended_processes.#": "0",
                            "tag.#": "0",
                            "target_group_arns.#": "0",
                            "termination_policies.#": "0",
                            "vpc_zone_identifier.#": "3",
                            "vpc_zone_identifier.2134821626": "subnet-0f8e8168aec5f618f",
                            "vpc_zone_identifier.2386079401": "subnet-07429d8dadc289131",
                            "vpc_zone_identifier.2971356993": "subnet-0d513730d8033aeab",
                            "wait_for_capacity_timeout": "10m"
                        },
                        "meta": {
                            "e2bfb730-ecaa-11e6-8f88-34363bc7c4c0": {
                                "delete": 600000000000
                            }
                        },
                        "tainted": false
                    },
                    "deposed": [],
                    "provider": "module.app.provider.aws"
                },
                "aws_elb.elb_app": {
                    "type": "aws_elb",
                    "depends_on": [
                        "aws_security_group.app_security_group",
                        "aws_subnet.app_subnet_1a",
                        "aws_subnet.app_subnet_1b",
                        "aws_subnet.app_subnet_1c"
                    ],
                    "primary": {
                        "id": "elb-app",
                        "attributes": {
                            "access_logs.#": "0",
                            "arn": "arn:aws:elasticloadbalancing:eu-west-1:135928476890:loadbalancer/elb-app",
                            "availability_zones.#": "3",
                            "availability_zones.1924028850": "eu-west-1b",
                            "availability_zones.3953592328": "eu-west-1a",
                            "availability_zones.94988580": "eu-west-1c",
                            "connection_draining": "false",
                            "connection_draining_timeout": "300",
                            "cross_zone_load_balancing": "true",
                            "dns_name": "elb-app-879308646.eu-west-1.elb.amazonaws.com",
                            "health_check.#": "1",
                            "health_check.0.healthy_threshold": "2",
                            "health_check.0.interval": "30",
                            "health_check.0.target": "HTTP:80/",
                            "health_check.0.timeout": "3",
                            "health_check.0.unhealthy_threshold": "2",
                            "id": "elb-app",
                            "idle_timeout": "60",
                            "instances.#": "0",
                            "internal": "false",
                            "listener.#": "1",
                            "listener.3057123346.instance_port": "80",
                            "listener.3057123346.instance_protocol": "http",
                            "listener.3057123346.lb_port": "80",
                            "listener.3057123346.lb_protocol": "http",
                            "listener.3057123346.ssl_certificate_id": "",
                            "name": "elb-app",
                            "security_groups.#": "1",
                            "security_groups.1407810994": "sg-058e1429d368e9eb6",
                            "source_security_group": "135928476890/app-sg",
                            "source_security_group_id": "sg-058e1429d368e9eb6",
                            "subnets.#": "3",
                            "subnets.2134821626": "subnet-0f8e8168aec5f618f",
                            "subnets.2386079401": "subnet-07429d8dadc289131",
                            "subnets.2971356993": "subnet-0d513730d8033aeab",
                            "tags.%": "0",
                            "zone_id": "Z32O12XQLNTSW2"
                        },
                        "meta": {},
                        "tainted": false
                    },
                    "deposed": [],
                    "provider": "module.app.provider.aws"
                },
                "aws_internet_gateway.app_intenet_gateway": {
                    "type": "aws_internet_gateway",
                    "depends_on": [],
                    "primary": {
                        "id": "igw-06b3b4173ff930804",
                        "attributes": {
                            "id": "igw-06b3b4173ff930804",
                            "tags.%": "1",
                            "tags.Name": "main",
                            "vpc_id": "vpc-022715e03f191e5f4"
                        },
                        "meta": {},
                        "tainted": false
                    },
                    "deposed": [],
                    "provider": "module.app.provider.aws"
                },
                "aws_launch_template.app_launch_template": {
                    "type": "aws_launch_template",
                    "depends_on": [
                        "aws_security_group.app_security_group",
                        "data.template_file.app_user_data"
                    ],
                    "primary": {
                        "id": "lt-0925d517541df009b",
                        "attributes": {
                            "arn": "arn:aws:ec2:eu-west-1:135928476890:launch-template/lt-0925d517541df009b",
                            "block_device_mappings.#": "0",
                            "credit_specification.#": "0",
                            "default_version": "1",
                            "disable_api_termination": "false",
                            "ebs_optimized": "false",
                            "elastic_gpu_specifications.#": "0",
                            "iam_instance_profile.#": "0",
                            "id": "lt-0925d517541df009b",
                            "image_id": "ami-c2b8bfbb",
                            "instance_initiated_shutdown_behavior": "",
                            "instance_market_options.#": "0",
                            "instance_type": "t2.micro",
                            "kernel_id": "",
                            "key_name": "",
                            "latest_version": "1",
                            "monitoring.#": "0",
                            "name": "Project4-launch20180814141559776600000001",
                            "name_prefix": "Project4-launch",
                            "network_interfaces.#": "1",
                            "network_interfaces.0.associate_public_ip_address": "false",
                            "network_interfaces.0.delete_on_termination": "false",
                            "network_interfaces.0.description": "",
                            "network_interfaces.0.device_index": "0",
                            "network_interfaces.0.ipv4_address_count": "0",
                            "network_interfaces.0.ipv4_addresses.#": "0",
                            "network_interfaces.0.ipv6_address_count": "0",
                            "network_interfaces.0.ipv6_addresses.#": "0",
                            "network_interfaces.0.network_interface_id": "",
                            "network_interfaces.0.private_ip_address": "",
                            "network_interfaces.0.security_groups.#": "1",
                            "network_interfaces.0.security_groups.1177894260": "sg-058e1429d368e9eb6",
                            "network_interfaces.0.subnet_id": "",
                            "placement.#": "0",
                            "ram_disk_id": "",
                            "security_group_names.#": "0",
                            "tag_specifications.#": "0",
                            "tags.%": "0",
                            "user_data": "IyEvYmluL2Jhc2gNCg0KZXhwb3J0IExDX0FMTD1jDQpjZCAvaG9tZS91YnVudHUvYXBwDQpucG0gaW5zdGFsbA0KZXhwb3J0IERCX0hPU1Q9JHtkYl9ob3N0fQ0KcG0yIHN0YXJ0IGFwcC5qcw0K",
                            "vpc_security_group_ids.#": "0"
                        },
                        "meta": {},
                        "tainted": false
                    },
                    "deposed": [],
                    "provider": "module.app.provider.aws"
                },
                "aws_route_table.app_route_table": {
                    "type": "aws_route_table",
                    "depends_on": [
                        "aws_internet_gateway.app_intenet_gateway"
                    ],
                    "primary": {
                        "id": "rtb-05a0d967ff9b5ab8e",
                        "attributes": {
                            "id": "rtb-05a0d967ff9b5ab8e",
                            "propagating_vgws.#": "0",
                            "route.#": "1",
                            "route.2305902853.cidr_block": "0.0.0.0/0",
                            "route.2305902853.egress_only_gateway_id": "",
                            "route.2305902853.gateway_id": "igw-06b3b4173ff930804",
                            "route.2305902853.instance_id": "",
                            "route.2305902853.ipv6_cidr_block": "",
                            "route.2305902853.nat_gateway_id": "",
                            "route.2305902853.network_interface_id": "",
                            "route.2305902853.vpc_peering_connection_id": "",
                            "tags.%": "1",
                            "tags.Name": "app-route-table",
                            "vpc_id": "vpc-022715e03f191e5f4"
                        },
                        "meta": {},
                        "tainted": false
                    },
                    "deposed": [],
                    "provider": "module.app.provider.aws"
                },
                "aws_route_table_association.app_route_association": {
                    "type": "aws_route_table_association",
                    "depends_on": [
                        "aws_route_table.app_route_table",
                        "aws_subnet.app_subnet_1a"
                    ],
                    "primary": {
                        "id": "rtbassoc-0805cb8109e8229e1",
                        "attributes": {
                            "id": "rtbassoc-0805cb8109e8229e1",
                            "route_table_id": "rtb-05a0d967ff9b5ab8e",
                            "subnet_id": "subnet-07429d8dadc289131"
                        },
                        "meta": {},
                        "tainted": false
                    },
                    "deposed": [],
                    "provider": "module.app.provider.aws"
                },
                "aws_security_group.app_security_group": {
                    "type": "aws_security_group",
                    "depends_on": [],
                    "primary": {
                        "id": "sg-058e1429d368e9eb6",
                        "attributes": {
                            "arn": "arn:aws:ec2:eu-west-1:135928476890:security-group/sg-058e1429d368e9eb6",
                            "description": "security group for app",
                            "egress.#": "1",
                            "egress.482069346.cidr_blocks.#": "1",
                            "egress.482069346.cidr_blocks.0": "0.0.0.0/0",
                            "egress.482069346.description": "",
                            "egress.482069346.from_port": "0",
                            "egress.482069346.ipv6_cidr_blocks.#": "0",
                            "egress.482069346.prefix_list_ids.#": "0",
                            "egress.482069346.protocol": "-1",
                            "egress.482069346.security_groups.#": "0",
                            "egress.482069346.self": "false",
                            "egress.482069346.to_port": "0",
                            "id": "sg-058e1429d368e9eb6",
                            "ingress.#": "1",
                            "ingress.482069346.cidr_blocks.#": "1",
                            "ingress.482069346.cidr_blocks.0": "0.0.0.0/0",
                            "ingress.482069346.description": "",
                            "ingress.482069346.from_port": "0",
                            "ingress.482069346.ipv6_cidr_blocks.#": "0",
                            "ingress.482069346.protocol": "-1",
                            "ingress.482069346.security_groups.#": "0",
                            "ingress.482069346.self": "false",
                            "ingress.482069346.to_port": "0",
                            "name": "app-sg",
                            "owner_id": "135928476890",
                            "revoke_rules_on_delete": "false",
                            "tags.%": "0",
                            "vpc_id": "vpc-022715e03f191e5f4"
                        },
                        "meta": {
                            "e2bfb730-ecaa-11e6-8f88-34363bc7c4c0": {
                                "create": 600000000000,
                                "delete": 600000000000
                            },
                            "schema_version": "1"
                        },
                        "tainted": false
                    },
                    "deposed": [],
                    "provider": "module.app.provider.aws"
                },
                "aws_subnet.app_subnet_1a": {
                    "type": "aws_subnet",
                    "depends_on": [
                        "data.aws_availability_zones.available"
                    ],
                    "primary": {
                        "id": "subnet-07429d8dadc289131",
                        "attributes": {
                            "assign_ipv6_address_on_creation": "false",
                            "availability_zone": "eu-west-1a",
                            "cidr_block": "10.10.0.0/24",
                            "id": "subnet-07429d8dadc289131",
                            "map_public_ip_on_launch": "false",
                            "tags.%": "1",
                            "tags.Name": "subnet-app-project4",
                            "vpc_id": "vpc-022715e03f191e5f4"
                        },
                        "meta": {
                            "schema_version": "1"
                        },
                        "tainted": false
                    },
                    "deposed": [],
                    "provider": "module.app.provider.aws"
                },
                "aws_subnet.app_subnet_1b": {
                    "type": "aws_subnet",
                    "depends_on": [
                        "data.aws_availability_zones.available"
                    ],
                    "primary": {
                        "id": "subnet-0d513730d8033aeab",
                        "attributes": {
                            "assign_ipv6_address_on_creation": "false",
                            "availability_zone": "eu-west-1b",
                            "cidr_block": "10.10.1.0/24",
                            "id": "subnet-0d513730d8033aeab",
                            "map_public_ip_on_launch": "false",
                            "tags.%": "1",
                            "tags.Name": "subnet-app-project4",
                            "vpc_id": "vpc-022715e03f191e5f4"
                        },
                        "meta": {
                            "schema_version": "1"
                        },
                        "tainted": false
                    },
                    "deposed": [],
                    "provider": "module.app.provider.aws"
                },
                "aws_subnet.app_subnet_1c": {
                    "type": "aws_subnet",
                    "depends_on": [
                        "data.aws_availability_zones.available"
                    ],
                    "primary": {
                        "id": "subnet-0f8e8168aec5f618f",
                        "attributes": {
                            "assign_ipv6_address_on_creation": "false",
                            "availability_zone": "eu-west-1c",
                            "cidr_block": "10.10.2.0/24",
                            "id": "subnet-0f8e8168aec5f618f",
                            "map_public_ip_on_launch": "false",
                            "tags.%": "1",
                            "tags.Name": "subnet-app-project4",
                            "vpc_id": "vpc-022715e03f191e5f4"
                        },
                        "meta": {
                            "schema_version": "1"
                        },
                        "tainted": false
                    },
                    "deposed": [],
                    "provider": "module.app.provider.aws"
                },
                "aws_vpc.main_vpc": {
                    "type": "aws_vpc",
                    "depends_on": [],
                    "primary": {
                        "id": "vpc-022715e03f191e5f4",
                        "attributes": {
                            "arn": "arn:aws:ec2:eu-west-1:135928476890:vpc/vpc-022715e03f191e5f4",
                            "assign_generated_ipv6_cidr_block": "false",
                            "cidr_block": "10.10.0.0/16",
                            "default_network_acl_id": "acl-023bae91c7a3223f5",
                            "default_route_table_id": "rtb-0ebe05e8576a60fa6",
                            "default_security_group_id": "sg-04c10a2a40ad963b3",
                            "dhcp_options_id": "dopt-18d5d77d",
                            "enable_classiclink": "false",
                            "enable_classiclink_dns_support": "false",
                            "enable_dns_hostnames": "false",
                            "enable_dns_support": "true",
                            "id": "vpc-022715e03f191e5f4",
                            "instance_tenancy": "default",
                            "main_route_table_id": "rtb-0ebe05e8576a60fa6",
                            "tags.%": "1",
                            "tags.Name": "app-vpc"
                        },
                        "meta": {
                            "schema_version": "1"
                        },
                        "tainted": false
                    },
                    "deposed": [],
                    "provider": "module.app.provider.aws"
                },
                "data.aws_availability_zones.available": {
                    "type": "aws_availability_zones",
                    "depends_on": [],
                    "primary": {
                        "id": "2018-08-14 14:15:53.32696849 +0000 UTC",
                        "attributes": {
                            "id": "2018-08-14 14:15:53.32696849 +0000 UTC",
                            "names.#": "3",
                            "names.0": "eu-west-1a",
                            "names.1": "eu-west-1b",
                            "names.2": "eu-west-1c"
                        },
                        "meta": {},
                        "tainted": false
                    },
                    "deposed": [],
                    "provider": "module.app.provider.aws"
                },
                "data.template_file.app_user_data": {
                    "type": "template_file",
                    "depends_on": [],
                    "primary": {
                        "id": "1790e01cf1f05de9e0864feade15c80d3e2669c49cb9fa3d136a78748a2e60e0",
                        "attributes": {
                            "id": "1790e01cf1f05de9e0864feade15c80d3e2669c49cb9fa3d136a78748a2e60e0",
                            "rendered": "IyEvYmluL2Jhc2gNCg0KZXhwb3J0IExDX0FMTD1jDQpjZCAvaG9tZS91YnVudHUvYXBwDQpucG0gaW5zdGFsbA0KZXhwb3J0IERCX0hPU1Q9JHtkYl9ob3N0fQ0KcG0yIHN0YXJ0IGFwcC5qcw0K\n",
                            "template": "IyEvYmluL2Jhc2gNCg0KZXhwb3J0IExDX0FMTD1jDQpjZCAvaG9tZS91YnVudHUvYXBwDQpucG0gaW5zdGFsbA0KZXhwb3J0IERCX0hPU1Q9JHtkYl9ob3N0fQ0KcG0yIHN0YXJ0IGFwcC5qcw0K\n"
                        },
                        "meta": {},
                        "tainted": false
                    },
                    "deposed": [],
                    "provider": "provider.template"
                }
            },
            "depends_on": []
        }
    ]
}
