{
    "version": 3,
    "terraform_version": "0.11.7",
    "serial": 43,
    "lineage": "253743b3-996d-2605-a86a-58ccc848beee",
    "modules": [
        {
            "path": [
                "root"
            ],
            "outputs": {},
            "resources": {},
            "depends_on": []
        },
        {
            "path": [
                "root",
                "app"
            ],
            "outputs": {
                "app_ami_id": {
                    "sensitive": false,
                    "type": "string",
                    "value": "ami-c2b8bfbb"
                },
                "vpc_id": {
                    "sensitive": false,
                    "type": "string",
                    "value": "vpc-0e6aadaca44c2e2ee"
                }
            },
            "resources": {
                "aws_autoscaling_group.app_auto_scaling": {
                    "type": "aws_autoscaling_group",
                    "depends_on": [
                        "aws_elb.elb_app",
                        "aws_launch_template.app_launch_template",
                        "aws_subnet.app_subnet_1a",
                        "aws_subnet.app_subnet_1b",
                        "aws_subnet.app_subnet_1c"
                    ],
                    "primary": {
                        "id": "tf-asg-20180813202944130800000002",
                        "attributes": {
                            "arn": "arn:aws:autoscaling:eu-west-1:135928476890:autoScalingGroup:5fa77807-9fb0-46c4-b30e-c652bf9b9889:autoScalingGroupName/tf-asg-20180813202944130800000002",
                            "availability_zones.#": "3",
                            "availability_zones.1924028850": "eu-west-1b",
                            "availability_zones.3953592328": "eu-west-1a",
                            "availability_zones.94988580": "eu-west-1c",
                            "default_cooldown": "300",
                            "desired_capacity": "3",
                            "enabled_metrics.#": "0",
                            "force_delete": "false",
                            "health_check_grace_period": "300",
                            "health_check_type": "EC2",
                            "id": "tf-asg-20180813202944130800000002",
                            "launch_configuration": "",
                            "launch_template.#": "1",
                            "launch_template.0.id": "lt-0e3dd3c25a213edea",
                            "launch_template.0.name": "Project4-launch-manvir",
                            "launch_template.0.version": "",
                            "load_balancers.#": "1",
                            "load_balancers.2581117027": "elb-app-manvir",
                            "max_size": "4",
                            "metrics_granularity": "1Minute",
                            "min_size": "3",
                            "name": "tf-asg-20180813202944130800000002",
                            "placement_group": "",
                            "protect_from_scale_in": "false",
                            "service_linked_role_arn": "arn:aws:iam::135928476890:role/aws-service-role/autoscaling.amazonaws.com/AWSServiceRoleForAutoScaling",
                            "suspended_processes.#": "0",
                            "tag.#": "0",
                            "target_group_arns.#": "0",
                            "termination_policies.#": "0",
                            "vpc_zone_identifier.#": "3",
                            "vpc_zone_identifier.1960462395": "subnet-01a728a8b17b3427b",
                            "vpc_zone_identifier.442053625": "subnet-088081874ab30adfd",
                            "vpc_zone_identifier.771226155": "subnet-020978127c79c0cd9",
                            "wait_for_capacity_timeout": "10m"
                        },
                        "meta": {
                            "e2bfb730-ecaa-11e6-8f88-34363bc7c4c0": {
                                "delete": 600000000000
                            }
                        },
                        "tainted": false
                    },
                    "deposed": [],
                    "provider": "module.app.provider.aws"
                },
                "aws_elb.elb_app": {
                    "type": "aws_elb",
                    "depends_on": [
                        "aws_security_group.app_security_group",
                        "aws_subnet.app_subnet_1a",
                        "aws_subnet.app_subnet_1b",
                        "aws_subnet.app_subnet_1c"
                    ],
                    "primary": {
                        "id": "elb-app-manvir",
                        "attributes": {
                            "access_logs.#": "0",
                            "arn": "arn:aws:elasticloadbalancing:eu-west-1:135928476890:loadbalancer/elb-app-manvir",
                            "availability_zones.#": "3",
                            "availability_zones.1924028850": "eu-west-1b",
                            "availability_zones.3953592328": "eu-west-1a",
                            "availability_zones.94988580": "eu-west-1c",
                            "connection_draining": "false",
                            "connection_draining_timeout": "300",
                            "cross_zone_load_balancing": "true",
                            "dns_name": "elb-app-manvir-2019305689.eu-west-1.elb.amazonaws.com",
                            "health_check.#": "1",
                            "health_check.0.healthy_threshold": "3",
                            "health_check.0.interval": "30",
                            "health_check.0.target": "HTTP:80/",
                            "health_check.0.timeout": "3",
                            "health_check.0.unhealthy_threshold": "2",
                            "id": "elb-app-manvir",
                            "idle_timeout": "60",
                            "instances.#": "3",
                            "instances.2089930169": "i-08ad2122a400eb55a",
                            "instances.2232750537": "i-0406739478573798f",
                            "instances.4217958594": "i-08a57f904b00e9bfa",
                            "internal": "false",
                            "listener.#": "1",
                            "listener.3057123346.instance_port": "80",
                            "listener.3057123346.instance_protocol": "http",
                            "listener.3057123346.lb_port": "80",
                            "listener.3057123346.lb_protocol": "http",
                            "listener.3057123346.ssl_certificate_id": "",
                            "name": "elb-app-manvir",
                            "security_groups.#": "1",
                            "security_groups.4154874885": "sg-0329f909af9df2415",
                            "source_security_group": "135928476890/app-sg",
                            "source_security_group_id": "sg-0329f909af9df2415",
                            "subnets.#": "3",
                            "subnets.1960462395": "subnet-01a728a8b17b3427b",
                            "subnets.442053625": "subnet-088081874ab30adfd",
                            "subnets.771226155": "subnet-020978127c79c0cd9",
                            "tags.%": "0",
                            "zone_id": "Z32O12XQLNTSW2"
                        },
                        "meta": {},
                        "tainted": false
                    },
                    "deposed": [],
                    "provider": "module.app.provider.aws"
                },
                "aws_internet_gateway.app_intenet_gateway": {
                    "type": "aws_internet_gateway",
                    "depends_on": [],
                    "primary": {
                        "id": "igw-0be400933292a71b4",
                        "attributes": {
                            "id": "igw-0be400933292a71b4",
                            "tags.%": "1",
                            "tags.Name": "main",
                            "vpc_id": "vpc-0e6aadaca44c2e2ee"
                        },
                        "meta": {},
                        "tainted": false
                    },
                    "deposed": [],
                    "provider": "module.app.provider.aws"
                },
                "aws_launch_template.app_launch_template": {
                    "type": "aws_launch_template",
                    "depends_on": [
                        "aws_security_group.app_security_group",
                        "data.template_cloudinit_config.master"
                    ],
                    "primary": {
                        "id": "lt-0e3dd3c25a213edea",
                        "attributes": {
                            "arn": "arn:aws:ec2:eu-west-1:135928476890:launch-template/lt-0e3dd3c25a213edea",
                            "block_device_mappings.#": "0",
                            "credit_specification.#": "0",
                            "default_version": "1",
                            "disable_api_termination": "false",
                            "ebs_optimized": "false",
                            "elastic_gpu_specifications.#": "0",
                            "iam_instance_profile.#": "0",
                            "id": "lt-0e3dd3c25a213edea",
                            "image_id": "ami-c2b8bfbb",
                            "instance_initiated_shutdown_behavior": "",
                            "instance_market_options.#": "0",
                            "instance_type": "t2.micro",
                            "kernel_id": "",
                            "key_name": "",
                            "latest_version": "2",
                            "monitoring.#": "0",
                            "name": "Project4-launch-manvir",
                            "network_interfaces.#": "1",
                            "network_interfaces.0.associate_public_ip_address": "false",
                            "network_interfaces.0.delete_on_termination": "false",
                            "network_interfaces.0.description": "",
                            "network_interfaces.0.device_index": "0",
                            "network_interfaces.0.ipv4_address_count": "0",
                            "network_interfaces.0.ipv4_addresses.#": "0",
                            "network_interfaces.0.ipv6_address_count": "0",
                            "network_interfaces.0.ipv6_addresses.#": "0",
                            "network_interfaces.0.network_interface_id": "",
                            "network_interfaces.0.private_ip_address": "",
                            "network_interfaces.0.security_groups.#": "1",
                            "network_interfaces.0.security_groups.328488058": "sg-0329f909af9df2415",
                            "network_interfaces.0.subnet_id": "",
                            "placement.#": "0",
                            "ram_disk_id": "",
                            "security_group_names.#": "0",
                            "tag_specifications.#": "0",
                            "tags.%": "0",
                            "user_data": "H4sIAAAAAAAA/2TQTWvyQBDA8ftCvsM+ec6bTUQQIjn4Bi1ohdYWepJNMpot2ZlldwLx2xcFqeBx4DfDn1kRMiCrw8VDKd3Qs/UmsHZ2hHYuaxqwNeFSpbvX3Wa5/3xbL96/U3Gd1BeEaAlLWWR5IhKh1CNKxP322kZP0fLNGmbTdA6Q5/Jke0DjoEobco4wa07n9G/vEAzGEwS1wYZai+dSzmrLD+AWzTCyvkarzmDbQ0jEzjp4yvv/T9cWdW1iJwSMngLL7eq42G6rRjSt1B050EM9IA/aeC/QO2kxsun7u18vjy/7j0PlCM/U1qXWRZ4VeTbNcj2ZlpNZXsy0p8hReDeRkU1gabzPfuLTg5RKxG8AAAD//w2oilh/AQAA",
                            "vpc_security_group_ids.#": "0"
                        },
                        "meta": {},
                        "tainted": false
                    },
                    "deposed": [],
                    "provider": "module.app.provider.aws"
                },
                "aws_route_table.app_route_table": {
                    "type": "aws_route_table",
                    "depends_on": [
                        "aws_internet_gateway.app_intenet_gateway"
                    ],
                    "primary": {
                        "id": "rtb-01538fb31e6eba545",
                        "attributes": {
                            "id": "rtb-01538fb31e6eba545",
                            "propagating_vgws.#": "0",
                            "route.#": "1",
                            "route.903653684.cidr_block": "0.0.0.0/0",
                            "route.903653684.egress_only_gateway_id": "",
                            "route.903653684.gateway_id": "igw-0be400933292a71b4",
                            "route.903653684.instance_id": "",
                            "route.903653684.ipv6_cidr_block": "",
                            "route.903653684.nat_gateway_id": "",
                            "route.903653684.network_interface_id": "",
                            "route.903653684.vpc_peering_connection_id": "",
                            "tags.%": "1",
                            "tags.Name": "app-route-table",
                            "vpc_id": "vpc-0e6aadaca44c2e2ee"
                        },
                        "meta": {},
                        "tainted": false
                    },
                    "deposed": [],
                    "provider": "module.app.provider.aws"
                },
                "aws_route_table_association.elg_association": {
                    "type": "aws_route_table_association",
                    "depends_on": [
                        "aws_route_table.app_route_table",
                        "aws_subnet.elb_subnet"
                    ],
                    "primary": {
                        "id": "rtbassoc-0466b4c81dd4cd2b8",
                        "attributes": {
                            "id": "rtbassoc-0466b4c81dd4cd2b8",
                            "route_table_id": "rtb-01538fb31e6eba545",
                            "subnet_id": "subnet-0e6973c4f48997c55"
                        },
                        "meta": {},
                        "tainted": false
                    },
                    "deposed": [],
                    "provider": "module.app.provider.aws"
                },
                "aws_security_group.app_security_group": {
                    "type": "aws_security_group",
                    "depends_on": [
                        "aws_security_group.elb_security_group"
                    ],
                    "primary": {
                        "id": "sg-0329f909af9df2415",
                        "attributes": {
                            "arn": "arn:aws:ec2:eu-west-1:135928476890:security-group/sg-0329f909af9df2415",
                            "description": "security group for app",
                            "egress.#": "1",
                            "egress.482069346.cidr_blocks.#": "1",
                            "egress.482069346.cidr_blocks.0": "0.0.0.0/0",
                            "egress.482069346.description": "",
                            "egress.482069346.from_port": "0",
                            "egress.482069346.ipv6_cidr_blocks.#": "0",
                            "egress.482069346.prefix_list_ids.#": "0",
                            "egress.482069346.protocol": "-1",
                            "egress.482069346.security_groups.#": "0",
                            "egress.482069346.self": "false",
                            "egress.482069346.to_port": "0",
                            "id": "sg-0329f909af9df2415",
                            "ingress.#": "1",
                            "ingress.1943984191.cidr_blocks.#": "1",
                            "ingress.1943984191.cidr_blocks.0": "10.10.4.0/24",
                            "ingress.1943984191.description": "",
                            "ingress.1943984191.from_port": "0",
                            "ingress.1943984191.ipv6_cidr_blocks.#": "0",
                            "ingress.1943984191.protocol": "-1",
                            "ingress.1943984191.security_groups.#": "1",
                            "ingress.1943984191.security_groups.748469341": "sg-075b0007cb8bf4f69",
                            "ingress.1943984191.self": "false",
                            "ingress.1943984191.to_port": "0",
                            "name": "app-sg",
                            "owner_id": "135928476890",
                            "revoke_rules_on_delete": "false",
                            "tags.%": "0",
                            "vpc_id": "vpc-0e6aadaca44c2e2ee"
                        },
                        "meta": {
                            "e2bfb730-ecaa-11e6-8f88-34363bc7c4c0": {
                                "create": 600000000000,
                                "delete": 600000000000
                            },
                            "schema_version": "1"
                        },
                        "tainted": false
                    },
                    "deposed": [],
                    "provider": "module.app.provider.aws"
                },
                "aws_security_group.elb_security_group": {
                    "type": "aws_security_group",
                    "depends_on": [
                        "aws_vpc.main_vpc"
                    ],
                    "primary": {
                        "id": "sg-075b0007cb8bf4f69",
                        "attributes": {
                            "arn": "arn:aws:ec2:eu-west-1:135928476890:security-group/sg-075b0007cb8bf4f69",
                            "description": "security group for elb",
                            "egress.#": "1",
                            "egress.2214680975.cidr_blocks.#": "1",
                            "egress.2214680975.cidr_blocks.0": "0.0.0.0/0",
                            "egress.2214680975.description": "",
                            "egress.2214680975.from_port": "80",
                            "egress.2214680975.ipv6_cidr_blocks.#": "0",
                            "egress.2214680975.prefix_list_ids.#": "0",
                            "egress.2214680975.protocol": "tcp",
                            "egress.2214680975.security_groups.#": "0",
                            "egress.2214680975.self": "false",
                            "egress.2214680975.to_port": "80",
                            "id": "sg-075b0007cb8bf4f69",
                            "ingress.#": "1",
                            "ingress.2214680975.cidr_blocks.#": "1",
                            "ingress.2214680975.cidr_blocks.0": "0.0.0.0/0",
                            "ingress.2214680975.description": "",
                            "ingress.2214680975.from_port": "80",
                            "ingress.2214680975.ipv6_cidr_blocks.#": "0",
                            "ingress.2214680975.protocol": "tcp",
                            "ingress.2214680975.security_groups.#": "0",
                            "ingress.2214680975.self": "false",
                            "ingress.2214680975.to_port": "80",
                            "name": "elb-security-group",
                            "owner_id": "135928476890",
                            "revoke_rules_on_delete": "false",
                            "tags.%": "0",
                            "vpc_id": "vpc-0e6aadaca44c2e2ee"
                        },
                        "meta": {
                            "e2bfb730-ecaa-11e6-8f88-34363bc7c4c0": {
                                "create": 600000000000,
                                "delete": 600000000000
                            },
                            "schema_version": "1"
                        },
                        "tainted": false
                    },
                    "deposed": [],
                    "provider": "module.app.provider.aws"
                },
                "aws_subnet.app_subnet_1a": {
                    "type": "aws_subnet",
                    "depends_on": [],
                    "primary": {
                        "id": "subnet-020978127c79c0cd9",
                        "attributes": {
                            "assign_ipv6_address_on_creation": "false",
                            "availability_zone": "eu-west-1a",
                            "cidr_block": "10.10.1.0/24",
                            "id": "subnet-020978127c79c0cd9",
                            "map_public_ip_on_launch": "false",
                            "tags.%": "1",
                            "tags.Name": "subnet-app-1a",
                            "vpc_id": "vpc-0e6aadaca44c2e2ee"
                        },
                        "meta": {
                            "schema_version": "1"
                        },
                        "tainted": false
                    },
                    "deposed": [],
                    "provider": "module.app.provider.aws"
                },
                "aws_subnet.app_subnet_1b": {
                    "type": "aws_subnet",
                    "depends_on": [],
                    "primary": {
                        "id": "subnet-01a728a8b17b3427b",
                        "attributes": {
                            "assign_ipv6_address_on_creation": "false",
                            "availability_zone": "eu-west-1b",
                            "cidr_block": "10.10.2.0/24",
                            "id": "subnet-01a728a8b17b3427b",
                            "map_public_ip_on_launch": "false",
                            "tags.%": "1",
                            "tags.Name": "subnet-app-1b",
                            "vpc_id": "vpc-0e6aadaca44c2e2ee"
                        },
                        "meta": {
                            "schema_version": "1"
                        },
                        "tainted": false
                    },
                    "deposed": [],
                    "provider": "module.app.provider.aws"
                },
                "aws_subnet.app_subnet_1c": {
                    "type": "aws_subnet",
                    "depends_on": [],
                    "primary": {
                        "id": "subnet-088081874ab30adfd",
                        "attributes": {
                            "assign_ipv6_address_on_creation": "false",
                            "availability_zone": "eu-west-1c",
                            "cidr_block": "10.10.3.0/24",
                            "id": "subnet-088081874ab30adfd",
                            "map_public_ip_on_launch": "false",
                            "tags.%": "1",
                            "tags.Name": "subnet-app-1c",
                            "vpc_id": "vpc-0e6aadaca44c2e2ee"
                        },
                        "meta": {
                            "schema_version": "1"
                        },
                        "tainted": false
                    },
                    "deposed": [],
                    "provider": "module.app.provider.aws"
                },
                "aws_subnet.elb_subnet": {
                    "type": "aws_subnet",
                    "depends_on": [],
                    "primary": {
                        "id": "subnet-0e6973c4f48997c55",
                        "attributes": {
                            "assign_ipv6_address_on_creation": "false",
                            "availability_zone": "eu-west-1a",
                            "cidr_block": "10.10.4.0/24",
                            "id": "subnet-0e6973c4f48997c55",
                            "map_public_ip_on_launch": "false",
                            "tags.%": "1",
                            "tags.Name": "subnet-elb-project4",
                            "vpc_id": "vpc-0e6aadaca44c2e2ee"
                        },
                        "meta": {
                            "schema_version": "1"
                        },
                        "tainted": false
                    },
                    "deposed": [],
                    "provider": "module.app.provider.aws"
                },
                "aws_vpc.main_vpc": {
                    "type": "aws_vpc",
                    "depends_on": [],
                    "primary": {
                        "id": "vpc-0e6aadaca44c2e2ee",
                        "attributes": {
                            "arn": "arn:aws:ec2:eu-west-1:135928476890:vpc/vpc-0e6aadaca44c2e2ee",
                            "assign_generated_ipv6_cidr_block": "false",
                            "cidr_block": "10.10.0.0/16",
                            "default_network_acl_id": "acl-04991f3b2c6614150",
                            "default_route_table_id": "rtb-0bad9281c88e72d7c",
                            "default_security_group_id": "sg-033577d0d317351ea",
                            "dhcp_options_id": "dopt-18d5d77d",
                            "enable_classiclink": "false",
                            "enable_classiclink_dns_support": "false",
                            "enable_dns_hostnames": "false",
                            "enable_dns_support": "true",
                            "id": "vpc-0e6aadaca44c2e2ee",
                            "instance_tenancy": "default",
                            "main_route_table_id": "rtb-0bad9281c88e72d7c",
                            "tags.%": "1",
                            "tags.Name": "app-vpc"
                        },
                        "meta": {
                            "schema_version": "1"
                        },
                        "tainted": false
                    },
                    "deposed": [],
                    "provider": "module.app.provider.aws"
                },
                "data.template_cloudinit_config.master": {
                    "type": "template_cloudinit_config",
                    "depends_on": [
                        "data.template_file.app_user_data"
                    ],
                    "primary": {
                        "id": "4173849616",
                        "attributes": {
                            "base64_encode": "true",
                            "gzip": "true",
                            "id": "4173849616",
                            "part.#": "1",
                            "part.0.content": "#!/bin/bash\n\nexport LC_ALL=c\ncd /home/ubuntu/app\nnpm install\nexport DB_HOST=mongodb://10.10.4.0/24:27017/posts\npm2 start app.js\n",
                            "part.0.content_type": "text/part-handler",
                            "part.0.filename": "common.cfg",
                            "part.0.merge_type": "",
                            "rendered": "H4sIAAAAAAAA/2TQTWvyQBDA8ftCvsM+ec6bTUQQIjn4Bi1ohdYWepJNMpot2ZlldwLx2xcFqeBx4DfDn1kRMiCrw8VDKd3Qs/UmsHZ2hHYuaxqwNeFSpbvX3Wa5/3xbL96/U3Gd1BeEaAlLWWR5IhKh1CNKxP322kZP0fLNGmbTdA6Q5/Jke0DjoEobco4wa07n9G/vEAzGEwS1wYZai+dSzmrLD+AWzTCyvkarzmDbQ0jEzjp4yvv/T9cWdW1iJwSMngLL7eq42G6rRjSt1B050EM9IA/aeC/QO2kxsun7u18vjy/7j0PlCM/U1qXWRZ4VeTbNcj2ZlpNZXsy0p8hReDeRkU1gabzPfuLTg5RKxG8AAAD//w2oilh/AQAA"
                        },
                        "meta": {},
                        "tainted": false
                    },
                    "deposed": [],
                    "provider": "provider.template"
                },
                "data.template_file.app_user_data": {
                    "type": "template_file",
                    "depends_on": [],
                    "primary": {
                        "id": "30da13bfcd2e788dd7277927bfdd5e5434cf77d1ccbb93aea46f60a6dd4aaae7",
                        "attributes": {
                            "id": "30da13bfcd2e788dd7277927bfdd5e5434cf77d1ccbb93aea46f60a6dd4aaae7",
                            "rendered": "#!/bin/bash\n\nexport LC_ALL=c\ncd /home/ubuntu/app\nnpm install\nexport DB_HOST=mongodb://10.10.4.0/24:27017/posts\npm2 start app.js\n",
                            "template": "#!/bin/bash\n\nexport LC_ALL=c\ncd /home/ubuntu/app\nnpm install\nexport DB_HOST=${db_host}\npm2 start app.js\n",
                            "vars.%": "1",
                            "vars.db_host": "mongodb://10.10.4.0/24:27017/posts"
                        },
                        "meta": {},
                        "tainted": false
                    },
                    "deposed": [],
                    "provider": "provider.template"
                }
            },
            "depends_on": []
        }
    ]
}
