{
    "version": 3,
    "terraform_version": "0.11.7",
    "serial": 45,
    "lineage": "6a94598b-9913-de27-fe56-d3c6ddd2ca11",
    "modules": [
        {
            "path": [
                "root"
            ],
            "outputs": {},
            "resources": {
                "aws_route53_record.engineering12": {
                    "type": "aws_route53_record",
                    "depends_on": [
                        "module.app"
                    ],
                    "primary": {
                        "id": "Z3CCIZELFLJ3SC_engineering12.spartaglobal.education_CNAME",
                        "attributes": {
                            "allow_overwrite": "true",
                            "fqdn": "engineering12.spartaglobal.education",
                            "health_check_id": "",
                            "id": "Z3CCIZELFLJ3SC_engineering12.spartaglobal.education_CNAME",
                            "name": "engineering12.spartaglobal.education",
                            "records.#": "1",
                            "records.3313442636": "elb-app-1940474000.eu-west-1.elb.amazonaws.com",
                            "set_identifier": "",
                            "ttl": "300",
                            "type": "CNAME",
                            "zone_id": "Z3CCIZELFLJ3SC"
                        },
                        "meta": {
                            "schema_version": "2"
                        },
                        "tainted": false
                    },
                    "deposed": [],
                    "provider": "provider.aws"
                },
                "data.template_file.app_user_data": {
                    "type": "template_file",
                    "depends_on": [],
                    "primary": {
                        "id": "9d0aea3fef79c54ffd3c1d7a32f3878bf0a04ef9b8816445f3e695ad8075d0c3",
                        "attributes": {
                            "id": "9d0aea3fef79c54ffd3c1d7a32f3878bf0a04ef9b8816445f3e695ad8075d0c3",
                            "rendered": "IyEvYmluL2Jhc2gNCg0KZXhwb3J0IExDX0FMTD1jDQpjZCAvaG9tZS91YnVudHUvYXBwDQpucG0gaW5zdGFsbA0KZXhwb3J0IERCX0hPU1Q9bW9uZ29kYjovLzEwLjEwLjQuNzoyNzAxNy9wb3N0cw0KcG0yIHN0YXJ0IGFwcC5qcw0K\n",
                            "template": "IyEvYmluL2Jhc2gNCg0KZXhwb3J0IExDX0FMTD1jDQpjZCAvaG9tZS91YnVudHUvYXBwDQpucG0gaW5zdGFsbA0KZXhwb3J0IERCX0hPU1Q9bW9uZ29kYjovLzEwLjEwLjQuNzoyNzAxNy9wb3N0cw0KcG0yIHN0YXJ0IGFwcC5qcw0K\n"
                        },
                        "meta": {},
                        "tainted": false
                    },
                    "deposed": [],
                    "provider": "provider.template"
                }
            },
            "depends_on": []
        },
        {
            "path": [
                "root",
                "app"
            ],
            "outputs": {
                "app_ami_id": {
                    "sensitive": false,
                    "type": "string",
                    "value": "ami-c2b8bfbb"
                },
                "app_route_table": {
                    "sensitive": false,
                    "type": "string",
                    "value": "rtb-0ec86120108b01ac0"
                },
                "app_security_group": {
                    "sensitive": false,
                    "type": "string",
                    "value": "sg-0a0b6a71d53b28220"
                },
                "elb_app": {
                    "sensitive": false,
                    "type": "string",
                    "value": "elb-app-1940474000.eu-west-1.elb.amazonaws.com"
                },
                "vpc_id": {
                    "sensitive": false,
                    "type": "string",
                    "value": "vpc-039424590aea5d72a"
                }
            },
            "resources": {
                "aws_autoscaling_group.app_auto_scaling": {
                    "type": "aws_autoscaling_group",
                    "depends_on": [
                        "aws_elb.elb_app",
                        "aws_launch_template.app_launch_template",
                        "aws_subnet.app_subnet_1a",
                        "aws_subnet.app_subnet_1b",
                        "aws_subnet.app_subnet_1c"
                    ],
                    "primary": {
                        "id": "tf-asg-20180818205414150700000002",
                        "attributes": {
                            "arn": "arn:aws:autoscaling:eu-west-1:135928476890:autoScalingGroup:a035a9f6-b889-4583-9a60-648cf40dfd14:autoScalingGroupName/tf-asg-20180818205414150700000002",
                            "availability_zones.#": "3",
                            "availability_zones.1924028850": "eu-west-1b",
                            "availability_zones.3953592328": "eu-west-1a",
                            "availability_zones.94988580": "eu-west-1c",
                            "default_cooldown": "300",
                            "desired_capacity": "3",
                            "enabled_metrics.#": "0",
                            "force_delete": "false",
                            "health_check_grace_period": "300",
                            "health_check_type": "EC2",
                            "id": "tf-asg-20180818205414150700000002",
                            "launch_configuration": "",
                            "launch_template.#": "1",
                            "launch_template.0.id": "lt-02cc1360aae00ac31",
                            "launch_template.0.name": "app_launch_template",
                            "launch_template.0.version": "$Latest",
                            "load_balancers.#": "1",
                            "load_balancers.3159460110": "elb-app",
                            "max_size": "4",
                            "metrics_granularity": "1Minute",
                            "min_size": "3",
                            "name": "tf-asg-20180818205414150700000002",
                            "placement_group": "",
                            "protect_from_scale_in": "false",
                            "service_linked_role_arn": "arn:aws:iam::135928476890:role/aws-service-role/autoscaling.amazonaws.com/AWSServiceRoleForAutoScaling",
                            "suspended_processes.#": "0",
                            "tags.#": "1",
                            "tags.0.%": "3",
                            "tags.0.key": "name",
                            "tags.0.propagate_at_launch": "1",
                            "tags.0.value": "APP_instance",
                            "target_group_arns.#": "0",
                            "termination_policies.#": "0",
                            "vpc_zone_identifier.#": "3",
                            "vpc_zone_identifier.1455315962": "subnet-0bfaafecd7a314903",
                            "vpc_zone_identifier.2134043135": "subnet-053e53b971a758bf2",
                            "vpc_zone_identifier.988474282": "subnet-066e1d9b522064300",
                            "wait_for_capacity_timeout": "10m"
                        },
                        "meta": {
                            "e2bfb730-ecaa-11e6-8f88-34363bc7c4c0": {
                                "delete": 600000000000
                            }
                        },
                        "tainted": false
                    },
                    "deposed": [],
                    "provider": "provider.aws"
                },
                "aws_elb.elb_app": {
                    "type": "aws_elb",
                    "depends_on": [
                        "aws_security_group.app_security_group",
                        "aws_subnet.app_subnet_1a",
                        "aws_subnet.app_subnet_1b",
                        "aws_subnet.app_subnet_1c"
                    ],
                    "primary": {
                        "id": "elb-app",
                        "attributes": {
                            "access_logs.#": "0",
                            "arn": "arn:aws:elasticloadbalancing:eu-west-1:135928476890:loadbalancer/elb-app",
                            "availability_zones.#": "3",
                            "availability_zones.1924028850": "eu-west-1b",
                            "availability_zones.3953592328": "eu-west-1a",
                            "availability_zones.94988580": "eu-west-1c",
                            "connection_draining": "false",
                            "connection_draining_timeout": "300",
                            "cross_zone_load_balancing": "true",
                            "dns_name": "elb-app-1940474000.eu-west-1.elb.amazonaws.com",
                            "health_check.#": "1",
                            "health_check.0.healthy_threshold": "2",
                            "health_check.0.interval": "30",
                            "health_check.0.target": "HTTP:80/",
                            "health_check.0.timeout": "3",
                            "health_check.0.unhealthy_threshold": "2",
                            "id": "elb-app",
                            "idle_timeout": "60",
                            "instances.#": "3",
                            "instances.115883859": "i-0b1bf5cc67dff9fa1",
                            "instances.3946518934": "i-012c5727c5bc1dfb1",
                            "instances.3974598595": "i-07965b4ec67786293",
                            "internal": "false",
                            "listener.#": "1",
                            "listener.3057123346.instance_port": "80",
                            "listener.3057123346.instance_protocol": "http",
                            "listener.3057123346.lb_port": "80",
                            "listener.3057123346.lb_protocol": "http",
                            "listener.3057123346.ssl_certificate_id": "",
                            "name": "elb-app",
                            "security_groups.#": "1",
                            "security_groups.1862853055": "sg-0a0b6a71d53b28220",
                            "source_security_group": "135928476890/app-sg",
                            "source_security_group_id": "sg-0a0b6a71d53b28220",
                            "subnets.#": "3",
                            "subnets.1455315962": "subnet-0bfaafecd7a314903",
                            "subnets.2134043135": "subnet-053e53b971a758bf2",
                            "subnets.988474282": "subnet-066e1d9b522064300",
                            "tags.%": "0",
                            "zone_id": "Z32O12XQLNTSW2"
                        },
                        "meta": {},
                        "tainted": false
                    },
                    "deposed": [],
                    "provider": "provider.aws"
                },
                "aws_internet_gateway.app_internet_gateway": {
                    "type": "aws_internet_gateway",
                    "depends_on": [],
                    "primary": {
                        "id": "igw-0fe0afbf7a2075cc3",
                        "attributes": {
                            "id": "igw-0fe0afbf7a2075cc3",
                            "tags.%": "1",
                            "tags.Name": "main",
                            "vpc_id": "vpc-039424590aea5d72a"
                        },
                        "meta": {},
                        "tainted": false
                    },
                    "deposed": [],
                    "provider": "provider.aws"
                },
                "aws_launch_template.app_launch_template": {
                    "type": "aws_launch_template",
                    "depends_on": [
                        "aws_security_group.app_security_group"
                    ],
                    "primary": {
                        "id": "lt-02cc1360aae00ac31",
                        "attributes": {
                            "arn": "arn:aws:ec2:eu-west-1:135928476890:launch-template/lt-02cc1360aae00ac31",
                            "block_device_mappings.#": "0",
                            "credit_specification.#": "0",
                            "default_version": "1",
                            "disable_api_termination": "false",
                            "ebs_optimized": "false",
                            "elastic_gpu_specifications.#": "0",
                            "iam_instance_profile.#": "0",
                            "id": "lt-02cc1360aae00ac31",
                            "image_id": "ami-c2b8bfbb",
                            "instance_initiated_shutdown_behavior": "",
                            "instance_market_options.#": "0",
                            "instance_type": "t2.micro",
                            "kernel_id": "",
                            "key_name": "",
                            "latest_version": "3",
                            "monitoring.#": "0",
                            "name": "app_launch_template",
                            "network_interfaces.#": "1",
                            "network_interfaces.0.associate_public_ip_address": "false",
                            "network_interfaces.0.delete_on_termination": "false",
                            "network_interfaces.0.description": "",
                            "network_interfaces.0.device_index": "0",
                            "network_interfaces.0.ipv4_address_count": "0",
                            "network_interfaces.0.ipv4_addresses.#": "0",
                            "network_interfaces.0.ipv6_address_count": "0",
                            "network_interfaces.0.ipv6_addresses.#": "0",
                            "network_interfaces.0.network_interface_id": "",
                            "network_interfaces.0.private_ip_address": "",
                            "network_interfaces.0.security_groups.#": "1",
                            "network_interfaces.0.security_groups.951623765": "sg-0a0b6a71d53b28220",
                            "network_interfaces.0.subnet_id": "",
                            "placement.#": "0",
                            "ram_disk_id": "",
                            "security_group_names.#": "0",
                            "tag_specifications.#": "0",
                            "tags.%": "0",
                            "user_data": "IyEvYmluL2Jhc2gNCg0KZXhwb3J0IExDX0FMTD1jDQpjZCAvaG9tZS91YnVudHUvYXBwDQpucG0gaW5zdGFsbA0KZXhwb3J0IERCX0hPU1Q9bW9uZ29kYjovLzEwLjEwLjQuNzoyNzAxNy9wb3N0cw0KcG0yIHN0YXJ0IGFwcC5qcw0K",
                            "vpc_security_group_ids.#": "0"
                        },
                        "meta": {},
                        "tainted": false
                    },
                    "deposed": [],
                    "provider": "provider.aws"
                },
                "aws_route_table.app_route_table": {
                    "type": "aws_route_table",
                    "depends_on": [
                        "aws_internet_gateway.app_internet_gateway"
                    ],
                    "primary": {
                        "id": "rtb-0ec86120108b01ac0",
                        "attributes": {
                            "id": "rtb-0ec86120108b01ac0",
                            "propagating_vgws.#": "0",
                            "route.#": "1",
                            "route.1648677288.cidr_block": "0.0.0.0/0",
                            "route.1648677288.egress_only_gateway_id": "",
                            "route.1648677288.gateway_id": "igw-0fe0afbf7a2075cc3",
                            "route.1648677288.instance_id": "",
                            "route.1648677288.ipv6_cidr_block": "",
                            "route.1648677288.nat_gateway_id": "",
                            "route.1648677288.network_interface_id": "",
                            "route.1648677288.vpc_peering_connection_id": "",
                            "tags.%": "1",
                            "tags.Name": "app-route-table",
                            "vpc_id": "vpc-039424590aea5d72a"
                        },
                        "meta": {},
                        "tainted": false
                    },
                    "deposed": [],
                    "provider": "provider.aws"
                },
                "aws_route_table_association.app_1a_association": {
                    "type": "aws_route_table_association",
                    "depends_on": [
                        "aws_route_table.app_route_table",
                        "aws_subnet.app_subnet_1a"
                    ],
                    "primary": {
                        "id": "rtbassoc-0fc44083a6a35a97d",
                        "attributes": {
                            "id": "rtbassoc-0fc44083a6a35a97d",
                            "route_table_id": "rtb-0ec86120108b01ac0",
                            "subnet_id": "subnet-0bfaafecd7a314903"
                        },
                        "meta": {},
                        "tainted": false
                    },
                    "deposed": [],
                    "provider": "provider.aws"
                },
                "aws_route_table_association.app_1b_association": {
                    "type": "aws_route_table_association",
                    "depends_on": [
                        "aws_route_table.app_route_table",
                        "aws_subnet.app_subnet_1b"
                    ],
                    "primary": {
                        "id": "rtbassoc-0d326f86e8f1446de",
                        "attributes": {
                            "id": "rtbassoc-0d326f86e8f1446de",
                            "route_table_id": "rtb-0ec86120108b01ac0",
                            "subnet_id": "subnet-053e53b971a758bf2"
                        },
                        "meta": {},
                        "tainted": false
                    },
                    "deposed": [],
                    "provider": "provider.aws"
                },
                "aws_route_table_association.app_1c_association": {
                    "type": "aws_route_table_association",
                    "depends_on": [
                        "aws_route_table.app_route_table",
                        "aws_subnet.app_subnet_1c"
                    ],
                    "primary": {
                        "id": "rtbassoc-0efce59839c65fb91",
                        "attributes": {
                            "id": "rtbassoc-0efce59839c65fb91",
                            "route_table_id": "rtb-0ec86120108b01ac0",
                            "subnet_id": "subnet-066e1d9b522064300"
                        },
                        "meta": {},
                        "tainted": false
                    },
                    "deposed": [],
                    "provider": "provider.aws"
                },
                "aws_security_group.app_security_group": {
                    "type": "aws_security_group",
                    "depends_on": [],
                    "primary": {
                        "id": "sg-0a0b6a71d53b28220",
                        "attributes": {
                            "arn": "arn:aws:ec2:eu-west-1:135928476890:security-group/sg-0a0b6a71d53b28220",
                            "description": "security group for app",
                            "egress.#": "1",
                            "egress.482069346.cidr_blocks.#": "1",
                            "egress.482069346.cidr_blocks.0": "0.0.0.0/0",
                            "egress.482069346.description": "",
                            "egress.482069346.from_port": "0",
                            "egress.482069346.ipv6_cidr_blocks.#": "0",
                            "egress.482069346.prefix_list_ids.#": "0",
                            "egress.482069346.protocol": "-1",
                            "egress.482069346.security_groups.#": "0",
                            "egress.482069346.self": "false",
                            "egress.482069346.to_port": "0",
                            "id": "sg-0a0b6a71d53b28220",
                            "ingress.#": "1",
                            "ingress.2510676008.cidr_blocks.#": "1",
                            "ingress.2510676008.cidr_blocks.0": "0.0.0.0/0",
                            "ingress.2510676008.description": "",
                            "ingress.2510676008.from_port": "0",
                            "ingress.2510676008.ipv6_cidr_blocks.#": "0",
                            "ingress.2510676008.protocol": "-1",
                            "ingress.2510676008.security_groups.#": "0",
                            "ingress.2510676008.self": "true",
                            "ingress.2510676008.to_port": "0",
                            "name": "app-sg",
                            "owner_id": "135928476890",
                            "revoke_rules_on_delete": "false",
                            "tags.%": "0",
                            "vpc_id": "vpc-039424590aea5d72a"
                        },
                        "meta": {
                            "e2bfb730-ecaa-11e6-8f88-34363bc7c4c0": {
                                "create": 600000000000,
                                "delete": 600000000000
                            },
                            "schema_version": "1"
                        },
                        "tainted": false
                    },
                    "deposed": [],
                    "provider": "provider.aws"
                },
                "aws_subnet.app_subnet_1a": {
                    "type": "aws_subnet",
                    "depends_on": [
                        "data.aws_availability_zones.available"
                    ],
                    "primary": {
                        "id": "subnet-0bfaafecd7a314903",
                        "attributes": {
                            "assign_ipv6_address_on_creation": "false",
                            "availability_zone": "eu-west-1a",
                            "cidr_block": "10.10.0.0/24",
                            "id": "subnet-0bfaafecd7a314903",
                            "map_public_ip_on_launch": "false",
                            "tags.%": "1",
                            "tags.Name": "subnet-app-project4",
                            "vpc_id": "vpc-039424590aea5d72a"
                        },
                        "meta": {
                            "schema_version": "1"
                        },
                        "tainted": false
                    },
                    "deposed": [],
                    "provider": "provider.aws"
                },
                "aws_subnet.app_subnet_1b": {
                    "type": "aws_subnet",
                    "depends_on": [
                        "data.aws_availability_zones.available"
                    ],
                    "primary": {
                        "id": "subnet-053e53b971a758bf2",
                        "attributes": {
                            "assign_ipv6_address_on_creation": "false",
                            "availability_zone": "eu-west-1b",
                            "cidr_block": "10.10.1.0/24",
                            "id": "subnet-053e53b971a758bf2",
                            "map_public_ip_on_launch": "false",
                            "tags.%": "1",
                            "tags.Name": "subnet-app-project4",
                            "vpc_id": "vpc-039424590aea5d72a"
                        },
                        "meta": {
                            "schema_version": "1"
                        },
                        "tainted": false
                    },
                    "deposed": [],
                    "provider": "provider.aws"
                },
                "aws_subnet.app_subnet_1c": {
                    "type": "aws_subnet",
                    "depends_on": [
                        "data.aws_availability_zones.available"
                    ],
                    "primary": {
                        "id": "subnet-066e1d9b522064300",
                        "attributes": {
                            "assign_ipv6_address_on_creation": "false",
                            "availability_zone": "eu-west-1c",
                            "cidr_block": "10.10.2.0/24",
                            "id": "subnet-066e1d9b522064300",
                            "map_public_ip_on_launch": "false",
                            "tags.%": "1",
                            "tags.Name": "subnet-app-project4",
                            "vpc_id": "vpc-039424590aea5d72a"
                        },
                        "meta": {
                            "schema_version": "1"
                        },
                        "tainted": false
                    },
                    "deposed": [],
                    "provider": "provider.aws"
                },
                "aws_vpc.main_vpc": {
                    "type": "aws_vpc",
                    "depends_on": [],
                    "primary": {
                        "id": "vpc-039424590aea5d72a",
                        "attributes": {
                            "arn": "arn:aws:ec2:eu-west-1:135928476890:vpc/vpc-039424590aea5d72a",
                            "assign_generated_ipv6_cidr_block": "false",
                            "cidr_block": "10.10.0.0/16",
                            "default_network_acl_id": "acl-0d181bc58f57bb4dd",
                            "default_route_table_id": "rtb-0e05706d89b0b0900",
                            "default_security_group_id": "sg-008a728d70c4dc74e",
                            "dhcp_options_id": "dopt-18d5d77d",
                            "enable_classiclink": "false",
                            "enable_classiclink_dns_support": "false",
                            "enable_dns_hostnames": "false",
                            "enable_dns_support": "true",
                            "id": "vpc-039424590aea5d72a",
                            "instance_tenancy": "default",
                            "main_route_table_id": "rtb-0e05706d89b0b0900",
                            "tags.%": "1",
                            "tags.Name": "app-vpc"
                        },
                        "meta": {
                            "schema_version": "1"
                        },
                        "tainted": false
                    },
                    "deposed": [],
                    "provider": "provider.aws"
                },
                "data.aws_availability_zones.available": {
                    "type": "aws_availability_zones",
                    "depends_on": [],
                    "primary": {
                        "id": "2018-08-18 21:10:34.681904197 +0000 UTC",
                        "attributes": {
                            "id": "2018-08-18 21:10:34.681904197 +0000 UTC",
                            "names.#": "3",
                            "names.0": "eu-west-1a",
                            "names.1": "eu-west-1b",
                            "names.2": "eu-west-1c"
                        },
                        "meta": {},
                        "tainted": false
                    },
                    "deposed": [],
                    "provider": "provider.aws"
                }
            },
            "depends_on": []
        },
        {
            "path": [
                "root",
                "db"
            ],
            "outputs": {
                "db_1a_privateip": {
                    "sensitive": false,
                    "type": "string",
                    "value": "10.10.4.7"
                },
                "db_1a_sg": {
                    "sensitive": false,
                    "type": "string",
                    "value": "sg-078a7f81d31857abc"
                },
                "db_ami_id": {
                    "sensitive": false,
                    "type": "string",
                    "value": "ami-0ce380b886769d3a8"
                }
            },
            "resources": {
                "aws_instance.db_1a": {
                    "type": "aws_instance",
                    "depends_on": [
                        "aws_security_group.db_sg",
                        "aws_subnet.db_1a",
                        "data.template_file.db_tmplt"
                    ],
                    "primary": {
                        "id": "i-0e37cb3fee7a10e9e",
                        "attributes": {
                            "ami": "ami-0ce380b886769d3a8",
                            "arn": "arn:aws:ec2:eu-west-1:135928476890:instance/i-0e37cb3fee7a10e9e",
                            "associate_public_ip_address": "false",
                            "availability_zone": "eu-west-1a",
                            "cpu_core_count": "1",
                            "cpu_threads_per_core": "1",
                            "credit_specification.#": "1",
                            "credit_specification.0.cpu_credits": "standard",
                            "disable_api_termination": "false",
                            "ebs_block_device.#": "0",
                            "ebs_optimized": "false",
                            "ephemeral_block_device.#": "0",
                            "get_password_data": "false",
                            "iam_instance_profile": "",
                            "id": "i-0e37cb3fee7a10e9e",
                            "instance_state": "running",
                            "instance_type": "t2.micro",
                            "ipv6_addresses.#": "0",
                            "key_name": "",
                            "monitoring": "false",
                            "network_interface.#": "0",
                            "network_interface_id": "eni-03fd8d512f74d8e1a",
                            "password_data": "",
                            "placement_group": "",
                            "primary_network_interface_id": "eni-03fd8d512f74d8e1a",
                            "private_dns": "ip-10-10-4-7.eu-west-1.compute.internal",
                            "private_ip": "10.10.4.7",
                            "public_dns": "",
                            "public_ip": "",
                            "root_block_device.#": "1",
                            "root_block_device.0.delete_on_termination": "true",
                            "root_block_device.0.iops": "100",
                            "root_block_device.0.volume_id": "vol-022f58665cc91bbb9",
                            "root_block_device.0.volume_size": "8",
                            "root_block_device.0.volume_type": "gp2",
                            "security_groups.#": "0",
                            "source_dest_check": "true",
                            "subnet_id": "subnet-01c49887ab20153df",
                            "tags.%": "1",
                            "tags.Name": "DB-PROJECT4-1a",
                            "tenancy": "default",
                            "user_data": "d4469e5c8001e172c0c3a671e17f4b1132f74fda",
                            "volume_tags.%": "0",
                            "vpc_security_group_ids.#": "1",
                            "vpc_security_group_ids.1297833765": "sg-078a7f81d31857abc"
                        },
                        "meta": {
                            "e2bfb730-ecaa-11e6-8f88-34363bc7c4c0": {
                                "create": 600000000000,
                                "delete": 1200000000000,
                                "update": 600000000000
                            },
                            "schema_version": "1"
                        },
                        "tainted": false
                    },
                    "deposed": [],
                    "provider": "module.db.provider.aws"
                },
                "aws_instance.db_1b": {
                    "type": "aws_instance",
                    "depends_on": [
                        "aws_security_group.db_sg",
                        "aws_subnet.db_1b",
                        "data.template_file.db_slave"
                    ],
                    "primary": {
                        "id": "i-07b1b69fd5b0cd3fa",
                        "attributes": {
                            "ami": "ami-0ce380b886769d3a8",
                            "arn": "arn:aws:ec2:eu-west-1:135928476890:instance/i-07b1b69fd5b0cd3fa",
                            "associate_public_ip_address": "false",
                            "availability_zone": "eu-west-1b",
                            "cpu_core_count": "1",
                            "cpu_threads_per_core": "1",
                            "credit_specification.#": "1",
                            "credit_specification.0.cpu_credits": "standard",
                            "disable_api_termination": "false",
                            "ebs_block_device.#": "0",
                            "ebs_optimized": "false",
                            "ephemeral_block_device.#": "0",
                            "get_password_data": "false",
                            "iam_instance_profile": "",
                            "id": "i-07b1b69fd5b0cd3fa",
                            "instance_state": "running",
                            "instance_type": "t2.micro",
                            "ipv6_addresses.#": "0",
                            "key_name": "",
                            "monitoring": "false",
                            "network_interface.#": "0",
                            "network_interface_id": "eni-09f5d31e46d4dd229",
                            "password_data": "",
                            "placement_group": "",
                            "primary_network_interface_id": "eni-09f5d31e46d4dd229",
                            "private_dns": "ip-10-10-5-7.eu-west-1.compute.internal",
                            "private_ip": "10.10.5.7",
                            "public_dns": "",
                            "public_ip": "",
                            "root_block_device.#": "1",
                            "root_block_device.0.delete_on_termination": "true",
                            "root_block_device.0.iops": "100",
                            "root_block_device.0.volume_id": "vol-0620db149eb40f116",
                            "root_block_device.0.volume_size": "8",
                            "root_block_device.0.volume_type": "gp2",
                            "security_groups.#": "0",
                            "source_dest_check": "true",
                            "subnet_id": "subnet-05f8828e58dc1e6ec",
                            "tags.%": "1",
                            "tags.Name": "DB-PROJECT4-1b",
                            "tenancy": "default",
                            "user_data": "2e1c5885ef0f2d5a7655ad5e5bad58af09a189a3",
                            "volume_tags.%": "0",
                            "vpc_security_group_ids.#": "1",
                            "vpc_security_group_ids.1297833765": "sg-078a7f81d31857abc"
                        },
                        "meta": {
                            "e2bfb730-ecaa-11e6-8f88-34363bc7c4c0": {
                                "create": 600000000000,
                                "delete": 1200000000000,
                                "update": 600000000000
                            },
                            "schema_version": "1"
                        },
                        "tainted": false
                    },
                    "deposed": [],
                    "provider": "module.db.provider.aws"
                },
                "aws_instance.db_1c": {
                    "type": "aws_instance",
                    "depends_on": [
                        "aws_security_group.db_sg",
                        "aws_subnet.db_1c",
                        "data.template_file.db_slave"
                    ],
                    "primary": {
                        "id": "i-0afc98d9d3561279e",
                        "attributes": {
                            "ami": "ami-0ce380b886769d3a8",
                            "arn": "arn:aws:ec2:eu-west-1:135928476890:instance/i-0afc98d9d3561279e",
                            "associate_public_ip_address": "false",
                            "availability_zone": "eu-west-1c",
                            "cpu_core_count": "1",
                            "cpu_threads_per_core": "1",
                            "credit_specification.#": "1",
                            "credit_specification.0.cpu_credits": "standard",
                            "disable_api_termination": "false",
                            "ebs_block_device.#": "0",
                            "ebs_optimized": "false",
                            "ephemeral_block_device.#": "0",
                            "get_password_data": "false",
                            "iam_instance_profile": "",
                            "id": "i-0afc98d9d3561279e",
                            "instance_state": "running",
                            "instance_type": "t2.micro",
                            "ipv6_addresses.#": "0",
                            "key_name": "",
                            "monitoring": "false",
                            "network_interface.#": "0",
                            "network_interface_id": "eni-0b02fbb0eaf65a08a",
                            "password_data": "",
                            "placement_group": "",
                            "primary_network_interface_id": "eni-0b02fbb0eaf65a08a",
                            "private_dns": "ip-10-10-6-7.eu-west-1.compute.internal",
                            "private_ip": "10.10.6.7",
                            "public_dns": "",
                            "public_ip": "",
                            "root_block_device.#": "1",
                            "root_block_device.0.delete_on_termination": "true",
                            "root_block_device.0.iops": "100",
                            "root_block_device.0.volume_id": "vol-0baccbc8fb131f6b7",
                            "root_block_device.0.volume_size": "8",
                            "root_block_device.0.volume_type": "gp2",
                            "security_groups.#": "0",
                            "source_dest_check": "true",
                            "subnet_id": "subnet-074d71a99e6622311",
                            "tags.%": "1",
                            "tags.Name": "DB-PROJECT4-1c",
                            "tenancy": "default",
                            "user_data": "2e1c5885ef0f2d5a7655ad5e5bad58af09a189a3",
                            "volume_tags.%": "0",
                            "vpc_security_group_ids.#": "1",
                            "vpc_security_group_ids.1297833765": "sg-078a7f81d31857abc"
                        },
                        "meta": {
                            "e2bfb730-ecaa-11e6-8f88-34363bc7c4c0": {
                                "create": 600000000000,
                                "delete": 1200000000000,
                                "update": 600000000000
                            },
                            "schema_version": "1"
                        },
                        "tainted": false
                    },
                    "deposed": [],
                    "provider": "module.db.provider.aws"
                },
                "aws_security_group.db_sg": {
                    "type": "aws_security_group",
                    "depends_on": [],
                    "primary": {
                        "id": "sg-078a7f81d31857abc",
                        "attributes": {
                            "arn": "arn:aws:ec2:eu-west-1:135928476890:security-group/sg-078a7f81d31857abc",
                            "description": "security group for db",
                            "egress.#": "1",
                            "egress.2902029617.cidr_blocks.#": "1",
                            "egress.2902029617.cidr_blocks.0": "0.0.0.0/24",
                            "egress.2902029617.description": "",
                            "egress.2902029617.from_port": "0",
                            "egress.2902029617.ipv6_cidr_blocks.#": "0",
                            "egress.2902029617.prefix_list_ids.#": "0",
                            "egress.2902029617.protocol": "-1",
                            "egress.2902029617.security_groups.#": "0",
                            "egress.2902029617.self": "false",
                            "egress.2902029617.to_port": "0",
                            "id": "sg-078a7f81d31857abc",
                            "ingress.#": "1",
                            "ingress.1383844062.cidr_blocks.#": "0",
                            "ingress.1383844062.description": "",
                            "ingress.1383844062.from_port": "0",
                            "ingress.1383844062.ipv6_cidr_blocks.#": "0",
                            "ingress.1383844062.protocol": "-1",
                            "ingress.1383844062.security_groups.#": "1",
                            "ingress.1383844062.security_groups.1862853055": "sg-0a0b6a71d53b28220",
                            "ingress.1383844062.self": "true",
                            "ingress.1383844062.to_port": "0",
                            "name": "db-sg",
                            "owner_id": "135928476890",
                            "revoke_rules_on_delete": "false",
                            "tags.%": "0",
                            "vpc_id": "vpc-039424590aea5d72a"
                        },
                        "meta": {
                            "e2bfb730-ecaa-11e6-8f88-34363bc7c4c0": {
                                "create": 600000000000,
                                "delete": 600000000000
                            },
                            "schema_version": "1"
                        },
                        "tainted": false
                    },
                    "deposed": [],
                    "provider": "module.db.provider.aws"
                },
                "aws_subnet.db_1a": {
                    "type": "aws_subnet",
                    "depends_on": [],
                    "primary": {
                        "id": "subnet-01c49887ab20153df",
                        "attributes": {
                            "assign_ipv6_address_on_creation": "false",
                            "availability_zone": "eu-west-1a",
                            "cidr_block": "10.10.4.0/24",
                            "id": "subnet-01c49887ab20153df",
                            "map_public_ip_on_launch": "false",
                            "tags.%": "1",
                            "tags.Name": "DB-PROJECT4 - 1a",
                            "vpc_id": "vpc-039424590aea5d72a"
                        },
                        "meta": {
                            "schema_version": "1"
                        },
                        "tainted": false
                    },
                    "deposed": [],
                    "provider": "module.db.provider.aws"
                },
                "aws_subnet.db_1b": {
                    "type": "aws_subnet",
                    "depends_on": [],
                    "primary": {
                        "id": "subnet-05f8828e58dc1e6ec",
                        "attributes": {
                            "assign_ipv6_address_on_creation": "false",
                            "availability_zone": "eu-west-1b",
                            "cidr_block": "10.10.5.0/24",
                            "id": "subnet-05f8828e58dc1e6ec",
                            "map_public_ip_on_launch": "false",
                            "tags.%": "1",
                            "tags.Name": "DB-PROJECT4 - 1b",
                            "vpc_id": "vpc-039424590aea5d72a"
                        },
                        "meta": {
                            "schema_version": "1"
                        },
                        "tainted": false
                    },
                    "deposed": [],
                    "provider": "module.db.provider.aws"
                },
                "aws_subnet.db_1c": {
                    "type": "aws_subnet",
                    "depends_on": [],
                    "primary": {
                        "id": "subnet-074d71a99e6622311",
                        "attributes": {
                            "assign_ipv6_address_on_creation": "false",
                            "availability_zone": "eu-west-1c",
                            "cidr_block": "10.10.6.0/24",
                            "id": "subnet-074d71a99e6622311",
                            "map_public_ip_on_launch": "false",
                            "tags.%": "1",
                            "tags.Name": "DB-PROJECT4 - 1c",
                            "vpc_id": "vpc-039424590aea5d72a"
                        },
                        "meta": {
                            "schema_version": "1"
                        },
                        "tainted": false
                    },
                    "deposed": [],
                    "provider": "module.db.provider.aws"
                },
                "data.template_file.db_slave": {
                    "type": "template_file",
                    "depends_on": [],
                    "primary": {
                        "id": "70f3e669b72e1421ada60505af214034070f5da82c4ef6b6a0424bdd025498c1",
                        "attributes": {
                            "id": "70f3e669b72e1421ada60505af214034070f5da82c4ef6b6a0424bdd025498c1",
                            "rendered": "#!/bin/bash\n\n## send a string to mongo and run it as a script.\nrs.slaveOk()\n",
                            "template": "#!/bin/bash\n\n## send a string to mongo and run it as a script.\nrs.slaveOk()\n"
                        },
                        "meta": {},
                        "tainted": false
                    },
                    "deposed": [],
                    "provider": "provider.template"
                },
                "data.template_file.db_tmplt": {
                    "type": "template_file",
                    "depends_on": [],
                    "primary": {
                        "id": "6904a2f935a7a8f59f403f7baad19111aa9e441adc638b3e3fc6bc505aa773b1",
                        "attributes": {
                            "id": "6904a2f935a7a8f59f403f7baad19111aa9e441adc638b3e3fc6bc505aa773b1",
                            "rendered": "#!/bin/bash\n\nmongo --host 10.10.4.7\nrs.initiate()\nrs.add(“10.10.5.7”)\nrs.addArb(“10.10.6.7”)\n\n## send a string to mongo and run it as a script.\nrs.slaveOk()\n",
                            "template": "#!/bin/bash\n\nmongo --host 10.10.4.7\nrs.initiate()\nrs.add(“10.10.5.7”)\nrs.addArb(“10.10.6.7”)\n\n## send a string to mongo and run it as a script.\nrs.slaveOk()\n"
                        },
                        "meta": {},
                        "tainted": false
                    },
                    "deposed": [],
                    "provider": "provider.template"
                }
            },
            "depends_on": []
        }
    ]
}
