{
    "version": 3,
    "terraform_version": "0.11.7",
    "serial": 15,
    "lineage": "253743b3-996d-2605-a86a-58ccc848beee",
    "modules": [
        {
            "path": [
                "root"
            ],
            "outputs": {},
            "resources": {
                "data.template_file.app_user_data": {
                    "type": "template_file",
                    "depends_on": [],
                    "primary": {
                        "id": "556f0c48d057fbb5a943863051c92bdd047a987c57e51d050a7dd1598a6f4db0",
                        "attributes": {
                            "id": "556f0c48d057fbb5a943863051c92bdd047a987c57e51d050a7dd1598a6f4db0",
                            "rendered": "#!/bin/bash\n\nexport LC_ALL=C\ncd /home/ubuntu/app\n\nnpm install\npm2 start app.js\n",
                            "template": "#!/bin/bash\n\nexport LC_ALL=C\ncd /home/ubuntu/app\n\nnpm install\npm2 start app.js\n"
                        },
                        "meta": {},
                        "tainted": false
                    },
                    "deposed": [],
                    "provider": "provider.template"
                }
            },
            "depends_on": []
        },
        {
            "path": [
                "root",
                "app"
            ],
            "outputs": {
                "app_ami_id": {
                    "sensitive": false,
                    "type": "string",
                    "value": "ami-c2b8bfbb"
                },
                "vpc_id": {
                    "sensitive": false,
                    "type": "string",
                    "value": "vpc-001ed9cf749f12ba5"
                }
            },
            "resources": {
                "aws_autoscaling_group.app_auto_scaling": {
                    "type": "aws_autoscaling_group",
                    "depends_on": [
                        "aws_launch_template.app_launch_template"
                    ],
                    "primary": {
                        "id": "tf-asg-20180813140642313800000001",
                        "attributes": {
                            "arn": "arn:aws:autoscaling:eu-west-1:135928476890:autoScalingGroup:ad5fd25b-cd94-49b3-8ed8-228e60cac257:autoScalingGroupName/tf-asg-20180813140642313800000001",
                            "availability_zones.#": "3",
                            "availability_zones.1924028850": "eu-west-1b",
                            "availability_zones.3953592328": "eu-west-1a",
                            "availability_zones.94988580": "eu-west-1c",
                            "default_cooldown": "300",
                            "desired_capacity": "3",
                            "enabled_metrics.#": "0",
                            "force_delete": "false",
                            "health_check_grace_period": "300",
                            "health_check_type": "EC2",
                            "id": "tf-asg-20180813140642313800000001",
                            "launch_configuration": "",
                            "launch_template.#": "1",
                            "launch_template.0.id": "lt-06e7d9df67d078479",
                            "launch_template.0.name": "Project4-launch20180813140403944500000001",
                            "launch_template.0.version": "$Latest",
                            "load_balancers.#": "0",
                            "max_size": "4",
                            "metrics_granularity": "1Minute",
                            "min_size": "3",
                            "name": "tf-asg-20180813140642313800000001",
                            "placement_group": "",
                            "protect_from_scale_in": "false",
                            "service_linked_role_arn": "arn:aws:iam::135928476890:role/aws-service-role/autoscaling.amazonaws.com/AWSServiceRoleForAutoScaling",
                            "suspended_processes.#": "0",
                            "tag.#": "0",
                            "target_group_arns.#": "0",
                            "termination_policies.#": "0",
                            "vpc_zone_identifier.#": "0",
                            "wait_for_capacity_timeout": "10m"
                        },
                        "meta": {
                            "e2bfb730-ecaa-11e6-8f88-34363bc7c4c0": {
                                "delete": 600000000000
                            }
                        },
                        "tainted": false
                    },
                    "deposed": [],
                    "provider": "module.app.provider.aws"
                },
                "aws_elb.elb_app": {
                    "type": "aws_elb",
                    "depends_on": [
                        "aws_security_group.app_security_group",
                        "aws_subnet.app_subnet_1a",
                        "aws_subnet.app_subnet_1b",
                        "aws_subnet.app_subnet_1c"
                    ],
                    "primary": {
                        "id": "elb-app",
                        "attributes": {
                            "access_logs.#": "0",
                            "arn": "arn:aws:elasticloadbalancing:eu-west-1:135928476890:loadbalancer/elb-app",
                            "availability_zones.#": "3",
                            "availability_zones.1924028850": "eu-west-1b",
                            "availability_zones.3953592328": "eu-west-1a",
                            "availability_zones.94988580": "eu-west-1c",
                            "connection_draining": "false",
                            "connection_draining_timeout": "300",
                            "cross_zone_load_balancing": "true",
                            "dns_name": "elb-app-1713474206.eu-west-1.elb.amazonaws.com",
                            "health_check.#": "1",
                            "health_check.0.healthy_threshold": "2",
                            "health_check.0.interval": "30",
                            "health_check.0.target": "HTTP:8080/",
                            "health_check.0.timeout": "3",
                            "health_check.0.unhealthy_threshold": "2",
                            "id": "elb-app",
                            "idle_timeout": "60",
                            "instances.#": "0",
                            "internal": "false",
                            "listener.#": "1",
                            "listener.3931999347.instance_port": "8080",
                            "listener.3931999347.instance_protocol": "http",
                            "listener.3931999347.lb_port": "80",
                            "listener.3931999347.lb_protocol": "http",
                            "listener.3931999347.ssl_certificate_id": "",
                            "name": "elb-app",
                            "security_groups.#": "1",
                            "security_groups.1332351704": "sg-0e05d55ebfb57662e",
                            "source_security_group": "135928476890/app-sg",
                            "source_security_group_id": "sg-0e05d55ebfb57662e",
                            "subnets.#": "3",
                            "subnets.3326567474": "subnet-04f6bb718a29c35c0",
                            "subnets.3586684065": "subnet-0d89418bd7a03fde0",
                            "subnets.3704233758": "subnet-07b22f33a68604c90",
                            "tags.%": "0",
                            "zone_id": "Z32O12XQLNTSW2"
                        },
                        "meta": {},
                        "tainted": false
                    },
                    "deposed": [],
                    "provider": "module.app.provider.aws"
                },
                "aws_instance.app_instance": {
                    "type": "aws_instance",
                    "depends_on": [
                        "aws_security_group.app_security_group",
                        "aws_subnet.app_subnet_1a"
                    ],
                    "primary": {
                        "id": "i-01420a9dbdc20842f",
                        "attributes": {
                            "ami": "ami-c2b8bfbb",
                            "arn": "arn:aws:ec2:eu-west-1:135928476890:instance/i-01420a9dbdc20842f",
                            "associate_public_ip_address": "true",
                            "availability_zone": "eu-west-1a",
                            "cpu_core_count": "1",
                            "cpu_threads_per_core": "1",
                            "credit_specification.#": "1",
                            "credit_specification.0.cpu_credits": "standard",
                            "disable_api_termination": "false",
                            "ebs_block_device.#": "0",
                            "ebs_optimized": "false",
                            "ephemeral_block_device.#": "0",
                            "get_password_data": "false",
                            "iam_instance_profile": "",
                            "id": "i-01420a9dbdc20842f",
                            "instance_state": "running",
                            "instance_type": "t2.micro",
                            "ipv6_addresses.#": "0",
                            "key_name": "",
                            "monitoring": "false",
                            "network_interface.#": "0",
                            "network_interface_id": "eni-0c23108eb45c07c53",
                            "password_data": "",
                            "placement_group": "",
                            "primary_network_interface_id": "eni-0c23108eb45c07c53",
                            "private_dns": "ip-10-10-0-17.eu-west-1.compute.internal",
                            "private_ip": "10.10.0.17",
                            "public_dns": "",
                            "public_ip": "52.18.128.32",
                            "root_block_device.#": "1",
                            "root_block_device.0.delete_on_termination": "true",
                            "root_block_device.0.iops": "100",
                            "root_block_device.0.volume_id": "vol-0d6f99aaa1bb8efab",
                            "root_block_device.0.volume_size": "8",
                            "root_block_device.0.volume_type": "gp2",
                            "security_groups.#": "0",
                            "source_dest_check": "true",
                            "subnet_id": "subnet-04f6bb718a29c35c0",
                            "tags.%": "1",
                            "tags.Name": "app-instance-1a",
                            "tenancy": "default",
                            "user_data": "b47481b73ee363fb6f06c66c2f7787771d38e33d",
                            "volume_tags.%": "0",
                            "vpc_security_group_ids.#": "1",
                            "vpc_security_group_ids.1332351704": "sg-0e05d55ebfb57662e"
                        },
                        "meta": {
                            "e2bfb730-ecaa-11e6-8f88-34363bc7c4c0": {
                                "create": 600000000000,
                                "delete": 1200000000000,
                                "update": 600000000000
                            },
                            "schema_version": "1"
                        },
                        "tainted": false
                    },
                    "deposed": [],
                    "provider": "module.app.provider.aws"
                },
                "aws_internet_gateway.app_intenet_gateway": {
                    "type": "aws_internet_gateway",
                    "depends_on": [],
                    "primary": {
                        "id": "igw-0ff8fe0cfc12f02a4",
                        "attributes": {
                            "id": "igw-0ff8fe0cfc12f02a4",
                            "tags.%": "1",
                            "tags.Name": "main",
                            "vpc_id": "vpc-001ed9cf749f12ba5"
                        },
                        "meta": {},
                        "tainted": false
                    },
                    "deposed": [],
                    "provider": "module.app.provider.aws"
                },
                "aws_launch_template.app_launch_template": {
                    "type": "aws_launch_template",
                    "depends_on": [],
                    "primary": {
                        "id": "lt-06e7d9df67d078479",
                        "attributes": {
                            "arn": "arn:aws:ec2:eu-west-1:135928476890:launch-template/lt-06e7d9df67d078479",
                            "block_device_mappings.#": "0",
                            "credit_specification.#": "0",
                            "default_version": "1",
                            "disable_api_termination": "false",
                            "ebs_optimized": "false",
                            "elastic_gpu_specifications.#": "0",
                            "iam_instance_profile.#": "0",
                            "id": "lt-06e7d9df67d078479",
                            "image_id": "ami-c2b8bfbb",
                            "instance_initiated_shutdown_behavior": "",
                            "instance_market_options.#": "0",
                            "instance_type": "t2.micro",
                            "kernel_id": "",
                            "key_name": "",
                            "latest_version": "1",
                            "monitoring.#": "0",
                            "name": "Project4-launch20180813140403944500000001",
                            "name_prefix": "Project4-launch",
                            "network_interfaces.#": "0",
                            "placement.#": "0",
                            "ram_disk_id": "",
                            "security_group_names.#": "0",
                            "tag_specifications.#": "0",
                            "tags.%": "0",
                            "user_data": "",
                            "vpc_security_group_ids.#": "0"
                        },
                        "meta": {},
                        "tainted": false
                    },
                    "deposed": [],
                    "provider": "module.app.provider.aws"
                },
                "aws_route_table.app_route_table": {
                    "type": "aws_route_table",
                    "depends_on": [
                        "aws_internet_gateway.app_intenet_gateway"
                    ],
                    "primary": {
                        "id": "rtb-0daed1f72385b1e02",
                        "attributes": {
                            "id": "rtb-0daed1f72385b1e02",
                            "propagating_vgws.#": "0",
                            "route.#": "1",
                            "route.4194619080.cidr_block": "0.0.0.0/0",
                            "route.4194619080.egress_only_gateway_id": "",
                            "route.4194619080.gateway_id": "igw-0ff8fe0cfc12f02a4",
                            "route.4194619080.instance_id": "",
                            "route.4194619080.ipv6_cidr_block": "",
                            "route.4194619080.nat_gateway_id": "",
                            "route.4194619080.network_interface_id": "",
                            "route.4194619080.vpc_peering_connection_id": "",
                            "tags.%": "1",
                            "tags.Name": "app-route-table",
                            "vpc_id": "vpc-001ed9cf749f12ba5"
                        },
                        "meta": {},
                        "tainted": false
                    },
                    "deposed": [],
                    "provider": "module.app.provider.aws"
                },
                "aws_route_table_association.app_route_association": {
                    "type": "aws_route_table_association",
                    "depends_on": [
                        "aws_route_table.app_route_table",
                        "aws_subnet.app_subnet_1a"
                    ],
                    "primary": {
                        "id": "rtbassoc-0f20e39afd0e85845",
                        "attributes": {
                            "id": "rtbassoc-0f20e39afd0e85845",
                            "route_table_id": "rtb-0daed1f72385b1e02",
                            "subnet_id": "subnet-04f6bb718a29c35c0"
                        },
                        "meta": {},
                        "tainted": false
                    },
                    "deposed": [],
                    "provider": "module.app.provider.aws"
                },
                "aws_security_group.app_security_group": {
                    "type": "aws_security_group",
                    "depends_on": [],
                    "primary": {
                        "id": "sg-0e05d55ebfb57662e",
                        "attributes": {
                            "arn": "arn:aws:ec2:eu-west-1:135928476890:security-group/sg-0e05d55ebfb57662e",
                            "description": "security group for app",
                            "egress.#": "1",
                            "egress.482069346.cidr_blocks.#": "1",
                            "egress.482069346.cidr_blocks.0": "0.0.0.0/0",
                            "egress.482069346.description": "",
                            "egress.482069346.from_port": "0",
                            "egress.482069346.ipv6_cidr_blocks.#": "0",
                            "egress.482069346.prefix_list_ids.#": "0",
                            "egress.482069346.protocol": "-1",
                            "egress.482069346.security_groups.#": "0",
                            "egress.482069346.self": "false",
                            "egress.482069346.to_port": "0",
                            "id": "sg-0e05d55ebfb57662e",
                            "ingress.#": "1",
                            "ingress.482069346.cidr_blocks.#": "1",
                            "ingress.482069346.cidr_blocks.0": "0.0.0.0/0",
                            "ingress.482069346.description": "",
                            "ingress.482069346.from_port": "0",
                            "ingress.482069346.ipv6_cidr_blocks.#": "0",
                            "ingress.482069346.protocol": "-1",
                            "ingress.482069346.security_groups.#": "0",
                            "ingress.482069346.self": "false",
                            "ingress.482069346.to_port": "0",
                            "name": "app-sg",
                            "owner_id": "135928476890",
                            "revoke_rules_on_delete": "false",
                            "tags.%": "0",
                            "vpc_id": "vpc-001ed9cf749f12ba5"
                        },
                        "meta": {
                            "e2bfb730-ecaa-11e6-8f88-34363bc7c4c0": {
                                "create": 600000000000,
                                "delete": 600000000000
                            },
                            "schema_version": "1"
                        },
                        "tainted": false
                    },
                    "deposed": [],
                    "provider": "module.app.provider.aws"
                },
                "aws_subnet.app_subnet_1a": {
                    "type": "aws_subnet",
                    "depends_on": [],
                    "primary": {
                        "id": "subnet-04f6bb718a29c35c0",
                        "attributes": {
                            "assign_ipv6_address_on_creation": "false",
                            "availability_zone": "eu-west-1a",
                            "cidr_block": "10.10.0.0/24",
                            "id": "subnet-04f6bb718a29c35c0",
                            "map_public_ip_on_launch": "false",
                            "tags.%": "1",
                            "tags.Name": "subnet-app-project4",
                            "vpc_id": "vpc-001ed9cf749f12ba5"
                        },
                        "meta": {
                            "schema_version": "1"
                        },
                        "tainted": false
                    },
                    "deposed": [],
                    "provider": "module.app.provider.aws"
                },
                "aws_subnet.app_subnet_1b": {
                    "type": "aws_subnet",
                    "depends_on": [],
                    "primary": {
                        "id": "subnet-0d89418bd7a03fde0",
                        "attributes": {
                            "assign_ipv6_address_on_creation": "false",
                            "availability_zone": "eu-west-1b",
                            "cidr_block": "10.10.1.0/24",
                            "id": "subnet-0d89418bd7a03fde0",
                            "map_public_ip_on_launch": "false",
                            "tags.%": "1",
                            "tags.Name": "subnet-app-project4",
                            "vpc_id": "vpc-001ed9cf749f12ba5"
                        },
                        "meta": {
                            "schema_version": "1"
                        },
                        "tainted": false
                    },
                    "deposed": [],
                    "provider": "module.app.provider.aws"
                },
                "aws_subnet.app_subnet_1c": {
                    "type": "aws_subnet",
                    "depends_on": [],
                    "primary": {
                        "id": "subnet-07b22f33a68604c90",
                        "attributes": {
                            "assign_ipv6_address_on_creation": "false",
                            "availability_zone": "eu-west-1c",
                            "cidr_block": "10.10.2.0/24",
                            "id": "subnet-07b22f33a68604c90",
                            "map_public_ip_on_launch": "false",
                            "tags.%": "1",
                            "tags.Name": "subnet-app-project4",
                            "vpc_id": "vpc-001ed9cf749f12ba5"
                        },
                        "meta": {
                            "schema_version": "1"
                        },
                        "tainted": false
                    },
                    "deposed": [],
                    "provider": "module.app.provider.aws"
                },
                "aws_vpc.main_vpc": {
                    "type": "aws_vpc",
                    "depends_on": [],
                    "primary": {
                        "id": "vpc-001ed9cf749f12ba5",
                        "attributes": {
                            "arn": "arn:aws:ec2:eu-west-1:135928476890:vpc/vpc-001ed9cf749f12ba5",
                            "assign_generated_ipv6_cidr_block": "false",
                            "cidr_block": "10.10.0.0/16",
                            "default_network_acl_id": "acl-0ebbc5c55b8472717",
                            "default_route_table_id": "rtb-0c16deb9d98f54291",
                            "default_security_group_id": "sg-03061e21a2a665f62",
                            "dhcp_options_id": "dopt-18d5d77d",
                            "enable_classiclink": "false",
                            "enable_classiclink_dns_support": "false",
                            "enable_dns_hostnames": "false",
                            "enable_dns_support": "true",
                            "id": "vpc-001ed9cf749f12ba5",
                            "instance_tenancy": "default",
                            "main_route_table_id": "rtb-0c16deb9d98f54291",
                            "tags.%": "1",
                            "tags.Name": "app-vpc"
                        },
                        "meta": {
                            "schema_version": "1"
                        },
                        "tainted": false
                    },
                    "deposed": [],
                    "provider": "module.app.provider.aws"
                },
                "data.aws_availability_zones.available": {
                    "type": "aws_availability_zones",
                    "depends_on": [],
                    "primary": {
                        "id": "2018-08-13 14:08:19.991732701 +0000 UTC",
                        "attributes": {
                            "id": "2018-08-13 14:08:19.991732701 +0000 UTC",
                            "names.#": "3",
                            "names.0": "eu-west-1a",
                            "names.1": "eu-west-1b",
                            "names.2": "eu-west-1c"
                        },
                        "meta": {},
                        "tainted": false
                    },
                    "deposed": [],
                    "provider": "module.app.provider.aws"
                }
            },
            "depends_on": []
        }
    ]
}
